{
  "version": 4,
  "terraform_version": "0.14.7",
  "serial": 84,
  "lineage": "33a58364-8858-9e28-ba5b-9d36029f7a49",
  "outputs": {},
  "resources": [
    {
      "mode": "data",
      "type": "aci_contract",
      "name": "default",
      "provider": "provider[\"registry.terraform.io/ciscodevnet/aci\"]",
      "instances": [
        {
          "schema_version": 0,
          "attributes": {
            "annotation": "",
            "description": "",
            "id": "uni/tn-common/brc-default",
            "name": "default",
            "name_alias": "",
            "prio": "unspecified",
            "scope": "global",
            "target_dscp": "unspecified",
            "tenant_dn": "uni/tn-common"
          },
          "sensitive_attributes": []
        }
      ]
    },
    {
      "mode": "data",
      "type": "aci_tenant",
      "name": "tenant_l3out",
      "provider": "provider[\"registry.terraform.io/ciscodevnet/aci\"]",
      "instances": [
        {
          "schema_version": 0,
          "attributes": {
            "annotation": "orchestrator:",
            "description": "",
            "id": "uni/tn-common",
            "name": "common",
            "name_alias": ""
          },
          "sensitive_attributes": []
        }
      ]
    },
    {
      "mode": "data",
      "type": "aci_vrf",
      "name": "l3out_vrf",
      "provider": "provider[\"registry.terraform.io/ciscodevnet/aci\"]",
      "instances": [
        {
          "schema_version": 0,
          "attributes": {
            "annotation": "",
            "bd_enforced_enable": "no",
            "description": "",
            "id": "uni/tn-common/ctx-calico",
            "ip_data_plane_learning": "enabled",
            "knw_mcast_act": "permit",
            "name": "calico",
            "name_alias": "",
            "pc_enf_dir": "ingress",
            "pc_enf_pref": "enforced",
            "tenant_dn": "uni/tn-common"
          },
          "sensitive_attributes": []
        }
      ]
    },
    {
      "mode": "data",
      "type": "vsphere_compute_cluster",
      "name": "cluster",
      "provider": "provider[\"registry.terraform.io/hashicorp/vsphere\"]",
      "instances": [
        {
          "schema_version": 0,
          "attributes": {
            "datacenter_id": "datacenter-2",
            "id": "domain-c12224",
            "name": "Cluster",
            "resource_pool_id": "resgroup-12225"
          },
          "sensitive_attributes": []
        }
      ]
    },
    {
      "mode": "data",
      "type": "vsphere_datacenter",
      "name": "dc",
      "provider": "provider[\"registry.terraform.io/hashicorp/vsphere\"]",
      "instances": [
        {
          "schema_version": 0,
          "attributes": {
            "id": "datacenter-2",
            "name": "STLD"
          },
          "sensitive_attributes": []
        }
      ]
    },
    {
      "mode": "data",
      "type": "vsphere_datastore",
      "name": "datastore",
      "provider": "provider[\"registry.terraform.io/hashicorp/vsphere\"]",
      "instances": [
        {
          "schema_version": 0,
          "attributes": {
            "datacenter_id": "datacenter-2",
            "id": "datastore-14143",
            "name": "BM01"
          },
          "sensitive_attributes": []
        }
      ]
    },
    {
      "mode": "data",
      "type": "vsphere_distributed_virtual_switch",
      "name": "dvs",
      "provider": "provider[\"registry.terraform.io/hashicorp/vsphere\"]",
      "instances": [
        {
          "schema_version": 0,
          "attributes": {
            "datacenter_id": "datacenter-2",
            "id": "50 2a 80 77 41 58 6b ce-dd 46 1f 2a de 41 dd 2e",
            "name": "ACI",
            "uplinks": [
              "uplink1",
              "uplink2",
              "uplink3",
              "uplink4",
              "uplink5",
              "uplink6",
              "uplink7",
              "uplink8"
            ]
          },
          "sensitive_attributes": []
        }
      ]
    },
    {
      "mode": "data",
      "type": "vsphere_network",
      "name": "network",
      "provider": "provider[\"registry.terraform.io/hashicorp/vsphere\"]",
      "instances": [
        {
          "schema_version": 0,
          "attributes": {
            "datacenter_id": "datacenter-2",
            "distributed_virtual_switch_uuid": "50 2a 80 77 41 58 6b ce-dd 46 1f 2a de 41 dd 2e",
            "id": "dvportgroup-421",
            "name": "CalicoL3OUT_300",
            "type": "DistributedVirtualPortgroup"
          },
          "sensitive_attributes": []
        }
      ]
    },
    {
      "mode": "data",
      "type": "vsphere_virtual_machine",
      "name": "template",
      "provider": "provider[\"registry.terraform.io/hashicorp/vsphere\"]",
      "instances": [
        {
          "schema_version": 0,
          "attributes": {
            "alternate_guest_name": "",
            "annotation": "",
            "boot_delay": 0,
            "boot_retry_delay": 10000,
            "boot_retry_enabled": false,
            "change_version": "2021-03-05T01:36:22.875158Z",
            "cpu_hot_add_enabled": false,
            "cpu_hot_remove_enabled": false,
            "cpu_limit": -1,
            "cpu_performance_counters_enabled": false,
            "cpu_reservation": 0,
            "cpu_share_count": 4000,
            "cpu_share_level": "normal",
            "datacenter_id": "datacenter-2",
            "disks": [
              {
                "eagerly_scrub": false,
                "label": "Hard disk 1",
                "size": 50,
                "thin_provisioned": true,
                "unit_number": 0
              }
            ],
            "efi_secure_boot_enabled": false,
            "enable_disk_uuid": false,
            "enable_logging": true,
            "ept_rvi_mode": "automatic",
            "extra_config": {},
            "firmware": "bios",
            "guest_id": "ubuntu64Guest",
            "guest_ip_addresses": [],
            "hardware_version": 14,
            "hv_mode": "hvAuto",
            "id": "422af16b-bec1-ed47-2364-9f555f52b8ac",
            "ide_controller_scan_count": 2,
            "latency_sensitivity": "normal",
            "memory": 8192,
            "memory_hot_add_enabled": false,
            "memory_limit": -1,
            "memory_reservation": 0,
            "memory_share_count": 81920,
            "memory_share_level": "normal",
            "name": "Ubuntu20-Template",
            "nested_hv_enabled": false,
            "network_interface_types": [
              "vmxnet3"
            ],
            "num_cores_per_socket": 1,
            "num_cpus": 4,
            "run_tools_scripts_after_power_on": true,
            "run_tools_scripts_after_resume": true,
            "run_tools_scripts_before_guest_reboot": false,
            "run_tools_scripts_before_guest_shutdown": true,
            "run_tools_scripts_before_guest_standby": true,
            "sata_controller_scan_count": 0,
            "scsi_bus_sharing": "noSharing",
            "scsi_controller_scan_count": 1,
            "scsi_type": "lsilogic",
            "storage_policy_id": null,
            "swap_placement_policy": "inherit",
            "sync_time_with_host": false,
            "uuid": "422af16b-bec1-ed47-2364-9f555f52b8ac",
            "vapp": null,
            "vapp_transport": []
          },
          "sensitive_attributes": []
        }
      ]
    },
    {
      "mode": "managed",
      "type": "aci_external_network_instance_profile",
      "name": "default",
      "provider": "provider[\"registry.terraform.io/ciscodevnet/aci\"]",
      "instances": [
        {
          "schema_version": 1,
          "attributes": {
            "annotation": "orchestrator:terraform",
            "description": "",
            "exception_tag": "",
            "flood_on_encap": "disabled",
            "id": "uni/tn-common/out-calico_l3out/instP-catch_all",
            "l3_outside_dn": "uni/tn-common/out-calico_l3out",
            "match_t": "AtleastOne",
            "name": "catch_all",
            "name_alias": "",
            "pref_gr_memb": "exclude",
            "prio": "unspecified",
            "relation_fv_rs_cons": [
              "uni/tn-common/brc-default"
            ],
            "relation_fv_rs_cons_if": [],
            "relation_fv_rs_cust_qos_pol": null,
            "relation_fv_rs_intra_epg": [],
            "relation_fv_rs_prot_by": [],
            "relation_fv_rs_prov": [
              "uni/tn-common/brc-default"
            ],
            "relation_fv_rs_sec_inherited": [],
            "relation_l3ext_rs_inst_p_to_nat_mapping_epg": "",
            "relation_l3ext_rs_inst_p_to_profile": [],
            "relation_l3ext_rs_l3_inst_p_to_dom_p": null,
            "target_dscp": "unspecified"
          },
          "sensitive_attributes": [],
          "private": "eyJzY2hlbWFfdmVyc2lvbiI6IjEifQ==",
          "dependencies": [
            "aci_l3_outside.calico_l3out",
            "data.aci_contract.default",
            "data.aci_tenant.tenant_l3out",
            "data.aci_vrf.l3out_vrf"
          ]
        }
      ]
    },
    {
      "mode": "managed",
      "type": "aci_l3_ext_subnet",
      "name": "default",
      "provider": "provider[\"registry.terraform.io/ciscodevnet/aci\"]",
      "instances": [
        {
          "schema_version": 1,
          "attributes": {
            "aggregate": "",
            "annotation": "orchestrator:terraform",
            "description": "",
            "external_network_instance_profile_dn": "uni/tn-common/out-calico_l3out/instP-catch_all",
            "id": "uni/tn-common/out-calico_l3out/instP-catch_all/extsubnet-[192.168.2.0/24]",
            "ip": "192.168.2.0/24",
            "name_alias": "",
            "relation_l3ext_rs_subnet_to_profile": [],
            "relation_l3ext_rs_subnet_to_rt_summ": "",
            "scope": [
              "import-security",
              "shared-security",
              "shared-rtctrl"
            ]
          },
          "sensitive_attributes": [],
          "private": "eyJzY2hlbWFfdmVyc2lvbiI6IjEifQ==",
          "dependencies": [
            "aci_external_network_instance_profile.default",
            "aci_l3_outside.calico_l3out",
            "data.aci_contract.default",
            "data.aci_tenant.tenant_l3out",
            "data.aci_vrf.l3out_vrf"
          ]
        }
      ]
    },
    {
      "mode": "managed",
      "type": "aci_l3_outside",
      "name": "calico_l3out",
      "provider": "provider[\"registry.terraform.io/ciscodevnet/aci\"]",
      "instances": [
        {
          "schema_version": 1,
          "attributes": {
            "annotation": "orchestrator:terraform",
            "description": "",
            "enforce_rtctrl": "export",
            "id": "uni/tn-common/out-calico_l3out",
            "name": "calico_l3out",
            "name_alias": "",
            "relation_l3ext_rs_dampening_pol": [],
            "relation_l3ext_rs_ectx": "uni/tn-common/ctx-calico",
            "relation_l3ext_rs_interleak_pol": "",
            "relation_l3ext_rs_l3_dom_att": "",
            "relation_l3ext_rs_out_to_bd_public_subnet_holder": [],
            "target_dscp": "unspecified",
            "tenant_dn": "uni/tn-common"
          },
          "sensitive_attributes": [],
          "private": "eyJzY2hlbWFfdmVyc2lvbiI6IjEifQ==",
          "dependencies": [
            "data.aci_tenant.tenant_l3out",
            "data.aci_vrf.l3out_vrf"
          ]
        }
      ]
    },
    {
      "mode": "managed",
      "type": "aci_logical_interface_profile",
      "name": "calico_interface_profile",
      "provider": "provider[\"registry.terraform.io/ciscodevnet/aci\"]",
      "instances": [
        {
          "schema_version": 1,
          "attributes": {
            "annotation": "orchestrator:terraform",
            "description": "",
            "id": "uni/tn-common/out-calico_l3out/lnodep-NodePfl/lifp-FloatingSVI",
            "logical_node_profile_dn": "uni/tn-common/out-calico_l3out/lnodep-NodePfl",
            "name": "FloatingSVI",
            "name_alias": "",
            "prio": "unspecified",
            "relation_l3ext_rs_arp_if_pol": null,
            "relation_l3ext_rs_egress_qos_dpp_pol": null,
            "relation_l3ext_rs_ingress_qos_dpp_pol": null,
            "relation_l3ext_rs_l_if_p_cust_qos_pol": null,
            "relation_l3ext_rs_l_if_p_to_netflow_monitor_pol": [],
            "relation_l3ext_rs_nd_if_pol": null,
            "relation_l3ext_rs_path_l3_out_att": [],
            "tag": "yellow-green"
          },
          "sensitive_attributes": [],
          "private": "eyJzY2hlbWFfdmVyc2lvbiI6IjEifQ==",
          "dependencies": [
            "aci_l3_outside.calico_l3out",
            "aci_logical_node_profile.calico_node_profile",
            "data.aci_tenant.tenant_l3out",
            "data.aci_vrf.l3out_vrf"
          ]
        }
      ]
    },
    {
      "mode": "managed",
      "type": "aci_logical_node_profile",
      "name": "calico_node_profile",
      "provider": "provider[\"registry.terraform.io/ciscodevnet/aci\"]",
      "instances": [
        {
          "schema_version": 1,
          "attributes": {
            "annotation": "orchestrator:terraform",
            "config_issues": "",
            "description": "",
            "id": "uni/tn-common/out-calico_l3out/lnodep-NodePfl",
            "l3_outside_dn": "uni/tn-common/out-calico_l3out",
            "name": "NodePfl",
            "name_alias": "",
            "tag": "yellow-green",
            "target_dscp": "unspecified"
          },
          "sensitive_attributes": [],
          "private": "eyJzY2hlbWFfdmVyc2lvbiI6IjEifQ==",
          "dependencies": [
            "aci_l3_outside.calico_l3out",
            "data.aci_tenant.tenant_l3out",
            "data.aci_vrf.l3out_vrf"
          ]
        }
      ]
    },
    {
      "mode": "managed",
      "type": "aci_logical_node_to_fabric_node",
      "name": "nodes",
      "provider": "provider[\"registry.terraform.io/ciscodevnet/aci\"]",
      "instances": [
        {
          "index_key": "0",
          "schema_version": 1,
          "attributes": {
            "annotation": "orchestrator:terraform",
            "config_issues": "",
            "description": null,
            "id": "uni/tn-common/out-calico_l3out/lnodep-NodePfl/rsnodeL3OutAtt-[topology/pod-1/node-201]",
            "logical_node_profile_dn": "uni/tn-common/out-calico_l3out/lnodep-NodePfl",
            "rtr_id": "1.1.4.201",
            "rtr_id_loop_back": "yes",
            "tdn": "topology/pod-1/node-201"
          },
          "sensitive_attributes": [],
          "private": "eyJzY2hlbWFfdmVyc2lvbiI6IjEifQ==",
          "dependencies": [
            "aci_l3_outside.calico_l3out",
            "aci_logical_node_profile.calico_node_profile",
            "data.aci_tenant.tenant_l3out",
            "data.aci_vrf.l3out_vrf"
          ]
        },
        {
          "index_key": "1",
          "schema_version": 1,
          "attributes": {
            "annotation": "orchestrator:terraform",
            "config_issues": "",
            "description": null,
            "id": "uni/tn-common/out-calico_l3out/lnodep-NodePfl/rsnodeL3OutAtt-[topology/pod-1/node-202]",
            "logical_node_profile_dn": "uni/tn-common/out-calico_l3out/lnodep-NodePfl",
            "rtr_id": "1.1.4.202",
            "rtr_id_loop_back": "yes",
            "tdn": "topology/pod-1/node-202"
          },
          "sensitive_attributes": [],
          "private": "eyJzY2hlbWFfdmVyc2lvbiI6IjEifQ==",
          "dependencies": [
            "aci_l3_outside.calico_l3out",
            "aci_logical_node_profile.calico_node_profile",
            "data.aci_tenant.tenant_l3out",
            "data.aci_vrf.l3out_vrf"
          ]
        }
      ]
    },
    {
      "mode": "managed",
      "type": "aci_rest",
      "name": "bgp",
      "provider": "provider[\"registry.terraform.io/ciscodevnet/aci\"]",
      "instances": [
        {
          "schema_version": 1,
          "attributes": {
            "class_name": null,
            "content": null,
            "dn": null,
            "id": "{}",
            "path": "/api/mo/uni/tn-common/out-calico_l3out.json",
            "payload": "                    {\n                        \"bgpExtP\": {\n                            \"attributes\": {\n                                \"userdom\": \":all:common:\"\n                            }\n                        }\n                    }\n"
          },
          "sensitive_attributes": [],
          "private": "eyJzY2hlbWFfdmVyc2lvbiI6IjEifQ==",
          "dependencies": [
            "aci_l3_outside.calico_l3out",
            "data.aci_tenant.tenant_l3out",
            "data.aci_vrf.l3out_vrf"
          ]
        }
      ]
    },
    {
      "mode": "managed",
      "type": "aci_rest",
      "name": "bgp_peer",
      "provider": "provider[\"registry.terraform.io/ciscodevnet/aci\"]",
      "instances": [
        {
          "index_key": "201-192.168.2.1",
          "schema_version": 1,
          "attributes": {
            "class_name": null,
            "content": null,
            "dn": null,
            "id": "{}",
            "path": "/api/mo/uni/tn-common/out-calico_l3out/lnodep-NodePfl/lifp-FloatingSVI/vlifp-[topology/pod-1/node-201]-[vlan-300]/peerP-[192.168.2.1].json",
            "payload": "{\n            \"bgpPeerP\": {\n                \"attributes\": {\n                    \"addr\": \"192.168.2.1\",\n                    \"addrTCtrl\": \"af-ucast\",\n                    \"adminSt\": \"enabled\",\n                    \"allowedSelfAsCnt\": \"3\",\n                    \"userdom\": \":all:common:\"\n                },\n                \"children\": [\n                    {\n                        \"bgpRsPeerPfxPol\": {\n                            \"attributes\": {\n                                \"userdom\": \"all\"\n                            }\n                        }\n                    },\n                    {\n                        \"bgpLocalAsnP\": {\n                            \"attributes\": {\n                                \"asnPropagate\": \"none\",\n                                \"localAsn\": \"64500\",\n                                \"userdom\": \":all:common:\"\n                            }\n                        }\n                    },\n                    {\n                        \"bgpAsP\": {\n                            \"attributes\": {\n                                \"asn\": \"64501\",\n                                \"userdom\": \":all:common:\"\n                            }\n                        }\n                    }\n                ]\n            }\n        }\n"
          },
          "sensitive_attributes": [],
          "private": "eyJzY2hlbWFfdmVyc2lvbiI6IjEifQ==",
          "dependencies": [
            "aci_l3_outside.calico_l3out",
            "aci_logical_interface_profile.calico_interface_profile",
            "aci_logical_node_profile.calico_node_profile",
            "aci_rest.floating_svi",
            "data.aci_tenant.tenant_l3out",
            "data.aci_vrf.l3out_vrf"
          ]
        },
        {
          "index_key": "201-192.168.2.2",
          "schema_version": 1,
          "attributes": {
            "class_name": null,
            "content": null,
            "dn": null,
            "id": "{}",
            "path": "/api/mo/uni/tn-common/out-calico_l3out/lnodep-NodePfl/lifp-FloatingSVI/vlifp-[topology/pod-1/node-201]-[vlan-300]/peerP-[192.168.2.2].json",
            "payload": "{\n            \"bgpPeerP\": {\n                \"attributes\": {\n                    \"addr\": \"192.168.2.2\",\n                    \"addrTCtrl\": \"af-ucast\",\n                    \"adminSt\": \"enabled\",\n                    \"allowedSelfAsCnt\": \"3\",\n                    \"userdom\": \":all:common:\"\n                },\n                \"children\": [\n                    {\n                        \"bgpRsPeerPfxPol\": {\n                            \"attributes\": {\n                                \"userdom\": \"all\"\n                            }\n                        }\n                    },\n                    {\n                        \"bgpLocalAsnP\": {\n                            \"attributes\": {\n                                \"asnPropagate\": \"none\",\n                                \"localAsn\": \"64500\",\n                                \"userdom\": \":all:common:\"\n                            }\n                        }\n                    },\n                    {\n                        \"bgpAsP\": {\n                            \"attributes\": {\n                                \"asn\": \"64502\",\n                                \"userdom\": \":all:common:\"\n                            }\n                        }\n                    }\n                ]\n            }\n        }\n"
          },
          "sensitive_attributes": [],
          "private": "eyJzY2hlbWFfdmVyc2lvbiI6IjEifQ==",
          "dependencies": [
            "aci_l3_outside.calico_l3out",
            "aci_logical_interface_profile.calico_interface_profile",
            "aci_logical_node_profile.calico_node_profile",
            "aci_rest.floating_svi",
            "data.aci_tenant.tenant_l3out",
            "data.aci_vrf.l3out_vrf"
          ]
        },
        {
          "index_key": "201-192.168.2.3",
          "schema_version": 1,
          "attributes": {
            "class_name": null,
            "content": null,
            "dn": null,
            "id": "{}",
            "path": "/api/mo/uni/tn-common/out-calico_l3out/lnodep-NodePfl/lifp-FloatingSVI/vlifp-[topology/pod-1/node-201]-[vlan-300]/peerP-[192.168.2.3].json",
            "payload": "{\n            \"bgpPeerP\": {\n                \"attributes\": {\n                    \"addr\": \"192.168.2.3\",\n                    \"addrTCtrl\": \"af-ucast\",\n                    \"adminSt\": \"enabled\",\n                    \"allowedSelfAsCnt\": \"3\",\n                    \"userdom\": \":all:common:\"\n                },\n                \"children\": [\n                    {\n                        \"bgpRsPeerPfxPol\": {\n                            \"attributes\": {\n                                \"userdom\": \"all\"\n                            }\n                        }\n                    },\n                    {\n                        \"bgpLocalAsnP\": {\n                            \"attributes\": {\n                                \"asnPropagate\": \"none\",\n                                \"localAsn\": \"64500\",\n                                \"userdom\": \":all:common:\"\n                            }\n                        }\n                    },\n                    {\n                        \"bgpAsP\": {\n                            \"attributes\": {\n                                \"asn\": \"64503\",\n                                \"userdom\": \":all:common:\"\n                            }\n                        }\n                    }\n                ]\n            }\n        }\n"
          },
          "sensitive_attributes": [],
          "private": "eyJzY2hlbWFfdmVyc2lvbiI6IjEifQ==",
          "dependencies": [
            "aci_l3_outside.calico_l3out",
            "aci_logical_interface_profile.calico_interface_profile",
            "aci_logical_node_profile.calico_node_profile",
            "aci_rest.floating_svi",
            "data.aci_tenant.tenant_l3out",
            "data.aci_vrf.l3out_vrf"
          ]
        },
        {
          "index_key": "201-192.168.2.4",
          "schema_version": 1,
          "attributes": {
            "class_name": null,
            "content": null,
            "dn": null,
            "id": "{}",
            "path": "/api/mo/uni/tn-common/out-calico_l3out/lnodep-NodePfl/lifp-FloatingSVI/vlifp-[topology/pod-1/node-201]-[vlan-300]/peerP-[192.168.2.4].json",
            "payload": "{\n            \"bgpPeerP\": {\n                \"attributes\": {\n                    \"addr\": \"192.168.2.4\",\n                    \"addrTCtrl\": \"af-ucast\",\n                    \"adminSt\": \"enabled\",\n                    \"allowedSelfAsCnt\": \"3\",\n                    \"userdom\": \":all:common:\"\n                },\n                \"children\": [\n                    {\n                        \"bgpRsPeerPfxPol\": {\n                            \"attributes\": {\n                                \"userdom\": \"all\"\n                            }\n                        }\n                    },\n                    {\n                        \"bgpLocalAsnP\": {\n                            \"attributes\": {\n                                \"asnPropagate\": \"none\",\n                                \"localAsn\": \"64500\",\n                                \"userdom\": \":all:common:\"\n                            }\n                        }\n                    },\n                    {\n                        \"bgpAsP\": {\n                            \"attributes\": {\n                                \"asn\": \"64504\",\n                                \"userdom\": \":all:common:\"\n                            }\n                        }\n                    }\n                ]\n            }\n        }\n"
          },
          "sensitive_attributes": [],
          "private": "eyJzY2hlbWFfdmVyc2lvbiI6IjEifQ==",
          "dependencies": [
            "aci_l3_outside.calico_l3out",
            "aci_logical_interface_profile.calico_interface_profile",
            "aci_logical_node_profile.calico_node_profile",
            "aci_rest.floating_svi",
            "data.aci_tenant.tenant_l3out",
            "data.aci_vrf.l3out_vrf"
          ]
        },
        {
          "index_key": "201-192.168.2.5",
          "schema_version": 1,
          "attributes": {
            "class_name": null,
            "content": null,
            "dn": null,
            "id": "{}",
            "path": "/api/mo/uni/tn-common/out-calico_l3out/lnodep-NodePfl/lifp-FloatingSVI/vlifp-[topology/pod-1/node-201]-[vlan-300]/peerP-[192.168.2.5].json",
            "payload": "{\n            \"bgpPeerP\": {\n                \"attributes\": {\n                    \"addr\": \"192.168.2.5\",\n                    \"addrTCtrl\": \"af-ucast\",\n                    \"adminSt\": \"enabled\",\n                    \"allowedSelfAsCnt\": \"3\",\n                    \"userdom\": \":all:common:\"\n                },\n                \"children\": [\n                    {\n                        \"bgpRsPeerPfxPol\": {\n                            \"attributes\": {\n                                \"userdom\": \"all\"\n                            }\n                        }\n                    },\n                    {\n                        \"bgpLocalAsnP\": {\n                            \"attributes\": {\n                                \"asnPropagate\": \"none\",\n                                \"localAsn\": \"64500\",\n                                \"userdom\": \":all:common:\"\n                            }\n                        }\n                    },\n                    {\n                        \"bgpAsP\": {\n                            \"attributes\": {\n                                \"asn\": \"64505\",\n                                \"userdom\": \":all:common:\"\n                            }\n                        }\n                    }\n                ]\n            }\n        }\n"
          },
          "sensitive_attributes": [],
          "private": "eyJzY2hlbWFfdmVyc2lvbiI6IjEifQ==",
          "dependencies": [
            "aci_l3_outside.calico_l3out",
            "aci_logical_interface_profile.calico_interface_profile",
            "aci_logical_node_profile.calico_node_profile",
            "aci_rest.floating_svi",
            "data.aci_tenant.tenant_l3out",
            "data.aci_vrf.l3out_vrf"
          ]
        },
        {
          "index_key": "202-192.168.2.1",
          "schema_version": 1,
          "attributes": {
            "class_name": null,
            "content": null,
            "dn": null,
            "id": "{}",
            "path": "/api/mo/uni/tn-common/out-calico_l3out/lnodep-NodePfl/lifp-FloatingSVI/vlifp-[topology/pod-1/node-202]-[vlan-300]/peerP-[192.168.2.1].json",
            "payload": "{\n            \"bgpPeerP\": {\n                \"attributes\": {\n                    \"addr\": \"192.168.2.1\",\n                    \"addrTCtrl\": \"af-ucast\",\n                    \"adminSt\": \"enabled\",\n                    \"allowedSelfAsCnt\": \"3\",\n                    \"userdom\": \":all:common:\"\n                },\n                \"children\": [\n                    {\n                        \"bgpRsPeerPfxPol\": {\n                            \"attributes\": {\n                                \"userdom\": \"all\"\n                            }\n                        }\n                    },\n                    {\n                        \"bgpLocalAsnP\": {\n                            \"attributes\": {\n                                \"asnPropagate\": \"none\",\n                                \"localAsn\": \"64500\",\n                                \"userdom\": \":all:common:\"\n                            }\n                        }\n                    },\n                    {\n                        \"bgpAsP\": {\n                            \"attributes\": {\n                                \"asn\": \"64501\",\n                                \"userdom\": \":all:common:\"\n                            }\n                        }\n                    }\n                ]\n            }\n        }\n"
          },
          "sensitive_attributes": [],
          "private": "eyJzY2hlbWFfdmVyc2lvbiI6IjEifQ==",
          "dependencies": [
            "aci_l3_outside.calico_l3out",
            "aci_logical_interface_profile.calico_interface_profile",
            "aci_logical_node_profile.calico_node_profile",
            "aci_rest.floating_svi",
            "data.aci_tenant.tenant_l3out",
            "data.aci_vrf.l3out_vrf"
          ]
        },
        {
          "index_key": "202-192.168.2.2",
          "schema_version": 1,
          "attributes": {
            "class_name": null,
            "content": null,
            "dn": null,
            "id": "{}",
            "path": "/api/mo/uni/tn-common/out-calico_l3out/lnodep-NodePfl/lifp-FloatingSVI/vlifp-[topology/pod-1/node-202]-[vlan-300]/peerP-[192.168.2.2].json",
            "payload": "{\n            \"bgpPeerP\": {\n                \"attributes\": {\n                    \"addr\": \"192.168.2.2\",\n                    \"addrTCtrl\": \"af-ucast\",\n                    \"adminSt\": \"enabled\",\n                    \"allowedSelfAsCnt\": \"3\",\n                    \"userdom\": \":all:common:\"\n                },\n                \"children\": [\n                    {\n                        \"bgpRsPeerPfxPol\": {\n                            \"attributes\": {\n                                \"userdom\": \"all\"\n                            }\n                        }\n                    },\n                    {\n                        \"bgpLocalAsnP\": {\n                            \"attributes\": {\n                                \"asnPropagate\": \"none\",\n                                \"localAsn\": \"64500\",\n                                \"userdom\": \":all:common:\"\n                            }\n                        }\n                    },\n                    {\n                        \"bgpAsP\": {\n                            \"attributes\": {\n                                \"asn\": \"64502\",\n                                \"userdom\": \":all:common:\"\n                            }\n                        }\n                    }\n                ]\n            }\n        }\n"
          },
          "sensitive_attributes": [],
          "private": "eyJzY2hlbWFfdmVyc2lvbiI6IjEifQ==",
          "dependencies": [
            "aci_l3_outside.calico_l3out",
            "aci_logical_interface_profile.calico_interface_profile",
            "aci_logical_node_profile.calico_node_profile",
            "aci_rest.floating_svi",
            "data.aci_tenant.tenant_l3out",
            "data.aci_vrf.l3out_vrf"
          ]
        },
        {
          "index_key": "202-192.168.2.3",
          "schema_version": 1,
          "attributes": {
            "class_name": null,
            "content": null,
            "dn": null,
            "id": "{}",
            "path": "/api/mo/uni/tn-common/out-calico_l3out/lnodep-NodePfl/lifp-FloatingSVI/vlifp-[topology/pod-1/node-202]-[vlan-300]/peerP-[192.168.2.3].json",
            "payload": "{\n            \"bgpPeerP\": {\n                \"attributes\": {\n                    \"addr\": \"192.168.2.3\",\n                    \"addrTCtrl\": \"af-ucast\",\n                    \"adminSt\": \"enabled\",\n                    \"allowedSelfAsCnt\": \"3\",\n                    \"userdom\": \":all:common:\"\n                },\n                \"children\": [\n                    {\n                        \"bgpRsPeerPfxPol\": {\n                            \"attributes\": {\n                                \"userdom\": \"all\"\n                            }\n                        }\n                    },\n                    {\n                        \"bgpLocalAsnP\": {\n                            \"attributes\": {\n                                \"asnPropagate\": \"none\",\n                                \"localAsn\": \"64500\",\n                                \"userdom\": \":all:common:\"\n                            }\n                        }\n                    },\n                    {\n                        \"bgpAsP\": {\n                            \"attributes\": {\n                                \"asn\": \"64503\",\n                                \"userdom\": \":all:common:\"\n                            }\n                        }\n                    }\n                ]\n            }\n        }\n"
          },
          "sensitive_attributes": [],
          "private": "eyJzY2hlbWFfdmVyc2lvbiI6IjEifQ==",
          "dependencies": [
            "aci_l3_outside.calico_l3out",
            "aci_logical_interface_profile.calico_interface_profile",
            "aci_logical_node_profile.calico_node_profile",
            "aci_rest.floating_svi",
            "data.aci_tenant.tenant_l3out",
            "data.aci_vrf.l3out_vrf"
          ]
        },
        {
          "index_key": "202-192.168.2.4",
          "schema_version": 1,
          "attributes": {
            "class_name": null,
            "content": null,
            "dn": null,
            "id": "{}",
            "path": "/api/mo/uni/tn-common/out-calico_l3out/lnodep-NodePfl/lifp-FloatingSVI/vlifp-[topology/pod-1/node-202]-[vlan-300]/peerP-[192.168.2.4].json",
            "payload": "{\n            \"bgpPeerP\": {\n                \"attributes\": {\n                    \"addr\": \"192.168.2.4\",\n                    \"addrTCtrl\": \"af-ucast\",\n                    \"adminSt\": \"enabled\",\n                    \"allowedSelfAsCnt\": \"3\",\n                    \"userdom\": \":all:common:\"\n                },\n                \"children\": [\n                    {\n                        \"bgpRsPeerPfxPol\": {\n                            \"attributes\": {\n                                \"userdom\": \"all\"\n                            }\n                        }\n                    },\n                    {\n                        \"bgpLocalAsnP\": {\n                            \"attributes\": {\n                                \"asnPropagate\": \"none\",\n                                \"localAsn\": \"64500\",\n                                \"userdom\": \":all:common:\"\n                            }\n                        }\n                    },\n                    {\n                        \"bgpAsP\": {\n                            \"attributes\": {\n                                \"asn\": \"64504\",\n                                \"userdom\": \":all:common:\"\n                            }\n                        }\n                    }\n                ]\n            }\n        }\n"
          },
          "sensitive_attributes": [],
          "private": "eyJzY2hlbWFfdmVyc2lvbiI6IjEifQ==",
          "dependencies": [
            "aci_l3_outside.calico_l3out",
            "aci_logical_interface_profile.calico_interface_profile",
            "aci_logical_node_profile.calico_node_profile",
            "aci_rest.floating_svi",
            "data.aci_tenant.tenant_l3out",
            "data.aci_vrf.l3out_vrf"
          ]
        },
        {
          "index_key": "202-192.168.2.5",
          "schema_version": 1,
          "attributes": {
            "class_name": null,
            "content": null,
            "dn": null,
            "id": "{}",
            "path": "/api/mo/uni/tn-common/out-calico_l3out/lnodep-NodePfl/lifp-FloatingSVI/vlifp-[topology/pod-1/node-202]-[vlan-300]/peerP-[192.168.2.5].json",
            "payload": "{\n            \"bgpPeerP\": {\n                \"attributes\": {\n                    \"addr\": \"192.168.2.5\",\n                    \"addrTCtrl\": \"af-ucast\",\n                    \"adminSt\": \"enabled\",\n                    \"allowedSelfAsCnt\": \"3\",\n                    \"userdom\": \":all:common:\"\n                },\n                \"children\": [\n                    {\n                        \"bgpRsPeerPfxPol\": {\n                            \"attributes\": {\n                                \"userdom\": \"all\"\n                            }\n                        }\n                    },\n                    {\n                        \"bgpLocalAsnP\": {\n                            \"attributes\": {\n                                \"asnPropagate\": \"none\",\n                                \"localAsn\": \"64500\",\n                                \"userdom\": \":all:common:\"\n                            }\n                        }\n                    },\n                    {\n                        \"bgpAsP\": {\n                            \"attributes\": {\n                                \"asn\": \"64505\",\n                                \"userdom\": \":all:common:\"\n                            }\n                        }\n                    }\n                ]\n            }\n        }\n"
          },
          "sensitive_attributes": [],
          "private": "eyJzY2hlbWFfdmVyc2lvbiI6IjEifQ==",
          "dependencies": [
            "aci_l3_outside.calico_l3out",
            "aci_logical_interface_profile.calico_interface_profile",
            "aci_logical_node_profile.calico_node_profile",
            "aci_rest.floating_svi",
            "data.aci_tenant.tenant_l3out",
            "data.aci_vrf.l3out_vrf"
          ]
        }
      ]
    },
    {
      "mode": "managed",
      "type": "aci_rest",
      "name": "floating_svi",
      "provider": "provider[\"registry.terraform.io/ciscodevnet/aci\"]",
      "instances": [
        {
          "index_key": "201",
          "schema_version": 1,
          "attributes": {
            "class_name": null,
            "content": null,
            "dn": null,
            "id": "{}",
            "path": "/api/mo/uni/tn-common/out-calico_l3out/lnodep-NodePfl/lifp-FloatingSVI.json",
            "payload": "  {\n            \"l3extVirtualLIfP\": {\n                \"attributes\": {\n                    \"addr\": \"192.168.2.201/24\",\n                    \"encap\": \"vlan-300\",\n                    \"encapScope\": \"local\",\n                    \"ifInstT\": \"ext-svi\",\n                    \"nodeDn\": \"topology/pod-1/node-201\",\n                },\n                \"children\": [\n                    {\n                        \"l3extRsDynPathAtt\": {\n                            \"attributes\": {\n                                \"annotation\": \"\",\n                                \"floatingAddr\": \"192.168.2.253/24\",\n                                \"forgedTransmit\": \"Disabled\",\n                                \"macChange\": \"Disabled\",\n                                \"promMode\": \"Disabled\",\n                                \"tDn\": \"uni/phys-Fab2\",\n                                \"userdom\": \":all:common:\"\n                            }\n                        }\n                    },\n                    {\n                        \"l3extIp\": {\n                            \"attributes\": {\n                                \"addr\": \"192.168.2.254/24\",\n                                \"userdom\": \":all:common:\"\n                            }\n                        }\n                    }\n                ]\n            }\n        }\n"
          },
          "sensitive_attributes": [],
          "private": "eyJzY2hlbWFfdmVyc2lvbiI6IjEifQ==",
          "dependencies": [
            "aci_l3_outside.calico_l3out",
            "aci_logical_interface_profile.calico_interface_profile",
            "aci_logical_node_profile.calico_node_profile",
            "data.aci_tenant.tenant_l3out",
            "data.aci_vrf.l3out_vrf"
          ]
        },
        {
          "index_key": "202",
          "schema_version": 1,
          "attributes": {
            "class_name": null,
            "content": null,
            "dn": null,
            "id": "{}",
            "path": "/api/mo/uni/tn-common/out-calico_l3out/lnodep-NodePfl/lifp-FloatingSVI.json",
            "payload": "  {\n            \"l3extVirtualLIfP\": {\n                \"attributes\": {\n                    \"addr\": \"192.168.2.202/24\",\n                    \"encap\": \"vlan-300\",\n                    \"encapScope\": \"local\",\n                    \"ifInstT\": \"ext-svi\",\n                    \"nodeDn\": \"topology/pod-1/node-202\",\n                },\n                \"children\": [\n                    {\n                        \"l3extRsDynPathAtt\": {\n                            \"attributes\": {\n                                \"annotation\": \"\",\n                                \"floatingAddr\": \"192.168.2.253/24\",\n                                \"forgedTransmit\": \"Disabled\",\n                                \"macChange\": \"Disabled\",\n                                \"promMode\": \"Disabled\",\n                                \"tDn\": \"uni/phys-Fab2\",\n                                \"userdom\": \":all:common:\"\n                            }\n                        }\n                    },\n                    {\n                        \"l3extIp\": {\n                            \"attributes\": {\n                                \"addr\": \"192.168.2.254/24\",\n                                \"userdom\": \":all:common:\"\n                            }\n                        }\n                    }\n                ]\n            }\n        }\n"
          },
          "sensitive_attributes": [],
          "private": "eyJzY2hlbWFfdmVyc2lvbiI6IjEifQ==",
          "dependencies": [
            "aci_l3_outside.calico_l3out",
            "aci_logical_interface_profile.calico_interface_profile",
            "aci_logical_node_profile.calico_node_profile",
            "data.aci_tenant.tenant_l3out",
            "data.aci_vrf.l3out_vrf"
          ]
        }
      ]
    },
    {
      "mode": "managed",
      "type": "null_resource",
      "name": "build_inventory",
      "provider": "provider[\"registry.terraform.io/hashicorp/null\"]",
      "instances": [
        {
          "index_key": "master-1",
          "schema_version": 0,
          "attributes": {
            "id": "81447185021902591",
            "triggers": {
              "always_run": "2021-03-09T02:49:23Z"
            }
          },
          "sensitive_attributes": [],
          "private": "bnVsbA=="
        },
        {
          "index_key": "master-2",
          "schema_version": 0,
          "attributes": {
            "id": "5982630125189128056",
            "triggers": {
              "always_run": "2021-03-09T02:49:23Z"
            }
          },
          "sensitive_attributes": [],
          "private": "bnVsbA=="
        },
        {
          "index_key": "master-3",
          "schema_version": 0,
          "attributes": {
            "id": "6978883562976910275",
            "triggers": {
              "always_run": "2021-03-09T02:49:23Z"
            }
          },
          "sensitive_attributes": [],
          "private": "bnVsbA=="
        },
        {
          "index_key": "worker-1",
          "schema_version": 0,
          "attributes": {
            "id": "3676037591461252814",
            "triggers": {
              "always_run": "2021-03-09T02:49:23Z"
            }
          },
          "sensitive_attributes": [],
          "private": "bnVsbA=="
        },
        {
          "index_key": "worker-2",
          "schema_version": 0,
          "attributes": {
            "id": "3060535329402349946",
            "triggers": {
              "always_run": "2021-03-09T02:49:23Z"
            }
          },
          "sensitive_attributes": [],
          "private": "bnVsbA=="
        }
      ]
    },
    {
      "mode": "managed",
      "type": "null_resource",
      "name": "create_cluster",
      "provider": "provider[\"registry.terraform.io/hashicorp/null\"]",
      "instances": [
        {
          "schema_version": 0,
          "attributes": {
            "id": "6480096984854196684",
            "triggers": {
              "always_run": "2021-03-09T02:49:23Z"
            }
          },
          "sensitive_attributes": [],
          "private": "bnVsbA=="
        }
      ]
    },
    {
      "mode": "managed",
      "type": "vsphere_virtual_machine",
      "name": "vm",
      "provider": "provider[\"registry.terraform.io/hashicorp/vsphere\"]",
      "instances": [
        {
          "index_key": "master-1",
          "schema_version": 3,
          "attributes": {
            "alternate_guest_name": "",
            "annotation": "",
            "boot_delay": 0,
            "boot_retry_delay": 10000,
            "boot_retry_enabled": false,
            "cdrom": [],
            "change_version": "2021-03-09T02:29:47.293959Z",
            "clone": [
              {
                "customize": [
                  {
                    "dns_server_list": [],
                    "dns_suffix_list": [],
                    "ipv4_gateway": "192.168.2.254",
                    "ipv6_gateway": "",
                    "linux_options": [
                      {
                        "domain": "cam.ciscolabs.com",
                        "host_name": "master-1",
                        "hw_clock_utc": true,
                        "time_zone": ""
                      }
                    ],
                    "network_interface": [
                      {
                        "dns_domain": "",
                        "dns_server_list": [],
                        "ipv4_address": "192.168.2.1",
                        "ipv4_netmask": 24,
                        "ipv6_address": "",
                        "ipv6_netmask": 0
                      }
                    ],
                    "timeout": 10,
                    "windows_options": [],
                    "windows_sysprep_text": ""
                  }
                ],
                "linked_clone": true,
                "ovf_network_map": {},
                "ovf_storage_map": {},
                "template_uuid": "422af16b-bec1-ed47-2364-9f555f52b8ac",
                "timeout": 30
              }
            ],
            "cpu_hot_add_enabled": false,
            "cpu_hot_remove_enabled": false,
            "cpu_limit": -1,
            "cpu_performance_counters_enabled": false,
            "cpu_reservation": 0,
            "cpu_share_count": 2000,
            "cpu_share_level": "normal",
            "custom_attributes": {},
            "datacenter_id": null,
            "datastore_cluster_id": null,
            "datastore_id": "datastore-14143",
            "default_ip_address": "192.168.2.1",
            "disk": [
              {
                "attach": false,
                "controller_type": "scsi",
                "datastore_id": "datastore-14143",
                "device_address": "scsi:0:0",
                "disk_mode": "persistent",
                "disk_sharing": "sharingNone",
                "eagerly_scrub": false,
                "io_limit": -1,
                "io_reservation": 0,
                "io_share_count": 1000,
                "io_share_level": "normal",
                "keep_on_remove": false,
                "key": 2000,
                "label": "disk0",
                "name": "",
                "path": "master-1/master-1.vmdk",
                "size": 50,
                "storage_policy_id": "",
                "thin_provisioned": true,
                "unit_number": 0,
                "uuid": "6000C29e-ea8b-1c00-e708-80fe0570b99b",
                "write_through": false
              }
            ],
            "efi_secure_boot_enabled": false,
            "enable_disk_uuid": false,
            "enable_logging": false,
            "ept_rvi_mode": "automatic",
            "extra_config": {},
            "firmware": "bios",
            "folder": "",
            "force_power_off": true,
            "guest_id": "ubuntu64Guest",
            "guest_ip_addresses": [
              "192.168.2.1",
              "fe80::250:56ff:feaa:e7c0"
            ],
            "hardware_version": 14,
            "host_system_id": "host-9",
            "hv_mode": "hvAuto",
            "id": "422a46d5-ee15-afc5-3b48-8bff5f9c6aa3",
            "ide_controller_count": 2,
            "ignored_guest_ips": null,
            "imported": null,
            "latency_sensitivity": "normal",
            "memory": 8192,
            "memory_hot_add_enabled": false,
            "memory_limit": -1,
            "memory_reservation": 0,
            "memory_share_count": 81920,
            "memory_share_level": "normal",
            "migrate_wait_timeout": 30,
            "moid": "vm-17590",
            "name": "master-1",
            "nested_hv_enabled": false,
            "network_interface": [
              {
                "adapter_type": "vmxnet3",
                "bandwidth_limit": -1,
                "bandwidth_reservation": 0,
                "bandwidth_share_count": 50,
                "bandwidth_share_level": "normal",
                "device_address": "pci:0:7",
                "key": 4000,
                "mac_address": "00:50:56:aa:e7:c0",
                "network_id": "dvportgroup-421",
                "ovf_mapping": "",
                "use_static_mac": false
              }
            ],
            "num_cores_per_socket": 1,
            "num_cpus": 2,
            "ovf_deploy": [],
            "pci_device_id": [],
            "poweron_timeout": 300,
            "reboot_required": false,
            "resource_pool_id": "resgroup-12225",
            "run_tools_scripts_after_power_on": true,
            "run_tools_scripts_after_resume": true,
            "run_tools_scripts_before_guest_reboot": false,
            "run_tools_scripts_before_guest_shutdown": true,
            "run_tools_scripts_before_guest_standby": true,
            "sata_controller_count": 0,
            "scsi_bus_sharing": "noSharing",
            "scsi_controller_count": 1,
            "scsi_type": "lsilogic",
            "shutdown_wait_timeout": 3,
            "storage_policy_id": "",
            "swap_placement_policy": "inherit",
            "sync_time_with_host": false,
            "tags": [],
            "uuid": "422a46d5-ee15-afc5-3b48-8bff5f9c6aa3",
            "vapp": [],
            "vapp_transport": [],
            "vmware_tools_status": "guestToolsRunning",
            "vmx_path": "master-1/master-1.vmx",
            "wait_for_guest_ip_timeout": 0,
            "wait_for_guest_net_routable": true,
            "wait_for_guest_net_timeout": 5
          },
          "sensitive_attributes": [],
          "private": "eyJzY2hlbWFfdmVyc2lvbiI6IjMifQ==",
          "dependencies": [
            "data.vsphere_compute_cluster.cluster",
            "data.vsphere_datacenter.dc",
            "data.vsphere_datastore.datastore",
            "data.vsphere_distributed_virtual_switch.dvs",
            "data.vsphere_network.network",
            "data.vsphere_virtual_machine.template"
          ]
        },
        {
          "index_key": "master-2",
          "schema_version": 3,
          "attributes": {
            "alternate_guest_name": "",
            "annotation": "",
            "boot_delay": 0,
            "boot_retry_delay": 10000,
            "boot_retry_enabled": false,
            "cdrom": [],
            "change_version": "2021-03-09T02:29:41.222304Z",
            "clone": [
              {
                "customize": [
                  {
                    "dns_server_list": [],
                    "dns_suffix_list": [],
                    "ipv4_gateway": "192.168.2.254",
                    "ipv6_gateway": "",
                    "linux_options": [
                      {
                        "domain": "cam.ciscolabs.com",
                        "host_name": "master-2",
                        "hw_clock_utc": true,
                        "time_zone": ""
                      }
                    ],
                    "network_interface": [
                      {
                        "dns_domain": "",
                        "dns_server_list": [],
                        "ipv4_address": "192.168.2.2",
                        "ipv4_netmask": 24,
                        "ipv6_address": "",
                        "ipv6_netmask": 0
                      }
                    ],
                    "timeout": 10,
                    "windows_options": [],
                    "windows_sysprep_text": ""
                  }
                ],
                "linked_clone": true,
                "ovf_network_map": {},
                "ovf_storage_map": {},
                "template_uuid": "422af16b-bec1-ed47-2364-9f555f52b8ac",
                "timeout": 30
              }
            ],
            "cpu_hot_add_enabled": false,
            "cpu_hot_remove_enabled": false,
            "cpu_limit": -1,
            "cpu_performance_counters_enabled": false,
            "cpu_reservation": 0,
            "cpu_share_count": 2000,
            "cpu_share_level": "normal",
            "custom_attributes": {},
            "datacenter_id": null,
            "datastore_cluster_id": null,
            "datastore_id": "datastore-14143",
            "default_ip_address": "192.168.2.2",
            "disk": [
              {
                "attach": false,
                "controller_type": "scsi",
                "datastore_id": "datastore-14143",
                "device_address": "scsi:0:0",
                "disk_mode": "persistent",
                "disk_sharing": "sharingNone",
                "eagerly_scrub": false,
                "io_limit": -1,
                "io_reservation": 0,
                "io_share_count": 1000,
                "io_share_level": "normal",
                "keep_on_remove": false,
                "key": 2000,
                "label": "disk0",
                "name": "",
                "path": "master-2/master-2.vmdk",
                "size": 50,
                "storage_policy_id": "",
                "thin_provisioned": true,
                "unit_number": 0,
                "uuid": "6000C29e-ea8b-1c00-e708-80fe0570b99b",
                "write_through": false
              }
            ],
            "efi_secure_boot_enabled": false,
            "enable_disk_uuid": false,
            "enable_logging": false,
            "ept_rvi_mode": "automatic",
            "extra_config": {},
            "firmware": "bios",
            "folder": "",
            "force_power_off": true,
            "guest_id": "ubuntu64Guest",
            "guest_ip_addresses": [
              "192.168.2.2",
              "fe80::250:56ff:feaa:aafc"
            ],
            "hardware_version": 14,
            "host_system_id": "host-221",
            "hv_mode": "hvAuto",
            "id": "422a7406-753d-48e6-63eb-e61eb175b9b0",
            "ide_controller_count": 2,
            "ignored_guest_ips": null,
            "imported": null,
            "latency_sensitivity": "normal",
            "memory": 8192,
            "memory_hot_add_enabled": false,
            "memory_limit": -1,
            "memory_reservation": 0,
            "memory_share_count": 81920,
            "memory_share_level": "normal",
            "migrate_wait_timeout": 30,
            "moid": "vm-17588",
            "name": "master-2",
            "nested_hv_enabled": false,
            "network_interface": [
              {
                "adapter_type": "vmxnet3",
                "bandwidth_limit": -1,
                "bandwidth_reservation": 0,
                "bandwidth_share_count": 50,
                "bandwidth_share_level": "normal",
                "device_address": "pci:0:7",
                "key": 4000,
                "mac_address": "00:50:56:aa:aa:fc",
                "network_id": "dvportgroup-421",
                "ovf_mapping": "",
                "use_static_mac": false
              }
            ],
            "num_cores_per_socket": 1,
            "num_cpus": 2,
            "ovf_deploy": [],
            "pci_device_id": [],
            "poweron_timeout": 300,
            "reboot_required": false,
            "resource_pool_id": "resgroup-12225",
            "run_tools_scripts_after_power_on": true,
            "run_tools_scripts_after_resume": true,
            "run_tools_scripts_before_guest_reboot": false,
            "run_tools_scripts_before_guest_shutdown": true,
            "run_tools_scripts_before_guest_standby": true,
            "sata_controller_count": 0,
            "scsi_bus_sharing": "noSharing",
            "scsi_controller_count": 1,
            "scsi_type": "lsilogic",
            "shutdown_wait_timeout": 3,
            "storage_policy_id": "",
            "swap_placement_policy": "inherit",
            "sync_time_with_host": false,
            "tags": [],
            "uuid": "422a7406-753d-48e6-63eb-e61eb175b9b0",
            "vapp": [],
            "vapp_transport": [],
            "vmware_tools_status": "guestToolsRunning",
            "vmx_path": "master-2/master-2.vmx",
            "wait_for_guest_ip_timeout": 0,
            "wait_for_guest_net_routable": true,
            "wait_for_guest_net_timeout": 5
          },
          "sensitive_attributes": [],
          "private": "eyJzY2hlbWFfdmVyc2lvbiI6IjMifQ==",
          "dependencies": [
            "data.vsphere_compute_cluster.cluster",
            "data.vsphere_datacenter.dc",
            "data.vsphere_datastore.datastore",
            "data.vsphere_distributed_virtual_switch.dvs",
            "data.vsphere_network.network",
            "data.vsphere_virtual_machine.template"
          ]
        },
        {
          "index_key": "master-3",
          "schema_version": 3,
          "attributes": {
            "alternate_guest_name": "",
            "annotation": "",
            "boot_delay": 0,
            "boot_retry_delay": 10000,
            "boot_retry_enabled": false,
            "cdrom": [],
            "change_version": "2021-03-09T02:29:50.855738Z",
            "clone": [
              {
                "customize": [
                  {
                    "dns_server_list": [],
                    "dns_suffix_list": [],
                    "ipv4_gateway": "192.168.2.254",
                    "ipv6_gateway": "",
                    "linux_options": [
                      {
                        "domain": "cam.ciscolabs.com",
                        "host_name": "master-3",
                        "hw_clock_utc": true,
                        "time_zone": ""
                      }
                    ],
                    "network_interface": [
                      {
                        "dns_domain": "",
                        "dns_server_list": [],
                        "ipv4_address": "192.168.2.3",
                        "ipv4_netmask": 24,
                        "ipv6_address": "",
                        "ipv6_netmask": 0
                      }
                    ],
                    "timeout": 10,
                    "windows_options": [],
                    "windows_sysprep_text": ""
                  }
                ],
                "linked_clone": true,
                "ovf_network_map": {},
                "ovf_storage_map": {},
                "template_uuid": "422af16b-bec1-ed47-2364-9f555f52b8ac",
                "timeout": 30
              }
            ],
            "cpu_hot_add_enabled": false,
            "cpu_hot_remove_enabled": false,
            "cpu_limit": -1,
            "cpu_performance_counters_enabled": false,
            "cpu_reservation": 0,
            "cpu_share_count": 2000,
            "cpu_share_level": "normal",
            "custom_attributes": {},
            "datacenter_id": null,
            "datastore_cluster_id": null,
            "datastore_id": "datastore-14143",
            "default_ip_address": "192.168.2.3",
            "disk": [
              {
                "attach": false,
                "controller_type": "scsi",
                "datastore_id": "datastore-14143",
                "device_address": "scsi:0:0",
                "disk_mode": "persistent",
                "disk_sharing": "sharingNone",
                "eagerly_scrub": false,
                "io_limit": -1,
                "io_reservation": 0,
                "io_share_count": 1000,
                "io_share_level": "normal",
                "keep_on_remove": false,
                "key": 2000,
                "label": "disk0",
                "name": "",
                "path": "master-3/master-3.vmdk",
                "size": 50,
                "storage_policy_id": "",
                "thin_provisioned": true,
                "unit_number": 0,
                "uuid": "6000C29e-ea8b-1c00-e708-80fe0570b99b",
                "write_through": false
              }
            ],
            "efi_secure_boot_enabled": false,
            "enable_disk_uuid": false,
            "enable_logging": false,
            "ept_rvi_mode": "automatic",
            "extra_config": {},
            "firmware": "bios",
            "folder": "",
            "force_power_off": true,
            "guest_id": "ubuntu64Guest",
            "guest_ip_addresses": [
              "192.168.2.3",
              "fe80::250:56ff:feaa:e39d"
            ],
            "hardware_version": 14,
            "host_system_id": "host-9",
            "hv_mode": "hvAuto",
            "id": "422a6c2b-5736-50fb-566f-1a9fbda26266",
            "ide_controller_count": 2,
            "ignored_guest_ips": null,
            "imported": null,
            "latency_sensitivity": "normal",
            "memory": 8192,
            "memory_hot_add_enabled": false,
            "memory_limit": -1,
            "memory_reservation": 0,
            "memory_share_count": 81920,
            "memory_share_level": "normal",
            "migrate_wait_timeout": 30,
            "moid": "vm-17592",
            "name": "master-3",
            "nested_hv_enabled": false,
            "network_interface": [
              {
                "adapter_type": "vmxnet3",
                "bandwidth_limit": -1,
                "bandwidth_reservation": 0,
                "bandwidth_share_count": 50,
                "bandwidth_share_level": "normal",
                "device_address": "pci:0:7",
                "key": 4000,
                "mac_address": "00:50:56:aa:e3:9d",
                "network_id": "dvportgroup-421",
                "ovf_mapping": "",
                "use_static_mac": false
              }
            ],
            "num_cores_per_socket": 1,
            "num_cpus": 2,
            "ovf_deploy": [],
            "pci_device_id": [],
            "poweron_timeout": 300,
            "reboot_required": false,
            "resource_pool_id": "resgroup-12225",
            "run_tools_scripts_after_power_on": true,
            "run_tools_scripts_after_resume": true,
            "run_tools_scripts_before_guest_reboot": false,
            "run_tools_scripts_before_guest_shutdown": true,
            "run_tools_scripts_before_guest_standby": true,
            "sata_controller_count": 0,
            "scsi_bus_sharing": "noSharing",
            "scsi_controller_count": 1,
            "scsi_type": "lsilogic",
            "shutdown_wait_timeout": 3,
            "storage_policy_id": "",
            "swap_placement_policy": "inherit",
            "sync_time_with_host": false,
            "tags": [],
            "uuid": "422a6c2b-5736-50fb-566f-1a9fbda26266",
            "vapp": [],
            "vapp_transport": [],
            "vmware_tools_status": "guestToolsRunning",
            "vmx_path": "master-3/master-3.vmx",
            "wait_for_guest_ip_timeout": 0,
            "wait_for_guest_net_routable": true,
            "wait_for_guest_net_timeout": 5
          },
          "sensitive_attributes": [],
          "private": "eyJzY2hlbWFfdmVyc2lvbiI6IjMifQ==",
          "dependencies": [
            "data.vsphere_compute_cluster.cluster",
            "data.vsphere_datacenter.dc",
            "data.vsphere_datastore.datastore",
            "data.vsphere_distributed_virtual_switch.dvs",
            "data.vsphere_network.network",
            "data.vsphere_virtual_machine.template"
          ]
        },
        {
          "index_key": "worker-1",
          "schema_version": 3,
          "attributes": {
            "alternate_guest_name": "",
            "annotation": "",
            "boot_delay": 0,
            "boot_retry_delay": 10000,
            "boot_retry_enabled": false,
            "cdrom": [],
            "change_version": "2021-03-09T02:29:45.091223Z",
            "clone": [
              {
                "customize": [
                  {
                    "dns_server_list": [],
                    "dns_suffix_list": [],
                    "ipv4_gateway": "192.168.2.254",
                    "ipv6_gateway": "",
                    "linux_options": [
                      {
                        "domain": "cam.ciscolabs.com",
                        "host_name": "worker-1",
                        "hw_clock_utc": true,
                        "time_zone": ""
                      }
                    ],
                    "network_interface": [
                      {
                        "dns_domain": "",
                        "dns_server_list": [],
                        "ipv4_address": "192.168.2.4",
                        "ipv4_netmask": 24,
                        "ipv6_address": "",
                        "ipv6_netmask": 0
                      }
                    ],
                    "timeout": 10,
                    "windows_options": [],
                    "windows_sysprep_text": ""
                  }
                ],
                "linked_clone": true,
                "ovf_network_map": {},
                "ovf_storage_map": {},
                "template_uuid": "422af16b-bec1-ed47-2364-9f555f52b8ac",
                "timeout": 30
              }
            ],
            "cpu_hot_add_enabled": false,
            "cpu_hot_remove_enabled": false,
            "cpu_limit": -1,
            "cpu_performance_counters_enabled": false,
            "cpu_reservation": 0,
            "cpu_share_count": 2000,
            "cpu_share_level": "normal",
            "custom_attributes": {},
            "datacenter_id": null,
            "datastore_cluster_id": null,
            "datastore_id": "datastore-14143",
            "default_ip_address": "192.168.2.4",
            "disk": [
              {
                "attach": false,
                "controller_type": "scsi",
                "datastore_id": "datastore-14143",
                "device_address": "scsi:0:0",
                "disk_mode": "persistent",
                "disk_sharing": "sharingNone",
                "eagerly_scrub": false,
                "io_limit": -1,
                "io_reservation": 0,
                "io_share_count": 1000,
                "io_share_level": "normal",
                "keep_on_remove": false,
                "key": 2000,
                "label": "disk0",
                "name": "",
                "path": "worker-1/worker-1.vmdk",
                "size": 50,
                "storage_policy_id": "",
                "thin_provisioned": true,
                "unit_number": 0,
                "uuid": "6000C29e-ea8b-1c00-e708-80fe0570b99b",
                "write_through": false
              }
            ],
            "efi_secure_boot_enabled": false,
            "enable_disk_uuid": false,
            "enable_logging": false,
            "ept_rvi_mode": "automatic",
            "extra_config": {},
            "firmware": "bios",
            "folder": "",
            "force_power_off": true,
            "guest_id": "ubuntu64Guest",
            "guest_ip_addresses": [
              "192.168.2.4",
              "fe80::250:56ff:feaa:b70c"
            ],
            "hardware_version": 14,
            "host_system_id": "host-9",
            "hv_mode": "hvAuto",
            "id": "422a6bfe-ee1a-bb84-4368-43c7deb86ccb",
            "ide_controller_count": 2,
            "ignored_guest_ips": null,
            "imported": null,
            "latency_sensitivity": "normal",
            "memory": 8192,
            "memory_hot_add_enabled": false,
            "memory_limit": -1,
            "memory_reservation": 0,
            "memory_share_count": 81920,
            "memory_share_level": "normal",
            "migrate_wait_timeout": 30,
            "moid": "vm-17589",
            "name": "worker-1",
            "nested_hv_enabled": false,
            "network_interface": [
              {
                "adapter_type": "vmxnet3",
                "bandwidth_limit": -1,
                "bandwidth_reservation": 0,
                "bandwidth_share_count": 50,
                "bandwidth_share_level": "normal",
                "device_address": "pci:0:7",
                "key": 4000,
                "mac_address": "00:50:56:aa:b7:0c",
                "network_id": "dvportgroup-421",
                "ovf_mapping": "",
                "use_static_mac": false
              }
            ],
            "num_cores_per_socket": 1,
            "num_cpus": 2,
            "ovf_deploy": [],
            "pci_device_id": [],
            "poweron_timeout": 300,
            "reboot_required": false,
            "resource_pool_id": "resgroup-12225",
            "run_tools_scripts_after_power_on": true,
            "run_tools_scripts_after_resume": true,
            "run_tools_scripts_before_guest_reboot": false,
            "run_tools_scripts_before_guest_shutdown": true,
            "run_tools_scripts_before_guest_standby": true,
            "sata_controller_count": 0,
            "scsi_bus_sharing": "noSharing",
            "scsi_controller_count": 1,
            "scsi_type": "lsilogic",
            "shutdown_wait_timeout": 3,
            "storage_policy_id": "",
            "swap_placement_policy": "inherit",
            "sync_time_with_host": false,
            "tags": [],
            "uuid": "422a6bfe-ee1a-bb84-4368-43c7deb86ccb",
            "vapp": [],
            "vapp_transport": [],
            "vmware_tools_status": "guestToolsRunning",
            "vmx_path": "worker-1/worker-1.vmx",
            "wait_for_guest_ip_timeout": 0,
            "wait_for_guest_net_routable": true,
            "wait_for_guest_net_timeout": 5
          },
          "sensitive_attributes": [],
          "private": "eyJzY2hlbWFfdmVyc2lvbiI6IjMifQ==",
          "dependencies": [
            "data.vsphere_compute_cluster.cluster",
            "data.vsphere_datacenter.dc",
            "data.vsphere_datastore.datastore",
            "data.vsphere_distributed_virtual_switch.dvs",
            "data.vsphere_network.network",
            "data.vsphere_virtual_machine.template"
          ]
        },
        {
          "index_key": "worker-2",
          "schema_version": 3,
          "attributes": {
            "alternate_guest_name": "",
            "annotation": "",
            "boot_delay": 0,
            "boot_retry_delay": 10000,
            "boot_retry_enabled": false,
            "cdrom": [],
            "change_version": "2021-03-09T02:29:50.953933Z",
            "clone": [
              {
                "customize": [
                  {
                    "dns_server_list": [],
                    "dns_suffix_list": [],
                    "ipv4_gateway": "192.168.2.254",
                    "ipv6_gateway": "",
                    "linux_options": [
                      {
                        "domain": "cam.ciscolabs.com",
                        "host_name": "worker-2",
                        "hw_clock_utc": true,
                        "time_zone": ""
                      }
                    ],
                    "network_interface": [
                      {
                        "dns_domain": "",
                        "dns_server_list": [],
                        "ipv4_address": "192.168.2.5",
                        "ipv4_netmask": 24,
                        "ipv6_address": "",
                        "ipv6_netmask": 0
                      }
                    ],
                    "timeout": 10,
                    "windows_options": [],
                    "windows_sysprep_text": ""
                  }
                ],
                "linked_clone": true,
                "ovf_network_map": {},
                "ovf_storage_map": {},
                "template_uuid": "422af16b-bec1-ed47-2364-9f555f52b8ac",
                "timeout": 30
              }
            ],
            "cpu_hot_add_enabled": false,
            "cpu_hot_remove_enabled": false,
            "cpu_limit": -1,
            "cpu_performance_counters_enabled": false,
            "cpu_reservation": 0,
            "cpu_share_count": 2000,
            "cpu_share_level": "normal",
            "custom_attributes": {},
            "datacenter_id": null,
            "datastore_cluster_id": null,
            "datastore_id": "datastore-14143",
            "default_ip_address": "192.168.2.5",
            "disk": [
              {
                "attach": false,
                "controller_type": "scsi",
                "datastore_id": "datastore-14143",
                "device_address": "scsi:0:0",
                "disk_mode": "persistent",
                "disk_sharing": "sharingNone",
                "eagerly_scrub": false,
                "io_limit": -1,
                "io_reservation": 0,
                "io_share_count": 1000,
                "io_share_level": "normal",
                "keep_on_remove": false,
                "key": 2000,
                "label": "disk0",
                "name": "",
                "path": "worker-2/worker-2.vmdk",
                "size": 50,
                "storage_policy_id": "",
                "thin_provisioned": true,
                "unit_number": 0,
                "uuid": "6000C29e-ea8b-1c00-e708-80fe0570b99b",
                "write_through": false
              }
            ],
            "efi_secure_boot_enabled": false,
            "enable_disk_uuid": false,
            "enable_logging": false,
            "ept_rvi_mode": "automatic",
            "extra_config": {},
            "firmware": "bios",
            "folder": "",
            "force_power_off": true,
            "guest_id": "ubuntu64Guest",
            "guest_ip_addresses": [
              "192.168.2.5",
              "fe80::250:56ff:feaa:1d91"
            ],
            "hardware_version": 14,
            "host_system_id": "host-221",
            "hv_mode": "hvAuto",
            "id": "422a3712-4900-f134-2d02-0b70b4079bb0",
            "ide_controller_count": 2,
            "ignored_guest_ips": null,
            "imported": null,
            "latency_sensitivity": "normal",
            "memory": 8192,
            "memory_hot_add_enabled": false,
            "memory_limit": -1,
            "memory_reservation": 0,
            "memory_share_count": 81920,
            "memory_share_level": "normal",
            "migrate_wait_timeout": 30,
            "moid": "vm-17591",
            "name": "worker-2",
            "nested_hv_enabled": false,
            "network_interface": [
              {
                "adapter_type": "vmxnet3",
                "bandwidth_limit": -1,
                "bandwidth_reservation": 0,
                "bandwidth_share_count": 50,
                "bandwidth_share_level": "normal",
                "device_address": "pci:0:7",
                "key": 4000,
                "mac_address": "00:50:56:aa:1d:91",
                "network_id": "dvportgroup-421",
                "ovf_mapping": "",
                "use_static_mac": false
              }
            ],
            "num_cores_per_socket": 1,
            "num_cpus": 2,
            "ovf_deploy": [],
            "pci_device_id": [],
            "poweron_timeout": 300,
            "reboot_required": false,
            "resource_pool_id": "resgroup-12225",
            "run_tools_scripts_after_power_on": true,
            "run_tools_scripts_after_resume": true,
            "run_tools_scripts_before_guest_reboot": false,
            "run_tools_scripts_before_guest_shutdown": true,
            "run_tools_scripts_before_guest_standby": true,
            "sata_controller_count": 0,
            "scsi_bus_sharing": "noSharing",
            "scsi_controller_count": 1,
            "scsi_type": "lsilogic",
            "shutdown_wait_timeout": 3,
            "storage_policy_id": "",
            "swap_placement_policy": "inherit",
            "sync_time_with_host": false,
            "tags": [],
            "uuid": "422a3712-4900-f134-2d02-0b70b4079bb0",
            "vapp": [],
            "vapp_transport": [],
            "vmware_tools_status": "guestToolsRunning",
            "vmx_path": "worker-2/worker-2.vmx",
            "wait_for_guest_ip_timeout": 0,
            "wait_for_guest_net_routable": true,
            "wait_for_guest_net_timeout": 5
          },
          "sensitive_attributes": [],
          "private": "eyJzY2hlbWFfdmVyc2lvbiI6IjMifQ==",
          "dependencies": [
            "data.vsphere_compute_cluster.cluster",
            "data.vsphere_datacenter.dc",
            "data.vsphere_datastore.datastore",
            "data.vsphere_distributed_virtual_switch.dvs",
            "data.vsphere_network.network",
            "data.vsphere_virtual_machine.template"
          ]
        }
      ]
    }
  ]
}
