{
  "version": 4,
  "terraform_version": "1.1.6",
  "serial": 451,
  "lineage": "408c5a85-1c6a-21d3-6710-e3b2c665b227",
  "outputs": {},
  "resources": [
    {
      "mode": "data",
      "type": "aci_contract",
      "name": "default",
      "provider": "provider[\"registry.terraform.io/ciscodevnet/aci\"]",
      "instances": [
        {
          "schema_version": 0,
          "attributes": {
            "annotation": "",
            "description": "",
            "id": "uni/tn-common/brc-calico_dev",
            "name": "calico_dev",
            "name_alias": "",
            "prio": "unspecified",
            "scope": "global",
            "target_dscp": "unspecified",
            "tenant_dn": "uni/tn-common"
          },
          "sensitive_attributes": []
        }
      ]
    },
    {
      "mode": "data",
      "type": "aci_physical_domain",
      "name": "dom",
      "provider": "provider[\"registry.terraform.io/ciscodevnet/aci\"]",
      "instances": [
        {
          "schema_version": 0,
          "attributes": {
            "annotation": "",
            "description": null,
            "id": "uni/phys-FAB1",
            "name": "FAB1",
            "name_alias": ""
          },
          "sensitive_attributes": []
        }
      ]
    },
    {
      "mode": "data",
      "type": "aci_tenant",
      "name": "tenant_contract",
      "provider": "provider[\"registry.terraform.io/ciscodevnet/aci\"]",
      "instances": [
        {
          "schema_version": 0,
          "attributes": {
            "annotation": "",
            "description": "",
            "id": "uni/tn-common",
            "name": "common",
            "name_alias": ""
          },
          "sensitive_attributes": []
        }
      ]
    },
    {
      "mode": "data",
      "type": "aci_tenant",
      "name": "tenant_l3out",
      "provider": "provider[\"registry.terraform.io/ciscodevnet/aci\"]",
      "instances": [
        {
          "schema_version": 0,
          "attributes": {
            "annotation": "",
            "description": "",
            "id": "uni/tn-calico_dev_v46",
            "name": "calico_dev_v46",
            "name_alias": ""
          },
          "sensitive_attributes": []
        }
      ]
    },
    {
      "mode": "data",
      "type": "aci_vrf",
      "name": "l3out_vrf",
      "provider": "provider[\"registry.terraform.io/ciscodevnet/aci\"]",
      "instances": [
        {
          "schema_version": 0,
          "attributes": {
            "annotation": "",
            "bd_enforced_enable": "no",
            "description": "",
            "id": "uni/tn-calico_dev_v46/ctx-vrf",
            "ip_data_plane_learning": "enabled",
            "knw_mcast_act": "permit",
            "name": "vrf",
            "name_alias": "",
            "pc_enf_dir": "ingress",
            "pc_enf_pref": "enforced",
            "tenant_dn": "uni/tn-calico_dev_v46"
          },
          "sensitive_attributes": []
        }
      ]
    },
    {
      "mode": "managed",
      "type": "aci_bgp_address_family_context",
      "name": "bgp_addr_family_context",
      "provider": "provider[\"registry.terraform.io/ciscodevnet/aci\"]",
      "instances": [
        {
          "schema_version": 1,
          "attributes": {
            "annotation": "orchestrator:terraform",
            "ctrl": "",
            "description": "",
            "e_dist": "20",
            "i_dist": "200",
            "id": "uni/tn-calico_dev_v46/bgpCtxAfP-CalicoL3OUT",
            "local_dist": "220",
            "max_ecmp": "64",
            "max_ecmp_ibgp": "64",
            "name": "CalicoL3OUT",
            "name_alias": "",
            "tenant_dn": "uni/tn-calico_dev_v46"
          },
          "sensitive_attributes": [],
          "private": "eyJzY2hlbWFfdmVyc2lvbiI6IjEifQ==",
          "dependencies": [
            "data.aci_tenant.tenant_l3out"
          ]
        }
      ]
    },
    {
      "mode": "managed",
      "type": "aci_bgp_best_path_policy",
      "name": "relax_as_policy",
      "provider": "provider[\"registry.terraform.io/ciscodevnet/aci\"]",
      "instances": [
        {
          "schema_version": 1,
          "attributes": {
            "annotation": "orchestrator:terraform",
            "ctrl": "asPathMultipathRelax",
            "description": "",
            "id": "uni/tn-calico_dev_v46/bestpath-CalicoL3OUT-Relax-AS",
            "name": "CalicoL3OUT-Relax-AS",
            "name_alias": "",
            "tenant_dn": "uni/tn-calico_dev_v46"
          },
          "sensitive_attributes": [],
          "private": "eyJzY2hlbWFfdmVyc2lvbiI6IjEifQ==",
          "dependencies": [
            "data.aci_tenant.tenant_l3out"
          ]
        }
      ]
    },
    {
      "mode": "managed",
      "type": "aci_bgp_peer_connectivity_profile",
      "name": "bgp_peer",
      "provider": "provider[\"registry.terraform.io/ciscodevnet/aci\"]",
      "instances": [
        {
          "index_key": "101",
          "schema_version": 1,
          "attributes": {
            "addr": "192.168.35.0/24",
            "addr_t_ctrl": [
              "af-ucast"
            ],
            "admin_state": "enabled",
            "allowed_self_as_cnt": "3",
            "annotation": "orchestrator:terraform",
            "as_number": "65002",
            "ctrl": [
              "as-override",
              "dis-peer-as-check"
            ],
            "description": "",
            "id": "uni/tn-calico_dev_v46/out-CalicoL3OUT/lnodep-node_profile_FL3out/lifp-int_profile_FL3out/vlifp-[topology/pod-1/node-101]-[vlan-12]/peerP-[192.168.35.0/24]",
            "local_asn": null,
            "local_asn_propagate": null,
            "logical_node_profile_dn": null,
            "name_alias": "",
            "parent_dn": "uni/tn-calico_dev_v46/out-CalicoL3OUT/lnodep-node_profile_FL3out/lifp-int_profile_FL3out/vlifp-[topology/pod-1/node-101]-[vlan-12]",
            "password": "123Cisco123",
            "peer_ctrl": [],
            "private_a_sctrl": [],
            "relation_bgp_rs_peer_pfx_pol": "uni/tn-calico_dev_v46/bgpPfxP-CalicoL3OUT",
            "relation_bgp_rs_peer_to_profile": [],
            "ttl": "1",
            "weight": "0"
          },
          "sensitive_attributes": [],
          "private": "eyJzY2hlbWFfdmVyc2lvbiI6IjEifQ==",
          "dependencies": [
            "aci_bgp_peer_prefix.bgp_peer_prefix",
            "aci_l3_outside.calico_l3out",
            "aci_l3out_floating_svi.floating_svi",
            "aci_logical_interface_profile.calico_interface_profile",
            "aci_logical_node_profile.calico_node_profile",
            "data.aci_physical_domain.dom",
            "data.aci_tenant.tenant_l3out",
            "data.aci_vrf.l3out_vrf"
          ]
        },
        {
          "index_key": "102",
          "schema_version": 1,
          "attributes": {
            "addr": "192.168.35.0/24",
            "addr_t_ctrl": [
              "af-ucast"
            ],
            "admin_state": "enabled",
            "allowed_self_as_cnt": "3",
            "annotation": "orchestrator:terraform",
            "as_number": "65002",
            "ctrl": [
              "as-override",
              "dis-peer-as-check"
            ],
            "description": "",
            "id": "uni/tn-calico_dev_v46/out-CalicoL3OUT/lnodep-node_profile_FL3out/lifp-int_profile_FL3out/vlifp-[topology/pod-1/node-102]-[vlan-12]/peerP-[192.168.35.0/24]",
            "local_asn": null,
            "local_asn_propagate": null,
            "logical_node_profile_dn": null,
            "name_alias": "",
            "parent_dn": "uni/tn-calico_dev_v46/out-CalicoL3OUT/lnodep-node_profile_FL3out/lifp-int_profile_FL3out/vlifp-[topology/pod-1/node-102]-[vlan-12]",
            "password": "123Cisco123",
            "peer_ctrl": [],
            "private_a_sctrl": [],
            "relation_bgp_rs_peer_pfx_pol": "uni/tn-calico_dev_v46/bgpPfxP-CalicoL3OUT",
            "relation_bgp_rs_peer_to_profile": [],
            "ttl": "1",
            "weight": "0"
          },
          "sensitive_attributes": [],
          "private": "eyJzY2hlbWFfdmVyc2lvbiI6IjEifQ==",
          "dependencies": [
            "aci_bgp_peer_prefix.bgp_peer_prefix",
            "aci_l3_outside.calico_l3out",
            "aci_l3out_floating_svi.floating_svi",
            "aci_logical_interface_profile.calico_interface_profile",
            "aci_logical_node_profile.calico_node_profile",
            "data.aci_physical_domain.dom",
            "data.aci_tenant.tenant_l3out",
            "data.aci_vrf.l3out_vrf"
          ]
        }
      ]
    },
    {
      "mode": "managed",
      "type": "aci_bgp_peer_connectivity_profile",
      "name": "bgp_peer_v6",
      "provider": "provider[\"registry.terraform.io/ciscodevnet/aci\"]",
      "instances": [
        {
          "index_key": "101",
          "schema_version": 1,
          "attributes": {
            "addr": "2001:db8:35::/56",
            "addr_t_ctrl": [
              "af-ucast"
            ],
            "admin_state": "enabled",
            "allowed_self_as_cnt": "3",
            "annotation": "orchestrator:terraform",
            "as_number": "65002",
            "ctrl": [
              "as-override",
              "dis-peer-as-check"
            ],
            "description": "",
            "id": "uni/tn-calico_dev_v46/out-CalicoL3OUT/lnodep-node_profile_FL3out/lifp-int_profile_v6_FL3out/vlifp-[topology/pod-1/node-101]-[vlan-12]/peerP-[2001:db8:35::/56]",
            "local_asn": null,
            "local_asn_propagate": null,
            "logical_node_profile_dn": null,
            "name_alias": "",
            "parent_dn": "uni/tn-calico_dev_v46/out-CalicoL3OUT/lnodep-node_profile_FL3out/lifp-int_profile_v6_FL3out/vlifp-[topology/pod-1/node-101]-[vlan-12]",
            "password": "123Cisco123",
            "peer_ctrl": [],
            "private_a_sctrl": [],
            "relation_bgp_rs_peer_pfx_pol": "uni/tn-calico_dev_v46/bgpPfxP-CalicoL3OUT",
            "relation_bgp_rs_peer_to_profile": [],
            "ttl": "1",
            "weight": "0"
          },
          "sensitive_attributes": [],
          "private": "eyJzY2hlbWFfdmVyc2lvbiI6IjEifQ==",
          "dependencies": [
            "aci_bgp_peer_prefix.bgp_peer_prefix",
            "aci_l3_outside.calico_l3out",
            "aci_l3out_floating_svi.floating_svi_v6",
            "aci_logical_interface_profile.calico_interface_profile_v6",
            "aci_logical_node_profile.calico_node_profile",
            "data.aci_physical_domain.dom",
            "data.aci_tenant.tenant_l3out",
            "data.aci_vrf.l3out_vrf"
          ]
        },
        {
          "index_key": "102",
          "schema_version": 1,
          "attributes": {
            "addr": "2001:db8:35::/56",
            "addr_t_ctrl": [
              "af-ucast"
            ],
            "admin_state": "enabled",
            "allowed_self_as_cnt": "3",
            "annotation": "orchestrator:terraform",
            "as_number": "65002",
            "ctrl": [
              "as-override",
              "dis-peer-as-check"
            ],
            "description": "",
            "id": "uni/tn-calico_dev_v46/out-CalicoL3OUT/lnodep-node_profile_FL3out/lifp-int_profile_v6_FL3out/vlifp-[topology/pod-1/node-102]-[vlan-12]/peerP-[2001:db8:35::/56]",
            "local_asn": null,
            "local_asn_propagate": null,
            "logical_node_profile_dn": null,
            "name_alias": "",
            "parent_dn": "uni/tn-calico_dev_v46/out-CalicoL3OUT/lnodep-node_profile_FL3out/lifp-int_profile_v6_FL3out/vlifp-[topology/pod-1/node-102]-[vlan-12]",
            "password": "123Cisco123",
            "peer_ctrl": [],
            "private_a_sctrl": [],
            "relation_bgp_rs_peer_pfx_pol": "uni/tn-calico_dev_v46/bgpPfxP-CalicoL3OUT",
            "relation_bgp_rs_peer_to_profile": [],
            "ttl": "1",
            "weight": "0"
          },
          "sensitive_attributes": [],
          "private": "eyJzY2hlbWFfdmVyc2lvbiI6IjEifQ==",
          "dependencies": [
            "aci_bgp_peer_prefix.bgp_peer_prefix",
            "aci_l3_outside.calico_l3out",
            "aci_l3out_floating_svi.floating_svi_v6",
            "aci_logical_interface_profile.calico_interface_profile_v6",
            "aci_logical_node_profile.calico_node_profile",
            "data.aci_physical_domain.dom",
            "data.aci_tenant.tenant_l3out",
            "data.aci_vrf.l3out_vrf"
          ]
        }
      ]
    },
    {
      "mode": "managed",
      "type": "aci_bgp_peer_prefix",
      "name": "bgp_peer_prefix",
      "provider": "provider[\"registry.terraform.io/ciscodevnet/aci\"]",
      "instances": [
        {
          "schema_version": 1,
          "attributes": {
            "action": "reject",
            "annotation": "orchestrator:terraform",
            "description": "",
            "id": "uni/tn-calico_dev_v46/bgpPfxP-CalicoL3OUT",
            "max_pfx": "500",
            "name": "CalicoL3OUT",
            "name_alias": "",
            "restart_time": "infinite",
            "tenant_dn": "uni/tn-calico_dev_v46",
            "thresh": "75"
          },
          "sensitive_attributes": [],
          "private": "eyJzY2hlbWFfdmVyc2lvbiI6IjEifQ==",
          "dependencies": [
            "data.aci_tenant.tenant_l3out"
          ]
        }
      ]
    },
    {
      "mode": "managed",
      "type": "aci_bgp_timers",
      "name": "bgp_timers",
      "provider": "provider[\"registry.terraform.io/ciscodevnet/aci\"]",
      "instances": [
        {
          "schema_version": 1,
          "attributes": {
            "annotation": "orchestrator:terraform",
            "description": "",
            "gr_ctrl": "helper",
            "hold_intvl": "3",
            "id": "uni/tn-calico_dev_v46/bgpCtxP-CalicoL3OUT-Timers",
            "ka_intvl": "1",
            "max_as_limit": "1",
            "name": "CalicoL3OUT-Timers",
            "name_alias": "",
            "stale_intvl": "6",
            "tenant_dn": "uni/tn-calico_dev_v46"
          },
          "sensitive_attributes": [],
          "private": "eyJzY2hlbWFfdmVyc2lvbiI6IjEifQ==",
          "dependencies": [
            "data.aci_tenant.tenant_l3out"
          ]
        }
      ]
    },
    {
      "mode": "managed",
      "type": "aci_external_network_instance_profile",
      "name": "default",
      "provider": "provider[\"registry.terraform.io/ciscodevnet/aci\"]",
      "instances": [
        {
          "schema_version": 1,
          "attributes": {
            "annotation": "orchestrator:terraform",
            "description": "",
            "exception_tag": "",
            "flood_on_encap": "disabled",
            "id": "uni/tn-calico_dev_v46/out-CalicoL3OUT/instP-catch_all",
            "l3_outside_dn": "uni/tn-calico_dev_v46/out-CalicoL3OUT",
            "match_t": "AtleastOne",
            "name": "catch_all",
            "name_alias": "",
            "pref_gr_memb": "exclude",
            "prio": "unspecified",
            "relation_fv_rs_cons": [
              "uni/tn-common/brc-calico_dev"
            ],
            "relation_fv_rs_cons_if": null,
            "relation_fv_rs_cust_qos_pol": "",
            "relation_fv_rs_intra_epg": null,
            "relation_fv_rs_prot_by": null,
            "relation_fv_rs_prov": [
              "uni/tn-common/brc-calico_dev"
            ],
            "relation_fv_rs_sec_inherited": null,
            "relation_l3ext_rs_inst_p_to_nat_mapping_epg": "",
            "relation_l3ext_rs_inst_p_to_profile": [],
            "relation_l3ext_rs_l3_inst_p_to_dom_p": "",
            "target_dscp": "unspecified"
          },
          "sensitive_attributes": [],
          "private": "eyJzY2hlbWFfdmVyc2lvbiI6IjEifQ==",
          "dependencies": [
            "aci_l3_outside.calico_l3out",
            "data.aci_contract.default",
            "data.aci_tenant.tenant_l3out",
            "data.aci_vrf.l3out_vrf"
          ]
        }
      ]
    },
    {
      "mode": "managed",
      "type": "aci_l3_ext_subnet",
      "name": "cluster_svc",
      "provider": "provider[\"registry.terraform.io/ciscodevnet/aci\"]",
      "instances": [
        {
          "schema_version": 1,
          "attributes": {
            "aggregate": "shared-rtctrl",
            "annotation": "orchestrator:terraform",
            "description": "",
            "external_network_instance_profile_dn": "uni/tn-calico_dev_v46/out-CalicoL3OUT/instP-catch_all",
            "id": "uni/tn-calico_dev_v46/out-CalicoL3OUT/instP-catch_all/extsubnet-[192.168.37.0/24]",
            "ip": "192.168.37.0/24",
            "name_alias": "",
            "relation_l3ext_rs_subnet_to_profile": [],
            "relation_l3ext_rs_subnet_to_rt_summ": "",
            "scope": [
              "import-security",
              "shared-rtctrl",
              "shared-security"
            ]
          },
          "sensitive_attributes": [],
          "private": "eyJzY2hlbWFfdmVyc2lvbiI6IjEifQ==",
          "dependencies": [
            "aci_external_network_instance_profile.default",
            "aci_l3_outside.calico_l3out",
            "data.aci_contract.default",
            "data.aci_tenant.tenant_l3out",
            "data.aci_vrf.l3out_vrf"
          ]
        }
      ]
    },
    {
      "mode": "managed",
      "type": "aci_l3_ext_subnet",
      "name": "cluster_svc_v6",
      "provider": "provider[\"registry.terraform.io/ciscodevnet/aci\"]",
      "instances": [
        {
          "index_key": 0,
          "schema_version": 1,
          "attributes": {
            "aggregate": "shared-rtctrl",
            "annotation": "orchestrator:terraform",
            "description": "",
            "external_network_instance_profile_dn": "uni/tn-calico_dev_v46/out-CalicoL3OUT/instP-catch_all",
            "id": "uni/tn-calico_dev_v46/out-CalicoL3OUT/instP-catch_all/extsubnet-[2001:db8:35:200::/108]",
            "ip": "2001:db8:35:200::/108",
            "name_alias": "",
            "relation_l3ext_rs_subnet_to_profile": [],
            "relation_l3ext_rs_subnet_to_rt_summ": "",
            "scope": [
              "import-security",
              "shared-rtctrl",
              "shared-security"
            ]
          },
          "sensitive_attributes": [],
          "private": "eyJzY2hlbWFfdmVyc2lvbiI6IjEifQ==",
          "dependencies": [
            "aci_external_network_instance_profile.default",
            "aci_l3_outside.calico_l3out",
            "data.aci_contract.default",
            "data.aci_tenant.tenant_l3out",
            "data.aci_vrf.l3out_vrf"
          ]
        }
      ]
    },
    {
      "mode": "managed",
      "type": "aci_l3_ext_subnet",
      "name": "external_svc_subnet",
      "provider": "provider[\"registry.terraform.io/ciscodevnet/aci\"]",
      "instances": [
        {
          "schema_version": 1,
          "attributes": {
            "aggregate": "shared-rtctrl",
            "annotation": "orchestrator:terraform",
            "description": "",
            "external_network_instance_profile_dn": "uni/tn-calico_dev_v46/out-CalicoL3OUT/instP-catch_all",
            "id": "uni/tn-calico_dev_v46/out-CalicoL3OUT/instP-catch_all/extsubnet-[192.168.38.0/24]",
            "ip": "192.168.38.0/24",
            "name_alias": "",
            "relation_l3ext_rs_subnet_to_profile": [],
            "relation_l3ext_rs_subnet_to_rt_summ": "",
            "scope": [
              "import-security",
              "shared-rtctrl",
              "shared-security"
            ]
          },
          "sensitive_attributes": [],
          "private": "eyJzY2hlbWFfdmVyc2lvbiI6IjEifQ==",
          "dependencies": [
            "aci_external_network_instance_profile.default",
            "aci_l3_outside.calico_l3out",
            "data.aci_contract.default",
            "data.aci_tenant.tenant_l3out",
            "data.aci_vrf.l3out_vrf"
          ]
        }
      ]
    },
    {
      "mode": "managed",
      "type": "aci_l3_ext_subnet",
      "name": "external_svc_subnet_v6",
      "provider": "provider[\"registry.terraform.io/ciscodevnet/aci\"]",
      "instances": [
        {
          "index_key": 0,
          "schema_version": 1,
          "attributes": {
            "aggregate": "shared-rtctrl",
            "annotation": "orchestrator:terraform",
            "description": "",
            "external_network_instance_profile_dn": "uni/tn-calico_dev_v46/out-CalicoL3OUT/instP-catch_all",
            "id": "uni/tn-calico_dev_v46/out-CalicoL3OUT/instP-catch_all/extsubnet-[2001:db8:35:200::10:0/108]",
            "ip": "2001:db8:35:200::10:0/108",
            "name_alias": "",
            "relation_l3ext_rs_subnet_to_profile": [],
            "relation_l3ext_rs_subnet_to_rt_summ": "",
            "scope": [
              "import-security",
              "shared-rtctrl",
              "shared-security"
            ]
          },
          "sensitive_attributes": [],
          "private": "eyJzY2hlbWFfdmVyc2lvbiI6IjEifQ==",
          "dependencies": [
            "aci_external_network_instance_profile.default",
            "aci_l3_outside.calico_l3out",
            "data.aci_contract.default",
            "data.aci_tenant.tenant_l3out",
            "data.aci_vrf.l3out_vrf"
          ]
        }
      ]
    },
    {
      "mode": "managed",
      "type": "aci_l3_ext_subnet",
      "name": "node",
      "provider": "provider[\"registry.terraform.io/ciscodevnet/aci\"]",
      "instances": [
        {
          "schema_version": 1,
          "attributes": {
            "aggregate": "none",
            "annotation": "orchestrator:terraform",
            "description": "",
            "external_network_instance_profile_dn": "uni/tn-calico_dev_v46/out-CalicoL3OUT/instP-catch_all",
            "id": "uni/tn-calico_dev_v46/out-CalicoL3OUT/instP-catch_all/extsubnet-[192.168.35.0/24]",
            "ip": "192.168.35.0/24",
            "name_alias": "",
            "relation_l3ext_rs_subnet_to_profile": [],
            "relation_l3ext_rs_subnet_to_rt_summ": "",
            "scope": [
              "import-security",
              "shared-rtctrl",
              "shared-security"
            ]
          },
          "sensitive_attributes": [],
          "private": "eyJzY2hlbWFfdmVyc2lvbiI6IjEifQ==",
          "dependencies": [
            "aci_external_network_instance_profile.default",
            "aci_l3_outside.calico_l3out",
            "data.aci_contract.default",
            "data.aci_tenant.tenant_l3out",
            "data.aci_vrf.l3out_vrf"
          ]
        }
      ]
    },
    {
      "mode": "managed",
      "type": "aci_l3_ext_subnet",
      "name": "node_v6",
      "provider": "provider[\"registry.terraform.io/ciscodevnet/aci\"]",
      "instances": [
        {
          "index_key": 0,
          "schema_version": 1,
          "attributes": {
            "aggregate": "none",
            "annotation": "orchestrator:terraform",
            "description": "",
            "external_network_instance_profile_dn": "uni/tn-calico_dev_v46/out-CalicoL3OUT/instP-catch_all",
            "id": "uni/tn-calico_dev_v46/out-CalicoL3OUT/instP-catch_all/extsubnet-[2001:db8:35::/56]",
            "ip": "2001:db8:35::/56",
            "name_alias": "",
            "relation_l3ext_rs_subnet_to_profile": [],
            "relation_l3ext_rs_subnet_to_rt_summ": "",
            "scope": [
              "import-security",
              "shared-rtctrl",
              "shared-security"
            ]
          },
          "sensitive_attributes": [],
          "private": "eyJzY2hlbWFfdmVyc2lvbiI6IjEifQ==",
          "dependencies": [
            "aci_external_network_instance_profile.default",
            "aci_l3_outside.calico_l3out",
            "data.aci_contract.default",
            "data.aci_tenant.tenant_l3out",
            "data.aci_vrf.l3out_vrf"
          ]
        }
      ]
    },
    {
      "mode": "managed",
      "type": "aci_l3_ext_subnet",
      "name": "pod",
      "provider": "provider[\"registry.terraform.io/ciscodevnet/aci\"]",
      "instances": [
        {
          "schema_version": 1,
          "attributes": {
            "aggregate": "shared-rtctrl",
            "annotation": "orchestrator:terraform",
            "description": "",
            "external_network_instance_profile_dn": "uni/tn-calico_dev_v46/out-CalicoL3OUT/instP-catch_all",
            "id": "uni/tn-calico_dev_v46/out-CalicoL3OUT/instP-catch_all/extsubnet-[192.168.36.0/24]",
            "ip": "192.168.36.0/24",
            "name_alias": "",
            "relation_l3ext_rs_subnet_to_profile": [],
            "relation_l3ext_rs_subnet_to_rt_summ": "",
            "scope": [
              "import-security",
              "shared-rtctrl",
              "shared-security"
            ]
          },
          "sensitive_attributes": [],
          "private": "eyJzY2hlbWFfdmVyc2lvbiI6IjEifQ==",
          "dependencies": [
            "aci_external_network_instance_profile.default",
            "aci_l3_outside.calico_l3out",
            "data.aci_contract.default",
            "data.aci_tenant.tenant_l3out",
            "data.aci_vrf.l3out_vrf"
          ]
        }
      ]
    },
    {
      "mode": "managed",
      "type": "aci_l3_ext_subnet",
      "name": "pod_v6",
      "provider": "provider[\"registry.terraform.io/ciscodevnet/aci\"]",
      "instances": [
        {
          "index_key": 0,
          "schema_version": 1,
          "attributes": {
            "aggregate": "shared-rtctrl",
            "annotation": "orchestrator:terraform",
            "description": "",
            "external_network_instance_profile_dn": "uni/tn-calico_dev_v46/out-CalicoL3OUT/instP-catch_all",
            "id": "uni/tn-calico_dev_v46/out-CalicoL3OUT/instP-catch_all/extsubnet-[2001:db8:35:100::/56]",
            "ip": "2001:db8:35:100::/56",
            "name_alias": "",
            "relation_l3ext_rs_subnet_to_profile": [],
            "relation_l3ext_rs_subnet_to_rt_summ": "",
            "scope": [
              "import-security",
              "shared-rtctrl",
              "shared-security"
            ]
          },
          "sensitive_attributes": [],
          "private": "eyJzY2hlbWFfdmVyc2lvbiI6IjEifQ==",
          "dependencies": [
            "aci_external_network_instance_profile.default",
            "aci_l3_outside.calico_l3out",
            "data.aci_contract.default",
            "data.aci_tenant.tenant_l3out",
            "data.aci_vrf.l3out_vrf"
          ]
        }
      ]
    },
    {
      "mode": "managed",
      "type": "aci_l3_outside",
      "name": "calico_l3out",
      "provider": "provider[\"registry.terraform.io/ciscodevnet/aci\"]",
      "instances": [
        {
          "schema_version": 1,
          "attributes": {
            "annotation": "orchestrator:terraform",
            "description": "",
            "enforce_rtctrl": [
              "export",
              "import"
            ],
            "id": "uni/tn-calico_dev_v46/out-CalicoL3OUT",
            "name": "CalicoL3OUT",
            "name_alias": "",
            "relation_l3ext_rs_dampening_pol": [],
            "relation_l3ext_rs_ectx": "uni/tn-calico_dev_v46/ctx-vrf",
            "relation_l3ext_rs_interleak_pol": "",
            "relation_l3ext_rs_l3_dom_att": "",
            "relation_l3ext_rs_out_to_bd_public_subnet_holder": null,
            "target_dscp": "unspecified",
            "tenant_dn": "uni/tn-calico_dev_v46"
          },
          "sensitive_attributes": [],
          "private": "eyJzY2hlbWFfdmVyc2lvbiI6IjEifQ==",
          "dependencies": [
            "data.aci_tenant.tenant_l3out",
            "data.aci_vrf.l3out_vrf"
          ]
        }
      ]
    },
    {
      "mode": "managed",
      "type": "aci_l3out_bgp_external_policy",
      "name": "bgp",
      "provider": "provider[\"registry.terraform.io/ciscodevnet/aci\"]",
      "instances": [
        {
          "schema_version": 1,
          "attributes": {
            "annotation": "orchestrator:terraform",
            "description": "",
            "id": "uni/tn-calico_dev_v46/out-CalicoL3OUT/bgpExtP",
            "l3_outside_dn": "uni/tn-calico_dev_v46/out-CalicoL3OUT",
            "name_alias": ""
          },
          "sensitive_attributes": [],
          "private": "eyJzY2hlbWFfdmVyc2lvbiI6IjEifQ==",
          "dependencies": [
            "aci_l3_outside.calico_l3out",
            "data.aci_tenant.tenant_l3out",
            "data.aci_vrf.l3out_vrf"
          ]
        }
      ]
    },
    {
      "mode": "managed",
      "type": "aci_l3out_bgp_protocol_profile",
      "name": "bgp_pol_timers",
      "provider": "provider[\"registry.terraform.io/ciscodevnet/aci\"]",
      "instances": [
        {
          "schema_version": 1,
          "attributes": {
            "annotation": "orchestrator:terraform",
            "id": "uni/tn-calico_dev_v46/out-CalicoL3OUT/lnodep-node_profile_FL3out/protp",
            "logical_node_profile_dn": "uni/tn-calico_dev_v46/out-CalicoL3OUT/lnodep-node_profile_FL3out",
            "name_alias": "",
            "relation_bgp_rs_bgp_node_ctx_pol": "uni/tn-calico_dev_v46/bgpCtxP-CalicoL3OUT-Timers"
          },
          "sensitive_attributes": [],
          "private": "eyJzY2hlbWFfdmVyc2lvbiI6IjEifQ==",
          "dependencies": [
            "aci_bgp_timers.bgp_timers",
            "aci_l3_outside.calico_l3out",
            "aci_logical_node_profile.calico_node_profile",
            "data.aci_tenant.tenant_l3out",
            "data.aci_vrf.l3out_vrf"
          ]
        }
      ]
    },
    {
      "mode": "managed",
      "type": "aci_l3out_bgp_protocol_profile",
      "name": "bgp_prot_pfl",
      "provider": "provider[\"registry.terraform.io/ciscodevnet/aci\"]",
      "instances": [
        {
          "schema_version": 1,
          "attributes": {
            "annotation": "orchestrator:terraform",
            "id": "uni/tn-calico_dev_v46/out-CalicoL3OUT/lnodep-node_profile_FL3out/protp",
            "logical_node_profile_dn": "uni/tn-calico_dev_v46/out-CalicoL3OUT/lnodep-node_profile_FL3out",
            "name_alias": "",
            "relation_bgp_rs_bgp_node_ctx_pol": ""
          },
          "sensitive_attributes": [],
          "private": "eyJzY2hlbWFfdmVyc2lvbiI6IjEifQ==",
          "dependencies": [
            "aci_l3_outside.calico_l3out",
            "aci_logical_node_profile.calico_node_profile",
            "data.aci_tenant.tenant_l3out",
            "data.aci_vrf.l3out_vrf"
          ]
        }
      ]
    },
    {
      "mode": "managed",
      "type": "aci_l3out_floating_svi",
      "name": "floating_svi",
      "provider": "provider[\"registry.terraform.io/ciscodevnet/aci\"]",
      "instances": [
        {
          "index_key": "101",
          "schema_version": 1,
          "attributes": {
            "addr": "192.168.35.201/24",
            "annotation": "orchestrator:terraform",
            "autostate": "enabled",
            "description": "",
            "encap": "vlan-12",
            "encap_scope": "local",
            "id": "uni/tn-calico_dev_v46/out-CalicoL3OUT/lnodep-node_profile_FL3out/lifp-int_profile_FL3out/vlifp-[topology/pod-1/node-101]-[vlan-12]",
            "if_inst_t": "ext-svi",
            "ipv6_dad": "enabled",
            "ll_addr": "::",
            "logical_interface_profile_dn": "uni/tn-calico_dev_v46/out-CalicoL3OUT/lnodep-node_profile_FL3out/lifp-int_profile_FL3out",
            "mac": "00:22:BD:F8:19:FF",
            "mode": "regular",
            "mtu": "9000",
            "node_dn": "topology/pod-1/node-101",
            "relation_l3ext_rs_dyn_path_att": [
              {
                "floating_address": "192.168.35.254/24",
                "forged_transmit": "Disabled",
                "mac_change": "Disabled",
                "promiscuous_mode": "Disabled",
                "tdn": "uni/phys-FAB1"
              }
            ],
            "target_dscp": "unspecified"
          },
          "sensitive_attributes": [],
          "private": "eyJzY2hlbWFfdmVyc2lvbiI6IjEifQ==",
          "dependencies": [
            "aci_l3_outside.calico_l3out",
            "aci_logical_interface_profile.calico_interface_profile",
            "aci_logical_node_profile.calico_node_profile",
            "data.aci_physical_domain.dom",
            "data.aci_tenant.tenant_l3out",
            "data.aci_vrf.l3out_vrf"
          ]
        },
        {
          "index_key": "102",
          "schema_version": 1,
          "attributes": {
            "addr": "192.168.35.202/24",
            "annotation": "orchestrator:terraform",
            "autostate": "enabled",
            "description": "",
            "encap": "vlan-12",
            "encap_scope": "local",
            "id": "uni/tn-calico_dev_v46/out-CalicoL3OUT/lnodep-node_profile_FL3out/lifp-int_profile_FL3out/vlifp-[topology/pod-1/node-102]-[vlan-12]",
            "if_inst_t": "ext-svi",
            "ipv6_dad": "enabled",
            "ll_addr": "::",
            "logical_interface_profile_dn": "uni/tn-calico_dev_v46/out-CalicoL3OUT/lnodep-node_profile_FL3out/lifp-int_profile_FL3out",
            "mac": "00:22:BD:F8:19:FF",
            "mode": "regular",
            "mtu": "9000",
            "node_dn": "topology/pod-1/node-102",
            "relation_l3ext_rs_dyn_path_att": [
              {
                "floating_address": "192.168.35.254/24",
                "forged_transmit": "Disabled",
                "mac_change": "Disabled",
                "promiscuous_mode": "Disabled",
                "tdn": "uni/phys-FAB1"
              }
            ],
            "target_dscp": "unspecified"
          },
          "sensitive_attributes": [],
          "private": "eyJzY2hlbWFfdmVyc2lvbiI6IjEifQ==",
          "dependencies": [
            "aci_l3_outside.calico_l3out",
            "aci_logical_interface_profile.calico_interface_profile",
            "aci_logical_node_profile.calico_node_profile",
            "data.aci_physical_domain.dom",
            "data.aci_tenant.tenant_l3out",
            "data.aci_vrf.l3out_vrf"
          ]
        }
      ]
    },
    {
      "mode": "managed",
      "type": "aci_l3out_floating_svi",
      "name": "floating_svi_v6",
      "provider": "provider[\"registry.terraform.io/ciscodevnet/aci\"]",
      "instances": [
        {
          "index_key": "101",
          "schema_version": 1,
          "attributes": {
            "addr": "2001:db8:35::201/56",
            "annotation": "orchestrator:terraform",
            "autostate": "enabled",
            "description": "",
            "encap": "vlan-12",
            "encap_scope": "local",
            "id": "uni/tn-calico_dev_v46/out-CalicoL3OUT/lnodep-node_profile_FL3out/lifp-int_profile_v6_FL3out/vlifp-[topology/pod-1/node-101]-[vlan-12]",
            "if_inst_t": "ext-svi",
            "ipv6_dad": "enabled",
            "ll_addr": "::",
            "logical_interface_profile_dn": "uni/tn-calico_dev_v46/out-CalicoL3OUT/lnodep-node_profile_FL3out/lifp-int_profile_v6_FL3out",
            "mac": "00:22:BD:F8:19:FF",
            "mode": "regular",
            "mtu": "9000",
            "node_dn": "topology/pod-1/node-101",
            "relation_l3ext_rs_dyn_path_att": [
              {
                "floating_address": "2001:db8:35:ff:ffff:ffff:ffff:fffe/56",
                "forged_transmit": "Disabled",
                "mac_change": "Disabled",
                "promiscuous_mode": "Disabled",
                "tdn": "uni/phys-FAB1"
              }
            ],
            "target_dscp": "unspecified"
          },
          "sensitive_attributes": [],
          "private": "eyJzY2hlbWFfdmVyc2lvbiI6IjEifQ==",
          "dependencies": [
            "aci_l3_outside.calico_l3out",
            "aci_logical_interface_profile.calico_interface_profile_v6",
            "aci_logical_node_profile.calico_node_profile",
            "data.aci_physical_domain.dom",
            "data.aci_tenant.tenant_l3out",
            "data.aci_vrf.l3out_vrf"
          ]
        },
        {
          "index_key": "102",
          "schema_version": 1,
          "attributes": {
            "addr": "2001:db8:35::202/56",
            "annotation": "orchestrator:terraform",
            "autostate": "enabled",
            "description": "",
            "encap": "vlan-12",
            "encap_scope": "local",
            "id": "uni/tn-calico_dev_v46/out-CalicoL3OUT/lnodep-node_profile_FL3out/lifp-int_profile_v6_FL3out/vlifp-[topology/pod-1/node-102]-[vlan-12]",
            "if_inst_t": "ext-svi",
            "ipv6_dad": "enabled",
            "ll_addr": "::",
            "logical_interface_profile_dn": "uni/tn-calico_dev_v46/out-CalicoL3OUT/lnodep-node_profile_FL3out/lifp-int_profile_v6_FL3out",
            "mac": "00:22:BD:F8:19:FF",
            "mode": "regular",
            "mtu": "9000",
            "node_dn": "topology/pod-1/node-102",
            "relation_l3ext_rs_dyn_path_att": [
              {
                "floating_address": "2001:db8:35:ff:ffff:ffff:ffff:fffe/56",
                "forged_transmit": "Disabled",
                "mac_change": "Disabled",
                "promiscuous_mode": "Disabled",
                "tdn": "uni/phys-FAB1"
              }
            ],
            "target_dscp": "unspecified"
          },
          "sensitive_attributes": [],
          "private": "eyJzY2hlbWFfdmVyc2lvbiI6IjEifQ==",
          "dependencies": [
            "aci_l3_outside.calico_l3out",
            "aci_logical_interface_profile.calico_interface_profile_v6",
            "aci_logical_node_profile.calico_node_profile",
            "data.aci_physical_domain.dom",
            "data.aci_tenant.tenant_l3out",
            "data.aci_vrf.l3out_vrf"
          ]
        }
      ]
    },
    {
      "mode": "managed",
      "type": "aci_l3out_path_attachment_secondary_ip",
      "name": "floating_svi_sec_ip",
      "provider": "provider[\"registry.terraform.io/ciscodevnet/aci\"]",
      "instances": [
        {
          "index_key": "101",
          "schema_version": 1,
          "attributes": {
            "addr": "192.168.35.253/24",
            "annotation": "orchestrator:terraform",
            "description": "",
            "id": "uni/tn-calico_dev_v46/out-CalicoL3OUT/lnodep-node_profile_FL3out/lifp-int_profile_FL3out/vlifp-[topology/pod-1/node-101]-[vlan-12]/addr-[192.168.35.253/24]",
            "ipv6_dad": "enabled",
            "l3out_path_attachment_dn": "uni/tn-calico_dev_v46/out-CalicoL3OUT/lnodep-node_profile_FL3out/lifp-int_profile_FL3out/vlifp-[topology/pod-1/node-101]-[vlan-12]",
            "name_alias": ""
          },
          "sensitive_attributes": [],
          "private": "eyJzY2hlbWFfdmVyc2lvbiI6IjEifQ==",
          "dependencies": [
            "aci_l3_outside.calico_l3out",
            "aci_l3out_floating_svi.floating_svi",
            "aci_logical_interface_profile.calico_interface_profile",
            "aci_logical_node_profile.calico_node_profile",
            "data.aci_physical_domain.dom",
            "data.aci_tenant.tenant_l3out",
            "data.aci_vrf.l3out_vrf"
          ]
        },
        {
          "index_key": "102",
          "schema_version": 1,
          "attributes": {
            "addr": "192.168.35.253/24",
            "annotation": "orchestrator:terraform",
            "description": "",
            "id": "uni/tn-calico_dev_v46/out-CalicoL3OUT/lnodep-node_profile_FL3out/lifp-int_profile_FL3out/vlifp-[topology/pod-1/node-102]-[vlan-12]/addr-[192.168.35.253/24]",
            "ipv6_dad": "enabled",
            "l3out_path_attachment_dn": "uni/tn-calico_dev_v46/out-CalicoL3OUT/lnodep-node_profile_FL3out/lifp-int_profile_FL3out/vlifp-[topology/pod-1/node-102]-[vlan-12]",
            "name_alias": ""
          },
          "sensitive_attributes": [],
          "private": "eyJzY2hlbWFfdmVyc2lvbiI6IjEifQ==",
          "dependencies": [
            "aci_l3_outside.calico_l3out",
            "aci_l3out_floating_svi.floating_svi",
            "aci_logical_interface_profile.calico_interface_profile",
            "aci_logical_node_profile.calico_node_profile",
            "data.aci_physical_domain.dom",
            "data.aci_tenant.tenant_l3out",
            "data.aci_vrf.l3out_vrf"
          ]
        }
      ]
    },
    {
      "mode": "managed",
      "type": "aci_l3out_path_attachment_secondary_ip",
      "name": "floating_svi_sec_ip_v6",
      "provider": "provider[\"registry.terraform.io/ciscodevnet/aci\"]",
      "instances": [
        {
          "index_key": "101",
          "schema_version": 1,
          "attributes": {
            "addr": "2001:db8:35:ff:ffff:ffff:ffff:fffd/56",
            "annotation": "orchestrator:terraform",
            "description": "",
            "id": "uni/tn-calico_dev_v46/out-CalicoL3OUT/lnodep-node_profile_FL3out/lifp-int_profile_v6_FL3out/vlifp-[topology/pod-1/node-101]-[vlan-12]/addr-[2001:db8:35:ff:ffff:ffff:ffff:fffd/56]",
            "ipv6_dad": "enabled",
            "l3out_path_attachment_dn": "uni/tn-calico_dev_v46/out-CalicoL3OUT/lnodep-node_profile_FL3out/lifp-int_profile_v6_FL3out/vlifp-[topology/pod-1/node-101]-[vlan-12]",
            "name_alias": ""
          },
          "sensitive_attributes": [],
          "private": "eyJzY2hlbWFfdmVyc2lvbiI6IjEifQ==",
          "dependencies": [
            "aci_l3_outside.calico_l3out",
            "aci_l3out_floating_svi.floating_svi_v6",
            "aci_logical_interface_profile.calico_interface_profile_v6",
            "aci_logical_node_profile.calico_node_profile",
            "data.aci_physical_domain.dom",
            "data.aci_tenant.tenant_l3out",
            "data.aci_vrf.l3out_vrf"
          ]
        },
        {
          "index_key": "102",
          "schema_version": 1,
          "attributes": {
            "addr": "2001:db8:35:ff:ffff:ffff:ffff:fffd/56",
            "annotation": "orchestrator:terraform",
            "description": "",
            "id": "uni/tn-calico_dev_v46/out-CalicoL3OUT/lnodep-node_profile_FL3out/lifp-int_profile_v6_FL3out/vlifp-[topology/pod-1/node-102]-[vlan-12]/addr-[2001:db8:35:ff:ffff:ffff:ffff:fffd/56]",
            "ipv6_dad": "enabled",
            "l3out_path_attachment_dn": "uni/tn-calico_dev_v46/out-CalicoL3OUT/lnodep-node_profile_FL3out/lifp-int_profile_v6_FL3out/vlifp-[topology/pod-1/node-102]-[vlan-12]",
            "name_alias": ""
          },
          "sensitive_attributes": [],
          "private": "eyJzY2hlbWFfdmVyc2lvbiI6IjEifQ==",
          "dependencies": [
            "aci_l3_outside.calico_l3out",
            "aci_l3out_floating_svi.floating_svi_v6",
            "aci_logical_interface_profile.calico_interface_profile_v6",
            "aci_logical_node_profile.calico_node_profile",
            "data.aci_physical_domain.dom",
            "data.aci_tenant.tenant_l3out",
            "data.aci_vrf.l3out_vrf"
          ]
        }
      ]
    },
    {
      "mode": "managed",
      "type": "aci_logical_interface_profile",
      "name": "calico_interface_profile",
      "provider": "provider[\"registry.terraform.io/ciscodevnet/aci\"]",
      "instances": [
        {
          "schema_version": 1,
          "attributes": {
            "annotation": "orchestrator:terraform",
            "description": "",
            "id": "uni/tn-calico_dev_v46/out-CalicoL3OUT/lnodep-node_profile_FL3out/lifp-int_profile_FL3out",
            "logical_node_profile_dn": "uni/tn-calico_dev_v46/out-CalicoL3OUT/lnodep-node_profile_FL3out",
            "name": "int_profile_FL3out",
            "name_alias": "",
            "prio": "unspecified",
            "relation_l3ext_rs_arp_if_pol": "",
            "relation_l3ext_rs_egress_qos_dpp_pol": "",
            "relation_l3ext_rs_ingress_qos_dpp_pol": "",
            "relation_l3ext_rs_l_if_p_cust_qos_pol": "",
            "relation_l3ext_rs_l_if_p_to_netflow_monitor_pol": [],
            "relation_l3ext_rs_nd_if_pol": "",
            "tag": "yellow-green"
          },
          "sensitive_attributes": [],
          "private": "eyJzY2hlbWFfdmVyc2lvbiI6IjEifQ==",
          "dependencies": [
            "aci_l3_outside.calico_l3out",
            "aci_logical_node_profile.calico_node_profile",
            "data.aci_tenant.tenant_l3out",
            "data.aci_vrf.l3out_vrf"
          ]
        }
      ]
    },
    {
      "mode": "managed",
      "type": "aci_logical_interface_profile",
      "name": "calico_interface_profile_v6",
      "provider": "provider[\"registry.terraform.io/ciscodevnet/aci\"]",
      "instances": [
        {
          "index_key": 0,
          "schema_version": 1,
          "attributes": {
            "annotation": "orchestrator:terraform",
            "description": "",
            "id": "uni/tn-calico_dev_v46/out-CalicoL3OUT/lnodep-node_profile_FL3out/lifp-int_profile_v6_FL3out",
            "logical_node_profile_dn": "uni/tn-calico_dev_v46/out-CalicoL3OUT/lnodep-node_profile_FL3out",
            "name": "int_profile_v6_FL3out",
            "name_alias": "",
            "prio": "unspecified",
            "relation_l3ext_rs_arp_if_pol": "",
            "relation_l3ext_rs_egress_qos_dpp_pol": "",
            "relation_l3ext_rs_ingress_qos_dpp_pol": "",
            "relation_l3ext_rs_l_if_p_cust_qos_pol": "",
            "relation_l3ext_rs_l_if_p_to_netflow_monitor_pol": [],
            "relation_l3ext_rs_nd_if_pol": "",
            "tag": "yellow-green"
          },
          "sensitive_attributes": [],
          "private": "eyJzY2hlbWFfdmVyc2lvbiI6IjEifQ==",
          "dependencies": [
            "aci_l3_outside.calico_l3out",
            "aci_logical_node_profile.calico_node_profile",
            "data.aci_tenant.tenant_l3out",
            "data.aci_vrf.l3out_vrf"
          ]
        }
      ]
    },
    {
      "mode": "managed",
      "type": "aci_logical_node_profile",
      "name": "calico_node_profile",
      "provider": "provider[\"registry.terraform.io/ciscodevnet/aci\"]",
      "instances": [
        {
          "schema_version": 1,
          "attributes": {
            "annotation": "orchestrator:terraform",
            "config_issues": "none",
            "description": "",
            "id": "uni/tn-calico_dev_v46/out-CalicoL3OUT/lnodep-node_profile_FL3out",
            "l3_outside_dn": "uni/tn-calico_dev_v46/out-CalicoL3OUT",
            "name": "node_profile_FL3out",
            "name_alias": "",
            "tag": "yellow-green",
            "target_dscp": "unspecified"
          },
          "sensitive_attributes": [],
          "private": "eyJzY2hlbWFfdmVyc2lvbiI6IjEifQ==",
          "dependencies": [
            "aci_l3_outside.calico_l3out",
            "data.aci_tenant.tenant_l3out",
            "data.aci_vrf.l3out_vrf"
          ]
        }
      ]
    },
    {
      "mode": "managed",
      "type": "aci_logical_node_to_fabric_node",
      "name": "nodes",
      "provider": "provider[\"registry.terraform.io/ciscodevnet/aci\"]",
      "instances": [
        {
          "index_key": "0",
          "schema_version": 1,
          "attributes": {
            "annotation": "orchestrator:terraform",
            "config_issues": "none",
            "description": null,
            "id": "uni/tn-calico_dev_v46/out-CalicoL3OUT/lnodep-node_profile_FL3out/rsnodeL3OutAtt-[topology/pod-1/node-101]",
            "logical_node_profile_dn": "uni/tn-calico_dev_v46/out-CalicoL3OUT/lnodep-node_profile_FL3out",
            "rtr_id": "1.1.1.101",
            "rtr_id_loop_back": "no",
            "tdn": "topology/pod-1/node-101"
          },
          "sensitive_attributes": [],
          "private": "eyJzY2hlbWFfdmVyc2lvbiI6IjEifQ==",
          "dependencies": [
            "aci_l3_outside.calico_l3out",
            "aci_logical_node_profile.calico_node_profile",
            "data.aci_tenant.tenant_l3out",
            "data.aci_vrf.l3out_vrf"
          ]
        },
        {
          "index_key": "1",
          "schema_version": 1,
          "attributes": {
            "annotation": "orchestrator:terraform",
            "config_issues": "none",
            "description": null,
            "id": "uni/tn-calico_dev_v46/out-CalicoL3OUT/lnodep-node_profile_FL3out/rsnodeL3OutAtt-[topology/pod-1/node-102]",
            "logical_node_profile_dn": "uni/tn-calico_dev_v46/out-CalicoL3OUT/lnodep-node_profile_FL3out",
            "rtr_id": "1.1.1.102",
            "rtr_id_loop_back": "no",
            "tdn": "topology/pod-1/node-102"
          },
          "sensitive_attributes": [],
          "private": "eyJzY2hlbWFfdmVyc2lvbiI6IjEifQ==",
          "dependencies": [
            "aci_l3_outside.calico_l3out",
            "aci_logical_node_profile.calico_node_profile",
            "data.aci_tenant.tenant_l3out",
            "data.aci_vrf.l3out_vrf"
          ]
        }
      ]
    },
    {
      "mode": "managed",
      "type": "aci_match_route_destination_rule",
      "name": "export_pod_match_rule_subnet",
      "provider": "provider[\"registry.terraform.io/ciscodevnet/aci\"]",
      "instances": [
        {
          "schema_version": 1,
          "attributes": {
            "aggregate": "yes",
            "annotation": "orchestrator:terraform",
            "description": "",
            "greater_than_mask": "0",
            "id": "uni/tn-calico_dev_v46/subj-CalicoL3OUT-export-match/dest-[192.168.36.0/24]",
            "ip": "192.168.36.0/24",
            "less_than_mask": "0",
            "match_rule_dn": "uni/tn-calico_dev_v46/subj-CalicoL3OUT-export-match",
            "name": "",
            "name_alias": ""
          },
          "sensitive_attributes": [],
          "private": "eyJzY2hlbWFfdmVyc2lvbiI6IjEifQ==",
          "dependencies": [
            "aci_match_rule.export_match_rule",
            "data.aci_tenant.tenant_l3out"
          ]
        }
      ]
    },
    {
      "mode": "managed",
      "type": "aci_match_route_destination_rule",
      "name": "export_pod_match_rule_subnet_v6",
      "provider": "provider[\"registry.terraform.io/ciscodevnet/aci\"]",
      "instances": [
        {
          "index_key": 0,
          "schema_version": 1,
          "attributes": {
            "aggregate": "yes",
            "annotation": "orchestrator:terraform",
            "description": "",
            "greater_than_mask": "0",
            "id": "uni/tn-calico_dev_v46/subj-CalicoL3OUT-export-match/dest-[2001:db8:35:100::/56]",
            "ip": "2001:db8:35:100::/56",
            "less_than_mask": "0",
            "match_rule_dn": "uni/tn-calico_dev_v46/subj-CalicoL3OUT-export-match",
            "name": "",
            "name_alias": ""
          },
          "sensitive_attributes": [],
          "private": "eyJzY2hlbWFfdmVyc2lvbiI6IjEifQ==",
          "dependencies": [
            "aci_match_rule.export_match_rule",
            "data.aci_tenant.tenant_l3out"
          ]
        }
      ]
    },
    {
      "mode": "managed",
      "type": "aci_match_route_destination_rule",
      "name": "import_ext_svc_match_rule_subnet",
      "provider": "provider[\"registry.terraform.io/ciscodevnet/aci\"]",
      "instances": [
        {
          "schema_version": 1,
          "attributes": {
            "aggregate": "yes",
            "annotation": "orchestrator:terraform",
            "description": "",
            "greater_than_mask": "0",
            "id": "uni/tn-calico_dev_v46/subj-CalicoL3OUT-import-match/dest-[192.168.38.0/24]",
            "ip": "192.168.38.0/24",
            "less_than_mask": "0",
            "match_rule_dn": "uni/tn-calico_dev_v46/subj-CalicoL3OUT-import-match",
            "name": "",
            "name_alias": ""
          },
          "sensitive_attributes": [],
          "private": "eyJzY2hlbWFfdmVyc2lvbiI6IjEifQ==",
          "dependencies": [
            "aci_match_rule.import_match_rule",
            "data.aci_tenant.tenant_l3out"
          ]
        }
      ]
    },
    {
      "mode": "managed",
      "type": "aci_match_route_destination_rule",
      "name": "import_ext_svc_match_rule_subnet_v6",
      "provider": "provider[\"registry.terraform.io/ciscodevnet/aci\"]",
      "instances": [
        {
          "index_key": 0,
          "schema_version": 1,
          "attributes": {
            "aggregate": "yes",
            "annotation": "orchestrator:terraform",
            "description": "",
            "greater_than_mask": "0",
            "id": "uni/tn-calico_dev_v46/subj-CalicoL3OUT-import-match/dest-[2001:db8:35:200::10:0/108]",
            "ip": "2001:db8:35:200::10:0/108",
            "less_than_mask": "0",
            "match_rule_dn": "uni/tn-calico_dev_v46/subj-CalicoL3OUT-import-match",
            "name": "",
            "name_alias": ""
          },
          "sensitive_attributes": [],
          "private": "eyJzY2hlbWFfdmVyc2lvbiI6IjEifQ==",
          "dependencies": [
            "aci_match_rule.import_match_rule",
            "data.aci_tenant.tenant_l3out"
          ]
        }
      ]
    },
    {
      "mode": "managed",
      "type": "aci_match_route_destination_rule",
      "name": "import_node_match_rule_subnet",
      "provider": "provider[\"registry.terraform.io/ciscodevnet/aci\"]",
      "instances": [
        {
          "schema_version": 1,
          "attributes": {
            "aggregate": "yes",
            "annotation": "orchestrator:terraform",
            "description": "",
            "greater_than_mask": "0",
            "id": "uni/tn-calico_dev_v46/subj-CalicoL3OUT-import-match/dest-[192.168.35.0/24]",
            "ip": "192.168.35.0/24",
            "less_than_mask": "0",
            "match_rule_dn": "uni/tn-calico_dev_v46/subj-CalicoL3OUT-import-match",
            "name": "",
            "name_alias": ""
          },
          "sensitive_attributes": [],
          "private": "eyJzY2hlbWFfdmVyc2lvbiI6IjEifQ==",
          "dependencies": [
            "aci_match_rule.import_match_rule",
            "data.aci_tenant.tenant_l3out"
          ]
        }
      ]
    },
    {
      "mode": "managed",
      "type": "aci_match_route_destination_rule",
      "name": "import_node_match_rule_subnet_v6",
      "provider": "provider[\"registry.terraform.io/ciscodevnet/aci\"]",
      "instances": [
        {
          "index_key": 0,
          "schema_version": 1,
          "attributes": {
            "aggregate": "yes",
            "annotation": "orchestrator:terraform",
            "description": "",
            "greater_than_mask": "0",
            "id": "uni/tn-calico_dev_v46/subj-CalicoL3OUT-import-match/dest-[2001:db8:35::/56]",
            "ip": "2001:db8:35::/56",
            "less_than_mask": "0",
            "match_rule_dn": "uni/tn-calico_dev_v46/subj-CalicoL3OUT-import-match",
            "name": "",
            "name_alias": ""
          },
          "sensitive_attributes": [],
          "private": "eyJzY2hlbWFfdmVyc2lvbiI6IjEifQ==",
          "dependencies": [
            "aci_match_rule.import_match_rule",
            "data.aci_tenant.tenant_l3out"
          ]
        }
      ]
    },
    {
      "mode": "managed",
      "type": "aci_match_route_destination_rule",
      "name": "import_pod_match_rule_subnet",
      "provider": "provider[\"registry.terraform.io/ciscodevnet/aci\"]",
      "instances": [
        {
          "schema_version": 1,
          "attributes": {
            "aggregate": "yes",
            "annotation": "orchestrator:terraform",
            "description": "",
            "greater_than_mask": "0",
            "id": "uni/tn-calico_dev_v46/subj-CalicoL3OUT-import-match/dest-[192.168.36.0/24]",
            "ip": "192.168.36.0/24",
            "less_than_mask": "0",
            "match_rule_dn": "uni/tn-calico_dev_v46/subj-CalicoL3OUT-import-match",
            "name": "",
            "name_alias": ""
          },
          "sensitive_attributes": [],
          "private": "eyJzY2hlbWFfdmVyc2lvbiI6IjEifQ==",
          "dependencies": [
            "aci_match_rule.import_match_rule",
            "data.aci_tenant.tenant_l3out"
          ]
        }
      ]
    },
    {
      "mode": "managed",
      "type": "aci_match_route_destination_rule",
      "name": "import_pod_match_rule_subnet_v6",
      "provider": "provider[\"registry.terraform.io/ciscodevnet/aci\"]",
      "instances": [
        {
          "index_key": 0,
          "schema_version": 1,
          "attributes": {
            "aggregate": "yes",
            "annotation": "orchestrator:terraform",
            "description": "",
            "greater_than_mask": "0",
            "id": "uni/tn-calico_dev_v46/subj-CalicoL3OUT-import-match/dest-[2001:db8:35:100::/56]",
            "ip": "2001:db8:35:100::/56",
            "less_than_mask": "0",
            "match_rule_dn": "uni/tn-calico_dev_v46/subj-CalicoL3OUT-import-match",
            "name": "",
            "name_alias": ""
          },
          "sensitive_attributes": [],
          "private": "eyJzY2hlbWFfdmVyc2lvbiI6IjEifQ==",
          "dependencies": [
            "aci_match_rule.import_match_rule",
            "data.aci_tenant.tenant_l3out"
          ]
        }
      ]
    },
    {
      "mode": "managed",
      "type": "aci_match_route_destination_rule",
      "name": "import_svc_match_rule_subnet",
      "provider": "provider[\"registry.terraform.io/ciscodevnet/aci\"]",
      "instances": [
        {
          "schema_version": 1,
          "attributes": {
            "aggregate": "yes",
            "annotation": "orchestrator:terraform",
            "description": "",
            "greater_than_mask": "0",
            "id": "uni/tn-calico_dev_v46/subj-CalicoL3OUT-import-match/dest-[192.168.37.0/24]",
            "ip": "192.168.37.0/24",
            "less_than_mask": "0",
            "match_rule_dn": "uni/tn-calico_dev_v46/subj-CalicoL3OUT-import-match",
            "name": "",
            "name_alias": ""
          },
          "sensitive_attributes": [],
          "private": "eyJzY2hlbWFfdmVyc2lvbiI6IjEifQ==",
          "dependencies": [
            "aci_match_rule.import_match_rule",
            "data.aci_tenant.tenant_l3out"
          ]
        }
      ]
    },
    {
      "mode": "managed",
      "type": "aci_match_route_destination_rule",
      "name": "import_svc_match_rule_subnet_v6",
      "provider": "provider[\"registry.terraform.io/ciscodevnet/aci\"]",
      "instances": [
        {
          "index_key": 0,
          "schema_version": 1,
          "attributes": {
            "aggregate": "yes",
            "annotation": "orchestrator:terraform",
            "description": "",
            "greater_than_mask": "0",
            "id": "uni/tn-calico_dev_v46/subj-CalicoL3OUT-import-match/dest-[2001:db8:35:200::/108]",
            "ip": "2001:db8:35:200::/108",
            "less_than_mask": "0",
            "match_rule_dn": "uni/tn-calico_dev_v46/subj-CalicoL3OUT-import-match",
            "name": "",
            "name_alias": ""
          },
          "sensitive_attributes": [],
          "private": "eyJzY2hlbWFfdmVyc2lvbiI6IjEifQ==",
          "dependencies": [
            "aci_match_rule.import_match_rule",
            "data.aci_tenant.tenant_l3out"
          ]
        }
      ]
    },
    {
      "mode": "managed",
      "type": "aci_match_rule",
      "name": "export_match_rule",
      "provider": "provider[\"registry.terraform.io/ciscodevnet/aci\"]",
      "instances": [
        {
          "schema_version": 1,
          "attributes": {
            "annotation": "orchestrator:terraform",
            "description": "",
            "id": "uni/tn-calico_dev_v46/subj-CalicoL3OUT-export-match",
            "name": "CalicoL3OUT-export-match",
            "name_alias": "",
            "tenant_dn": "uni/tn-calico_dev_v46"
          },
          "sensitive_attributes": [],
          "private": "eyJzY2hlbWFfdmVyc2lvbiI6IjEifQ==",
          "dependencies": [
            "data.aci_tenant.tenant_l3out"
          ]
        }
      ]
    },
    {
      "mode": "managed",
      "type": "aci_match_rule",
      "name": "import_match_rule",
      "provider": "provider[\"registry.terraform.io/ciscodevnet/aci\"]",
      "instances": [
        {
          "schema_version": 1,
          "attributes": {
            "annotation": "orchestrator:terraform",
            "description": "",
            "id": "uni/tn-calico_dev_v46/subj-CalicoL3OUT-import-match",
            "name": "CalicoL3OUT-import-match",
            "name_alias": "",
            "tenant_dn": "uni/tn-calico_dev_v46"
          },
          "sensitive_attributes": [],
          "private": "eyJzY2hlbWFfdmVyc2lvbiI6IjEifQ==",
          "dependencies": [
            "data.aci_tenant.tenant_l3out"
          ]
        }
      ]
    },
    {
      "mode": "managed",
      "type": "aci_rest",
      "name": "bgp_addr_family_context_to_vrf",
      "provider": "provider[\"registry.terraform.io/ciscodevnet/aci\"]",
      "instances": [
        {
          "schema_version": 1,
          "attributes": {
            "class_name": "fvRsCtxToBgpCtxAfPol",
            "content": {
              "af": "ipv4-ucast",
              "tnBgpCtxAfPolName": "CalicoL3OUT"
            },
            "dn": null,
            "id": "uni/tn-calico_dev_v46/ctx-vrf/rsctxToBgpCtxAfPol-[CalicoL3OUT]-ipv4-ucast",
            "path": "/api/mo/uni/tn-calico_dev_v46/ctx-vrf/rsctxToBgpCtxAfPol-[CalicoL3OUT]-ipv4-ucast.json",
            "payload": null
          },
          "sensitive_attributes": [],
          "private": "eyJzY2hlbWFfdmVyc2lvbiI6IjEifQ==",
          "dependencies": [
            "aci_bgp_address_family_context.bgp_addr_family_context",
            "data.aci_tenant.tenant_l3out"
          ]
        }
      ]
    },
    {
      "mode": "managed",
      "type": "aci_rest",
      "name": "bgp_addr_family_context_to_vrf_v6",
      "provider": "provider[\"registry.terraform.io/ciscodevnet/aci\"]",
      "instances": [
        {
          "index_key": 0,
          "schema_version": 1,
          "attributes": {
            "class_name": "fvRsCtxToBgpCtxAfPol",
            "content": {
              "af": "ipv6-ucast",
              "tnBgpCtxAfPolName": "CalicoL3OUT"
            },
            "dn": null,
            "id": "uni/tn-calico_dev_v46/ctx-vrf/rsctxToBgpCtxAfPol-[CalicoL3OUT]-ipv6-ucast",
            "path": "/api/mo/uni/tn-calico_dev_v46/ctx-vrf/rsctxToBgpCtxAfPol-[CalicoL3OUT]-ipv6-ucast.json",
            "payload": null
          },
          "sensitive_attributes": [],
          "private": "eyJzY2hlbWFfdmVyc2lvbiI6IjEifQ==",
          "dependencies": [
            "aci_bgp_address_family_context.bgp_addr_family_context",
            "data.aci_tenant.tenant_l3out"
          ]
        }
      ]
    },
    {
      "mode": "managed",
      "type": "aci_rest",
      "name": "bgp_pol_relax_as_restriction",
      "provider": "provider[\"registry.terraform.io/ciscodevnet/aci\"]",
      "instances": [
        {
          "schema_version": 1,
          "attributes": {
            "class_name": "bgpRsBestPathCtrlPol",
            "content": {
              "tnBgpBestPathCtrlPolName": "CalicoL3OUT-Relax-AS"
            },
            "dn": null,
            "id": "uni/tn-calico_dev_v46/out-CalicoL3OUT/lnodep-node_profile_FL3out/protp/rsBestPathCtrlPol",
            "path": "/api/mo/uni/tn-calico_dev_v46/out-CalicoL3OUT/lnodep-node_profile_FL3out/protp/rsBestPathCtrlPol.json",
            "payload": null
          },
          "sensitive_attributes": [],
          "private": "eyJzY2hlbWFfdmVyc2lvbiI6IjEifQ==",
          "dependencies": [
            "aci_l3_outside.calico_l3out",
            "aci_l3out_bgp_protocol_profile.bgp_prot_pfl",
            "aci_logical_node_profile.calico_node_profile",
            "data.aci_tenant.tenant_l3out",
            "data.aci_vrf.l3out_vrf"
          ]
        }
      ]
    },
    {
      "mode": "managed",
      "type": "aci_route_control_context",
      "name": "default_export",
      "provider": "provider[\"registry.terraform.io/ciscodevnet/aci\"]",
      "instances": [
        {
          "schema_version": 1,
          "attributes": {
            "action": "permit",
            "annotation": "orchestrator:terraform",
            "description": "",
            "id": "uni/tn-calico_dev_v46/out-CalicoL3OUT/prof-default-export/ctx-export_pod_subnet",
            "name": "export_pod_subnet",
            "name_alias": "",
            "order": "0",
            "relation_rtctrl_rs_ctx_p_to_subj_p": [
              "uni/tn-calico_dev_v46/subj-CalicoL3OUT-export-match"
            ],
            "route_control_profile_dn": "uni/tn-calico_dev_v46/out-CalicoL3OUT/prof-default-export",
            "set_rule": null
          },
          "sensitive_attributes": [],
          "private": "eyJzY2hlbWFfdmVyc2lvbiI6IjEifQ==",
          "dependencies": [
            "aci_l3_outside.calico_l3out",
            "aci_match_rule.export_match_rule",
            "aci_route_control_profile.export_pod_subnet",
            "data.aci_tenant.tenant_l3out",
            "data.aci_vrf.l3out_vrf"
          ]
        }
      ]
    },
    {
      "mode": "managed",
      "type": "aci_route_control_context",
      "name": "import_cluster_subnets",
      "provider": "provider[\"registry.terraform.io/ciscodevnet/aci\"]",
      "instances": [
        {
          "schema_version": 1,
          "attributes": {
            "action": "permit",
            "annotation": "orchestrator:terraform",
            "description": "",
            "id": "uni/tn-calico_dev_v46/out-CalicoL3OUT/prof-default-import/ctx-import_cluster_subnets",
            "name": "import_cluster_subnets",
            "name_alias": "",
            "order": "0",
            "relation_rtctrl_rs_ctx_p_to_subj_p": [
              "uni/tn-calico_dev_v46/subj-CalicoL3OUT-import-match"
            ],
            "route_control_profile_dn": "uni/tn-calico_dev_v46/out-CalicoL3OUT/prof-default-import",
            "set_rule": null
          },
          "sensitive_attributes": [],
          "private": "eyJzY2hlbWFfdmVyc2lvbiI6IjEifQ==",
          "dependencies": [
            "aci_l3_outside.calico_l3out",
            "aci_match_rule.import_match_rule",
            "aci_route_control_profile.default_import",
            "data.aci_tenant.tenant_l3out",
            "data.aci_vrf.l3out_vrf"
          ]
        }
      ]
    },
    {
      "mode": "managed",
      "type": "aci_route_control_profile",
      "name": "default_import",
      "provider": "provider[\"registry.terraform.io/ciscodevnet/aci\"]",
      "instances": [
        {
          "schema_version": 1,
          "attributes": {
            "annotation": "orchestrator:terraform",
            "description": "",
            "id": "uni/tn-calico_dev_v46/out-CalicoL3OUT/prof-default-import",
            "name": "default-import",
            "name_alias": "",
            "parent_dn": "uni/tn-calico_dev_v46/out-CalicoL3OUT",
            "route_control_profile_type": "combinable"
          },
          "sensitive_attributes": [],
          "private": "eyJzY2hlbWFfdmVyc2lvbiI6IjEifQ==",
          "dependencies": [
            "aci_l3_outside.calico_l3out",
            "data.aci_tenant.tenant_l3out",
            "data.aci_vrf.l3out_vrf"
          ]
        }
      ]
    },
    {
      "mode": "managed",
      "type": "aci_route_control_profile",
      "name": "export_pod_subnet",
      "provider": "provider[\"registry.terraform.io/ciscodevnet/aci\"]",
      "instances": [
        {
          "schema_version": 1,
          "attributes": {
            "annotation": "orchestrator:terraform",
            "description": "",
            "id": "uni/tn-calico_dev_v46/out-CalicoL3OUT/prof-default-export",
            "name": "default-export",
            "name_alias": "",
            "parent_dn": "uni/tn-calico_dev_v46/out-CalicoL3OUT",
            "route_control_profile_type": "combinable"
          },
          "sensitive_attributes": [],
          "private": "eyJzY2hlbWFfdmVyc2lvbiI6IjEifQ==",
          "dependencies": [
            "aci_l3_outside.calico_l3out",
            "data.aci_tenant.tenant_l3out",
            "data.aci_vrf.l3out_vrf"
          ]
        }
      ]
    },
    {
      "module": "module.k8s_node",
      "mode": "data",
      "type": "vsphere_compute_cluster",
      "name": "cluster",
      "provider": "module.k8s_node.provider[\"registry.terraform.io/hashicorp/vsphere\"]",
      "instances": [
        {
          "schema_version": 0,
          "attributes": {
            "datacenter_id": "datacenter-7",
            "id": "domain-c1835",
            "name": "Cluster1",
            "resource_pool_id": "resgroup-1836"
          },
          "sensitive_attributes": []
        }
      ]
    },
    {
      "module": "module.k8s_node",
      "mode": "data",
      "type": "vsphere_datacenter",
      "name": "dc",
      "provider": "module.k8s_node.provider[\"registry.terraform.io/hashicorp/vsphere\"]",
      "instances": [
        {
          "schema_version": 0,
          "attributes": {
            "id": "datacenter-7",
            "name": "STLD"
          },
          "sensitive_attributes": []
        }
      ]
    },
    {
      "module": "module.k8s_node",
      "mode": "data",
      "type": "vsphere_datastore",
      "name": "datastore",
      "provider": "module.k8s_node.provider[\"registry.terraform.io/hashicorp/vsphere\"]",
      "instances": [
        {
          "schema_version": 0,
          "attributes": {
            "datacenter_id": "datacenter-7",
            "id": "datastore-7922",
            "name": "ESXi3_SSD"
          },
          "sensitive_attributes": []
        }
      ]
    },
    {
      "module": "module.k8s_node",
      "mode": "data",
      "type": "vsphere_distributed_virtual_switch",
      "name": "dvs",
      "provider": "module.k8s_node.provider[\"registry.terraform.io/hashicorp/vsphere\"]",
      "instances": [
        {
          "schema_version": 0,
          "attributes": {
            "datacenter_id": "datacenter-7",
            "id": "ed 4d 36 50 6e 46 0e 34-98 27 b2 66 a5 97 32 7e",
            "name": "ACI",
            "uplinks": [
              "uplink1",
              "uplink2",
              "uplink3",
              "uplink4",
              "uplink5",
              "uplink6",
              "uplink7",
              "uplink8"
            ]
          },
          "sensitive_attributes": []
        }
      ]
    },
    {
      "module": "module.k8s_node",
      "mode": "data",
      "type": "vsphere_network",
      "name": "network",
      "provider": "module.k8s_node.provider[\"registry.terraform.io/hashicorp/vsphere\"]",
      "instances": [
        {
          "schema_version": 0,
          "attributes": {
            "datacenter_id": "datacenter-7",
            "distributed_virtual_switch_uuid": "ed 4d 36 50 6e 46 0e 34-98 27 b2 66 a5 97 32 7e",
            "id": "dvportgroup-8081",
            "name": "calico_dev_v46",
            "type": "DistributedVirtualPortgroup"
          },
          "sensitive_attributes": []
        }
      ]
    },
    {
      "module": "module.k8s_node",
      "mode": "data",
      "type": "vsphere_virtual_machine",
      "name": "template",
      "provider": "module.k8s_node.provider[\"registry.terraform.io/hashicorp/vsphere\"]",
      "instances": [
        {
          "schema_version": 0,
          "attributes": {
            "alternate_guest_name": "",
            "annotation": "",
            "boot_delay": 0,
            "boot_retry_delay": 10000,
            "boot_retry_enabled": false,
            "change_version": "2022-03-14T02:49:04.178292Z",
            "cpu_hot_add_enabled": false,
            "cpu_hot_remove_enabled": false,
            "cpu_limit": -1,
            "cpu_performance_counters_enabled": false,
            "cpu_reservation": 0,
            "cpu_share_count": 2000,
            "cpu_share_level": "normal",
            "datacenter_id": "datacenter-7",
            "disks": [
              {
                "eagerly_scrub": false,
                "label": "Hard disk 1",
                "size": 50,
                "thin_provisioned": true,
                "unit_number": 0
              }
            ],
            "efi_secure_boot_enabled": false,
            "enable_disk_uuid": false,
            "enable_logging": true,
            "ept_rvi_mode": "automatic",
            "extra_config": {},
            "firmware": "bios",
            "guest_id": "ubuntu64Guest",
            "guest_ip_addresses": [],
            "hardware_version": 14,
            "hv_mode": "hvAuto",
            "id": "4236f21f-5529-f9e4-e479-e6d571579df6",
            "ide_controller_scan_count": 2,
            "latency_sensitivity": "normal",
            "memory": 4096,
            "memory_hot_add_enabled": false,
            "memory_limit": -1,
            "memory_reservation": 0,
            "memory_share_count": 40960,
            "memory_share_level": "normal",
            "name": "nkt_template",
            "nested_hv_enabled": false,
            "network_interface_types": [
              "vmxnet3"
            ],
            "network_interfaces": [
              {
                "adapter_type": "vmxnet3",
                "bandwidth_limit": -1,
                "bandwidth_reservation": 0,
                "bandwidth_share_count": 50,
                "bandwidth_share_level": "normal",
                "mac_address": "00:50:56:b6:9c:cb",
                "network_id": "network-16"
              }
            ],
            "num_cores_per_socket": 1,
            "num_cpus": 2,
            "replace_trigger": null,
            "run_tools_scripts_after_power_on": true,
            "run_tools_scripts_after_resume": true,
            "run_tools_scripts_before_guest_reboot": false,
            "run_tools_scripts_before_guest_shutdown": true,
            "run_tools_scripts_before_guest_standby": true,
            "sata_controller_scan_count": 0,
            "scsi_bus_sharing": "noSharing",
            "scsi_controller_scan_count": 1,
            "scsi_type": "lsilogic",
            "storage_policy_id": null,
            "swap_placement_policy": "inherit",
            "sync_time_with_host": false,
            "sync_time_with_host_periodically": null,
            "uuid": "4236f21f-5529-f9e4-e479-e6d571579df6",
            "vapp": null,
            "vapp_transport": [],
            "vbs_enabled": false,
            "vvtd_enabled": false
          },
          "sensitive_attributes": []
        }
      ]
    },
    {
      "module": "module.k8s_node",
      "mode": "managed",
      "type": "local_file",
      "name": "AnsibleConfig",
      "provider": "provider[\"registry.terraform.io/hashicorp/local\"]",
      "instances": [
        {
          "schema_version": 0,
          "attributes": {
            "content": "### TO DO: This should be fixed with SSH KEY Autnentication\nansible_user: cisco\nansible_ssh_private_key_file: ../ansible/roles/sandbox/files/id_rsa\n\n#K8S an Crio Version\nkube_version: 1.23.4-00            # This is the versioning number as per Ubuntu Packages. (apt-cache show \u003cpackage\u003e | grep Version)\nOS_Version: \"xUbuntu_20.04\"\ncrio_version: \"1.23\"\n\n#HA-Proxy and Keepalied Config \nhaproxy_image: haproxy:latest\ncontrol_plane_vip: 192.168.35.252\nvip_port: 8443\nkeepalived_image: osixia/keepalived:latest\nkeepalived_router_id: 51\n\n#Cluster Networking\npod_subnet: 192.168.36.0/24\ncluster_svc_subnet: 192.168.37.0/24\nexternal_svc_subnet: 192.168.38.0/24\npod_subnet_v6: 2001:db8:35:100::/56\ncluster_svc_subnet_v6: 2001:db8:35:200::/108\nexternal_svc_subnet_v6: 2001:db8:35:200::10:0/108\ningress_ip: 192.168.38.1\nvisibility_ip: 192.168.38.2\nneo4j_ip: 192.168.38.3\nntp_server: 72.163.32.44\ntime_zone: \"Australia/Sydney\"\n\nkubeadm_token: fqv728.htdmfzf6rt9blhej\n\naci_as: 65001\ncalico_as:  65002\napic_username : nkt_user_dvgila\napic_cert_name : nkt_user_dvgila\napic_private_key: ../ansible/roles/aci/files/nkt_user_dvgila-user.key\napic_oob_ips :  10.67.185.106\nvrf_tenant: calico_dev_v46\nvrf_name: vrf\n\nbgp_peers:\n  - id: 101\n    primary_ip: 192.168.35.201\n    primary_ipv6: 2001:db8:35::201\n    rack_id: \"1\"\n  - id: 102\n    primary_ip: 192.168.35.202\n    primary_ipv6: 2001:db8:35::202\n    rack_id: \"1\"\n\ndocker_mirror: 10.67.185.120:5000\nbgp_pass: 123Cisco123\nsandbox_status: true\nhttp_proxy_status: \n\nproxy_env: {}\nhttp_proxy: \"\"\nhttps_proxy: \"\"\n\ndns_domain: cam.ciscolabs.com\nubuntu_apt_mirror: ubuntu.mirror.digitalpacific.com.au/archive/\neBPF_status: false",
            "content_base64": null,
            "directory_permission": "0777",
            "file_permission": "0777",
            "filename": "../ansible/inventory/group_vars/all.yml",
            "id": "6bd5945fc3243ed117ddc609eb9d1609d11bf8ea",
            "sensitive_content": null,
            "source": null
          },
          "sensitive_attributes": [],
          "private": "bnVsbA=="
        }
      ]
    },
    {
      "module": "module.k8s_node",
      "mode": "managed",
      "type": "local_file",
      "name": "AnsibleInventory",
      "provider": "provider[\"registry.terraform.io/hashicorp/local\"]",
      "instances": [
        {
          "schema_version": 0,
          "attributes": {
            "content": "[k8s_primary_master]\ncalico-03635-1 ansible_host=192.168.35.1 rack_id=1 real_ip=192.168.35.1 ipv6=2001:db8:35::1\n\n[k8s_master_replicas]\ncalico-03635-2 ansible_host=192.168.35.2 rack_id=1 real_ip=192.168.35.2 ipv6=2001:db8:35::2\ncalico-03635-3 ansible_host=192.168.35.3 rack_id=1 real_ip=192.168.35.3 ipv6=2001:db8:35::3\n\n[k8s_workers]\ncalico-03635-4 ansible_host=192.168.35.4 rack_id=1 real_ip=192.168.35.4 ipv6=2001:db8:35::4\n\n[k8s_masters:children]\nk8s_primary_master\nk8s_master_replicas\n\n[k8s_nodes:children]\nk8s_masters\nk8s_workers",
            "content_base64": null,
            "directory_permission": "0777",
            "file_permission": "0777",
            "filename": "../ansible/inventory/nodes.ini",
            "id": "e32032b98f51ec12689a9a757e5f48e43b27afa4",
            "sensitive_content": null,
            "source": null
          },
          "sensitive_attributes": [],
          "private": "bnVsbA=="
        }
      ]
    },
    {
      "module": "module.k8s_node",
      "mode": "managed",
      "type": "null_resource",
      "name": "sandbox_cluster",
      "provider": "provider[\"registry.terraform.io/hashicorp/null\"]",
      "instances": [
        {
          "index_key": 0,
          "schema_version": 0,
          "attributes": {
            "id": "5086510535212748783",
            "triggers": null
          },
          "sensitive_attributes": [],
          "private": "bnVsbA==",
          "dependencies": [
            "module.k8s_node.data.vsphere_compute_cluster.cluster",
            "module.k8s_node.data.vsphere_datastore.datastore",
            "module.k8s_node.data.vsphere_network.network",
            "module.k8s_node.data.vsphere_virtual_machine.template",
            "module.k8s_node.local_file.AnsibleConfig",
            "module.k8s_node.local_file.AnsibleInventory",
            "module.k8s_node.vsphere_virtual_machine.vm"
          ]
        }
      ]
    },
    {
      "module": "module.k8s_node",
      "mode": "managed",
      "type": "vsphere_virtual_machine",
      "name": "vm",
      "provider": "module.k8s_node.provider[\"registry.terraform.io/hashicorp/vsphere\"]",
      "instances": [
        {
          "index_key": "calico-03635-1",
          "schema_version": 3,
          "attributes": {
            "alternate_guest_name": "",
            "annotation": "",
            "boot_delay": 0,
            "boot_retry_delay": 10000,
            "boot_retry_enabled": false,
            "cdrom": [
              {
                "client_device": true,
                "datastore_id": "",
                "device_address": "sata:0:0",
                "key": 16000,
                "path": ""
              }
            ],
            "change_version": "2022-03-16T02:32:32.39513Z",
            "clone": [
              {
                "customize": [
                  {
                    "dns_server_list": [
                      "10.67.185.100"
                    ],
                    "dns_suffix_list": null,
                    "ipv4_gateway": "192.168.35.253",
                    "ipv6_gateway": "2001:db8:35:ff:ffff:ffff:ffff:fffd",
                    "linux_options": [
                      {
                        "domain": "cam.ciscolabs.com",
                        "host_name": "calico-03635-1",
                        "hw_clock_utc": true,
                        "time_zone": ""
                      }
                    ],
                    "network_interface": [
                      {
                        "dns_domain": "",
                        "dns_server_list": null,
                        "ipv4_address": "192.168.35.1",
                        "ipv4_netmask": 24,
                        "ipv6_address": "2001:db8:35::1",
                        "ipv6_netmask": 56
                      }
                    ],
                    "timeout": 10,
                    "windows_options": [],
                    "windows_sysprep_text": ""
                  }
                ],
                "linked_clone": true,
                "ovf_network_map": null,
                "ovf_storage_map": null,
                "template_uuid": "4236f21f-5529-f9e4-e479-e6d571579df6",
                "timeout": 30
              }
            ],
            "cpu_hot_add_enabled": false,
            "cpu_hot_remove_enabled": false,
            "cpu_limit": -1,
            "cpu_performance_counters_enabled": false,
            "cpu_reservation": 0,
            "cpu_share_count": 2000,
            "cpu_share_level": "normal",
            "custom_attributes": null,
            "datacenter_id": null,
            "datastore_cluster_id": null,
            "datastore_id": "datastore-7922",
            "default_ip_address": "192.168.35.1",
            "disk": [
              {
                "attach": false,
                "controller_type": "scsi",
                "datastore_id": "datastore-7922",
                "device_address": "scsi:0:0",
                "disk_mode": "persistent",
                "disk_sharing": "sharingNone",
                "eagerly_scrub": false,
                "io_limit": -1,
                "io_reservation": 0,
                "io_share_count": 1000,
                "io_share_level": "normal",
                "keep_on_remove": false,
                "key": 2000,
                "label": "disk0",
                "path": "calico-03635-1/calico-03635-1.vmdk",
                "size": 50,
                "storage_policy_id": "",
                "thin_provisioned": true,
                "unit_number": 0,
                "uuid": "6000C292-9539-e6cb-36b2-4fdc4f535ba1",
                "write_through": false
              }
            ],
            "efi_secure_boot_enabled": false,
            "enable_disk_uuid": false,
            "enable_logging": false,
            "ept_rvi_mode": "automatic",
            "extra_config": null,
            "firmware": "bios",
            "folder": "CalicoDev_v46",
            "force_power_off": true,
            "guest_id": "ubuntu64Guest",
            "guest_ip_addresses": [
              "192.168.35.1",
              "2001:db8:35::1",
              "fe80::250:56ff:feb6:e9d7"
            ],
            "hardware_version": 14,
            "host_system_id": "host-2242",
            "hv_mode": "hvAuto",
            "id": "423615a6-eeb9-5b68-821f-07b6a2ccffe6",
            "ide_controller_count": 2,
            "ignored_guest_ips": null,
            "imported": null,
            "latency_sensitivity": "normal",
            "memory": 8192,
            "memory_hot_add_enabled": false,
            "memory_limit": -1,
            "memory_reservation": 0,
            "memory_share_count": 81920,
            "memory_share_level": "normal",
            "migrate_wait_timeout": 30,
            "moid": "vm-8925",
            "name": "calico-03635-1",
            "nested_hv_enabled": false,
            "network_interface": [
              {
                "adapter_type": "vmxnet3",
                "bandwidth_limit": -1,
                "bandwidth_reservation": 0,
                "bandwidth_share_count": 50,
                "bandwidth_share_level": "normal",
                "device_address": "pci:0:7",
                "key": 4000,
                "mac_address": "00:50:56:b6:e9:d7",
                "network_id": "dvportgroup-8081",
                "ovf_mapping": "",
                "use_static_mac": false
              }
            ],
            "num_cores_per_socket": 1,
            "num_cpus": 2,
            "ovf_deploy": [],
            "pci_device_id": null,
            "poweron_timeout": 300,
            "reboot_required": false,
            "replace_trigger": null,
            "resource_pool_id": "resgroup-1836",
            "run_tools_scripts_after_power_on": true,
            "run_tools_scripts_after_resume": true,
            "run_tools_scripts_before_guest_reboot": false,
            "run_tools_scripts_before_guest_shutdown": true,
            "run_tools_scripts_before_guest_standby": true,
            "sata_controller_count": 0,
            "scsi_bus_sharing": "noSharing",
            "scsi_controller_count": 1,
            "scsi_type": "lsilogic",
            "shutdown_wait_timeout": 3,
            "storage_policy_id": "",
            "swap_placement_policy": "inherit",
            "sync_time_with_host": false,
            "sync_time_with_host_periodically": null,
            "tags": null,
            "uuid": "423615a6-eeb9-5b68-821f-07b6a2ccffe6",
            "vapp": [],
            "vapp_transport": [],
            "vbs_enabled": false,
            "vmware_tools_status": "guestToolsRunning",
            "vmx_path": "calico-03635-1/calico-03635-1.vmx",
            "vvtd_enabled": false,
            "wait_for_guest_ip_timeout": 0,
            "wait_for_guest_net_routable": true,
            "wait_for_guest_net_timeout": 10
          },
          "sensitive_attributes": [],
          "private": "eyJzY2hlbWFfdmVyc2lvbiI6IjMifQ==",
          "dependencies": [
            "module.k8s_node.data.vsphere_compute_cluster.cluster",
            "module.k8s_node.data.vsphere_datastore.datastore",
            "module.k8s_node.data.vsphere_network.network",
            "module.k8s_node.data.vsphere_virtual_machine.template"
          ]
        },
        {
          "index_key": "calico-03635-2",
          "schema_version": 3,
          "attributes": {
            "alternate_guest_name": "",
            "annotation": "",
            "boot_delay": 0,
            "boot_retry_delay": 10000,
            "boot_retry_enabled": false,
            "cdrom": [
              {
                "client_device": true,
                "datastore_id": "",
                "device_address": "sata:0:0",
                "key": 16000,
                "path": ""
              }
            ],
            "change_version": "2022-03-16T02:32:32.114342Z",
            "clone": [
              {
                "customize": [
                  {
                    "dns_server_list": [
                      "10.67.185.100"
                    ],
                    "dns_suffix_list": null,
                    "ipv4_gateway": "192.168.35.253",
                    "ipv6_gateway": "2001:db8:35:ff:ffff:ffff:ffff:fffd",
                    "linux_options": [
                      {
                        "domain": "cam.ciscolabs.com",
                        "host_name": "calico-03635-2",
                        "hw_clock_utc": true,
                        "time_zone": ""
                      }
                    ],
                    "network_interface": [
                      {
                        "dns_domain": "",
                        "dns_server_list": null,
                        "ipv4_address": "192.168.35.2",
                        "ipv4_netmask": 24,
                        "ipv6_address": "2001:db8:35::2",
                        "ipv6_netmask": 56
                      }
                    ],
                    "timeout": 10,
                    "windows_options": [],
                    "windows_sysprep_text": ""
                  }
                ],
                "linked_clone": true,
                "ovf_network_map": null,
                "ovf_storage_map": null,
                "template_uuid": "4236f21f-5529-f9e4-e479-e6d571579df6",
                "timeout": 30
              }
            ],
            "cpu_hot_add_enabled": false,
            "cpu_hot_remove_enabled": false,
            "cpu_limit": -1,
            "cpu_performance_counters_enabled": false,
            "cpu_reservation": 0,
            "cpu_share_count": 2000,
            "cpu_share_level": "normal",
            "custom_attributes": null,
            "datacenter_id": null,
            "datastore_cluster_id": null,
            "datastore_id": "datastore-7922",
            "default_ip_address": "192.168.35.2",
            "disk": [
              {
                "attach": false,
                "controller_type": "scsi",
                "datastore_id": "datastore-7922",
                "device_address": "scsi:0:0",
                "disk_mode": "persistent",
                "disk_sharing": "sharingNone",
                "eagerly_scrub": false,
                "io_limit": -1,
                "io_reservation": 0,
                "io_share_count": 1000,
                "io_share_level": "normal",
                "keep_on_remove": false,
                "key": 2000,
                "label": "disk0",
                "path": "calico-03635-2/calico-03635-2.vmdk",
                "size": 50,
                "storage_policy_id": "",
                "thin_provisioned": true,
                "unit_number": 0,
                "uuid": "6000C292-9539-e6cb-36b2-4fdc4f535ba1",
                "write_through": false
              }
            ],
            "efi_secure_boot_enabled": false,
            "enable_disk_uuid": false,
            "enable_logging": false,
            "ept_rvi_mode": "automatic",
            "extra_config": null,
            "firmware": "bios",
            "folder": "CalicoDev_v46",
            "force_power_off": true,
            "guest_id": "ubuntu64Guest",
            "guest_ip_addresses": [
              "192.168.35.2",
              "2001:db8:35::2",
              "fe80::250:56ff:feb6:3936"
            ],
            "hardware_version": 14,
            "host_system_id": "host-2242",
            "hv_mode": "hvAuto",
            "id": "4236ed9a-1922-557b-4d74-84c2ab863a9f",
            "ide_controller_count": 2,
            "ignored_guest_ips": null,
            "imported": null,
            "latency_sensitivity": "normal",
            "memory": 8192,
            "memory_hot_add_enabled": false,
            "memory_limit": -1,
            "memory_reservation": 0,
            "memory_share_count": 81920,
            "memory_share_level": "normal",
            "migrate_wait_timeout": 30,
            "moid": "vm-8923",
            "name": "calico-03635-2",
            "nested_hv_enabled": false,
            "network_interface": [
              {
                "adapter_type": "vmxnet3",
                "bandwidth_limit": -1,
                "bandwidth_reservation": 0,
                "bandwidth_share_count": 50,
                "bandwidth_share_level": "normal",
                "device_address": "pci:0:7",
                "key": 4000,
                "mac_address": "00:50:56:b6:39:36",
                "network_id": "dvportgroup-8081",
                "ovf_mapping": "",
                "use_static_mac": false
              }
            ],
            "num_cores_per_socket": 1,
            "num_cpus": 2,
            "ovf_deploy": [],
            "pci_device_id": null,
            "poweron_timeout": 300,
            "reboot_required": false,
            "replace_trigger": null,
            "resource_pool_id": "resgroup-1836",
            "run_tools_scripts_after_power_on": true,
            "run_tools_scripts_after_resume": true,
            "run_tools_scripts_before_guest_reboot": false,
            "run_tools_scripts_before_guest_shutdown": true,
            "run_tools_scripts_before_guest_standby": true,
            "sata_controller_count": 0,
            "scsi_bus_sharing": "noSharing",
            "scsi_controller_count": 1,
            "scsi_type": "lsilogic",
            "shutdown_wait_timeout": 3,
            "storage_policy_id": "",
            "swap_placement_policy": "inherit",
            "sync_time_with_host": false,
            "sync_time_with_host_periodically": null,
            "tags": null,
            "uuid": "4236ed9a-1922-557b-4d74-84c2ab863a9f",
            "vapp": [],
            "vapp_transport": [],
            "vbs_enabled": false,
            "vmware_tools_status": "guestToolsRunning",
            "vmx_path": "calico-03635-2/calico-03635-2.vmx",
            "vvtd_enabled": false,
            "wait_for_guest_ip_timeout": 0,
            "wait_for_guest_net_routable": true,
            "wait_for_guest_net_timeout": 10
          },
          "sensitive_attributes": [],
          "private": "eyJzY2hlbWFfdmVyc2lvbiI6IjMifQ==",
          "dependencies": [
            "module.k8s_node.data.vsphere_compute_cluster.cluster",
            "module.k8s_node.data.vsphere_datastore.datastore",
            "module.k8s_node.data.vsphere_network.network",
            "module.k8s_node.data.vsphere_virtual_machine.template"
          ]
        },
        {
          "index_key": "calico-03635-3",
          "schema_version": 3,
          "attributes": {
            "alternate_guest_name": "",
            "annotation": "",
            "boot_delay": 0,
            "boot_retry_delay": 10000,
            "boot_retry_enabled": false,
            "cdrom": [
              {
                "client_device": true,
                "datastore_id": "",
                "device_address": "sata:0:0",
                "key": 16000,
                "path": ""
              }
            ],
            "change_version": "2022-03-16T02:32:25.934002Z",
            "clone": [
              {
                "customize": [
                  {
                    "dns_server_list": [
                      "10.67.185.100"
                    ],
                    "dns_suffix_list": null,
                    "ipv4_gateway": "192.168.35.253",
                    "ipv6_gateway": "2001:db8:35:ff:ffff:ffff:ffff:fffd",
                    "linux_options": [
                      {
                        "domain": "cam.ciscolabs.com",
                        "host_name": "calico-03635-3",
                        "hw_clock_utc": true,
                        "time_zone": ""
                      }
                    ],
                    "network_interface": [
                      {
                        "dns_domain": "",
                        "dns_server_list": null,
                        "ipv4_address": "192.168.35.3",
                        "ipv4_netmask": 24,
                        "ipv6_address": "2001:db8:35::3",
                        "ipv6_netmask": 56
                      }
                    ],
                    "timeout": 10,
                    "windows_options": [],
                    "windows_sysprep_text": ""
                  }
                ],
                "linked_clone": true,
                "ovf_network_map": null,
                "ovf_storage_map": null,
                "template_uuid": "4236f21f-5529-f9e4-e479-e6d571579df6",
                "timeout": 30
              }
            ],
            "cpu_hot_add_enabled": false,
            "cpu_hot_remove_enabled": false,
            "cpu_limit": -1,
            "cpu_performance_counters_enabled": false,
            "cpu_reservation": 0,
            "cpu_share_count": 2000,
            "cpu_share_level": "normal",
            "custom_attributes": null,
            "datacenter_id": null,
            "datastore_cluster_id": null,
            "datastore_id": "datastore-7922",
            "default_ip_address": "192.168.35.3",
            "disk": [
              {
                "attach": false,
                "controller_type": "scsi",
                "datastore_id": "datastore-7922",
                "device_address": "scsi:0:0",
                "disk_mode": "persistent",
                "disk_sharing": "sharingNone",
                "eagerly_scrub": false,
                "io_limit": -1,
                "io_reservation": 0,
                "io_share_count": 1000,
                "io_share_level": "normal",
                "keep_on_remove": false,
                "key": 2000,
                "label": "disk0",
                "path": "calico-03635-3/calico-03635-3.vmdk",
                "size": 50,
                "storage_policy_id": "",
                "thin_provisioned": true,
                "unit_number": 0,
                "uuid": "6000C292-9539-e6cb-36b2-4fdc4f535ba1",
                "write_through": false
              }
            ],
            "efi_secure_boot_enabled": false,
            "enable_disk_uuid": false,
            "enable_logging": false,
            "ept_rvi_mode": "automatic",
            "extra_config": null,
            "firmware": "bios",
            "folder": "CalicoDev_v46",
            "force_power_off": true,
            "guest_id": "ubuntu64Guest",
            "guest_ip_addresses": [
              "192.168.35.3",
              "2001:db8:35::3",
              "fe80::250:56ff:feb6:b869"
            ],
            "hardware_version": 14,
            "host_system_id": "host-2242",
            "hv_mode": "hvAuto",
            "id": "4236a430-f639-00c5-6a34-b15f70c13e36",
            "ide_controller_count": 2,
            "ignored_guest_ips": null,
            "imported": null,
            "latency_sensitivity": "normal",
            "memory": 8192,
            "memory_hot_add_enabled": false,
            "memory_limit": -1,
            "memory_reservation": 0,
            "memory_share_count": 81920,
            "memory_share_level": "normal",
            "migrate_wait_timeout": 30,
            "moid": "vm-8922",
            "name": "calico-03635-3",
            "nested_hv_enabled": false,
            "network_interface": [
              {
                "adapter_type": "vmxnet3",
                "bandwidth_limit": -1,
                "bandwidth_reservation": 0,
                "bandwidth_share_count": 50,
                "bandwidth_share_level": "normal",
                "device_address": "pci:0:7",
                "key": 4000,
                "mac_address": "00:50:56:b6:b8:69",
                "network_id": "dvportgroup-8081",
                "ovf_mapping": "",
                "use_static_mac": false
              }
            ],
            "num_cores_per_socket": 1,
            "num_cpus": 2,
            "ovf_deploy": [],
            "pci_device_id": null,
            "poweron_timeout": 300,
            "reboot_required": false,
            "replace_trigger": null,
            "resource_pool_id": "resgroup-1836",
            "run_tools_scripts_after_power_on": true,
            "run_tools_scripts_after_resume": true,
            "run_tools_scripts_before_guest_reboot": false,
            "run_tools_scripts_before_guest_shutdown": true,
            "run_tools_scripts_before_guest_standby": true,
            "sata_controller_count": 0,
            "scsi_bus_sharing": "noSharing",
            "scsi_controller_count": 1,
            "scsi_type": "lsilogic",
            "shutdown_wait_timeout": 3,
            "storage_policy_id": "",
            "swap_placement_policy": "inherit",
            "sync_time_with_host": false,
            "sync_time_with_host_periodically": null,
            "tags": null,
            "uuid": "4236a430-f639-00c5-6a34-b15f70c13e36",
            "vapp": [],
            "vapp_transport": [],
            "vbs_enabled": false,
            "vmware_tools_status": "guestToolsRunning",
            "vmx_path": "calico-03635-3/calico-03635-3.vmx",
            "vvtd_enabled": false,
            "wait_for_guest_ip_timeout": 0,
            "wait_for_guest_net_routable": true,
            "wait_for_guest_net_timeout": 10
          },
          "sensitive_attributes": [],
          "private": "eyJzY2hlbWFfdmVyc2lvbiI6IjMifQ==",
          "dependencies": [
            "module.k8s_node.data.vsphere_compute_cluster.cluster",
            "module.k8s_node.data.vsphere_datastore.datastore",
            "module.k8s_node.data.vsphere_network.network",
            "module.k8s_node.data.vsphere_virtual_machine.template"
          ]
        },
        {
          "index_key": "calico-03635-4",
          "schema_version": 3,
          "attributes": {
            "alternate_guest_name": "",
            "annotation": "",
            "boot_delay": 0,
            "boot_retry_delay": 10000,
            "boot_retry_enabled": false,
            "cdrom": [
              {
                "client_device": true,
                "datastore_id": "",
                "device_address": "sata:0:0",
                "key": 16000,
                "path": ""
              }
            ],
            "change_version": "2022-03-16T02:32:33.302427Z",
            "clone": [
              {
                "customize": [
                  {
                    "dns_server_list": [
                      "10.67.185.100"
                    ],
                    "dns_suffix_list": null,
                    "ipv4_gateway": "192.168.35.253",
                    "ipv6_gateway": "2001:db8:35:ff:ffff:ffff:ffff:fffd",
                    "linux_options": [
                      {
                        "domain": "cam.ciscolabs.com",
                        "host_name": "calico-03635-4",
                        "hw_clock_utc": true,
                        "time_zone": ""
                      }
                    ],
                    "network_interface": [
                      {
                        "dns_domain": "",
                        "dns_server_list": null,
                        "ipv4_address": "192.168.35.4",
                        "ipv4_netmask": 24,
                        "ipv6_address": "2001:db8:35::4",
                        "ipv6_netmask": 56
                      }
                    ],
                    "timeout": 10,
                    "windows_options": [],
                    "windows_sysprep_text": ""
                  }
                ],
                "linked_clone": true,
                "ovf_network_map": null,
                "ovf_storage_map": null,
                "template_uuid": "4236f21f-5529-f9e4-e479-e6d571579df6",
                "timeout": 30
              }
            ],
            "cpu_hot_add_enabled": false,
            "cpu_hot_remove_enabled": false,
            "cpu_limit": -1,
            "cpu_performance_counters_enabled": false,
            "cpu_reservation": 0,
            "cpu_share_count": 2000,
            "cpu_share_level": "normal",
            "custom_attributes": null,
            "datacenter_id": null,
            "datastore_cluster_id": null,
            "datastore_id": "datastore-7922",
            "default_ip_address": "192.168.35.4",
            "disk": [
              {
                "attach": false,
                "controller_type": "scsi",
                "datastore_id": "datastore-7922",
                "device_address": "scsi:0:0",
                "disk_mode": "persistent",
                "disk_sharing": "sharingNone",
                "eagerly_scrub": false,
                "io_limit": -1,
                "io_reservation": 0,
                "io_share_count": 1000,
                "io_share_level": "normal",
                "keep_on_remove": false,
                "key": 2000,
                "label": "disk0",
                "path": "calico-03635-4/calico-03635-4.vmdk",
                "size": 50,
                "storage_policy_id": "",
                "thin_provisioned": true,
                "unit_number": 0,
                "uuid": "6000C292-9539-e6cb-36b2-4fdc4f535ba1",
                "write_through": false
              }
            ],
            "efi_secure_boot_enabled": false,
            "enable_disk_uuid": false,
            "enable_logging": false,
            "ept_rvi_mode": "automatic",
            "extra_config": null,
            "firmware": "bios",
            "folder": "CalicoDev_v46",
            "force_power_off": true,
            "guest_id": "ubuntu64Guest",
            "guest_ip_addresses": [
              "192.168.35.4",
              "2001:db8:35::4",
              "fe80::250:56ff:feb6:33b0"
            ],
            "hardware_version": 14,
            "host_system_id": "host-2242",
            "hv_mode": "hvAuto",
            "id": "423609c7-4165-0183-005e-a5a8c635dce7",
            "ide_controller_count": 2,
            "ignored_guest_ips": null,
            "imported": null,
            "latency_sensitivity": "normal",
            "memory": 8192,
            "memory_hot_add_enabled": false,
            "memory_limit": -1,
            "memory_reservation": 0,
            "memory_share_count": 81920,
            "memory_share_level": "normal",
            "migrate_wait_timeout": 30,
            "moid": "vm-8924",
            "name": "calico-03635-4",
            "nested_hv_enabled": false,
            "network_interface": [
              {
                "adapter_type": "vmxnet3",
                "bandwidth_limit": -1,
                "bandwidth_reservation": 0,
                "bandwidth_share_count": 50,
                "bandwidth_share_level": "normal",
                "device_address": "pci:0:7",
                "key": 4000,
                "mac_address": "00:50:56:b6:33:b0",
                "network_id": "dvportgroup-8081",
                "ovf_mapping": "",
                "use_static_mac": false
              }
            ],
            "num_cores_per_socket": 1,
            "num_cpus": 2,
            "ovf_deploy": [],
            "pci_device_id": null,
            "poweron_timeout": 300,
            "reboot_required": false,
            "replace_trigger": null,
            "resource_pool_id": "resgroup-1836",
            "run_tools_scripts_after_power_on": true,
            "run_tools_scripts_after_resume": true,
            "run_tools_scripts_before_guest_reboot": false,
            "run_tools_scripts_before_guest_shutdown": true,
            "run_tools_scripts_before_guest_standby": true,
            "sata_controller_count": 0,
            "scsi_bus_sharing": "noSharing",
            "scsi_controller_count": 1,
            "scsi_type": "lsilogic",
            "shutdown_wait_timeout": 3,
            "storage_policy_id": "",
            "swap_placement_policy": "inherit",
            "sync_time_with_host": false,
            "sync_time_with_host_periodically": null,
            "tags": null,
            "uuid": "423609c7-4165-0183-005e-a5a8c635dce7",
            "vapp": [],
            "vapp_transport": [],
            "vbs_enabled": false,
            "vmware_tools_status": "guestToolsRunning",
            "vmx_path": "calico-03635-4/calico-03635-4.vmx",
            "vvtd_enabled": false,
            "wait_for_guest_ip_timeout": 0,
            "wait_for_guest_net_routable": true,
            "wait_for_guest_net_timeout": 10
          },
          "sensitive_attributes": [],
          "private": "eyJzY2hlbWFfdmVyc2lvbiI6IjMifQ==",
          "dependencies": [
            "module.k8s_node.data.vsphere_compute_cluster.cluster",
            "module.k8s_node.data.vsphere_datastore.datastore",
            "module.k8s_node.data.vsphere_network.network",
            "module.k8s_node.data.vsphere_virtual_machine.template"
          ]
        }
      ]
    }
  ]
}
