{
    "format_version": "1.0",
    "terraform_version": "1.1.6",
    "variables": {
      "apic": {
        "value": {
          "cert_name": "nkt_user_npgqka",
          "oob_ips": "10.67.185.106",
          "private_key": "../ansible/roles/aci/files/nkt_user_npgqka-user.key",
          "url": "https://10.67.185.106",
          "username": "nkt_user_npgqka"
        }
      },
      "calico_nodes": {
        "value": [
          {
            "hostname": "nkt-master-08334-1",
            "ip": "192.168.39.1/24",
            "ipv6": "",
            "natip": "",
            "rack_id": "1"
          },
          {
            "hostname": "nkt-master-08334-2",
            "ip": "192.168.39.2/24",
            "ipv6": "",
            "natip": "",
            "rack_id": "1"
          },
          {
            "hostname": "nkt-master-08334-3",
            "ip": "192.168.39.3/24",
            "ipv6": "",
            "natip": "",
            "rack_id": "1"
          },
          {
            "hostname": "nkt-worker-08334-2",
            "ip": "192.168.39.5/24",
            "ipv6": "",
            "natip": "",
            "rack_id": "1"
          },
          {
            "hostname": "nkt-worker-08334-1",
            "ip": "192.168.39.4/24",
            "ipv6": "",
            "natip": "",
            "rack_id": "1"
          },
          {
            "hostname": "nkt-worker-08334-3",
            "ip": "192.168.39.6/24",
            "ipv6": "",
            "natip": "",
            "rack_id": "1"
          },
          {
            "hostname": "nkt-worker-08334-4",
            "ip": "192.168.39.7/24",
            "ipv6": "",
            "natip": "",
            "rack_id": "1"
          }
        ]
      },
      "fabric_type": {
        "value": "aci"
      },
      "k8s_cluster": {
        "value": {
          "OS_Version": "xUbuntu_20.04",
          "cluster_svc_subnet": "192.168.41.0/24",
          "cluster_svc_subnet_v6": "",
          "control_plane_vip": "192.168.39.252",
          "crio_version": "1.23",
          "dns_domain": "cam.ciscolabs.com",
          "dns_servers": [
            "10.67.185.100"
          ],
          "docker_mirror": "10.67.185.120:5000",
          "eBPF_status": false,
          "external_svc_subnet": "192.168.42.0/24",
          "external_svc_subnet_v6": "",
          "haproxy_image": "haproxy:latest",
          "http_proxy": "",
          "http_proxy_status": "",
          "ingress_ip": "192.168.42.1",
          "keepalived_image": "osixia/keepalived:latest",
          "keepalived_router_id": "51",
          "kube_version": "1.23.4-00",
          "kubeadm_token": "fqv728.htdmfzf6rt9blhej",
          "local_as": "65002",
          "neo4j_ip": "192.168.42.3",
          "node_sub": "192.168.39.0/24",
          "node_sub_v6": "",
          "ntp_server": "72.163.32.44",
          "pod_subnet": "192.168.40.0/24",
          "pod_subnet_v6": "",
          "sandbox_status": true,
          "time_zone": "Australia/Sydney",
          "ubuntu_apt_mirror": "https://ubuntu.mirror.digitalpacific.com.au/archive/",
          "vip_port": "8443",
          "visibility_ip": "192.168.42.2"
        }
      },
      "l3out": {
        "value": {
          "anchor_nodes": [
            {
              "ip": "192.168.39.101/24",
              "ipv6": "",
              "node_id": "101",
              "pod_id": "1",
              "rack_id": "1",
              "rtr_id": "1.1.1.101"
            },
            {
              "ip": "192.168.39.102/24",
              "ipv6": "",
              "node_id": "102",
              "pod_id": "1",
              "rack_id": "1",
              "rtr_id": "1.1.1.102"
            }
          ],
          "bgp_pass": "123Cisco123",
          "contract": "calico_dev",
          "contract_tenant": "common",
          "def_ext_epg": "catch_all",
          "def_ext_epg_scope": [
            "import-security",
            "shared-rtctrl",
            "shared-security"
          ],
          "floating_ip": "192.168.39.254/24",
          "floating_ipv6": "",
          "int_prof_name": "int_profile_FL3out",
          "int_prof_name_v6": "int_profile_v6_FL3out",
          "ipv4_cluster_subnet": "192.168.39.0/24",
          "ipv6_cluster_subnet": "",
          "ipv6_enabled": false,
          "l3out_tenant": "calico_dev_v4",
          "local_as": "65001",
          "max_node_prefixes": "500",
          "mtu": "9000",
          "name": "CalicoL3OUT",
          "node_profile_name": "node_profile_FL3out",
          "physical_dom": "FAB1",
          "secondary_ip": "192.168.39.253/24",
          "secondary_ipv6": "",
          "vlan_id": "11",
          "vrf_name": "vrf",
          "vrf_tenant": "calico_dev_v4"
        }
      },
      "vc": {
        "value": {
          "cluster": "Cluster1",
          "datastore": "ESXi3_SSD",
          "dc": "STLD",
          "dvs": "ACI",
          "pass": "123Cisco123!",
          "port_group": "calico_dev_v4",
          "url": "10.67.185.101",
          "username": "administrator@vsphere.local",
          "vm_deploy": true,
          "vm_folder": "CalicoDev_v4",
          "vm_template": "nkt_template"
        }
      }
    },
    "planned_values": {
      "root_module": {
        "resources": [
          {
            "address": "aci_bgp_address_family_context.bgp_addr_family_context",
            "mode": "managed",
            "type": "aci_bgp_address_family_context",
            "name": "bgp_addr_family_context",
            "provider_name": "registry.terraform.io/ciscodevnet/aci",
            "schema_version": 1,
            "values": {
              "annotation": "orchestrator:terraform",
              "ctrl": "",
              "description": "",
              "e_dist": "20",
              "i_dist": "200",
              "id": "uni/tn-calico_dev_v4/bgpCtxAfP-CalicoL3OUT",
              "local_dist": "220",
              "max_ecmp": "64",
              "max_ecmp_ibgp": "64",
              "name": "CalicoL3OUT",
              "name_alias": "",
              "tenant_dn": "uni/tn-calico_dev_v4"
            },
            "sensitive_values": {}
          },
          {
            "address": "aci_bgp_best_path_policy.relax_as_policy",
            "mode": "managed",
            "type": "aci_bgp_best_path_policy",
            "name": "relax_as_policy",
            "provider_name": "registry.terraform.io/ciscodevnet/aci",
            "schema_version": 1,
            "values": {
              "annotation": "orchestrator:terraform",
              "ctrl": "asPathMultipathRelax",
              "description": "",
              "id": "uni/tn-calico_dev_v4/bestpath-CalicoL3OUT-Relax-AS",
              "name": "CalicoL3OUT-Relax-AS",
              "name_alias": "",
              "tenant_dn": "uni/tn-calico_dev_v4"
            },
            "sensitive_values": {}
          },
          {
            "address": "aci_bgp_peer_connectivity_profile.bgp_peer[\"101\"]",
            "mode": "managed",
            "type": "aci_bgp_peer_connectivity_profile",
            "name": "bgp_peer",
            "index": "101",
            "provider_name": "registry.terraform.io/ciscodevnet/aci",
            "schema_version": 1,
            "values": {
              "addr": "192.168.39.0/24",
              "addr_t_ctrl": [
                "af-ucast"
              ],
              "admin_state": "enabled",
              "allowed_self_as_cnt": "3",
              "annotation": "orchestrator:terraform",
              "as_number": "65002",
              "ctrl": [
                "as-override",
                "dis-peer-as-check"
              ],
              "description": "",
              "id": "uni/tn-calico_dev_v4/out-CalicoL3OUT/lnodep-node_profile_FL3out/lifp-int_profile_FL3out/vlifp-[topology/pod-1/node-101]-[vlan-11]/peerP-[192.168.39.0/24]",
              "local_asn": null,
              "local_asn_propagate": null,
              "logical_node_profile_dn": null,
              "name_alias": "",
              "parent_dn": "uni/tn-calico_dev_v4/out-CalicoL3OUT/lnodep-node_profile_FL3out/lifp-int_profile_FL3out/vlifp-[topology/pod-1/node-101]-[vlan-11]",
              "password": "123Cisco123",
              "peer_ctrl": [],
              "private_a_sctrl": [],
              "relation_bgp_rs_peer_pfx_pol": "uni/tn-calico_dev_v4/bgpPfxP-CalicoL3OUT",
              "relation_bgp_rs_peer_to_profile": [],
              "ttl": "1",
              "weight": "0"
            },
            "sensitive_values": {
              "addr_t_ctrl": [
                false
              ],
              "ctrl": [
                false,
                false
              ],
              "peer_ctrl": [],
              "private_a_sctrl": [],
              "relation_bgp_rs_peer_to_profile": []
            }
          },
          {
            "address": "aci_bgp_peer_connectivity_profile.bgp_peer[\"102\"]",
            "mode": "managed",
            "type": "aci_bgp_peer_connectivity_profile",
            "name": "bgp_peer",
            "index": "102",
            "provider_name": "registry.terraform.io/ciscodevnet/aci",
            "schema_version": 1,
            "values": {
              "addr": "192.168.39.0/24",
              "addr_t_ctrl": [
                "af-ucast"
              ],
              "admin_state": "enabled",
              "allowed_self_as_cnt": "3",
              "annotation": "orchestrator:terraform",
              "as_number": "65002",
              "ctrl": [
                "as-override",
                "dis-peer-as-check"
              ],
              "description": "",
              "id": "uni/tn-calico_dev_v4/out-CalicoL3OUT/lnodep-node_profile_FL3out/lifp-int_profile_FL3out/vlifp-[topology/pod-1/node-102]-[vlan-11]/peerP-[192.168.39.0/24]",
              "local_asn": null,
              "local_asn_propagate": null,
              "logical_node_profile_dn": null,
              "name_alias": "",
              "parent_dn": "uni/tn-calico_dev_v4/out-CalicoL3OUT/lnodep-node_profile_FL3out/lifp-int_profile_FL3out/vlifp-[topology/pod-1/node-102]-[vlan-11]",
              "password": "123Cisco123",
              "peer_ctrl": [],
              "private_a_sctrl": [],
              "relation_bgp_rs_peer_pfx_pol": "uni/tn-calico_dev_v4/bgpPfxP-CalicoL3OUT",
              "relation_bgp_rs_peer_to_profile": [],
              "ttl": "1",
              "weight": "0"
            },
            "sensitive_values": {
              "addr_t_ctrl": [
                false
              ],
              "ctrl": [
                false,
                false
              ],
              "peer_ctrl": [],
              "private_a_sctrl": [],
              "relation_bgp_rs_peer_to_profile": []
            }
          },
          {
            "address": "aci_bgp_peer_prefix.bgp_peer_prefix",
            "mode": "managed",
            "type": "aci_bgp_peer_prefix",
            "name": "bgp_peer_prefix",
            "provider_name": "registry.terraform.io/ciscodevnet/aci",
            "schema_version": 1,
            "values": {
              "action": "reject",
              "annotation": "orchestrator:terraform",
              "description": "",
              "id": "uni/tn-calico_dev_v4/bgpPfxP-CalicoL3OUT",
              "max_pfx": "500",
              "name": "CalicoL3OUT",
              "name_alias": "",
              "restart_time": "infinite",
              "tenant_dn": "uni/tn-calico_dev_v4",
              "thresh": "75"
            },
            "sensitive_values": {}
          },
          {
            "address": "aci_bgp_timers.bgp_timers",
            "mode": "managed",
            "type": "aci_bgp_timers",
            "name": "bgp_timers",
            "provider_name": "registry.terraform.io/ciscodevnet/aci",
            "schema_version": 1,
            "values": {
              "annotation": "orchestrator:terraform",
              "description": "",
              "gr_ctrl": "helper",
              "hold_intvl": "3",
              "id": "uni/tn-calico_dev_v4/bgpCtxP-CalicoL3OUT-Timers",
              "ka_intvl": "1",
              "max_as_limit": "1",
              "name": "CalicoL3OUT-Timers",
              "name_alias": "",
              "stale_intvl": "6",
              "tenant_dn": "uni/tn-calico_dev_v4"
            },
            "sensitive_values": {}
          },
          {
            "address": "aci_external_network_instance_profile.default",
            "mode": "managed",
            "type": "aci_external_network_instance_profile",
            "name": "default",
            "provider_name": "registry.terraform.io/ciscodevnet/aci",
            "schema_version": 1,
            "values": {
              "annotation": "orchestrator:terraform",
              "description": "",
              "exception_tag": "",
              "flood_on_encap": "disabled",
              "id": "uni/tn-calico_dev_v4/out-CalicoL3OUT/instP-catch_all",
              "l3_outside_dn": "uni/tn-calico_dev_v4/out-CalicoL3OUT",
              "match_t": "AtleastOne",
              "name": "catch_all",
              "name_alias": "",
              "pref_gr_memb": "exclude",
              "prio": "unspecified",
              "relation_fv_rs_cons": [
                "uni/tn-common/brc-calico_dev"
              ],
              "relation_fv_rs_cons_if": null,
              "relation_fv_rs_cust_qos_pol": "",
              "relation_fv_rs_intra_epg": null,
              "relation_fv_rs_prot_by": null,
              "relation_fv_rs_prov": [
                "uni/tn-common/brc-calico_dev"
              ],
              "relation_fv_rs_sec_inherited": null,
              "relation_l3ext_rs_inst_p_to_nat_mapping_epg": "",
              "relation_l3ext_rs_inst_p_to_profile": [],
              "relation_l3ext_rs_l3_inst_p_to_dom_p": "",
              "target_dscp": "unspecified"
            },
            "sensitive_values": {
              "relation_fv_rs_cons": [
                false
              ],
              "relation_fv_rs_prov": [
                false
              ],
              "relation_l3ext_rs_inst_p_to_profile": []
            }
          },
          {
            "address": "aci_l3_ext_subnet.cluster_svc",
            "mode": "managed",
            "type": "aci_l3_ext_subnet",
            "name": "cluster_svc",
            "provider_name": "registry.terraform.io/ciscodevnet/aci",
            "schema_version": 1,
            "values": {
              "aggregate": "shared-rtctrl",
              "annotation": "orchestrator:terraform",
              "description": "",
              "external_network_instance_profile_dn": "uni/tn-calico_dev_v4/out-CalicoL3OUT/instP-catch_all",
              "id": "uni/tn-calico_dev_v4/out-CalicoL3OUT/instP-catch_all/extsubnet-[192.168.41.0/24]",
              "ip": "192.168.41.0/24",
              "name_alias": "",
              "relation_l3ext_rs_subnet_to_profile": [],
              "relation_l3ext_rs_subnet_to_rt_summ": "",
              "scope": [
                "import-security",
                "shared-rtctrl",
                "shared-security"
              ]
            },
            "sensitive_values": {
              "relation_l3ext_rs_subnet_to_profile": [],
              "scope": [
                false,
                false,
                false
              ]
            }
          },
          {
            "address": "aci_l3_ext_subnet.external_svc_subnet",
            "mode": "managed",
            "type": "aci_l3_ext_subnet",
            "name": "external_svc_subnet",
            "provider_name": "registry.terraform.io/ciscodevnet/aci",
            "schema_version": 1,
            "values": {
              "aggregate": "shared-rtctrl",
              "annotation": "orchestrator:terraform",
              "description": "",
              "external_network_instance_profile_dn": "uni/tn-calico_dev_v4/out-CalicoL3OUT/instP-catch_all",
              "id": "uni/tn-calico_dev_v4/out-CalicoL3OUT/instP-catch_all/extsubnet-[192.168.42.0/24]",
              "ip": "192.168.42.0/24",
              "name_alias": "",
              "relation_l3ext_rs_subnet_to_profile": [],
              "relation_l3ext_rs_subnet_to_rt_summ": "",
              "scope": [
                "import-security",
                "shared-rtctrl",
                "shared-security"
              ]
            },
            "sensitive_values": {
              "relation_l3ext_rs_subnet_to_profile": [],
              "scope": [
                false,
                false,
                false
              ]
            }
          },
          {
            "address": "aci_l3_ext_subnet.node",
            "mode": "managed",
            "type": "aci_l3_ext_subnet",
            "name": "node",
            "provider_name": "registry.terraform.io/ciscodevnet/aci",
            "schema_version": 1,
            "values": {
              "aggregate": "none",
              "annotation": "orchestrator:terraform",
              "description": "",
              "external_network_instance_profile_dn": "uni/tn-calico_dev_v4/out-CalicoL3OUT/instP-catch_all",
              "id": "uni/tn-calico_dev_v4/out-CalicoL3OUT/instP-catch_all/extsubnet-[192.168.39.0/24]",
              "ip": "192.168.39.0/24",
              "name_alias": "",
              "relation_l3ext_rs_subnet_to_profile": [],
              "relation_l3ext_rs_subnet_to_rt_summ": "",
              "scope": [
                "import-security",
                "shared-rtctrl",
                "shared-security"
              ]
            },
            "sensitive_values": {
              "relation_l3ext_rs_subnet_to_profile": [],
              "scope": [
                false,
                false,
                false
              ]
            }
          },
          {
            "address": "aci_l3_ext_subnet.pod",
            "mode": "managed",
            "type": "aci_l3_ext_subnet",
            "name": "pod",
            "provider_name": "registry.terraform.io/ciscodevnet/aci",
            "schema_version": 1,
            "values": {
              "aggregate": "shared-rtctrl",
              "annotation": "orchestrator:terraform",
              "description": "",
              "external_network_instance_profile_dn": "uni/tn-calico_dev_v4/out-CalicoL3OUT/instP-catch_all",
              "id": "uni/tn-calico_dev_v4/out-CalicoL3OUT/instP-catch_all/extsubnet-[192.168.40.0/24]",
              "ip": "192.168.40.0/24",
              "name_alias": "",
              "relation_l3ext_rs_subnet_to_profile": [],
              "relation_l3ext_rs_subnet_to_rt_summ": "",
              "scope": [
                "import-security",
                "shared-rtctrl",
                "shared-security"
              ]
            },
            "sensitive_values": {
              "relation_l3ext_rs_subnet_to_profile": [],
              "scope": [
                false,
                false,
                false
              ]
            }
          },
          {
            "address": "aci_l3_outside.calico_l3out",
            "mode": "managed",
            "type": "aci_l3_outside",
            "name": "calico_l3out",
            "provider_name": "registry.terraform.io/ciscodevnet/aci",
            "schema_version": 1,
            "values": {
              "annotation": "orchestrator:terraform",
              "description": "",
              "enforce_rtctrl": [
                "export",
                "import"
              ],
              "id": "uni/tn-calico_dev_v4/out-CalicoL3OUT",
              "name": "CalicoL3OUT",
              "name_alias": "",
              "relation_l3ext_rs_dampening_pol": [],
              "relation_l3ext_rs_ectx": "uni/tn-calico_dev_v4/ctx-vrf",
              "relation_l3ext_rs_interleak_pol": "",
              "relation_l3ext_rs_l3_dom_att": "",
              "relation_l3ext_rs_out_to_bd_public_subnet_holder": null,
              "target_dscp": "unspecified",
              "tenant_dn": "uni/tn-calico_dev_v4"
            },
            "sensitive_values": {
              "enforce_rtctrl": [
                false,
                false
              ],
              "relation_l3ext_rs_dampening_pol": []
            }
          },
          {
            "address": "aci_l3out_bgp_external_policy.bgp",
            "mode": "managed",
            "type": "aci_l3out_bgp_external_policy",
            "name": "bgp",
            "provider_name": "registry.terraform.io/ciscodevnet/aci",
            "schema_version": 1,
            "values": {
              "annotation": "orchestrator:terraform",
              "description": "",
              "id": "uni/tn-calico_dev_v4/out-CalicoL3OUT/bgpExtP",
              "l3_outside_dn": "uni/tn-calico_dev_v4/out-CalicoL3OUT",
              "name_alias": ""
            },
            "sensitive_values": {}
          },
          {
            "address": "aci_l3out_bgp_protocol_profile.bgp_pol_timers",
            "mode": "managed",
            "type": "aci_l3out_bgp_protocol_profile",
            "name": "bgp_pol_timers",
            "provider_name": "registry.terraform.io/ciscodevnet/aci",
            "schema_version": 1,
            "values": {
              "annotation": "orchestrator:terraform",
              "id": "uni/tn-calico_dev_v4/out-CalicoL3OUT/lnodep-node_profile_FL3out/protp",
              "logical_node_profile_dn": "uni/tn-calico_dev_v4/out-CalicoL3OUT/lnodep-node_profile_FL3out",
              "name_alias": "",
              "relation_bgp_rs_bgp_node_ctx_pol": "uni/tn-calico_dev_v4/bgpCtxP-CalicoL3OUT-Timers"
            },
            "sensitive_values": {}
          },
          {
            "address": "aci_l3out_bgp_protocol_profile.bgp_prot_pfl",
            "mode": "managed",
            "type": "aci_l3out_bgp_protocol_profile",
            "name": "bgp_prot_pfl",
            "provider_name": "registry.terraform.io/ciscodevnet/aci",
            "schema_version": 1,
            "values": {
              "annotation": "orchestrator:terraform",
              "id": "uni/tn-calico_dev_v4/out-CalicoL3OUT/lnodep-node_profile_FL3out/protp",
              "logical_node_profile_dn": "uni/tn-calico_dev_v4/out-CalicoL3OUT/lnodep-node_profile_FL3out",
              "name_alias": "",
              "relation_bgp_rs_bgp_node_ctx_pol": ""
            },
            "sensitive_values": {}
          },
          {
            "address": "aci_l3out_floating_svi.floating_svi[\"101\"]",
            "mode": "managed",
            "type": "aci_l3out_floating_svi",
            "name": "floating_svi",
            "index": "101",
            "provider_name": "registry.terraform.io/ciscodevnet/aci",
            "schema_version": 1,
            "values": {
              "addr": "192.168.39.101/24",
              "annotation": "orchestrator:terraform",
              "autostate": "enabled",
              "description": "",
              "encap": "vlan-11",
              "encap_scope": "local",
              "id": "uni/tn-calico_dev_v4/out-CalicoL3OUT/lnodep-node_profile_FL3out/lifp-int_profile_FL3out/vlifp-[topology/pod-1/node-101]-[vlan-11]",
              "if_inst_t": "ext-svi",
              "ipv6_dad": "enabled",
              "ll_addr": "::",
              "logical_interface_profile_dn": "uni/tn-calico_dev_v4/out-CalicoL3OUT/lnodep-node_profile_FL3out/lifp-int_profile_FL3out",
              "mac": "00:22:BD:F8:19:FF",
              "mode": "regular",
              "mtu": "9000",
              "node_dn": "topology/pod-1/node-101",
              "relation_l3ext_rs_dyn_path_att": [
                {
                  "floating_address": "192.168.39.254/24",
                  "forged_transmit": "Disabled",
                  "mac_change": "Disabled",
                  "promiscuous_mode": "Disabled",
                  "tdn": "uni/phys-FAB1"
                }
              ],
              "target_dscp": "unspecified"
            },
            "sensitive_values": {
              "relation_l3ext_rs_dyn_path_att": [
                {}
              ]
            }
          },
          {
            "address": "aci_l3out_floating_svi.floating_svi[\"102\"]",
            "mode": "managed",
            "type": "aci_l3out_floating_svi",
            "name": "floating_svi",
            "index": "102",
            "provider_name": "registry.terraform.io/ciscodevnet/aci",
            "schema_version": 1,
            "values": {
              "addr": "192.168.39.102/24",
              "annotation": "orchestrator:terraform",
              "autostate": "enabled",
              "description": "",
              "encap": "vlan-11",
              "encap_scope": "local",
              "id": "uni/tn-calico_dev_v4/out-CalicoL3OUT/lnodep-node_profile_FL3out/lifp-int_profile_FL3out/vlifp-[topology/pod-1/node-102]-[vlan-11]",
              "if_inst_t": "ext-svi",
              "ipv6_dad": "enabled",
              "ll_addr": "::",
              "logical_interface_profile_dn": "uni/tn-calico_dev_v4/out-CalicoL3OUT/lnodep-node_profile_FL3out/lifp-int_profile_FL3out",
              "mac": "00:22:BD:F8:19:FF",
              "mode": "regular",
              "mtu": "9000",
              "node_dn": "topology/pod-1/node-102",
              "relation_l3ext_rs_dyn_path_att": [
                {
                  "floating_address": "192.168.39.254/24",
                  "forged_transmit": "Disabled",
                  "mac_change": "Disabled",
                  "promiscuous_mode": "Disabled",
                  "tdn": "uni/phys-FAB1"
                }
              ],
              "target_dscp": "unspecified"
            },
            "sensitive_values": {
              "relation_l3ext_rs_dyn_path_att": [
                {}
              ]
            }
          },
          {
            "address": "aci_l3out_path_attachment_secondary_ip.floating_svi_sec_ip[\"101\"]",
            "mode": "managed",
            "type": "aci_l3out_path_attachment_secondary_ip",
            "name": "floating_svi_sec_ip",
            "index": "101",
            "provider_name": "registry.terraform.io/ciscodevnet/aci",
            "schema_version": 1,
            "values": {
              "addr": "192.168.39.253/24",
              "annotation": "orchestrator:terraform",
              "description": "",
              "id": "uni/tn-calico_dev_v4/out-CalicoL3OUT/lnodep-node_profile_FL3out/lifp-int_profile_FL3out/vlifp-[topology/pod-1/node-101]-[vlan-11]/addr-[192.168.39.253/24]",
              "ipv6_dad": "enabled",
              "l3out_path_attachment_dn": "uni/tn-calico_dev_v4/out-CalicoL3OUT/lnodep-node_profile_FL3out/lifp-int_profile_FL3out/vlifp-[topology/pod-1/node-101]-[vlan-11]",
              "name_alias": ""
            },
            "sensitive_values": {}
          },
          {
            "address": "aci_l3out_path_attachment_secondary_ip.floating_svi_sec_ip[\"102\"]",
            "mode": "managed",
            "type": "aci_l3out_path_attachment_secondary_ip",
            "name": "floating_svi_sec_ip",
            "index": "102",
            "provider_name": "registry.terraform.io/ciscodevnet/aci",
            "schema_version": 1,
            "values": {
              "addr": "192.168.39.253/24",
              "annotation": "orchestrator:terraform",
              "description": "",
              "id": "uni/tn-calico_dev_v4/out-CalicoL3OUT/lnodep-node_profile_FL3out/lifp-int_profile_FL3out/vlifp-[topology/pod-1/node-102]-[vlan-11]/addr-[192.168.39.253/24]",
              "ipv6_dad": "enabled",
              "l3out_path_attachment_dn": "uni/tn-calico_dev_v4/out-CalicoL3OUT/lnodep-node_profile_FL3out/lifp-int_profile_FL3out/vlifp-[topology/pod-1/node-102]-[vlan-11]",
              "name_alias": ""
            },
            "sensitive_values": {}
          },
          {
            "address": "aci_logical_interface_profile.calico_interface_profile",
            "mode": "managed",
            "type": "aci_logical_interface_profile",
            "name": "calico_interface_profile",
            "provider_name": "registry.terraform.io/ciscodevnet/aci",
            "schema_version": 1,
            "values": {
              "annotation": "orchestrator:terraform",
              "description": "",
              "id": "uni/tn-calico_dev_v4/out-CalicoL3OUT/lnodep-node_profile_FL3out/lifp-int_profile_FL3out",
              "logical_node_profile_dn": "uni/tn-calico_dev_v4/out-CalicoL3OUT/lnodep-node_profile_FL3out",
              "name": "int_profile_FL3out",
              "name_alias": "",
              "prio": "unspecified",
              "relation_l3ext_rs_arp_if_pol": "",
              "relation_l3ext_rs_egress_qos_dpp_pol": "",
              "relation_l3ext_rs_ingress_qos_dpp_pol": "",
              "relation_l3ext_rs_l_if_p_cust_qos_pol": "",
              "relation_l3ext_rs_l_if_p_to_netflow_monitor_pol": [],
              "relation_l3ext_rs_nd_if_pol": "",
              "tag": "yellow-green"
            },
            "sensitive_values": {
              "relation_l3ext_rs_l_if_p_to_netflow_monitor_pol": []
            }
          },
          {
            "address": "aci_logical_node_profile.calico_node_profile",
            "mode": "managed",
            "type": "aci_logical_node_profile",
            "name": "calico_node_profile",
            "provider_name": "registry.terraform.io/ciscodevnet/aci",
            "schema_version": 1,
            "values": {
              "annotation": "orchestrator:terraform",
              "config_issues": "none",
              "description": "",
              "id": "uni/tn-calico_dev_v4/out-CalicoL3OUT/lnodep-node_profile_FL3out",
              "l3_outside_dn": "uni/tn-calico_dev_v4/out-CalicoL3OUT",
              "name": "node_profile_FL3out",
              "name_alias": "",
              "tag": "yellow-green",
              "target_dscp": "unspecified"
            },
            "sensitive_values": {}
          },
          {
            "address": "aci_logical_node_to_fabric_node.nodes[\"0\"]",
            "mode": "managed",
            "type": "aci_logical_node_to_fabric_node",
            "name": "nodes",
            "index": "0",
            "provider_name": "registry.terraform.io/ciscodevnet/aci",
            "schema_version": 1,
            "values": {
              "annotation": "orchestrator:terraform",
              "config_issues": "none",
              "description": null,
              "id": "uni/tn-calico_dev_v4/out-CalicoL3OUT/lnodep-node_profile_FL3out/rsnodeL3OutAtt-[topology/pod-1/node-101]",
              "logical_node_profile_dn": "uni/tn-calico_dev_v4/out-CalicoL3OUT/lnodep-node_profile_FL3out",
              "rtr_id": "1.1.1.101",
              "rtr_id_loop_back": "no",
              "tdn": "topology/pod-1/node-101"
            },
            "sensitive_values": {}
          },
          {
            "address": "aci_logical_node_to_fabric_node.nodes[\"1\"]",
            "mode": "managed",
            "type": "aci_logical_node_to_fabric_node",
            "name": "nodes",
            "index": "1",
            "provider_name": "registry.terraform.io/ciscodevnet/aci",
            "schema_version": 1,
            "values": {
              "annotation": "orchestrator:terraform",
              "config_issues": "none",
              "description": null,
              "id": "uni/tn-calico_dev_v4/out-CalicoL3OUT/lnodep-node_profile_FL3out/rsnodeL3OutAtt-[topology/pod-1/node-102]",
              "logical_node_profile_dn": "uni/tn-calico_dev_v4/out-CalicoL3OUT/lnodep-node_profile_FL3out",
              "rtr_id": "1.1.1.102",
              "rtr_id_loop_back": "no",
              "tdn": "topology/pod-1/node-102"
            },
            "sensitive_values": {}
          },
          {
            "address": "aci_match_route_destination_rule.export_pod_match_rule_subnet",
            "mode": "managed",
            "type": "aci_match_route_destination_rule",
            "name": "export_pod_match_rule_subnet",
            "provider_name": "registry.terraform.io/ciscodevnet/aci",
            "schema_version": 1,
            "values": {
              "aggregate": "yes",
              "annotation": "orchestrator:terraform",
              "description": "",
              "greater_than_mask": "0",
              "id": "uni/tn-calico_dev_v4/subj-CalicoL3OUT-export-match/dest-[192.168.40.0/24]",
              "ip": "192.168.40.0/24",
              "less_than_mask": "0",
              "match_rule_dn": "uni/tn-calico_dev_v4/subj-CalicoL3OUT-export-match",
              "name": "",
              "name_alias": ""
            },
            "sensitive_values": {}
          },
          {
            "address": "aci_match_route_destination_rule.import_ext_svc_match_rule_subnet",
            "mode": "managed",
            "type": "aci_match_route_destination_rule",
            "name": "import_ext_svc_match_rule_subnet",
            "provider_name": "registry.terraform.io/ciscodevnet/aci",
            "schema_version": 1,
            "values": {
              "aggregate": "yes",
              "annotation": "orchestrator:terraform",
              "description": "",
              "greater_than_mask": "0",
              "id": "uni/tn-calico_dev_v4/subj-CalicoL3OUT-import-match/dest-[192.168.42.0/24]",
              "ip": "192.168.42.0/24",
              "less_than_mask": "0",
              "match_rule_dn": "uni/tn-calico_dev_v4/subj-CalicoL3OUT-import-match",
              "name": "",
              "name_alias": ""
            },
            "sensitive_values": {}
          },
          {
            "address": "aci_match_route_destination_rule.import_node_match_rule_subnet",
            "mode": "managed",
            "type": "aci_match_route_destination_rule",
            "name": "import_node_match_rule_subnet",
            "provider_name": "registry.terraform.io/ciscodevnet/aci",
            "schema_version": 1,
            "values": {
              "aggregate": "yes",
              "annotation": "orchestrator:terraform",
              "description": "",
              "greater_than_mask": "0",
              "id": "uni/tn-calico_dev_v4/subj-CalicoL3OUT-import-match/dest-[192.168.39.0/24]",
              "ip": "192.168.39.0/24",
              "less_than_mask": "0",
              "match_rule_dn": "uni/tn-calico_dev_v4/subj-CalicoL3OUT-import-match",
              "name": "",
              "name_alias": ""
            },
            "sensitive_values": {}
          },
          {
            "address": "aci_match_route_destination_rule.import_pod_match_rule_subnet",
            "mode": "managed",
            "type": "aci_match_route_destination_rule",
            "name": "import_pod_match_rule_subnet",
            "provider_name": "registry.terraform.io/ciscodevnet/aci",
            "schema_version": 1,
            "values": {
              "aggregate": "yes",
              "annotation": "orchestrator:terraform",
              "description": "",
              "greater_than_mask": "0",
              "id": "uni/tn-calico_dev_v4/subj-CalicoL3OUT-import-match/dest-[192.168.40.0/24]",
              "ip": "192.168.40.0/24",
              "less_than_mask": "0",
              "match_rule_dn": "uni/tn-calico_dev_v4/subj-CalicoL3OUT-import-match",
              "name": "",
              "name_alias": ""
            },
            "sensitive_values": {}
          },
          {
            "address": "aci_match_route_destination_rule.import_svc_match_rule_subnet",
            "mode": "managed",
            "type": "aci_match_route_destination_rule",
            "name": "import_svc_match_rule_subnet",
            "provider_name": "registry.terraform.io/ciscodevnet/aci",
            "schema_version": 1,
            "values": {
              "aggregate": "yes",
              "annotation": "orchestrator:terraform",
              "description": "",
              "greater_than_mask": "0",
              "id": "uni/tn-calico_dev_v4/subj-CalicoL3OUT-import-match/dest-[192.168.41.0/24]",
              "ip": "192.168.41.0/24",
              "less_than_mask": "0",
              "match_rule_dn": "uni/tn-calico_dev_v4/subj-CalicoL3OUT-import-match",
              "name": "",
              "name_alias": ""
            },
            "sensitive_values": {}
          },
          {
            "address": "aci_match_rule.export_match_rule",
            "mode": "managed",
            "type": "aci_match_rule",
            "name": "export_match_rule",
            "provider_name": "registry.terraform.io/ciscodevnet/aci",
            "schema_version": 1,
            "values": {
              "annotation": "orchestrator:terraform",
              "description": "",
              "id": "uni/tn-calico_dev_v4/subj-CalicoL3OUT-export-match",
              "name": "CalicoL3OUT-export-match",
              "name_alias": "",
              "tenant_dn": "uni/tn-calico_dev_v4"
            },
            "sensitive_values": {}
          },
          {
            "address": "aci_match_rule.import_match_rule",
            "mode": "managed",
            "type": "aci_match_rule",
            "name": "import_match_rule",
            "provider_name": "registry.terraform.io/ciscodevnet/aci",
            "schema_version": 1,
            "values": {
              "annotation": "orchestrator:terraform",
              "description": "",
              "id": "uni/tn-calico_dev_v4/subj-CalicoL3OUT-import-match",
              "name": "CalicoL3OUT-import-match",
              "name_alias": "",
              "tenant_dn": "uni/tn-calico_dev_v4"
            },
            "sensitive_values": {}
          },
          {
            "address": "aci_rest.bgp_addr_family_context_to_vrf",
            "mode": "managed",
            "type": "aci_rest",
            "name": "bgp_addr_family_context_to_vrf",
            "provider_name": "registry.terraform.io/ciscodevnet/aci",
            "schema_version": 1,
            "values": {
              "class_name": "fvRsCtxToBgpCtxAfPol",
              "content": {
                "af": "ipv4-ucast",
                "tnBgpCtxAfPolName": "CalicoL3OUT"
              },
              "dn": null,
              "id": "uni/tn-calico_dev_v4/ctx-vrf/rsctxToBgpCtxAfPol-[CalicoL3OUT]-ipv4-ucast",
              "path": "/api/mo/uni/tn-calico_dev_v4/ctx-vrf/rsctxToBgpCtxAfPol-[CalicoL3OUT]-ipv4-ucast.json",
              "payload": null
            },
            "sensitive_values": {
              "content": {}
            }
          },
          {
            "address": "aci_rest.bgp_pol_relax_as_restriction",
            "mode": "managed",
            "type": "aci_rest",
            "name": "bgp_pol_relax_as_restriction",
            "provider_name": "registry.terraform.io/ciscodevnet/aci",
            "schema_version": 1,
            "values": {
              "class_name": "bgpRsBestPathCtrlPol",
              "content": {
                "tnBgpBestPathCtrlPolName": "CalicoL3OUT-Relax-AS"
              },
              "dn": null,
              "id": "uni/tn-calico_dev_v4/out-CalicoL3OUT/lnodep-node_profile_FL3out/protp/rsBestPathCtrlPol",
              "path": "/api/mo/uni/tn-calico_dev_v4/out-CalicoL3OUT/lnodep-node_profile_FL3out/protp/rsBestPathCtrlPol.json",
              "payload": null
            },
            "sensitive_values": {
              "content": {}
            }
          },
          {
            "address": "aci_route_control_context.default_export",
            "mode": "managed",
            "type": "aci_route_control_context",
            "name": "default_export",
            "provider_name": "registry.terraform.io/ciscodevnet/aci",
            "schema_version": 1,
            "values": {
              "action": "permit",
              "annotation": "orchestrator:terraform",
              "description": "",
              "id": "uni/tn-calico_dev_v4/out-CalicoL3OUT/prof-default-export/ctx-export_pod_subnet",
              "name": "export_pod_subnet",
              "name_alias": "",
              "order": "0",
              "relation_rtctrl_rs_ctx_p_to_subj_p": [
                "uni/tn-calico_dev_v4/subj-CalicoL3OUT-export-match"
              ],
              "route_control_profile_dn": "uni/tn-calico_dev_v4/out-CalicoL3OUT/prof-default-export",
              "set_rule": null
            },
            "sensitive_values": {
              "relation_rtctrl_rs_ctx_p_to_subj_p": [
                false
              ]
            }
          },
          {
            "address": "aci_route_control_context.import_cluster_subnets",
            "mode": "managed",
            "type": "aci_route_control_context",
            "name": "import_cluster_subnets",
            "provider_name": "registry.terraform.io/ciscodevnet/aci",
            "schema_version": 1,
            "values": {
              "action": "permit",
              "annotation": "orchestrator:terraform",
              "description": "",
              "id": "uni/tn-calico_dev_v4/out-CalicoL3OUT/prof-default-import/ctx-import_cluster_subnets",
              "name": "import_cluster_subnets",
              "name_alias": "",
              "order": "0",
              "relation_rtctrl_rs_ctx_p_to_subj_p": [
                "uni/tn-calico_dev_v4/subj-CalicoL3OUT-import-match"
              ],
              "route_control_profile_dn": "uni/tn-calico_dev_v4/out-CalicoL3OUT/prof-default-import",
              "set_rule": null
            },
            "sensitive_values": {
              "relation_rtctrl_rs_ctx_p_to_subj_p": [
                false
              ]
            }
          },
          {
            "address": "aci_route_control_profile.default_import",
            "mode": "managed",
            "type": "aci_route_control_profile",
            "name": "default_import",
            "provider_name": "registry.terraform.io/ciscodevnet/aci",
            "schema_version": 1,
            "values": {
              "annotation": "orchestrator:terraform",
              "description": "",
              "id": "uni/tn-calico_dev_v4/out-CalicoL3OUT/prof-default-import",
              "name": "default-import",
              "name_alias": "",
              "parent_dn": "uni/tn-calico_dev_v4/out-CalicoL3OUT",
              "route_control_profile_type": "combinable"
            },
            "sensitive_values": {}
          },
          {
            "address": "aci_route_control_profile.export_pod_subnet",
            "mode": "managed",
            "type": "aci_route_control_profile",
            "name": "export_pod_subnet",
            "provider_name": "registry.terraform.io/ciscodevnet/aci",
            "schema_version": 1,
            "values": {
              "annotation": "orchestrator:terraform",
              "description": "",
              "id": "uni/tn-calico_dev_v4/out-CalicoL3OUT/prof-default-export",
              "name": "default-export",
              "name_alias": "",
              "parent_dn": "uni/tn-calico_dev_v4/out-CalicoL3OUT",
              "route_control_profile_type": "combinable"
            },
            "sensitive_values": {}
          }
        ],
        "child_modules": [
          {
            "resources": [
              {
                "address": "module.k8s_node.local_file.AnsibleConfig",
                "mode": "managed",
                "type": "local_file",
                "name": "AnsibleConfig",
                "provider_name": "registry.terraform.io/hashicorp/local",
                "schema_version": 0,
                "values": {
                  "content": "### TO DO: This should be fixed with SSH KEY Autnentication\nansible_user: cisco\nansible_ssh_private_key_file: /home/cisco/Coding/akb/ansible/roles/sandbox/files/id_rsa\n\nfabric_type: aci\n\n#K8S an Crio Version\nkube_version: 1.23.4-00            # This is the versioning number as per Ubuntu Packages. (apt-cache show <package> | grep Version)\nOS_Version: \"xUbuntu_20.04\"\ncrio_version: \"1.23\"\n\n#HA-Proxy and Keepalied Config \nhaproxy_image: haproxy:latest\ncontrol_plane_vip: 192.168.39.252\nvip_port: 8443\nkeepalived_image: osixia/keepalived:latest\nkeepalived_router_id: 51\n\n#Cluster Networking\npod_subnet: 192.168.40.0/24\ncluster_svc_subnet: 192.168.41.0/24\nexternal_svc_subnet: 192.168.42.0/24\npod_subnet_v6: \ncluster_svc_subnet_v6: \nexternal_svc_subnet_v6: \ningress_ip: 192.168.42.1\nvisibility_ip: 192.168.42.2\nneo4j_ip: 192.168.42.3\nntp_server: 72.163.32.44\ntime_zone: \"Australia/Sydney\"\n\nkubeadm_token: fqv728.htdmfzf6rt9blhej\n\naci_as: 65001\ncalico_as:  65002\napic_username : nkt_user_npgqka\napic_cert_name : nkt_user_npgqka\napic_private_key: ../ansible/roles/aci/files/nkt_user_npgqka-user.key\napic_oob_ips :  10.67.185.106\nvrf_tenant: calico_dev_v4\nvrf_name: vrf\n\nbgp_peers:\n  - id: 101\n    primary_ip: 192.168.39.101\n    primary_ipv6: \n    rack_id: \"1\"\n  - id: 102\n    primary_ip: 192.168.39.102\n    primary_ipv6: \n    rack_id: \"1\"\n\ndocker_mirror: 10.67.185.120:5000\nbgp_pass: 123Cisco123\nsandbox_status: true\nhttp_proxy_status: \n\nproxy_env: {}\nhttp_proxy: \"\"\nhttps_proxy: \"\"\n\ndns_domain: cam.ciscolabs.com\nubuntu_apt_mirror: https://ubuntu.mirror.digitalpacific.com.au/archive/\neBPF_status: false\n",
                  "content_base64": null,
                  "directory_permission": "0777",
                  "file_permission": "0777",
                  "filename": "../ansible/inventory/group_vars/all.yml",
                  "id": "85211faab809344877a6412e1e342440b693e8cc",
                  "sensitive_content": null,
                  "source": null
                },
                "sensitive_values": {}
              },
              {
                "address": "module.k8s_node.local_file.AnsibleInventory",
                "mode": "managed",
                "type": "local_file",
                "name": "AnsibleInventory",
                "provider_name": "registry.terraform.io/hashicorp/local",
                "schema_version": 0,
                "values": {
                  "content": "[k8s_primary_master]\nnkt-master-08334-1 ansible_host=192.168.39.1 rack_id=1 real_ip=192.168.39.1 ipv6=\n\n[k8s_master_replicas]\nnkt-master-08334-2 ansible_host=192.168.39.2 rack_id=1 real_ip=192.168.39.2 ipv6=\nnkt-master-08334-3 ansible_host=192.168.39.3 rack_id=1 real_ip=192.168.39.3 ipv6=\n\n[k8s_workers]\nnkt-worker-08334-2 ansible_host=192.168.39.5 rack_id=1 real_ip=192.168.39.5 ipv6=\nnkt-worker-08334-1 ansible_host=192.168.39.4 rack_id=1 real_ip=192.168.39.4 ipv6=\nnkt-worker-08334-3 ansible_host=192.168.39.6 rack_id=1 real_ip=192.168.39.6 ipv6=\nnkt-worker-08334-4 ansible_host=192.168.39.7 rack_id=1 real_ip=192.168.39.7 ipv6=\n\n[k8s_masters:children]\nk8s_primary_master\nk8s_master_replicas\n\n[k8s_nodes:children]\nk8s_masters\nk8s_workers",
                  "content_base64": null,
                  "directory_permission": "0777",
                  "file_permission": "0777",
                  "filename": "../ansible/inventory/nodes.ini",
                  "sensitive_content": null,
                  "source": null
                },
                "sensitive_values": {}
              },
              {
                "address": "module.k8s_node.null_resource.sandbox_cluster[0]",
                "mode": "managed",
                "type": "null_resource",
                "name": "sandbox_cluster",
                "index": 0,
                "provider_name": "registry.terraform.io/hashicorp/null",
                "schema_version": 0,
                "values": {
                  "id": "1752126362925896400",
                  "triggers": null
                },
                "sensitive_values": {}
              },
              {
                "address": "module.k8s_node.vsphere_virtual_machine.vm[\"nkt-master-08334-1\"]",
                "mode": "managed",
                "type": "vsphere_virtual_machine",
                "name": "vm",
                "index": "nkt-master-08334-1",
                "provider_name": "registry.terraform.io/hashicorp/vsphere",
                "schema_version": 3,
                "values": {
                  "alternate_guest_name": "",
                  "annotation": "",
                  "boot_delay": 0,
                  "boot_retry_delay": 10000,
                  "boot_retry_enabled": false,
                  "cdrom": [
                    {
                      "client_device": true,
                      "datastore_id": "",
                      "device_address": "sata:0:0",
                      "key": 16000,
                      "path": ""
                    }
                  ],
                  "change_version": "2022-04-13T00:59:52.712377Z",
                  "clone": [
                    {
                      "customize": [
                        {
                          "dns_server_list": [
                            "10.67.185.100"
                          ],
                          "dns_suffix_list": [],
                          "ipv4_gateway": "192.168.39.253",
                          "ipv6_gateway": "",
                          "linux_options": [
                            {
                              "domain": "cam.ciscolabs.com",
                              "host_name": "nkt-master-08334-1",
                              "hw_clock_utc": true,
                              "time_zone": ""
                            }
                          ],
                          "network_interface": [
                            {
                              "dns_domain": "",
                              "dns_server_list": [],
                              "ipv4_address": "192.168.39.1",
                              "ipv4_netmask": 24,
                              "ipv6_address": "",
                              "ipv6_netmask": 0
                            }
                          ],
                          "timeout": 10,
                          "windows_options": [],
                          "windows_sysprep_text": ""
                        }
                      ],
                      "linked_clone": true,
                      "ovf_network_map": {},
                      "ovf_storage_map": {},
                      "template_uuid": "4236cd8a-4ff9-ae65-af2e-f9c58dee15db",
                      "timeout": 30
                    }
                  ],
                  "cpu_hot_add_enabled": false,
                  "cpu_hot_remove_enabled": false,
                  "cpu_limit": -1,
                  "cpu_performance_counters_enabled": false,
                  "cpu_reservation": 0,
                  "cpu_share_count": 2000,
                  "cpu_share_level": "normal",
                  "custom_attributes": {},
                  "datacenter_id": null,
                  "datastore_cluster_id": null,
                  "datastore_id": "datastore-7922",
                  "default_ip_address": "192.168.39.1",
                  "disk": [
                    {
                      "attach": false,
                      "controller_type": "scsi",
                      "datastore_id": "datastore-7922",
                      "device_address": "scsi:0:0",
                      "disk_mode": "persistent",
                      "disk_sharing": "sharingNone",
                      "eagerly_scrub": false,
                      "io_limit": -1,
                      "io_reservation": 0,
                      "io_share_count": 1000,
                      "io_share_level": "normal",
                      "keep_on_remove": false,
                      "key": 2000,
                      "label": "disk0",
                      "path": "nkt-master-08334-1/nkt-master-08334-1.vmdk",
                      "size": 50,
                      "storage_policy_id": "",
                      "thin_provisioned": true,
                      "unit_number": 0,
                      "uuid": "6000C292-9322-c1f3-326e-280d6a7a927e",
                      "write_through": false
                    }
                  ],
                  "efi_secure_boot_enabled": false,
                  "enable_disk_uuid": false,
                  "enable_logging": false,
                  "ept_rvi_mode": "automatic",
                  "extra_config": {},
                  "firmware": "bios",
                  "folder": "CalicoDev_v4",
                  "force_power_off": true,
                  "guest_id": "ubuntu64Guest",
                  "guest_ip_addresses": [
                    "fe80::ecee:eeff:feee:eeee",
                    "fe80::ecee:eeff:feee:eeee",
                    "192.168.39.1",
                    "192.168.39.252",
                    "fe80::250:56ff:feb6:e425"
                  ],
                  "hardware_version": 14,
                  "host_system_id": "host-2242",
                  "hv_mode": "hvAuto",
                  "id": "4236d85e-c197-5155-6f30-2bf6d37f9a0b",
                  "ide_controller_count": 2,
                  "ignored_guest_ips": null,
                  "imported": null,
                  "latency_sensitivity": "normal",
                  "memory": 8192,
                  "memory_hot_add_enabled": false,
                  "memory_limit": -1,
                  "memory_reservation": 0,
                  "memory_share_count": 81920,
                  "memory_share_level": "normal",
                  "migrate_wait_timeout": 30,
                  "moid": "vm-10676",
                  "name": "nkt-master-08334-1",
                  "nested_hv_enabled": false,
                  "network_interface": [
                    {
                      "adapter_type": "vmxnet3",
                      "bandwidth_limit": -1,
                      "bandwidth_reservation": 0,
                      "bandwidth_share_count": 50,
                      "bandwidth_share_level": "normal",
                      "device_address": "pci:0:7",
                      "key": 4000,
                      "mac_address": "00:50:56:b6:e4:25",
                      "network_id": "dvportgroup-7996",
                      "ovf_mapping": "",
                      "use_static_mac": false
                    }
                  ],
                  "num_cores_per_socket": 1,
                  "num_cpus": 2,
                  "ovf_deploy": [],
                  "pci_device_id": [],
                  "poweron_timeout": 300,
                  "reboot_required": false,
                  "replace_trigger": null,
                  "resource_pool_id": "resgroup-1836",
                  "run_tools_scripts_after_power_on": true,
                  "run_tools_scripts_after_resume": true,
                  "run_tools_scripts_before_guest_reboot": false,
                  "run_tools_scripts_before_guest_shutdown": true,
                  "run_tools_scripts_before_guest_standby": true,
                  "sata_controller_count": 0,
                  "scsi_bus_sharing": "noSharing",
                  "scsi_controller_count": 1,
                  "scsi_type": "lsilogic",
                  "shutdown_wait_timeout": 3,
                  "storage_policy_id": "",
                  "swap_placement_policy": "inherit",
                  "sync_time_with_host": false,
                  "sync_time_with_host_periodically": null,
                  "tags": [],
                  "uuid": "4236d85e-c197-5155-6f30-2bf6d37f9a0b",
                  "vapp": [],
                  "vapp_transport": [],
                  "vbs_enabled": false,
                  "vmware_tools_status": "guestToolsRunning",
                  "vmx_path": "nkt-master-08334-1/nkt-master-08334-1.vmx",
                  "vvtd_enabled": false,
                  "wait_for_guest_ip_timeout": 0,
                  "wait_for_guest_net_routable": true,
                  "wait_for_guest_net_timeout": 10
                },
                "sensitive_values": {
                  "cdrom": [
                    {}
                  ],
                  "clone": [
                    {
                      "customize": [
                        {
                          "dns_server_list": [
                            false
                          ],
                          "dns_suffix_list": [],
                          "linux_options": [
                            {}
                          ],
                          "network_interface": [
                            {
                              "dns_server_list": []
                            }
                          ],
                          "windows_options": []
                        }
                      ],
                      "ovf_network_map": {},
                      "ovf_storage_map": {}
                    }
                  ],
                  "custom_attributes": {},
                  "disk": [
                    {}
                  ],
                  "extra_config": {},
                  "guest_ip_addresses": [
                    false,
                    false,
                    false,
                    false,
                    false
                  ],
                  "network_interface": [
                    {}
                  ],
                  "ovf_deploy": [],
                  "pci_device_id": [],
                  "tags": [],
                  "vapp": [],
                  "vapp_transport": []
                }
              },
              {
                "address": "module.k8s_node.vsphere_virtual_machine.vm[\"nkt-master-08334-2\"]",
                "mode": "managed",
                "type": "vsphere_virtual_machine",
                "name": "vm",
                "index": "nkt-master-08334-2",
                "provider_name": "registry.terraform.io/hashicorp/vsphere",
                "schema_version": 3,
                "values": {
                  "alternate_guest_name": "",
                  "annotation": "",
                  "boot_delay": 0,
                  "boot_retry_delay": 10000,
                  "boot_retry_enabled": false,
                  "cdrom": [
                    {
                      "client_device": true,
                      "datastore_id": "",
                      "device_address": "sata:0:0",
                      "key": 16000,
                      "path": ""
                    }
                  ],
                  "change_version": "2022-04-13T00:59:52.810389Z",
                  "clone": [
                    {
                      "customize": [
                        {
                          "dns_server_list": [
                            "10.67.185.100"
                          ],
                          "dns_suffix_list": [],
                          "ipv4_gateway": "192.168.39.253",
                          "ipv6_gateway": "",
                          "linux_options": [
                            {
                              "domain": "cam.ciscolabs.com",
                              "host_name": "nkt-master-08334-2",
                              "hw_clock_utc": true,
                              "time_zone": ""
                            }
                          ],
                          "network_interface": [
                            {
                              "dns_domain": "",
                              "dns_server_list": [],
                              "ipv4_address": "192.168.39.2",
                              "ipv4_netmask": 24,
                              "ipv6_address": "",
                              "ipv6_netmask": 0
                            }
                          ],
                          "timeout": 10,
                          "windows_options": [],
                          "windows_sysprep_text": ""
                        }
                      ],
                      "linked_clone": true,
                      "ovf_network_map": {},
                      "ovf_storage_map": {},
                      "template_uuid": "4236cd8a-4ff9-ae65-af2e-f9c58dee15db",
                      "timeout": 30
                    }
                  ],
                  "cpu_hot_add_enabled": false,
                  "cpu_hot_remove_enabled": false,
                  "cpu_limit": -1,
                  "cpu_performance_counters_enabled": false,
                  "cpu_reservation": 0,
                  "cpu_share_count": 2000,
                  "cpu_share_level": "normal",
                  "custom_attributes": {},
                  "datacenter_id": null,
                  "datastore_cluster_id": null,
                  "datastore_id": "datastore-7922",
                  "default_ip_address": "192.168.39.2",
                  "disk": [
                    {
                      "attach": false,
                      "controller_type": "scsi",
                      "datastore_id": "datastore-7922",
                      "device_address": "scsi:0:0",
                      "disk_mode": "persistent",
                      "disk_sharing": "sharingNone",
                      "eagerly_scrub": false,
                      "io_limit": -1,
                      "io_reservation": 0,
                      "io_share_count": 1000,
                      "io_share_level": "normal",
                      "keep_on_remove": false,
                      "key": 2000,
                      "label": "disk0",
                      "path": "nkt-master-08334-2/nkt-master-08334-2.vmdk",
                      "size": 50,
                      "storage_policy_id": "",
                      "thin_provisioned": true,
                      "unit_number": 0,
                      "uuid": "6000C292-9322-c1f3-326e-280d6a7a927e",
                      "write_through": false
                    }
                  ],
                  "efi_secure_boot_enabled": false,
                  "enable_disk_uuid": false,
                  "enable_logging": false,
                  "ept_rvi_mode": "automatic",
                  "extra_config": {},
                  "firmware": "bios",
                  "folder": "CalicoDev_v4",
                  "force_power_off": true,
                  "guest_id": "ubuntu64Guest",
                  "guest_ip_addresses": [
                    "fe80::ecee:eeff:feee:eeee",
                    "192.168.39.2",
                    "fe80::250:56ff:feb6:88e5"
                  ],
                  "hardware_version": 14,
                  "host_system_id": "host-2242",
                  "hv_mode": "hvAuto",
                  "id": "423666dc-310c-0d38-06e4-bd2873c12539",
                  "ide_controller_count": 2,
                  "ignored_guest_ips": null,
                  "imported": null,
                  "latency_sensitivity": "normal",
                  "memory": 8192,
                  "memory_hot_add_enabled": false,
                  "memory_limit": -1,
                  "memory_reservation": 0,
                  "memory_share_count": 81920,
                  "memory_share_level": "normal",
                  "migrate_wait_timeout": 30,
                  "moid": "vm-10677",
                  "name": "nkt-master-08334-2",
                  "nested_hv_enabled": false,
                  "network_interface": [
                    {
                      "adapter_type": "vmxnet3",
                      "bandwidth_limit": -1,
                      "bandwidth_reservation": 0,
                      "bandwidth_share_count": 50,
                      "bandwidth_share_level": "normal",
                      "device_address": "pci:0:7",
                      "key": 4000,
                      "mac_address": "00:50:56:b6:88:e5",
                      "network_id": "dvportgroup-7996",
                      "ovf_mapping": "",
                      "use_static_mac": false
                    }
                  ],
                  "num_cores_per_socket": 1,
                  "num_cpus": 2,
                  "ovf_deploy": [],
                  "pci_device_id": [],
                  "poweron_timeout": 300,
                  "reboot_required": false,
                  "replace_trigger": null,
                  "resource_pool_id": "resgroup-1836",
                  "run_tools_scripts_after_power_on": true,
                  "run_tools_scripts_after_resume": true,
                  "run_tools_scripts_before_guest_reboot": false,
                  "run_tools_scripts_before_guest_shutdown": true,
                  "run_tools_scripts_before_guest_standby": true,
                  "sata_controller_count": 0,
                  "scsi_bus_sharing": "noSharing",
                  "scsi_controller_count": 1,
                  "scsi_type": "lsilogic",
                  "shutdown_wait_timeout": 3,
                  "storage_policy_id": "",
                  "swap_placement_policy": "inherit",
                  "sync_time_with_host": false,
                  "sync_time_with_host_periodically": null,
                  "tags": [],
                  "uuid": "423666dc-310c-0d38-06e4-bd2873c12539",
                  "vapp": [],
                  "vapp_transport": [],
                  "vbs_enabled": false,
                  "vmware_tools_status": "guestToolsRunning",
                  "vmx_path": "nkt-master-08334-2/nkt-master-08334-2.vmx",
                  "vvtd_enabled": false,
                  "wait_for_guest_ip_timeout": 0,
                  "wait_for_guest_net_routable": true,
                  "wait_for_guest_net_timeout": 10
                },
                "sensitive_values": {
                  "cdrom": [
                    {}
                  ],
                  "clone": [
                    {
                      "customize": [
                        {
                          "dns_server_list": [
                            false
                          ],
                          "dns_suffix_list": [],
                          "linux_options": [
                            {}
                          ],
                          "network_interface": [
                            {
                              "dns_server_list": []
                            }
                          ],
                          "windows_options": []
                        }
                      ],
                      "ovf_network_map": {},
                      "ovf_storage_map": {}
                    }
                  ],
                  "custom_attributes": {},
                  "disk": [
                    {}
                  ],
                  "extra_config": {},
                  "guest_ip_addresses": [
                    false,
                    false,
                    false
                  ],
                  "network_interface": [
                    {}
                  ],
                  "ovf_deploy": [],
                  "pci_device_id": [],
                  "tags": [],
                  "vapp": [],
                  "vapp_transport": []
                }
              },
              {
                "address": "module.k8s_node.vsphere_virtual_machine.vm[\"nkt-master-08334-3\"]",
                "mode": "managed",
                "type": "vsphere_virtual_machine",
                "name": "vm",
                "index": "nkt-master-08334-3",
                "provider_name": "registry.terraform.io/hashicorp/vsphere",
                "schema_version": 3,
                "values": {
                  "alternate_guest_name": "",
                  "annotation": "",
                  "boot_delay": 0,
                  "boot_retry_delay": 10000,
                  "boot_retry_enabled": false,
                  "cdrom": [
                    {
                      "client_device": true,
                      "datastore_id": "",
                      "device_address": "sata:0:0",
                      "key": 16000,
                      "path": ""
                    }
                  ],
                  "change_version": "2022-04-13T00:59:52.816536Z",
                  "clone": [
                    {
                      "customize": [
                        {
                          "dns_server_list": [
                            "10.67.185.100"
                          ],
                          "dns_suffix_list": [],
                          "ipv4_gateway": "192.168.39.253",
                          "ipv6_gateway": "",
                          "linux_options": [
                            {
                              "domain": "cam.ciscolabs.com",
                              "host_name": "nkt-master-08334-3",
                              "hw_clock_utc": true,
                              "time_zone": ""
                            }
                          ],
                          "network_interface": [
                            {
                              "dns_domain": "",
                              "dns_server_list": [],
                              "ipv4_address": "192.168.39.3",
                              "ipv4_netmask": 24,
                              "ipv6_address": "",
                              "ipv6_netmask": 0
                            }
                          ],
                          "timeout": 10,
                          "windows_options": [],
                          "windows_sysprep_text": ""
                        }
                      ],
                      "linked_clone": true,
                      "ovf_network_map": {},
                      "ovf_storage_map": {},
                      "template_uuid": "4236cd8a-4ff9-ae65-af2e-f9c58dee15db",
                      "timeout": 30
                    }
                  ],
                  "cpu_hot_add_enabled": false,
                  "cpu_hot_remove_enabled": false,
                  "cpu_limit": -1,
                  "cpu_performance_counters_enabled": false,
                  "cpu_reservation": 0,
                  "cpu_share_count": 2000,
                  "cpu_share_level": "normal",
                  "custom_attributes": {},
                  "datacenter_id": null,
                  "datastore_cluster_id": null,
                  "datastore_id": "datastore-7922",
                  "default_ip_address": "192.168.39.3",
                  "disk": [
                    {
                      "attach": false,
                      "controller_type": "scsi",
                      "datastore_id": "datastore-7922",
                      "device_address": "scsi:0:0",
                      "disk_mode": "persistent",
                      "disk_sharing": "sharingNone",
                      "eagerly_scrub": false,
                      "io_limit": -1,
                      "io_reservation": 0,
                      "io_share_count": 1000,
                      "io_share_level": "normal",
                      "keep_on_remove": false,
                      "key": 2000,
                      "label": "disk0",
                      "path": "nkt-master-08334-3/nkt-master-08334-3.vmdk",
                      "size": 50,
                      "storage_policy_id": "",
                      "thin_provisioned": true,
                      "unit_number": 0,
                      "uuid": "6000C292-9322-c1f3-326e-280d6a7a927e",
                      "write_through": false
                    }
                  ],
                  "efi_secure_boot_enabled": false,
                  "enable_disk_uuid": false,
                  "enable_logging": false,
                  "ept_rvi_mode": "automatic",
                  "extra_config": {},
                  "firmware": "bios",
                  "folder": "CalicoDev_v4",
                  "force_power_off": true,
                  "guest_id": "ubuntu64Guest",
                  "guest_ip_addresses": [
                    "fe80::ecee:eeff:feee:eeee",
                    "192.168.39.3",
                    "fe80::250:56ff:feb6:7753"
                  ],
                  "hardware_version": 14,
                  "host_system_id": "host-2242",
                  "hv_mode": "hvAuto",
                  "id": "423636ee-8959-f1af-e55a-7eb738b9102a",
                  "ide_controller_count": 2,
                  "ignored_guest_ips": null,
                  "imported": null,
                  "latency_sensitivity": "normal",
                  "memory": 8192,
                  "memory_hot_add_enabled": false,
                  "memory_limit": -1,
                  "memory_reservation": 0,
                  "memory_share_count": 81920,
                  "memory_share_level": "normal",
                  "migrate_wait_timeout": 30,
                  "moid": "vm-10679",
                  "name": "nkt-master-08334-3",
                  "nested_hv_enabled": false,
                  "network_interface": [
                    {
                      "adapter_type": "vmxnet3",
                      "bandwidth_limit": -1,
                      "bandwidth_reservation": 0,
                      "bandwidth_share_count": 50,
                      "bandwidth_share_level": "normal",
                      "device_address": "pci:0:7",
                      "key": 4000,
                      "mac_address": "00:50:56:b6:77:53",
                      "network_id": "dvportgroup-7996",
                      "ovf_mapping": "",
                      "use_static_mac": false
                    }
                  ],
                  "num_cores_per_socket": 1,
                  "num_cpus": 2,
                  "ovf_deploy": [],
                  "pci_device_id": [],
                  "poweron_timeout": 300,
                  "reboot_required": false,
                  "replace_trigger": null,
                  "resource_pool_id": "resgroup-1836",
                  "run_tools_scripts_after_power_on": true,
                  "run_tools_scripts_after_resume": true,
                  "run_tools_scripts_before_guest_reboot": false,
                  "run_tools_scripts_before_guest_shutdown": true,
                  "run_tools_scripts_before_guest_standby": true,
                  "sata_controller_count": 0,
                  "scsi_bus_sharing": "noSharing",
                  "scsi_controller_count": 1,
                  "scsi_type": "lsilogic",
                  "shutdown_wait_timeout": 3,
                  "storage_policy_id": "",
                  "swap_placement_policy": "inherit",
                  "sync_time_with_host": false,
                  "sync_time_with_host_periodically": null,
                  "tags": [],
                  "uuid": "423636ee-8959-f1af-e55a-7eb738b9102a",
                  "vapp": [],
                  "vapp_transport": [],
                  "vbs_enabled": false,
                  "vmware_tools_status": "guestToolsRunning",
                  "vmx_path": "nkt-master-08334-3/nkt-master-08334-3.vmx",
                  "vvtd_enabled": false,
                  "wait_for_guest_ip_timeout": 0,
                  "wait_for_guest_net_routable": true,
                  "wait_for_guest_net_timeout": 10
                },
                "sensitive_values": {
                  "cdrom": [
                    {}
                  ],
                  "clone": [
                    {
                      "customize": [
                        {
                          "dns_server_list": [
                            false
                          ],
                          "dns_suffix_list": [],
                          "linux_options": [
                            {}
                          ],
                          "network_interface": [
                            {
                              "dns_server_list": []
                            }
                          ],
                          "windows_options": []
                        }
                      ],
                      "ovf_network_map": {},
                      "ovf_storage_map": {}
                    }
                  ],
                  "custom_attributes": {},
                  "disk": [
                    {}
                  ],
                  "extra_config": {},
                  "guest_ip_addresses": [
                    false,
                    false,
                    false
                  ],
                  "network_interface": [
                    {}
                  ],
                  "ovf_deploy": [],
                  "pci_device_id": [],
                  "tags": [],
                  "vapp": [],
                  "vapp_transport": []
                }
              },
              {
                "address": "module.k8s_node.vsphere_virtual_machine.vm[\"nkt-worker-08334-1\"]",
                "mode": "managed",
                "type": "vsphere_virtual_machine",
                "name": "vm",
                "index": "nkt-worker-08334-1",
                "provider_name": "registry.terraform.io/hashicorp/vsphere",
                "schema_version": 3,
                "values": {
                  "alternate_guest_name": "",
                  "annotation": "",
                  "boot_delay": 0,
                  "boot_retry_delay": 10000,
                  "boot_retry_enabled": false,
                  "cdrom": [
                    {
                      "client_device": true,
                      "datastore_id": "",
                      "device_address": "sata:0:0",
                      "key": 16000,
                      "path": ""
                    }
                  ],
                  "change_version": "2022-04-13T00:59:52.813214Z",
                  "clone": [
                    {
                      "customize": [
                        {
                          "dns_server_list": [
                            "10.67.185.100"
                          ],
                          "dns_suffix_list": [],
                          "ipv4_gateway": "192.168.39.253",
                          "ipv6_gateway": "",
                          "linux_options": [
                            {
                              "domain": "cam.ciscolabs.com",
                              "host_name": "nkt-worker-08334-1",
                              "hw_clock_utc": true,
                              "time_zone": ""
                            }
                          ],
                          "network_interface": [
                            {
                              "dns_domain": "",
                              "dns_server_list": [],
                              "ipv4_address": "192.168.39.4",
                              "ipv4_netmask": 24,
                              "ipv6_address": "",
                              "ipv6_netmask": 0
                            }
                          ],
                          "timeout": 10,
                          "windows_options": [],
                          "windows_sysprep_text": ""
                        }
                      ],
                      "linked_clone": true,
                      "ovf_network_map": {},
                      "ovf_storage_map": {},
                      "template_uuid": "4236cd8a-4ff9-ae65-af2e-f9c58dee15db",
                      "timeout": 30
                    }
                  ],
                  "cpu_hot_add_enabled": false,
                  "cpu_hot_remove_enabled": false,
                  "cpu_limit": -1,
                  "cpu_performance_counters_enabled": false,
                  "cpu_reservation": 0,
                  "cpu_share_count": 2000,
                  "cpu_share_level": "normal",
                  "custom_attributes": {},
                  "datacenter_id": null,
                  "datastore_cluster_id": null,
                  "datastore_id": "datastore-7922",
                  "default_ip_address": "192.168.39.4",
                  "disk": [
                    {
                      "attach": false,
                      "controller_type": "scsi",
                      "datastore_id": "datastore-7922",
                      "device_address": "scsi:0:0",
                      "disk_mode": "persistent",
                      "disk_sharing": "sharingNone",
                      "eagerly_scrub": false,
                      "io_limit": -1,
                      "io_reservation": 0,
                      "io_share_count": 1000,
                      "io_share_level": "normal",
                      "keep_on_remove": false,
                      "key": 2000,
                      "label": "disk0",
                      "path": "nkt-worker-08334-1/nkt-worker-08334-1.vmdk",
                      "size": 50,
                      "storage_policy_id": "",
                      "thin_provisioned": true,
                      "unit_number": 0,
                      "uuid": "6000C292-9322-c1f3-326e-280d6a7a927e",
                      "write_through": false
                    }
                  ],
                  "efi_secure_boot_enabled": false,
                  "enable_disk_uuid": false,
                  "enable_logging": false,
                  "ept_rvi_mode": "automatic",
                  "extra_config": {},
                  "firmware": "bios",
                  "folder": "CalicoDev_v4",
                  "force_power_off": true,
                  "guest_id": "ubuntu64Guest",
                  "guest_ip_addresses": [
                    "fe80::ecee:eeff:feee:eeee",
                    "fe80::ecee:eeff:feee:eeee",
                    "fe80::ecee:eeff:feee:eeee",
                    "fe80::ecee:eeff:feee:eeee",
                    "fe80::ecee:eeff:feee:eeee",
                    "fe80::ecee:eeff:feee:eeee",
                    "192.168.39.4",
                    "fe80::250:56ff:feb6:8921"
                  ],
                  "hardware_version": 14,
                  "host_system_id": "host-2242",
                  "hv_mode": "hvAuto",
                  "id": "42367bce-02d4-897b-d52d-4c1cc64b4c7a",
                  "ide_controller_count": 2,
                  "ignored_guest_ips": null,
                  "imported": null,
                  "latency_sensitivity": "normal",
                  "memory": 8192,
                  "memory_hot_add_enabled": false,
                  "memory_limit": -1,
                  "memory_reservation": 0,
                  "memory_share_count": 81920,
                  "memory_share_level": "normal",
                  "migrate_wait_timeout": 30,
                  "moid": "vm-10680",
                  "name": "nkt-worker-08334-1",
                  "nested_hv_enabled": false,
                  "network_interface": [
                    {
                      "adapter_type": "vmxnet3",
                      "bandwidth_limit": -1,
                      "bandwidth_reservation": 0,
                      "bandwidth_share_count": 50,
                      "bandwidth_share_level": "normal",
                      "device_address": "pci:0:7",
                      "key": 4000,
                      "mac_address": "00:50:56:b6:89:21",
                      "network_id": "dvportgroup-7996",
                      "ovf_mapping": "",
                      "use_static_mac": false
                    }
                  ],
                  "num_cores_per_socket": 1,
                  "num_cpus": 2,
                  "ovf_deploy": [],
                  "pci_device_id": [],
                  "poweron_timeout": 300,
                  "reboot_required": false,
                  "replace_trigger": null,
                  "resource_pool_id": "resgroup-1836",
                  "run_tools_scripts_after_power_on": true,
                  "run_tools_scripts_after_resume": true,
                  "run_tools_scripts_before_guest_reboot": false,
                  "run_tools_scripts_before_guest_shutdown": true,
                  "run_tools_scripts_before_guest_standby": true,
                  "sata_controller_count": 0,
                  "scsi_bus_sharing": "noSharing",
                  "scsi_controller_count": 1,
                  "scsi_type": "lsilogic",
                  "shutdown_wait_timeout": 3,
                  "storage_policy_id": "",
                  "swap_placement_policy": "inherit",
                  "sync_time_with_host": false,
                  "sync_time_with_host_periodically": null,
                  "tags": [],
                  "uuid": "42367bce-02d4-897b-d52d-4c1cc64b4c7a",
                  "vapp": [],
                  "vapp_transport": [],
                  "vbs_enabled": false,
                  "vmware_tools_status": "guestToolsRunning",
                  "vmx_path": "nkt-worker-08334-1/nkt-worker-08334-1.vmx",
                  "vvtd_enabled": false,
                  "wait_for_guest_ip_timeout": 0,
                  "wait_for_guest_net_routable": true,
                  "wait_for_guest_net_timeout": 10
                },
                "sensitive_values": {
                  "cdrom": [
                    {}
                  ],
                  "clone": [
                    {
                      "customize": [
                        {
                          "dns_server_list": [
                            false
                          ],
                          "dns_suffix_list": [],
                          "linux_options": [
                            {}
                          ],
                          "network_interface": [
                            {
                              "dns_server_list": []
                            }
                          ],
                          "windows_options": []
                        }
                      ],
                      "ovf_network_map": {},
                      "ovf_storage_map": {}
                    }
                  ],
                  "custom_attributes": {},
                  "disk": [
                    {}
                  ],
                  "extra_config": {},
                  "guest_ip_addresses": [
                    false,
                    false,
                    false,
                    false,
                    false,
                    false,
                    false,
                    false
                  ],
                  "network_interface": [
                    {}
                  ],
                  "ovf_deploy": [],
                  "pci_device_id": [],
                  "tags": [],
                  "vapp": [],
                  "vapp_transport": []
                }
              },
              {
                "address": "module.k8s_node.vsphere_virtual_machine.vm[\"nkt-worker-08334-2\"]",
                "mode": "managed",
                "type": "vsphere_virtual_machine",
                "name": "vm",
                "index": "nkt-worker-08334-2",
                "provider_name": "registry.terraform.io/hashicorp/vsphere",
                "schema_version": 3,
                "values": {
                  "alternate_guest_name": "",
                  "annotation": "",
                  "boot_delay": 0,
                  "boot_retry_delay": 10000,
                  "boot_retry_enabled": false,
                  "cdrom": [
                    {
                      "client_device": true,
                      "datastore_id": "",
                      "device_address": "sata:0:0",
                      "key": 16000,
                      "path": ""
                    }
                  ],
                  "change_version": "2022-04-13T00:59:53.822878Z",
                  "clone": [
                    {
                      "customize": [
                        {
                          "dns_server_list": [
                            "10.67.185.100"
                          ],
                          "dns_suffix_list": [],
                          "ipv4_gateway": "192.168.39.253",
                          "ipv6_gateway": "",
                          "linux_options": [
                            {
                              "domain": "cam.ciscolabs.com",
                              "host_name": "nkt-worker-08334-2",
                              "hw_clock_utc": true,
                              "time_zone": ""
                            }
                          ],
                          "network_interface": [
                            {
                              "dns_domain": "",
                              "dns_server_list": [],
                              "ipv4_address": "192.168.39.5",
                              "ipv4_netmask": 24,
                              "ipv6_address": "",
                              "ipv6_netmask": 0
                            }
                          ],
                          "timeout": 10,
                          "windows_options": [],
                          "windows_sysprep_text": ""
                        }
                      ],
                      "linked_clone": true,
                      "ovf_network_map": {},
                      "ovf_storage_map": {},
                      "template_uuid": "4236cd8a-4ff9-ae65-af2e-f9c58dee15db",
                      "timeout": 30
                    }
                  ],
                  "cpu_hot_add_enabled": false,
                  "cpu_hot_remove_enabled": false,
                  "cpu_limit": -1,
                  "cpu_performance_counters_enabled": false,
                  "cpu_reservation": 0,
                  "cpu_share_count": 2000,
                  "cpu_share_level": "normal",
                  "custom_attributes": {},
                  "datacenter_id": null,
                  "datastore_cluster_id": null,
                  "datastore_id": "datastore-7922",
                  "default_ip_address": "192.168.39.5",
                  "disk": [
                    {
                      "attach": false,
                      "controller_type": "scsi",
                      "datastore_id": "datastore-7922",
                      "device_address": "scsi:0:0",
                      "disk_mode": "persistent",
                      "disk_sharing": "sharingNone",
                      "eagerly_scrub": false,
                      "io_limit": -1,
                      "io_reservation": 0,
                      "io_share_count": 1000,
                      "io_share_level": "normal",
                      "keep_on_remove": false,
                      "key": 2000,
                      "label": "disk0",
                      "path": "nkt-worker-08334-2/nkt-worker-08334-2.vmdk",
                      "size": 50,
                      "storage_policy_id": "",
                      "thin_provisioned": true,
                      "unit_number": 0,
                      "uuid": "6000C292-9322-c1f3-326e-280d6a7a927e",
                      "write_through": false
                    }
                  ],
                  "efi_secure_boot_enabled": false,
                  "enable_disk_uuid": false,
                  "enable_logging": false,
                  "ept_rvi_mode": "automatic",
                  "extra_config": {},
                  "firmware": "bios",
                  "folder": "CalicoDev_v4",
                  "force_power_off": true,
                  "guest_id": "ubuntu64Guest",
                  "guest_ip_addresses": [
                    "fe80::ecee:eeff:feee:eeee",
                    "fe80::ecee:eeff:feee:eeee",
                    "fe80::ecee:eeff:feee:eeee",
                    "fe80::ecee:eeff:feee:eeee",
                    "fe80::ecee:eeff:feee:eeee",
                    "fe80::ecee:eeff:feee:eeee",
                    "192.168.39.5",
                    "fe80::250:56ff:feb6:9027"
                  ],
                  "hardware_version": 14,
                  "host_system_id": "host-2242",
                  "hv_mode": "hvAuto",
                  "id": "42360043-053a-b577-f5e2-d95624171c7f",
                  "ide_controller_count": 2,
                  "ignored_guest_ips": null,
                  "imported": null,
                  "latency_sensitivity": "normal",
                  "memory": 8192,
                  "memory_hot_add_enabled": false,
                  "memory_limit": -1,
                  "memory_reservation": 0,
                  "memory_share_count": 81920,
                  "memory_share_level": "normal",
                  "migrate_wait_timeout": 30,
                  "moid": "vm-10675",
                  "name": "nkt-worker-08334-2",
                  "nested_hv_enabled": false,
                  "network_interface": [
                    {
                      "adapter_type": "vmxnet3",
                      "bandwidth_limit": -1,
                      "bandwidth_reservation": 0,
                      "bandwidth_share_count": 50,
                      "bandwidth_share_level": "normal",
                      "device_address": "pci:0:7",
                      "key": 4000,
                      "mac_address": "00:50:56:b6:90:27",
                      "network_id": "dvportgroup-7996",
                      "ovf_mapping": "",
                      "use_static_mac": false
                    }
                  ],
                  "num_cores_per_socket": 1,
                  "num_cpus": 2,
                  "ovf_deploy": [],
                  "pci_device_id": [],
                  "poweron_timeout": 300,
                  "reboot_required": false,
                  "replace_trigger": null,
                  "resource_pool_id": "resgroup-1836",
                  "run_tools_scripts_after_power_on": true,
                  "run_tools_scripts_after_resume": true,
                  "run_tools_scripts_before_guest_reboot": false,
                  "run_tools_scripts_before_guest_shutdown": true,
                  "run_tools_scripts_before_guest_standby": true,
                  "sata_controller_count": 0,
                  "scsi_bus_sharing": "noSharing",
                  "scsi_controller_count": 1,
                  "scsi_type": "lsilogic",
                  "shutdown_wait_timeout": 3,
                  "storage_policy_id": "",
                  "swap_placement_policy": "inherit",
                  "sync_time_with_host": false,
                  "sync_time_with_host_periodically": null,
                  "tags": [],
                  "uuid": "42360043-053a-b577-f5e2-d95624171c7f",
                  "vapp": [],
                  "vapp_transport": [],
                  "vbs_enabled": false,
                  "vmware_tools_status": "guestToolsRunning",
                  "vmx_path": "nkt-worker-08334-2/nkt-worker-08334-2.vmx",
                  "vvtd_enabled": false,
                  "wait_for_guest_ip_timeout": 0,
                  "wait_for_guest_net_routable": true,
                  "wait_for_guest_net_timeout": 10
                },
                "sensitive_values": {
                  "cdrom": [
                    {}
                  ],
                  "clone": [
                    {
                      "customize": [
                        {
                          "dns_server_list": [
                            false
                          ],
                          "dns_suffix_list": [],
                          "linux_options": [
                            {}
                          ],
                          "network_interface": [
                            {
                              "dns_server_list": []
                            }
                          ],
                          "windows_options": []
                        }
                      ],
                      "ovf_network_map": {},
                      "ovf_storage_map": {}
                    }
                  ],
                  "custom_attributes": {},
                  "disk": [
                    {}
                  ],
                  "extra_config": {},
                  "guest_ip_addresses": [
                    false,
                    false,
                    false,
                    false,
                    false,
                    false,
                    false,
                    false
                  ],
                  "network_interface": [
                    {}
                  ],
                  "ovf_deploy": [],
                  "pci_device_id": [],
                  "tags": [],
                  "vapp": [],
                  "vapp_transport": []
                }
              },
              {
                "address": "module.k8s_node.vsphere_virtual_machine.vm[\"nkt-worker-08334-3\"]",
                "mode": "managed",
                "type": "vsphere_virtual_machine",
                "name": "vm",
                "index": "nkt-worker-08334-3",
                "provider_name": "registry.terraform.io/hashicorp/vsphere",
                "schema_version": 3,
                "values": {
                  "alternate_guest_name": "",
                  "annotation": "",
                  "boot_delay": 0,
                  "boot_retry_delay": 10000,
                  "boot_retry_enabled": false,
                  "cdrom": [
                    {
                      "client_device": true,
                      "datastore_id": "",
                      "device_address": "sata:0:0",
                      "key": 16000,
                      "path": ""
                    }
                  ],
                  "change_version": "2022-04-13T00:59:50.895689Z",
                  "clone": [
                    {
                      "customize": [
                        {
                          "dns_server_list": [
                            "10.67.185.100"
                          ],
                          "dns_suffix_list": [],
                          "ipv4_gateway": "192.168.39.253",
                          "ipv6_gateway": "",
                          "linux_options": [
                            {
                              "domain": "cam.ciscolabs.com",
                              "host_name": "nkt-worker-08334-3",
                              "hw_clock_utc": true,
                              "time_zone": ""
                            }
                          ],
                          "network_interface": [
                            {
                              "dns_domain": "",
                              "dns_server_list": [],
                              "ipv4_address": "192.168.39.6",
                              "ipv4_netmask": 24,
                              "ipv6_address": "",
                              "ipv6_netmask": 0
                            }
                          ],
                          "timeout": 10,
                          "windows_options": [],
                          "windows_sysprep_text": ""
                        }
                      ],
                      "linked_clone": true,
                      "ovf_network_map": {},
                      "ovf_storage_map": {},
                      "template_uuid": "4236cd8a-4ff9-ae65-af2e-f9c58dee15db",
                      "timeout": 30
                    }
                  ],
                  "cpu_hot_add_enabled": false,
                  "cpu_hot_remove_enabled": false,
                  "cpu_limit": -1,
                  "cpu_performance_counters_enabled": false,
                  "cpu_reservation": 0,
                  "cpu_share_count": 2000,
                  "cpu_share_level": "normal",
                  "custom_attributes": {},
                  "datacenter_id": null,
                  "datastore_cluster_id": null,
                  "datastore_id": "datastore-7922",
                  "default_ip_address": "192.168.39.6",
                  "disk": [
                    {
                      "attach": false,
                      "controller_type": "scsi",
                      "datastore_id": "datastore-7922",
                      "device_address": "scsi:0:0",
                      "disk_mode": "persistent",
                      "disk_sharing": "sharingNone",
                      "eagerly_scrub": false,
                      "io_limit": -1,
                      "io_reservation": 0,
                      "io_share_count": 1000,
                      "io_share_level": "normal",
                      "keep_on_remove": false,
                      "key": 2000,
                      "label": "disk0",
                      "path": "nkt-worker-08334-3/nkt-worker-08334-3.vmdk",
                      "size": 50,
                      "storage_policy_id": "",
                      "thin_provisioned": true,
                      "unit_number": 0,
                      "uuid": "6000C292-9322-c1f3-326e-280d6a7a927e",
                      "write_through": false
                    }
                  ],
                  "efi_secure_boot_enabled": false,
                  "enable_disk_uuid": false,
                  "enable_logging": false,
                  "ept_rvi_mode": "automatic",
                  "extra_config": {},
                  "firmware": "bios",
                  "folder": "CalicoDev_v4",
                  "force_power_off": true,
                  "guest_id": "ubuntu64Guest",
                  "guest_ip_addresses": [
                    "fe80::ecee:eeff:feee:eeee",
                    "fe80::ecee:eeff:feee:eeee",
                    "fe80::ecee:eeff:feee:eeee",
                    "fe80::ecee:eeff:feee:eeee",
                    "fe80::ecee:eeff:feee:eeee",
                    "fe80::ecee:eeff:feee:eeee",
                    "fe80::ecee:eeff:feee:eeee",
                    "192.168.39.6",
                    "fe80::250:56ff:feb6:ddb4"
                  ],
                  "hardware_version": 14,
                  "host_system_id": "host-2242",
                  "hv_mode": "hvAuto",
                  "id": "42364c97-bb24-0f71-1e6c-9cb44b9dc63d",
                  "ide_controller_count": 2,
                  "ignored_guest_ips": null,
                  "imported": null,
                  "latency_sensitivity": "normal",
                  "memory": 8192,
                  "memory_hot_add_enabled": false,
                  "memory_limit": -1,
                  "memory_reservation": 0,
                  "memory_share_count": 81920,
                  "memory_share_level": "normal",
                  "migrate_wait_timeout": 30,
                  "moid": "vm-10678",
                  "name": "nkt-worker-08334-3",
                  "nested_hv_enabled": false,
                  "network_interface": [
                    {
                      "adapter_type": "vmxnet3",
                      "bandwidth_limit": -1,
                      "bandwidth_reservation": 0,
                      "bandwidth_share_count": 50,
                      "bandwidth_share_level": "normal",
                      "device_address": "pci:0:7",
                      "key": 4000,
                      "mac_address": "00:50:56:b6:dd:b4",
                      "network_id": "dvportgroup-7996",
                      "ovf_mapping": "",
                      "use_static_mac": false
                    }
                  ],
                  "num_cores_per_socket": 1,
                  "num_cpus": 2,
                  "ovf_deploy": [],
                  "pci_device_id": [],
                  "poweron_timeout": 300,
                  "reboot_required": false,
                  "replace_trigger": null,
                  "resource_pool_id": "resgroup-1836",
                  "run_tools_scripts_after_power_on": true,
                  "run_tools_scripts_after_resume": true,
                  "run_tools_scripts_before_guest_reboot": false,
                  "run_tools_scripts_before_guest_shutdown": true,
                  "run_tools_scripts_before_guest_standby": true,
                  "sata_controller_count": 0,
                  "scsi_bus_sharing": "noSharing",
                  "scsi_controller_count": 1,
                  "scsi_type": "lsilogic",
                  "shutdown_wait_timeout": 3,
                  "storage_policy_id": "",
                  "swap_placement_policy": "inherit",
                  "sync_time_with_host": false,
                  "sync_time_with_host_periodically": null,
                  "tags": [],
                  "uuid": "42364c97-bb24-0f71-1e6c-9cb44b9dc63d",
                  "vapp": [],
                  "vapp_transport": [],
                  "vbs_enabled": false,
                  "vmware_tools_status": "guestToolsRunning",
                  "vmx_path": "nkt-worker-08334-3/nkt-worker-08334-3.vmx",
                  "vvtd_enabled": false,
                  "wait_for_guest_ip_timeout": 0,
                  "wait_for_guest_net_routable": true,
                  "wait_for_guest_net_timeout": 10
                },
                "sensitive_values": {
                  "cdrom": [
                    {}
                  ],
                  "clone": [
                    {
                      "customize": [
                        {
                          "dns_server_list": [
                            false
                          ],
                          "dns_suffix_list": [],
                          "linux_options": [
                            {}
                          ],
                          "network_interface": [
                            {
                              "dns_server_list": []
                            }
                          ],
                          "windows_options": []
                        }
                      ],
                      "ovf_network_map": {},
                      "ovf_storage_map": {}
                    }
                  ],
                  "custom_attributes": {},
                  "disk": [
                    {}
                  ],
                  "extra_config": {},
                  "guest_ip_addresses": [
                    false,
                    false,
                    false,
                    false,
                    false,
                    false,
                    false,
                    false,
                    false
                  ],
                  "network_interface": [
                    {}
                  ],
                  "ovf_deploy": [],
                  "pci_device_id": [],
                  "tags": [],
                  "vapp": [],
                  "vapp_transport": []
                }
              },
              {
                "address": "module.k8s_node.vsphere_virtual_machine.vm[\"nkt-worker-08334-4\"]",
                "mode": "managed",
                "type": "vsphere_virtual_machine",
                "name": "vm",
                "index": "nkt-worker-08334-4",
                "provider_name": "registry.terraform.io/hashicorp/vsphere",
                "schema_version": 3,
                "values": {
                  "alternate_guest_name": null,
                  "annotation": null,
                  "boot_delay": null,
                  "boot_retry_delay": 10000,
                  "boot_retry_enabled": null,
                  "cdrom": [
                    {
                      "client_device": true,
                      "datastore_id": null,
                      "path": null
                    }
                  ],
                  "clone": [
                    {
                      "customize": [
                        {
                          "dns_server_list": [
                            "10.67.185.100"
                          ],
                          "dns_suffix_list": null,
                          "ipv4_gateway": "192.168.39.253",
                          "ipv6_gateway": null,
                          "linux_options": [
                            {
                              "domain": "cam.ciscolabs.com",
                              "host_name": "nkt-worker-08334-4",
                              "hw_clock_utc": true,
                              "time_zone": null
                            }
                          ],
                          "network_interface": [
                            {
                              "dns_domain": null,
                              "dns_server_list": null,
                              "ipv4_address": "192.168.39.7",
                              "ipv4_netmask": 24,
                              "ipv6_address": null,
                              "ipv6_netmask": null
                            }
                          ],
                          "timeout": 10,
                          "windows_options": [],
                          "windows_sysprep_text": null
                        }
                      ],
                      "linked_clone": true,
                      "ovf_network_map": null,
                      "ovf_storage_map": null,
                      "template_uuid": "4236cd8a-4ff9-ae65-af2e-f9c58dee15db",
                      "timeout": 30
                    }
                  ],
                  "cpu_hot_add_enabled": null,
                  "cpu_hot_remove_enabled": null,
                  "cpu_limit": -1,
                  "cpu_performance_counters_enabled": null,
                  "cpu_reservation": null,
                  "cpu_share_level": "normal",
                  "custom_attributes": null,
                  "datacenter_id": null,
                  "datastore_cluster_id": null,
                  "datastore_id": "datastore-7922",
                  "disk": [
                    {
                      "attach": false,
                      "controller_type": "scsi",
                      "datastore_id": "<computed>",
                      "disk_mode": "persistent",
                      "disk_sharing": "sharingNone",
                      "eagerly_scrub": false,
                      "io_limit": -1,
                      "io_reservation": 0,
                      "io_share_count": 0,
                      "io_share_level": "normal",
                      "keep_on_remove": false,
                      "key": 0,
                      "label": "disk0",
                      "size": 50,
                      "thin_provisioned": true,
                      "unit_number": 0,
                      "write_through": false
                    }
                  ],
                  "efi_secure_boot_enabled": null,
                  "enable_disk_uuid": null,
                  "enable_logging": null,
                  "ept_rvi_mode": "automatic",
                  "extra_config": null,
                  "firmware": "bios",
                  "folder": "CalicoDev_v4",
                  "force_power_off": true,
                  "guest_id": "ubuntu64Guest",
                  "hv_mode": "hvAuto",
                  "ide_controller_count": 2,
                  "ignored_guest_ips": null,
                  "latency_sensitivity": "normal",
                  "memory": 8192,
                  "memory_hot_add_enabled": null,
                  "memory_limit": -1,
                  "memory_reservation": null,
                  "memory_share_level": "normal",
                  "migrate_wait_timeout": 30,
                  "name": "nkt-worker-08334-4",
                  "nested_hv_enabled": null,
                  "network_interface": [
                    {
                      "adapter_type": "vmxnet3",
                      "bandwidth_limit": -1,
                      "bandwidth_reservation": 0,
                      "bandwidth_share_level": "normal",
                      "network_id": "dvportgroup-7996",
                      "ovf_mapping": null,
                      "use_static_mac": null
                    }
                  ],
                  "num_cores_per_socket": 1,
                  "num_cpus": 2,
                  "ovf_deploy": [],
                  "pci_device_id": null,
                  "poweron_timeout": 300,
                  "replace_trigger": null,
                  "resource_pool_id": "resgroup-1836",
                  "run_tools_scripts_after_power_on": true,
                  "run_tools_scripts_after_resume": true,
                  "run_tools_scripts_before_guest_reboot": null,
                  "run_tools_scripts_before_guest_shutdown": true,
                  "run_tools_scripts_before_guest_standby": true,
                  "sata_controller_count": 0,
                  "scsi_bus_sharing": "noSharing",
                  "scsi_controller_count": 1,
                  "scsi_type": "lsilogic",
                  "shutdown_wait_timeout": 3,
                  "swap_placement_policy": "inherit",
                  "sync_time_with_host": null,
                  "sync_time_with_host_periodically": null,
                  "tags": null,
                  "vapp": [],
                  "vbs_enabled": null,
                  "vvtd_enabled": null,
                  "wait_for_guest_ip_timeout": 0,
                  "wait_for_guest_net_routable": true,
                  "wait_for_guest_net_timeout": 10
                },
                "sensitive_values": {
                  "cdrom": [
                    {}
                  ],
                  "clone": [
                    {
                      "customize": [
                        {
                          "dns_server_list": [
                            false
                          ],
                          "linux_options": [
                            {}
                          ],
                          "network_interface": [
                            {}
                          ],
                          "windows_options": []
                        }
                      ]
                    }
                  ],
                  "disk": [
                    {}
                  ],
                  "guest_ip_addresses": [],
                  "network_interface": [
                    {}
                  ],
                  "ovf_deploy": [],
                  "vapp": [],
                  "vapp_transport": []
                }
              }
            ],
            "address": "module.k8s_node"
          }
        ]
      }
    },
    "resource_changes": [
      {
        "address": "aci_bgp_address_family_context.bgp_addr_family_context",
        "mode": "managed",
        "type": "aci_bgp_address_family_context",
        "name": "bgp_addr_family_context",
        "provider_name": "registry.terraform.io/ciscodevnet/aci",
        "change": {
          "actions": [
            "no-op"
          ],
          "before": {
            "annotation": "orchestrator:terraform",
            "ctrl": "",
            "description": "",
            "e_dist": "20",
            "i_dist": "200",
            "id": "uni/tn-calico_dev_v4/bgpCtxAfP-CalicoL3OUT",
            "local_dist": "220",
            "max_ecmp": "64",
            "max_ecmp_ibgp": "64",
            "name": "CalicoL3OUT",
            "name_alias": "",
            "tenant_dn": "uni/tn-calico_dev_v4"
          },
          "after": {
            "annotation": "orchestrator:terraform",
            "ctrl": "",
            "description": "",
            "e_dist": "20",
            "i_dist": "200",
            "id": "uni/tn-calico_dev_v4/bgpCtxAfP-CalicoL3OUT",
            "local_dist": "220",
            "max_ecmp": "64",
            "max_ecmp_ibgp": "64",
            "name": "CalicoL3OUT",
            "name_alias": "",
            "tenant_dn": "uni/tn-calico_dev_v4"
          },
          "after_unknown": {},
          "before_sensitive": {},
          "after_sensitive": {}
        }
      },
      {
        "address": "aci_bgp_best_path_policy.relax_as_policy",
        "mode": "managed",
        "type": "aci_bgp_best_path_policy",
        "name": "relax_as_policy",
        "provider_name": "registry.terraform.io/ciscodevnet/aci",
        "change": {
          "actions": [
            "no-op"
          ],
          "before": {
            "annotation": "orchestrator:terraform",
            "ctrl": "asPathMultipathRelax",
            "description": "",
            "id": "uni/tn-calico_dev_v4/bestpath-CalicoL3OUT-Relax-AS",
            "name": "CalicoL3OUT-Relax-AS",
            "name_alias": "",
            "tenant_dn": "uni/tn-calico_dev_v4"
          },
          "after": {
            "annotation": "orchestrator:terraform",
            "ctrl": "asPathMultipathRelax",
            "description": "",
            "id": "uni/tn-calico_dev_v4/bestpath-CalicoL3OUT-Relax-AS",
            "name": "CalicoL3OUT-Relax-AS",
            "name_alias": "",
            "tenant_dn": "uni/tn-calico_dev_v4"
          },
          "after_unknown": {},
          "before_sensitive": {},
          "after_sensitive": {}
        }
      },
      {
        "address": "aci_bgp_peer_connectivity_profile.bgp_peer[\"101\"]",
        "mode": "managed",
        "type": "aci_bgp_peer_connectivity_profile",
        "name": "bgp_peer",
        "index": "101",
        "provider_name": "registry.terraform.io/ciscodevnet/aci",
        "change": {
          "actions": [
            "no-op"
          ],
          "before": {
            "addr": "192.168.39.0/24",
            "addr_t_ctrl": [
              "af-ucast"
            ],
            "admin_state": "enabled",
            "allowed_self_as_cnt": "3",
            "annotation": "orchestrator:terraform",
            "as_number": "65002",
            "ctrl": [
              "as-override",
              "dis-peer-as-check"
            ],
            "description": "",
            "id": "uni/tn-calico_dev_v4/out-CalicoL3OUT/lnodep-node_profile_FL3out/lifp-int_profile_FL3out/vlifp-[topology/pod-1/node-101]-[vlan-11]/peerP-[192.168.39.0/24]",
            "local_asn": null,
            "local_asn_propagate": null,
            "logical_node_profile_dn": null,
            "name_alias": "",
            "parent_dn": "uni/tn-calico_dev_v4/out-CalicoL3OUT/lnodep-node_profile_FL3out/lifp-int_profile_FL3out/vlifp-[topology/pod-1/node-101]-[vlan-11]",
            "password": "123Cisco123",
            "peer_ctrl": [],
            "private_a_sctrl": [],
            "relation_bgp_rs_peer_pfx_pol": "uni/tn-calico_dev_v4/bgpPfxP-CalicoL3OUT",
            "relation_bgp_rs_peer_to_profile": [],
            "ttl": "1",
            "weight": "0"
          },
          "after": {
            "addr": "192.168.39.0/24",
            "addr_t_ctrl": [
              "af-ucast"
            ],
            "admin_state": "enabled",
            "allowed_self_as_cnt": "3",
            "annotation": "orchestrator:terraform",
            "as_number": "65002",
            "ctrl": [
              "as-override",
              "dis-peer-as-check"
            ],
            "description": "",
            "id": "uni/tn-calico_dev_v4/out-CalicoL3OUT/lnodep-node_profile_FL3out/lifp-int_profile_FL3out/vlifp-[topology/pod-1/node-101]-[vlan-11]/peerP-[192.168.39.0/24]",
            "local_asn": null,
            "local_asn_propagate": null,
            "logical_node_profile_dn": null,
            "name_alias": "",
            "parent_dn": "uni/tn-calico_dev_v4/out-CalicoL3OUT/lnodep-node_profile_FL3out/lifp-int_profile_FL3out/vlifp-[topology/pod-1/node-101]-[vlan-11]",
            "password": "123Cisco123",
            "peer_ctrl": [],
            "private_a_sctrl": [],
            "relation_bgp_rs_peer_pfx_pol": "uni/tn-calico_dev_v4/bgpPfxP-CalicoL3OUT",
            "relation_bgp_rs_peer_to_profile": [],
            "ttl": "1",
            "weight": "0"
          },
          "after_unknown": {},
          "before_sensitive": {
            "addr_t_ctrl": [
              false
            ],
            "ctrl": [
              false,
              false
            ],
            "password": true,
            "peer_ctrl": [],
            "private_a_sctrl": [],
            "relation_bgp_rs_peer_to_profile": []
          },
          "after_sensitive": {
            "addr_t_ctrl": [
              false
            ],
            "ctrl": [
              false,
              false
            ],
            "password": true,
            "peer_ctrl": [],
            "private_a_sctrl": [],
            "relation_bgp_rs_peer_to_profile": []
          }
        }
      },
      {
        "address": "aci_bgp_peer_connectivity_profile.bgp_peer[\"102\"]",
        "mode": "managed",
        "type": "aci_bgp_peer_connectivity_profile",
        "name": "bgp_peer",
        "index": "102",
        "provider_name": "registry.terraform.io/ciscodevnet/aci",
        "change": {
          "actions": [
            "no-op"
          ],
          "before": {
            "addr": "192.168.39.0/24",
            "addr_t_ctrl": [
              "af-ucast"
            ],
            "admin_state": "enabled",
            "allowed_self_as_cnt": "3",
            "annotation": "orchestrator:terraform",
            "as_number": "65002",
            "ctrl": [
              "as-override",
              "dis-peer-as-check"
            ],
            "description": "",
            "id": "uni/tn-calico_dev_v4/out-CalicoL3OUT/lnodep-node_profile_FL3out/lifp-int_profile_FL3out/vlifp-[topology/pod-1/node-102]-[vlan-11]/peerP-[192.168.39.0/24]",
            "local_asn": null,
            "local_asn_propagate": null,
            "logical_node_profile_dn": null,
            "name_alias": "",
            "parent_dn": "uni/tn-calico_dev_v4/out-CalicoL3OUT/lnodep-node_profile_FL3out/lifp-int_profile_FL3out/vlifp-[topology/pod-1/node-102]-[vlan-11]",
            "password": "123Cisco123",
            "peer_ctrl": [],
            "private_a_sctrl": [],
            "relation_bgp_rs_peer_pfx_pol": "uni/tn-calico_dev_v4/bgpPfxP-CalicoL3OUT",
            "relation_bgp_rs_peer_to_profile": [],
            "ttl": "1",
            "weight": "0"
          },
          "after": {
            "addr": "192.168.39.0/24",
            "addr_t_ctrl": [
              "af-ucast"
            ],
            "admin_state": "enabled",
            "allowed_self_as_cnt": "3",
            "annotation": "orchestrator:terraform",
            "as_number": "65002",
            "ctrl": [
              "as-override",
              "dis-peer-as-check"
            ],
            "description": "",
            "id": "uni/tn-calico_dev_v4/out-CalicoL3OUT/lnodep-node_profile_FL3out/lifp-int_profile_FL3out/vlifp-[topology/pod-1/node-102]-[vlan-11]/peerP-[192.168.39.0/24]",
            "local_asn": null,
            "local_asn_propagate": null,
            "logical_node_profile_dn": null,
            "name_alias": "",
            "parent_dn": "uni/tn-calico_dev_v4/out-CalicoL3OUT/lnodep-node_profile_FL3out/lifp-int_profile_FL3out/vlifp-[topology/pod-1/node-102]-[vlan-11]",
            "password": "123Cisco123",
            "peer_ctrl": [],
            "private_a_sctrl": [],
            "relation_bgp_rs_peer_pfx_pol": "uni/tn-calico_dev_v4/bgpPfxP-CalicoL3OUT",
            "relation_bgp_rs_peer_to_profile": [],
            "ttl": "1",
            "weight": "0"
          },
          "after_unknown": {},
          "before_sensitive": {
            "addr_t_ctrl": [
              false
            ],
            "ctrl": [
              false,
              false
            ],
            "password": true,
            "peer_ctrl": [],
            "private_a_sctrl": [],
            "relation_bgp_rs_peer_to_profile": []
          },
          "after_sensitive": {
            "addr_t_ctrl": [
              false
            ],
            "ctrl": [
              false,
              false
            ],
            "password": true,
            "peer_ctrl": [],
            "private_a_sctrl": [],
            "relation_bgp_rs_peer_to_profile": []
          }
        }
      },
      {
        "address": "aci_bgp_peer_prefix.bgp_peer_prefix",
        "mode": "managed",
        "type": "aci_bgp_peer_prefix",
        "name": "bgp_peer_prefix",
        "provider_name": "registry.terraform.io/ciscodevnet/aci",
        "change": {
          "actions": [
            "no-op"
          ],
          "before": {
            "action": "reject",
            "annotation": "orchestrator:terraform",
            "description": "",
            "id": "uni/tn-calico_dev_v4/bgpPfxP-CalicoL3OUT",
            "max_pfx": "500",
            "name": "CalicoL3OUT",
            "name_alias": "",
            "restart_time": "infinite",
            "tenant_dn": "uni/tn-calico_dev_v4",
            "thresh": "75"
          },
          "after": {
            "action": "reject",
            "annotation": "orchestrator:terraform",
            "description": "",
            "id": "uni/tn-calico_dev_v4/bgpPfxP-CalicoL3OUT",
            "max_pfx": "500",
            "name": "CalicoL3OUT",
            "name_alias": "",
            "restart_time": "infinite",
            "tenant_dn": "uni/tn-calico_dev_v4",
            "thresh": "75"
          },
          "after_unknown": {},
          "before_sensitive": {},
          "after_sensitive": {}
        }
      },
      {
        "address": "aci_bgp_timers.bgp_timers",
        "mode": "managed",
        "type": "aci_bgp_timers",
        "name": "bgp_timers",
        "provider_name": "registry.terraform.io/ciscodevnet/aci",
        "change": {
          "actions": [
            "no-op"
          ],
          "before": {
            "annotation": "orchestrator:terraform",
            "description": "",
            "gr_ctrl": "helper",
            "hold_intvl": "3",
            "id": "uni/tn-calico_dev_v4/bgpCtxP-CalicoL3OUT-Timers",
            "ka_intvl": "1",
            "max_as_limit": "1",
            "name": "CalicoL3OUT-Timers",
            "name_alias": "",
            "stale_intvl": "6",
            "tenant_dn": "uni/tn-calico_dev_v4"
          },
          "after": {
            "annotation": "orchestrator:terraform",
            "description": "",
            "gr_ctrl": "helper",
            "hold_intvl": "3",
            "id": "uni/tn-calico_dev_v4/bgpCtxP-CalicoL3OUT-Timers",
            "ka_intvl": "1",
            "max_as_limit": "1",
            "name": "CalicoL3OUT-Timers",
            "name_alias": "",
            "stale_intvl": "6",
            "tenant_dn": "uni/tn-calico_dev_v4"
          },
          "after_unknown": {},
          "before_sensitive": {},
          "after_sensitive": {}
        }
      },
      {
        "address": "aci_external_network_instance_profile.default",
        "mode": "managed",
        "type": "aci_external_network_instance_profile",
        "name": "default",
        "provider_name": "registry.terraform.io/ciscodevnet/aci",
        "change": {
          "actions": [
            "no-op"
          ],
          "before": {
            "annotation": "orchestrator:terraform",
            "description": "",
            "exception_tag": "",
            "flood_on_encap": "disabled",
            "id": "uni/tn-calico_dev_v4/out-CalicoL3OUT/instP-catch_all",
            "l3_outside_dn": "uni/tn-calico_dev_v4/out-CalicoL3OUT",
            "match_t": "AtleastOne",
            "name": "catch_all",
            "name_alias": "",
            "pref_gr_memb": "exclude",
            "prio": "unspecified",
            "relation_fv_rs_cons": [
              "uni/tn-common/brc-calico_dev"
            ],
            "relation_fv_rs_cons_if": null,
            "relation_fv_rs_cust_qos_pol": "",
            "relation_fv_rs_intra_epg": null,
            "relation_fv_rs_prot_by": null,
            "relation_fv_rs_prov": [
              "uni/tn-common/brc-calico_dev"
            ],
            "relation_fv_rs_sec_inherited": null,
            "relation_l3ext_rs_inst_p_to_nat_mapping_epg": "",
            "relation_l3ext_rs_inst_p_to_profile": [],
            "relation_l3ext_rs_l3_inst_p_to_dom_p": "",
            "target_dscp": "unspecified"
          },
          "after": {
            "annotation": "orchestrator:terraform",
            "description": "",
            "exception_tag": "",
            "flood_on_encap": "disabled",
            "id": "uni/tn-calico_dev_v4/out-CalicoL3OUT/instP-catch_all",
            "l3_outside_dn": "uni/tn-calico_dev_v4/out-CalicoL3OUT",
            "match_t": "AtleastOne",
            "name": "catch_all",
            "name_alias": "",
            "pref_gr_memb": "exclude",
            "prio": "unspecified",
            "relation_fv_rs_cons": [
              "uni/tn-common/brc-calico_dev"
            ],
            "relation_fv_rs_cons_if": null,
            "relation_fv_rs_cust_qos_pol": "",
            "relation_fv_rs_intra_epg": null,
            "relation_fv_rs_prot_by": null,
            "relation_fv_rs_prov": [
              "uni/tn-common/brc-calico_dev"
            ],
            "relation_fv_rs_sec_inherited": null,
            "relation_l3ext_rs_inst_p_to_nat_mapping_epg": "",
            "relation_l3ext_rs_inst_p_to_profile": [],
            "relation_l3ext_rs_l3_inst_p_to_dom_p": "",
            "target_dscp": "unspecified"
          },
          "after_unknown": {},
          "before_sensitive": {
            "relation_fv_rs_cons": [
              false
            ],
            "relation_fv_rs_prov": [
              false
            ],
            "relation_l3ext_rs_inst_p_to_profile": []
          },
          "after_sensitive": {
            "relation_fv_rs_cons": [
              false
            ],
            "relation_fv_rs_prov": [
              false
            ],
            "relation_l3ext_rs_inst_p_to_profile": []
          }
        }
      },
      {
        "address": "aci_l3_ext_subnet.cluster_svc",
        "mode": "managed",
        "type": "aci_l3_ext_subnet",
        "name": "cluster_svc",
        "provider_name": "registry.terraform.io/ciscodevnet/aci",
        "change": {
          "actions": [
            "no-op"
          ],
          "before": {
            "aggregate": "shared-rtctrl",
            "annotation": "orchestrator:terraform",
            "description": "",
            "external_network_instance_profile_dn": "uni/tn-calico_dev_v4/out-CalicoL3OUT/instP-catch_all",
            "id": "uni/tn-calico_dev_v4/out-CalicoL3OUT/instP-catch_all/extsubnet-[192.168.41.0/24]",
            "ip": "192.168.41.0/24",
            "name_alias": "",
            "relation_l3ext_rs_subnet_to_profile": [],
            "relation_l3ext_rs_subnet_to_rt_summ": "",
            "scope": [
              "import-security",
              "shared-rtctrl",
              "shared-security"
            ]
          },
          "after": {
            "aggregate": "shared-rtctrl",
            "annotation": "orchestrator:terraform",
            "description": "",
            "external_network_instance_profile_dn": "uni/tn-calico_dev_v4/out-CalicoL3OUT/instP-catch_all",
            "id": "uni/tn-calico_dev_v4/out-CalicoL3OUT/instP-catch_all/extsubnet-[192.168.41.0/24]",
            "ip": "192.168.41.0/24",
            "name_alias": "",
            "relation_l3ext_rs_subnet_to_profile": [],
            "relation_l3ext_rs_subnet_to_rt_summ": "",
            "scope": [
              "import-security",
              "shared-rtctrl",
              "shared-security"
            ]
          },
          "after_unknown": {},
          "before_sensitive": {
            "relation_l3ext_rs_subnet_to_profile": [],
            "scope": [
              false,
              false,
              false
            ]
          },
          "after_sensitive": {
            "relation_l3ext_rs_subnet_to_profile": [],
            "scope": [
              false,
              false,
              false
            ]
          }
        }
      },
      {
        "address": "aci_l3_ext_subnet.external_svc_subnet",
        "mode": "managed",
        "type": "aci_l3_ext_subnet",
        "name": "external_svc_subnet",
        "provider_name": "registry.terraform.io/ciscodevnet/aci",
        "change": {
          "actions": [
            "no-op"
          ],
          "before": {
            "aggregate": "shared-rtctrl",
            "annotation": "orchestrator:terraform",
            "description": "",
            "external_network_instance_profile_dn": "uni/tn-calico_dev_v4/out-CalicoL3OUT/instP-catch_all",
            "id": "uni/tn-calico_dev_v4/out-CalicoL3OUT/instP-catch_all/extsubnet-[192.168.42.0/24]",
            "ip": "192.168.42.0/24",
            "name_alias": "",
            "relation_l3ext_rs_subnet_to_profile": [],
            "relation_l3ext_rs_subnet_to_rt_summ": "",
            "scope": [
              "import-security",
              "shared-rtctrl",
              "shared-security"
            ]
          },
          "after": {
            "aggregate": "shared-rtctrl",
            "annotation": "orchestrator:terraform",
            "description": "",
            "external_network_instance_profile_dn": "uni/tn-calico_dev_v4/out-CalicoL3OUT/instP-catch_all",
            "id": "uni/tn-calico_dev_v4/out-CalicoL3OUT/instP-catch_all/extsubnet-[192.168.42.0/24]",
            "ip": "192.168.42.0/24",
            "name_alias": "",
            "relation_l3ext_rs_subnet_to_profile": [],
            "relation_l3ext_rs_subnet_to_rt_summ": "",
            "scope": [
              "import-security",
              "shared-rtctrl",
              "shared-security"
            ]
          },
          "after_unknown": {},
          "before_sensitive": {
            "relation_l3ext_rs_subnet_to_profile": [],
            "scope": [
              false,
              false,
              false
            ]
          },
          "after_sensitive": {
            "relation_l3ext_rs_subnet_to_profile": [],
            "scope": [
              false,
              false,
              false
            ]
          }
        }
      },
      {
        "address": "aci_l3_ext_subnet.node",
        "mode": "managed",
        "type": "aci_l3_ext_subnet",
        "name": "node",
        "provider_name": "registry.terraform.io/ciscodevnet/aci",
        "change": {
          "actions": [
            "no-op"
          ],
          "before": {
            "aggregate": "none",
            "annotation": "orchestrator:terraform",
            "description": "",
            "external_network_instance_profile_dn": "uni/tn-calico_dev_v4/out-CalicoL3OUT/instP-catch_all",
            "id": "uni/tn-calico_dev_v4/out-CalicoL3OUT/instP-catch_all/extsubnet-[192.168.39.0/24]",
            "ip": "192.168.39.0/24",
            "name_alias": "",
            "relation_l3ext_rs_subnet_to_profile": [],
            "relation_l3ext_rs_subnet_to_rt_summ": "",
            "scope": [
              "import-security",
              "shared-rtctrl",
              "shared-security"
            ]
          },
          "after": {
            "aggregate": "none",
            "annotation": "orchestrator:terraform",
            "description": "",
            "external_network_instance_profile_dn": "uni/tn-calico_dev_v4/out-CalicoL3OUT/instP-catch_all",
            "id": "uni/tn-calico_dev_v4/out-CalicoL3OUT/instP-catch_all/extsubnet-[192.168.39.0/24]",
            "ip": "192.168.39.0/24",
            "name_alias": "",
            "relation_l3ext_rs_subnet_to_profile": [],
            "relation_l3ext_rs_subnet_to_rt_summ": "",
            "scope": [
              "import-security",
              "shared-rtctrl",
              "shared-security"
            ]
          },
          "after_unknown": {},
          "before_sensitive": {
            "relation_l3ext_rs_subnet_to_profile": [],
            "scope": [
              false,
              false,
              false
            ]
          },
          "after_sensitive": {
            "relation_l3ext_rs_subnet_to_profile": [],
            "scope": [
              false,
              false,
              false
            ]
          }
        }
      },
      {
        "address": "aci_l3_ext_subnet.pod",
        "mode": "managed",
        "type": "aci_l3_ext_subnet",
        "name": "pod",
        "provider_name": "registry.terraform.io/ciscodevnet/aci",
        "change": {
          "actions": [
            "no-op"
          ],
          "before": {
            "aggregate": "shared-rtctrl",
            "annotation": "orchestrator:terraform",
            "description": "",
            "external_network_instance_profile_dn": "uni/tn-calico_dev_v4/out-CalicoL3OUT/instP-catch_all",
            "id": "uni/tn-calico_dev_v4/out-CalicoL3OUT/instP-catch_all/extsubnet-[192.168.40.0/24]",
            "ip": "192.168.40.0/24",
            "name_alias": "",
            "relation_l3ext_rs_subnet_to_profile": [],
            "relation_l3ext_rs_subnet_to_rt_summ": "",
            "scope": [
              "import-security",
              "shared-rtctrl",
              "shared-security"
            ]
          },
          "after": {
            "aggregate": "shared-rtctrl",
            "annotation": "orchestrator:terraform",
            "description": "",
            "external_network_instance_profile_dn": "uni/tn-calico_dev_v4/out-CalicoL3OUT/instP-catch_all",
            "id": "uni/tn-calico_dev_v4/out-CalicoL3OUT/instP-catch_all/extsubnet-[192.168.40.0/24]",
            "ip": "192.168.40.0/24",
            "name_alias": "",
            "relation_l3ext_rs_subnet_to_profile": [],
            "relation_l3ext_rs_subnet_to_rt_summ": "",
            "scope": [
              "import-security",
              "shared-rtctrl",
              "shared-security"
            ]
          },
          "after_unknown": {},
          "before_sensitive": {
            "relation_l3ext_rs_subnet_to_profile": [],
            "scope": [
              false,
              false,
              false
            ]
          },
          "after_sensitive": {
            "relation_l3ext_rs_subnet_to_profile": [],
            "scope": [
              false,
              false,
              false
            ]
          }
        }
      },
      {
        "address": "aci_l3_outside.calico_l3out",
        "mode": "managed",
        "type": "aci_l3_outside",
        "name": "calico_l3out",
        "provider_name": "registry.terraform.io/ciscodevnet/aci",
        "change": {
          "actions": [
            "no-op"
          ],
          "before": {
            "annotation": "orchestrator:terraform",
            "description": "",
            "enforce_rtctrl": [
              "export",
              "import"
            ],
            "id": "uni/tn-calico_dev_v4/out-CalicoL3OUT",
            "name": "CalicoL3OUT",
            "name_alias": "",
            "relation_l3ext_rs_dampening_pol": [],
            "relation_l3ext_rs_ectx": "uni/tn-calico_dev_v4/ctx-vrf",
            "relation_l3ext_rs_interleak_pol": "",
            "relation_l3ext_rs_l3_dom_att": "",
            "relation_l3ext_rs_out_to_bd_public_subnet_holder": null,
            "target_dscp": "unspecified",
            "tenant_dn": "uni/tn-calico_dev_v4"
          },
          "after": {
            "annotation": "orchestrator:terraform",
            "description": "",
            "enforce_rtctrl": [
              "export",
              "import"
            ],
            "id": "uni/tn-calico_dev_v4/out-CalicoL3OUT",
            "name": "CalicoL3OUT",
            "name_alias": "",
            "relation_l3ext_rs_dampening_pol": [],
            "relation_l3ext_rs_ectx": "uni/tn-calico_dev_v4/ctx-vrf",
            "relation_l3ext_rs_interleak_pol": "",
            "relation_l3ext_rs_l3_dom_att": "",
            "relation_l3ext_rs_out_to_bd_public_subnet_holder": null,
            "target_dscp": "unspecified",
            "tenant_dn": "uni/tn-calico_dev_v4"
          },
          "after_unknown": {},
          "before_sensitive": {
            "enforce_rtctrl": [
              false,
              false
            ],
            "relation_l3ext_rs_dampening_pol": []
          },
          "after_sensitive": {
            "enforce_rtctrl": [
              false,
              false
            ],
            "relation_l3ext_rs_dampening_pol": []
          }
        }
      },
      {
        "address": "aci_l3out_bgp_external_policy.bgp",
        "mode": "managed",
        "type": "aci_l3out_bgp_external_policy",
        "name": "bgp",
        "provider_name": "registry.terraform.io/ciscodevnet/aci",
        "change": {
          "actions": [
            "no-op"
          ],
          "before": {
            "annotation": "orchestrator:terraform",
            "description": "",
            "id": "uni/tn-calico_dev_v4/out-CalicoL3OUT/bgpExtP",
            "l3_outside_dn": "uni/tn-calico_dev_v4/out-CalicoL3OUT",
            "name_alias": ""
          },
          "after": {
            "annotation": "orchestrator:terraform",
            "description": "",
            "id": "uni/tn-calico_dev_v4/out-CalicoL3OUT/bgpExtP",
            "l3_outside_dn": "uni/tn-calico_dev_v4/out-CalicoL3OUT",
            "name_alias": ""
          },
          "after_unknown": {},
          "before_sensitive": {},
          "after_sensitive": {}
        }
      },
      {
        "address": "aci_l3out_bgp_protocol_profile.bgp_pol_timers",
        "mode": "managed",
        "type": "aci_l3out_bgp_protocol_profile",
        "name": "bgp_pol_timers",
        "provider_name": "registry.terraform.io/ciscodevnet/aci",
        "change": {
          "actions": [
            "no-op"
          ],
          "before": {
            "annotation": "orchestrator:terraform",
            "id": "uni/tn-calico_dev_v4/out-CalicoL3OUT/lnodep-node_profile_FL3out/protp",
            "logical_node_profile_dn": "uni/tn-calico_dev_v4/out-CalicoL3OUT/lnodep-node_profile_FL3out",
            "name_alias": "",
            "relation_bgp_rs_bgp_node_ctx_pol": "uni/tn-calico_dev_v4/bgpCtxP-CalicoL3OUT-Timers"
          },
          "after": {
            "annotation": "orchestrator:terraform",
            "id": "uni/tn-calico_dev_v4/out-CalicoL3OUT/lnodep-node_profile_FL3out/protp",
            "logical_node_profile_dn": "uni/tn-calico_dev_v4/out-CalicoL3OUT/lnodep-node_profile_FL3out",
            "name_alias": "",
            "relation_bgp_rs_bgp_node_ctx_pol": "uni/tn-calico_dev_v4/bgpCtxP-CalicoL3OUT-Timers"
          },
          "after_unknown": {},
          "before_sensitive": {},
          "after_sensitive": {}
        }
      },
      {
        "address": "aci_l3out_bgp_protocol_profile.bgp_prot_pfl",
        "mode": "managed",
        "type": "aci_l3out_bgp_protocol_profile",
        "name": "bgp_prot_pfl",
        "provider_name": "registry.terraform.io/ciscodevnet/aci",
        "change": {
          "actions": [
            "no-op"
          ],
          "before": {
            "annotation": "orchestrator:terraform",
            "id": "uni/tn-calico_dev_v4/out-CalicoL3OUT/lnodep-node_profile_FL3out/protp",
            "logical_node_profile_dn": "uni/tn-calico_dev_v4/out-CalicoL3OUT/lnodep-node_profile_FL3out",
            "name_alias": "",
            "relation_bgp_rs_bgp_node_ctx_pol": ""
          },
          "after": {
            "annotation": "orchestrator:terraform",
            "id": "uni/tn-calico_dev_v4/out-CalicoL3OUT/lnodep-node_profile_FL3out/protp",
            "logical_node_profile_dn": "uni/tn-calico_dev_v4/out-CalicoL3OUT/lnodep-node_profile_FL3out",
            "name_alias": "",
            "relation_bgp_rs_bgp_node_ctx_pol": ""
          },
          "after_unknown": {},
          "before_sensitive": {},
          "after_sensitive": {}
        }
      },
      {
        "address": "aci_l3out_floating_svi.floating_svi[\"101\"]",
        "mode": "managed",
        "type": "aci_l3out_floating_svi",
        "name": "floating_svi",
        "index": "101",
        "provider_name": "registry.terraform.io/ciscodevnet/aci",
        "change": {
          "actions": [
            "no-op"
          ],
          "before": {
            "addr": "192.168.39.101/24",
            "annotation": "orchestrator:terraform",
            "autostate": "enabled",
            "description": "",
            "encap": "vlan-11",
            "encap_scope": "local",
            "id": "uni/tn-calico_dev_v4/out-CalicoL3OUT/lnodep-node_profile_FL3out/lifp-int_profile_FL3out/vlifp-[topology/pod-1/node-101]-[vlan-11]",
            "if_inst_t": "ext-svi",
            "ipv6_dad": "enabled",
            "ll_addr": "::",
            "logical_interface_profile_dn": "uni/tn-calico_dev_v4/out-CalicoL3OUT/lnodep-node_profile_FL3out/lifp-int_profile_FL3out",
            "mac": "00:22:BD:F8:19:FF",
            "mode": "regular",
            "mtu": "9000",
            "node_dn": "topology/pod-1/node-101",
            "relation_l3ext_rs_dyn_path_att": [
              {
                "floating_address": "192.168.39.254/24",
                "forged_transmit": "Disabled",
                "mac_change": "Disabled",
                "promiscuous_mode": "Disabled",
                "tdn": "uni/phys-FAB1"
              }
            ],
            "target_dscp": "unspecified"
          },
          "after": {
            "addr": "192.168.39.101/24",
            "annotation": "orchestrator:terraform",
            "autostate": "enabled",
            "description": "",
            "encap": "vlan-11",
            "encap_scope": "local",
            "id": "uni/tn-calico_dev_v4/out-CalicoL3OUT/lnodep-node_profile_FL3out/lifp-int_profile_FL3out/vlifp-[topology/pod-1/node-101]-[vlan-11]",
            "if_inst_t": "ext-svi",
            "ipv6_dad": "enabled",
            "ll_addr": "::",
            "logical_interface_profile_dn": "uni/tn-calico_dev_v4/out-CalicoL3OUT/lnodep-node_profile_FL3out/lifp-int_profile_FL3out",
            "mac": "00:22:BD:F8:19:FF",
            "mode": "regular",
            "mtu": "9000",
            "node_dn": "topology/pod-1/node-101",
            "relation_l3ext_rs_dyn_path_att": [
              {
                "floating_address": "192.168.39.254/24",
                "forged_transmit": "Disabled",
                "mac_change": "Disabled",
                "promiscuous_mode": "Disabled",
                "tdn": "uni/phys-FAB1"
              }
            ],
            "target_dscp": "unspecified"
          },
          "after_unknown": {},
          "before_sensitive": {
            "relation_l3ext_rs_dyn_path_att": [
              {}
            ]
          },
          "after_sensitive": {
            "relation_l3ext_rs_dyn_path_att": [
              {}
            ]
          }
        }
      },
      {
        "address": "aci_l3out_floating_svi.floating_svi[\"102\"]",
        "mode": "managed",
        "type": "aci_l3out_floating_svi",
        "name": "floating_svi",
        "index": "102",
        "provider_name": "registry.terraform.io/ciscodevnet/aci",
        "change": {
          "actions": [
            "no-op"
          ],
          "before": {
            "addr": "192.168.39.102/24",
            "annotation": "orchestrator:terraform",
            "autostate": "enabled",
            "description": "",
            "encap": "vlan-11",
            "encap_scope": "local",
            "id": "uni/tn-calico_dev_v4/out-CalicoL3OUT/lnodep-node_profile_FL3out/lifp-int_profile_FL3out/vlifp-[topology/pod-1/node-102]-[vlan-11]",
            "if_inst_t": "ext-svi",
            "ipv6_dad": "enabled",
            "ll_addr": "::",
            "logical_interface_profile_dn": "uni/tn-calico_dev_v4/out-CalicoL3OUT/lnodep-node_profile_FL3out/lifp-int_profile_FL3out",
            "mac": "00:22:BD:F8:19:FF",
            "mode": "regular",
            "mtu": "9000",
            "node_dn": "topology/pod-1/node-102",
            "relation_l3ext_rs_dyn_path_att": [
              {
                "floating_address": "192.168.39.254/24",
                "forged_transmit": "Disabled",
                "mac_change": "Disabled",
                "promiscuous_mode": "Disabled",
                "tdn": "uni/phys-FAB1"
              }
            ],
            "target_dscp": "unspecified"
          },
          "after": {
            "addr": "192.168.39.102/24",
            "annotation": "orchestrator:terraform",
            "autostate": "enabled",
            "description": "",
            "encap": "vlan-11",
            "encap_scope": "local",
            "id": "uni/tn-calico_dev_v4/out-CalicoL3OUT/lnodep-node_profile_FL3out/lifp-int_profile_FL3out/vlifp-[topology/pod-1/node-102]-[vlan-11]",
            "if_inst_t": "ext-svi",
            "ipv6_dad": "enabled",
            "ll_addr": "::",
            "logical_interface_profile_dn": "uni/tn-calico_dev_v4/out-CalicoL3OUT/lnodep-node_profile_FL3out/lifp-int_profile_FL3out",
            "mac": "00:22:BD:F8:19:FF",
            "mode": "regular",
            "mtu": "9000",
            "node_dn": "topology/pod-1/node-102",
            "relation_l3ext_rs_dyn_path_att": [
              {
                "floating_address": "192.168.39.254/24",
                "forged_transmit": "Disabled",
                "mac_change": "Disabled",
                "promiscuous_mode": "Disabled",
                "tdn": "uni/phys-FAB1"
              }
            ],
            "target_dscp": "unspecified"
          },
          "after_unknown": {},
          "before_sensitive": {
            "relation_l3ext_rs_dyn_path_att": [
              {}
            ]
          },
          "after_sensitive": {
            "relation_l3ext_rs_dyn_path_att": [
              {}
            ]
          }
        }
      },
      {
        "address": "aci_l3out_path_attachment_secondary_ip.floating_svi_sec_ip[\"101\"]",
        "mode": "managed",
        "type": "aci_l3out_path_attachment_secondary_ip",
        "name": "floating_svi_sec_ip",
        "index": "101",
        "provider_name": "registry.terraform.io/ciscodevnet/aci",
        "change": {
          "actions": [
            "no-op"
          ],
          "before": {
            "addr": "192.168.39.253/24",
            "annotation": "orchestrator:terraform",
            "description": "",
            "id": "uni/tn-calico_dev_v4/out-CalicoL3OUT/lnodep-node_profile_FL3out/lifp-int_profile_FL3out/vlifp-[topology/pod-1/node-101]-[vlan-11]/addr-[192.168.39.253/24]",
            "ipv6_dad": "enabled",
            "l3out_path_attachment_dn": "uni/tn-calico_dev_v4/out-CalicoL3OUT/lnodep-node_profile_FL3out/lifp-int_profile_FL3out/vlifp-[topology/pod-1/node-101]-[vlan-11]",
            "name_alias": ""
          },
          "after": {
            "addr": "192.168.39.253/24",
            "annotation": "orchestrator:terraform",
            "description": "",
            "id": "uni/tn-calico_dev_v4/out-CalicoL3OUT/lnodep-node_profile_FL3out/lifp-int_profile_FL3out/vlifp-[topology/pod-1/node-101]-[vlan-11]/addr-[192.168.39.253/24]",
            "ipv6_dad": "enabled",
            "l3out_path_attachment_dn": "uni/tn-calico_dev_v4/out-CalicoL3OUT/lnodep-node_profile_FL3out/lifp-int_profile_FL3out/vlifp-[topology/pod-1/node-101]-[vlan-11]",
            "name_alias": ""
          },
          "after_unknown": {},
          "before_sensitive": {},
          "after_sensitive": {}
        }
      },
      {
        "address": "aci_l3out_path_attachment_secondary_ip.floating_svi_sec_ip[\"102\"]",
        "mode": "managed",
        "type": "aci_l3out_path_attachment_secondary_ip",
        "name": "floating_svi_sec_ip",
        "index": "102",
        "provider_name": "registry.terraform.io/ciscodevnet/aci",
        "change": {
          "actions": [
            "no-op"
          ],
          "before": {
            "addr": "192.168.39.253/24",
            "annotation": "orchestrator:terraform",
            "description": "",
            "id": "uni/tn-calico_dev_v4/out-CalicoL3OUT/lnodep-node_profile_FL3out/lifp-int_profile_FL3out/vlifp-[topology/pod-1/node-102]-[vlan-11]/addr-[192.168.39.253/24]",
            "ipv6_dad": "enabled",
            "l3out_path_attachment_dn": "uni/tn-calico_dev_v4/out-CalicoL3OUT/lnodep-node_profile_FL3out/lifp-int_profile_FL3out/vlifp-[topology/pod-1/node-102]-[vlan-11]",
            "name_alias": ""
          },
          "after": {
            "addr": "192.168.39.253/24",
            "annotation": "orchestrator:terraform",
            "description": "",
            "id": "uni/tn-calico_dev_v4/out-CalicoL3OUT/lnodep-node_profile_FL3out/lifp-int_profile_FL3out/vlifp-[topology/pod-1/node-102]-[vlan-11]/addr-[192.168.39.253/24]",
            "ipv6_dad": "enabled",
            "l3out_path_attachment_dn": "uni/tn-calico_dev_v4/out-CalicoL3OUT/lnodep-node_profile_FL3out/lifp-int_profile_FL3out/vlifp-[topology/pod-1/node-102]-[vlan-11]",
            "name_alias": ""
          },
          "after_unknown": {},
          "before_sensitive": {},
          "after_sensitive": {}
        }
      },
      {
        "address": "aci_logical_interface_profile.calico_interface_profile",
        "mode": "managed",
        "type": "aci_logical_interface_profile",
        "name": "calico_interface_profile",
        "provider_name": "registry.terraform.io/ciscodevnet/aci",
        "change": {
          "actions": [
            "no-op"
          ],
          "before": {
            "annotation": "orchestrator:terraform",
            "description": "",
            "id": "uni/tn-calico_dev_v4/out-CalicoL3OUT/lnodep-node_profile_FL3out/lifp-int_profile_FL3out",
            "logical_node_profile_dn": "uni/tn-calico_dev_v4/out-CalicoL3OUT/lnodep-node_profile_FL3out",
            "name": "int_profile_FL3out",
            "name_alias": "",
            "prio": "unspecified",
            "relation_l3ext_rs_arp_if_pol": "",
            "relation_l3ext_rs_egress_qos_dpp_pol": "",
            "relation_l3ext_rs_ingress_qos_dpp_pol": "",
            "relation_l3ext_rs_l_if_p_cust_qos_pol": "",
            "relation_l3ext_rs_l_if_p_to_netflow_monitor_pol": [],
            "relation_l3ext_rs_nd_if_pol": "",
            "tag": "yellow-green"
          },
          "after": {
            "annotation": "orchestrator:terraform",
            "description": "",
            "id": "uni/tn-calico_dev_v4/out-CalicoL3OUT/lnodep-node_profile_FL3out/lifp-int_profile_FL3out",
            "logical_node_profile_dn": "uni/tn-calico_dev_v4/out-CalicoL3OUT/lnodep-node_profile_FL3out",
            "name": "int_profile_FL3out",
            "name_alias": "",
            "prio": "unspecified",
            "relation_l3ext_rs_arp_if_pol": "",
            "relation_l3ext_rs_egress_qos_dpp_pol": "",
            "relation_l3ext_rs_ingress_qos_dpp_pol": "",
            "relation_l3ext_rs_l_if_p_cust_qos_pol": "",
            "relation_l3ext_rs_l_if_p_to_netflow_monitor_pol": [],
            "relation_l3ext_rs_nd_if_pol": "",
            "tag": "yellow-green"
          },
          "after_unknown": {},
          "before_sensitive": {
            "relation_l3ext_rs_l_if_p_to_netflow_monitor_pol": []
          },
          "after_sensitive": {
            "relation_l3ext_rs_l_if_p_to_netflow_monitor_pol": []
          }
        }
      },
      {
        "address": "aci_logical_node_profile.calico_node_profile",
        "mode": "managed",
        "type": "aci_logical_node_profile",
        "name": "calico_node_profile",
        "provider_name": "registry.terraform.io/ciscodevnet/aci",
        "change": {
          "actions": [
            "no-op"
          ],
          "before": {
            "annotation": "orchestrator:terraform",
            "config_issues": "none",
            "description": "",
            "id": "uni/tn-calico_dev_v4/out-CalicoL3OUT/lnodep-node_profile_FL3out",
            "l3_outside_dn": "uni/tn-calico_dev_v4/out-CalicoL3OUT",
            "name": "node_profile_FL3out",
            "name_alias": "",
            "tag": "yellow-green",
            "target_dscp": "unspecified"
          },
          "after": {
            "annotation": "orchestrator:terraform",
            "config_issues": "none",
            "description": "",
            "id": "uni/tn-calico_dev_v4/out-CalicoL3OUT/lnodep-node_profile_FL3out",
            "l3_outside_dn": "uni/tn-calico_dev_v4/out-CalicoL3OUT",
            "name": "node_profile_FL3out",
            "name_alias": "",
            "tag": "yellow-green",
            "target_dscp": "unspecified"
          },
          "after_unknown": {},
          "before_sensitive": {},
          "after_sensitive": {}
        }
      },
      {
        "address": "aci_logical_node_to_fabric_node.nodes[\"0\"]",
        "mode": "managed",
        "type": "aci_logical_node_to_fabric_node",
        "name": "nodes",
        "index": "0",
        "provider_name": "registry.terraform.io/ciscodevnet/aci",
        "change": {
          "actions": [
            "no-op"
          ],
          "before": {
            "annotation": "orchestrator:terraform",
            "config_issues": "none",
            "description": null,
            "id": "uni/tn-calico_dev_v4/out-CalicoL3OUT/lnodep-node_profile_FL3out/rsnodeL3OutAtt-[topology/pod-1/node-101]",
            "logical_node_profile_dn": "uni/tn-calico_dev_v4/out-CalicoL3OUT/lnodep-node_profile_FL3out",
            "rtr_id": "1.1.1.101",
            "rtr_id_loop_back": "no",
            "tdn": "topology/pod-1/node-101"
          },
          "after": {
            "annotation": "orchestrator:terraform",
            "config_issues": "none",
            "description": null,
            "id": "uni/tn-calico_dev_v4/out-CalicoL3OUT/lnodep-node_profile_FL3out/rsnodeL3OutAtt-[topology/pod-1/node-101]",
            "logical_node_profile_dn": "uni/tn-calico_dev_v4/out-CalicoL3OUT/lnodep-node_profile_FL3out",
            "rtr_id": "1.1.1.101",
            "rtr_id_loop_back": "no",
            "tdn": "topology/pod-1/node-101"
          },
          "after_unknown": {},
          "before_sensitive": {},
          "after_sensitive": {}
        }
      },
      {
        "address": "aci_logical_node_to_fabric_node.nodes[\"1\"]",
        "mode": "managed",
        "type": "aci_logical_node_to_fabric_node",
        "name": "nodes",
        "index": "1",
        "provider_name": "registry.terraform.io/ciscodevnet/aci",
        "change": {
          "actions": [
            "no-op"
          ],
          "before": {
            "annotation": "orchestrator:terraform",
            "config_issues": "none",
            "description": null,
            "id": "uni/tn-calico_dev_v4/out-CalicoL3OUT/lnodep-node_profile_FL3out/rsnodeL3OutAtt-[topology/pod-1/node-102]",
            "logical_node_profile_dn": "uni/tn-calico_dev_v4/out-CalicoL3OUT/lnodep-node_profile_FL3out",
            "rtr_id": "1.1.1.102",
            "rtr_id_loop_back": "no",
            "tdn": "topology/pod-1/node-102"
          },
          "after": {
            "annotation": "orchestrator:terraform",
            "config_issues": "none",
            "description": null,
            "id": "uni/tn-calico_dev_v4/out-CalicoL3OUT/lnodep-node_profile_FL3out/rsnodeL3OutAtt-[topology/pod-1/node-102]",
            "logical_node_profile_dn": "uni/tn-calico_dev_v4/out-CalicoL3OUT/lnodep-node_profile_FL3out",
            "rtr_id": "1.1.1.102",
            "rtr_id_loop_back": "no",
            "tdn": "topology/pod-1/node-102"
          },
          "after_unknown": {},
          "before_sensitive": {},
          "after_sensitive": {}
        }
      },
      {
        "address": "aci_match_route_destination_rule.export_pod_match_rule_subnet",
        "mode": "managed",
        "type": "aci_match_route_destination_rule",
        "name": "export_pod_match_rule_subnet",
        "provider_name": "registry.terraform.io/ciscodevnet/aci",
        "change": {
          "actions": [
            "no-op"
          ],
          "before": {
            "aggregate": "yes",
            "annotation": "orchestrator:terraform",
            "description": "",
            "greater_than_mask": "0",
            "id": "uni/tn-calico_dev_v4/subj-CalicoL3OUT-export-match/dest-[192.168.40.0/24]",
            "ip": "192.168.40.0/24",
            "less_than_mask": "0",
            "match_rule_dn": "uni/tn-calico_dev_v4/subj-CalicoL3OUT-export-match",
            "name": "",
            "name_alias": ""
          },
          "after": {
            "aggregate": "yes",
            "annotation": "orchestrator:terraform",
            "description": "",
            "greater_than_mask": "0",
            "id": "uni/tn-calico_dev_v4/subj-CalicoL3OUT-export-match/dest-[192.168.40.0/24]",
            "ip": "192.168.40.0/24",
            "less_than_mask": "0",
            "match_rule_dn": "uni/tn-calico_dev_v4/subj-CalicoL3OUT-export-match",
            "name": "",
            "name_alias": ""
          },
          "after_unknown": {},
          "before_sensitive": {},
          "after_sensitive": {}
        }
      },
      {
        "address": "aci_match_route_destination_rule.import_ext_svc_match_rule_subnet",
        "mode": "managed",
        "type": "aci_match_route_destination_rule",
        "name": "import_ext_svc_match_rule_subnet",
        "provider_name": "registry.terraform.io/ciscodevnet/aci",
        "change": {
          "actions": [
            "no-op"
          ],
          "before": {
            "aggregate": "yes",
            "annotation": "orchestrator:terraform",
            "description": "",
            "greater_than_mask": "0",
            "id": "uni/tn-calico_dev_v4/subj-CalicoL3OUT-import-match/dest-[192.168.42.0/24]",
            "ip": "192.168.42.0/24",
            "less_than_mask": "0",
            "match_rule_dn": "uni/tn-calico_dev_v4/subj-CalicoL3OUT-import-match",
            "name": "",
            "name_alias": ""
          },
          "after": {
            "aggregate": "yes",
            "annotation": "orchestrator:terraform",
            "description": "",
            "greater_than_mask": "0",
            "id": "uni/tn-calico_dev_v4/subj-CalicoL3OUT-import-match/dest-[192.168.42.0/24]",
            "ip": "192.168.42.0/24",
            "less_than_mask": "0",
            "match_rule_dn": "uni/tn-calico_dev_v4/subj-CalicoL3OUT-import-match",
            "name": "",
            "name_alias": ""
          },
          "after_unknown": {},
          "before_sensitive": {},
          "after_sensitive": {}
        }
      },
      {
        "address": "aci_match_route_destination_rule.import_node_match_rule_subnet",
        "mode": "managed",
        "type": "aci_match_route_destination_rule",
        "name": "import_node_match_rule_subnet",
        "provider_name": "registry.terraform.io/ciscodevnet/aci",
        "change": {
          "actions": [
            "no-op"
          ],
          "before": {
            "aggregate": "yes",
            "annotation": "orchestrator:terraform",
            "description": "",
            "greater_than_mask": "0",
            "id": "uni/tn-calico_dev_v4/subj-CalicoL3OUT-import-match/dest-[192.168.39.0/24]",
            "ip": "192.168.39.0/24",
            "less_than_mask": "0",
            "match_rule_dn": "uni/tn-calico_dev_v4/subj-CalicoL3OUT-import-match",
            "name": "",
            "name_alias": ""
          },
          "after": {
            "aggregate": "yes",
            "annotation": "orchestrator:terraform",
            "description": "",
            "greater_than_mask": "0",
            "id": "uni/tn-calico_dev_v4/subj-CalicoL3OUT-import-match/dest-[192.168.39.0/24]",
            "ip": "192.168.39.0/24",
            "less_than_mask": "0",
            "match_rule_dn": "uni/tn-calico_dev_v4/subj-CalicoL3OUT-import-match",
            "name": "",
            "name_alias": ""
          },
          "after_unknown": {},
          "before_sensitive": {},
          "after_sensitive": {}
        }
      },
      {
        "address": "aci_match_route_destination_rule.import_pod_match_rule_subnet",
        "mode": "managed",
        "type": "aci_match_route_destination_rule",
        "name": "import_pod_match_rule_subnet",
        "provider_name": "registry.terraform.io/ciscodevnet/aci",
        "change": {
          "actions": [
            "no-op"
          ],
          "before": {
            "aggregate": "yes",
            "annotation": "orchestrator:terraform",
            "description": "",
            "greater_than_mask": "0",
            "id": "uni/tn-calico_dev_v4/subj-CalicoL3OUT-import-match/dest-[192.168.40.0/24]",
            "ip": "192.168.40.0/24",
            "less_than_mask": "0",
            "match_rule_dn": "uni/tn-calico_dev_v4/subj-CalicoL3OUT-import-match",
            "name": "",
            "name_alias": ""
          },
          "after": {
            "aggregate": "yes",
            "annotation": "orchestrator:terraform",
            "description": "",
            "greater_than_mask": "0",
            "id": "uni/tn-calico_dev_v4/subj-CalicoL3OUT-import-match/dest-[192.168.40.0/24]",
            "ip": "192.168.40.0/24",
            "less_than_mask": "0",
            "match_rule_dn": "uni/tn-calico_dev_v4/subj-CalicoL3OUT-import-match",
            "name": "",
            "name_alias": ""
          },
          "after_unknown": {},
          "before_sensitive": {},
          "after_sensitive": {}
        }
      },
      {
        "address": "aci_match_route_destination_rule.import_svc_match_rule_subnet",
        "mode": "managed",
        "type": "aci_match_route_destination_rule",
        "name": "import_svc_match_rule_subnet",
        "provider_name": "registry.terraform.io/ciscodevnet/aci",
        "change": {
          "actions": [
            "no-op"
          ],
          "before": {
            "aggregate": "yes",
            "annotation": "orchestrator:terraform",
            "description": "",
            "greater_than_mask": "0",
            "id": "uni/tn-calico_dev_v4/subj-CalicoL3OUT-import-match/dest-[192.168.41.0/24]",
            "ip": "192.168.41.0/24",
            "less_than_mask": "0",
            "match_rule_dn": "uni/tn-calico_dev_v4/subj-CalicoL3OUT-import-match",
            "name": "",
            "name_alias": ""
          },
          "after": {
            "aggregate": "yes",
            "annotation": "orchestrator:terraform",
            "description": "",
            "greater_than_mask": "0",
            "id": "uni/tn-calico_dev_v4/subj-CalicoL3OUT-import-match/dest-[192.168.41.0/24]",
            "ip": "192.168.41.0/24",
            "less_than_mask": "0",
            "match_rule_dn": "uni/tn-calico_dev_v4/subj-CalicoL3OUT-import-match",
            "name": "",
            "name_alias": ""
          },
          "after_unknown": {},
          "before_sensitive": {},
          "after_sensitive": {}
        }
      },
      {
        "address": "aci_match_rule.export_match_rule",
        "mode": "managed",
        "type": "aci_match_rule",
        "name": "export_match_rule",
        "provider_name": "registry.terraform.io/ciscodevnet/aci",
        "change": {
          "actions": [
            "no-op"
          ],
          "before": {
            "annotation": "orchestrator:terraform",
            "description": "",
            "id": "uni/tn-calico_dev_v4/subj-CalicoL3OUT-export-match",
            "name": "CalicoL3OUT-export-match",
            "name_alias": "",
            "tenant_dn": "uni/tn-calico_dev_v4"
          },
          "after": {
            "annotation": "orchestrator:terraform",
            "description": "",
            "id": "uni/tn-calico_dev_v4/subj-CalicoL3OUT-export-match",
            "name": "CalicoL3OUT-export-match",
            "name_alias": "",
            "tenant_dn": "uni/tn-calico_dev_v4"
          },
          "after_unknown": {},
          "before_sensitive": {},
          "after_sensitive": {}
        }
      },
      {
        "address": "aci_match_rule.import_match_rule",
        "mode": "managed",
        "type": "aci_match_rule",
        "name": "import_match_rule",
        "provider_name": "registry.terraform.io/ciscodevnet/aci",
        "change": {
          "actions": [
            "no-op"
          ],
          "before": {
            "annotation": "orchestrator:terraform",
            "description": "",
            "id": "uni/tn-calico_dev_v4/subj-CalicoL3OUT-import-match",
            "name": "CalicoL3OUT-import-match",
            "name_alias": "",
            "tenant_dn": "uni/tn-calico_dev_v4"
          },
          "after": {
            "annotation": "orchestrator:terraform",
            "description": "",
            "id": "uni/tn-calico_dev_v4/subj-CalicoL3OUT-import-match",
            "name": "CalicoL3OUT-import-match",
            "name_alias": "",
            "tenant_dn": "uni/tn-calico_dev_v4"
          },
          "after_unknown": {},
          "before_sensitive": {},
          "after_sensitive": {}
        }
      },
      {
        "address": "aci_rest.bgp_addr_family_context_to_vrf",
        "mode": "managed",
        "type": "aci_rest",
        "name": "bgp_addr_family_context_to_vrf",
        "provider_name": "registry.terraform.io/ciscodevnet/aci",
        "change": {
          "actions": [
            "no-op"
          ],
          "before": {
            "class_name": "fvRsCtxToBgpCtxAfPol",
            "content": {
              "af": "ipv4-ucast",
              "tnBgpCtxAfPolName": "CalicoL3OUT"
            },
            "dn": null,
            "id": "uni/tn-calico_dev_v4/ctx-vrf/rsctxToBgpCtxAfPol-[CalicoL3OUT]-ipv4-ucast",
            "path": "/api/mo/uni/tn-calico_dev_v4/ctx-vrf/rsctxToBgpCtxAfPol-[CalicoL3OUT]-ipv4-ucast.json",
            "payload": null
          },
          "after": {
            "class_name": "fvRsCtxToBgpCtxAfPol",
            "content": {
              "af": "ipv4-ucast",
              "tnBgpCtxAfPolName": "CalicoL3OUT"
            },
            "dn": null,
            "id": "uni/tn-calico_dev_v4/ctx-vrf/rsctxToBgpCtxAfPol-[CalicoL3OUT]-ipv4-ucast",
            "path": "/api/mo/uni/tn-calico_dev_v4/ctx-vrf/rsctxToBgpCtxAfPol-[CalicoL3OUT]-ipv4-ucast.json",
            "payload": null
          },
          "after_unknown": {},
          "before_sensitive": {
            "content": {}
          },
          "after_sensitive": {
            "content": {}
          }
        }
      },
      {
        "address": "aci_rest.bgp_pol_relax_as_restriction",
        "mode": "managed",
        "type": "aci_rest",
        "name": "bgp_pol_relax_as_restriction",
        "provider_name": "registry.terraform.io/ciscodevnet/aci",
        "change": {
          "actions": [
            "no-op"
          ],
          "before": {
            "class_name": "bgpRsBestPathCtrlPol",
            "content": {
              "tnBgpBestPathCtrlPolName": "CalicoL3OUT-Relax-AS"
            },
            "dn": null,
            "id": "uni/tn-calico_dev_v4/out-CalicoL3OUT/lnodep-node_profile_FL3out/protp/rsBestPathCtrlPol",
            "path": "/api/mo/uni/tn-calico_dev_v4/out-CalicoL3OUT/lnodep-node_profile_FL3out/protp/rsBestPathCtrlPol.json",
            "payload": null
          },
          "after": {
            "class_name": "bgpRsBestPathCtrlPol",
            "content": {
              "tnBgpBestPathCtrlPolName": "CalicoL3OUT-Relax-AS"
            },
            "dn": null,
            "id": "uni/tn-calico_dev_v4/out-CalicoL3OUT/lnodep-node_profile_FL3out/protp/rsBestPathCtrlPol",
            "path": "/api/mo/uni/tn-calico_dev_v4/out-CalicoL3OUT/lnodep-node_profile_FL3out/protp/rsBestPathCtrlPol.json",
            "payload": null
          },
          "after_unknown": {},
          "before_sensitive": {
            "content": {}
          },
          "after_sensitive": {
            "content": {}
          }
        }
      },
      {
        "address": "aci_route_control_context.default_export",
        "mode": "managed",
        "type": "aci_route_control_context",
        "name": "default_export",
        "provider_name": "registry.terraform.io/ciscodevnet/aci",
        "change": {
          "actions": [
            "no-op"
          ],
          "before": {
            "action": "permit",
            "annotation": "orchestrator:terraform",
            "description": "",
            "id": "uni/tn-calico_dev_v4/out-CalicoL3OUT/prof-default-export/ctx-export_pod_subnet",
            "name": "export_pod_subnet",
            "name_alias": "",
            "order": "0",
            "relation_rtctrl_rs_ctx_p_to_subj_p": [
              "uni/tn-calico_dev_v4/subj-CalicoL3OUT-export-match"
            ],
            "route_control_profile_dn": "uni/tn-calico_dev_v4/out-CalicoL3OUT/prof-default-export",
            "set_rule": null
          },
          "after": {
            "action": "permit",
            "annotation": "orchestrator:terraform",
            "description": "",
            "id": "uni/tn-calico_dev_v4/out-CalicoL3OUT/prof-default-export/ctx-export_pod_subnet",
            "name": "export_pod_subnet",
            "name_alias": "",
            "order": "0",
            "relation_rtctrl_rs_ctx_p_to_subj_p": [
              "uni/tn-calico_dev_v4/subj-CalicoL3OUT-export-match"
            ],
            "route_control_profile_dn": "uni/tn-calico_dev_v4/out-CalicoL3OUT/prof-default-export",
            "set_rule": null
          },
          "after_unknown": {},
          "before_sensitive": {
            "relation_rtctrl_rs_ctx_p_to_subj_p": [
              false
            ]
          },
          "after_sensitive": {
            "relation_rtctrl_rs_ctx_p_to_subj_p": [
              false
            ]
          }
        }
      },
      {
        "address": "aci_route_control_context.import_cluster_subnets",
        "mode": "managed",
        "type": "aci_route_control_context",
        "name": "import_cluster_subnets",
        "provider_name": "registry.terraform.io/ciscodevnet/aci",
        "change": {
          "actions": [
            "no-op"
          ],
          "before": {
            "action": "permit",
            "annotation": "orchestrator:terraform",
            "description": "",
            "id": "uni/tn-calico_dev_v4/out-CalicoL3OUT/prof-default-import/ctx-import_cluster_subnets",
            "name": "import_cluster_subnets",
            "name_alias": "",
            "order": "0",
            "relation_rtctrl_rs_ctx_p_to_subj_p": [
              "uni/tn-calico_dev_v4/subj-CalicoL3OUT-import-match"
            ],
            "route_control_profile_dn": "uni/tn-calico_dev_v4/out-CalicoL3OUT/prof-default-import",
            "set_rule": null
          },
          "after": {
            "action": "permit",
            "annotation": "orchestrator:terraform",
            "description": "",
            "id": "uni/tn-calico_dev_v4/out-CalicoL3OUT/prof-default-import/ctx-import_cluster_subnets",
            "name": "import_cluster_subnets",
            "name_alias": "",
            "order": "0",
            "relation_rtctrl_rs_ctx_p_to_subj_p": [
              "uni/tn-calico_dev_v4/subj-CalicoL3OUT-import-match"
            ],
            "route_control_profile_dn": "uni/tn-calico_dev_v4/out-CalicoL3OUT/prof-default-import",
            "set_rule": null
          },
          "after_unknown": {},
          "before_sensitive": {
            "relation_rtctrl_rs_ctx_p_to_subj_p": [
              false
            ]
          },
          "after_sensitive": {
            "relation_rtctrl_rs_ctx_p_to_subj_p": [
              false
            ]
          }
        }
      },
      {
        "address": "aci_route_control_profile.default_import",
        "mode": "managed",
        "type": "aci_route_control_profile",
        "name": "default_import",
        "provider_name": "registry.terraform.io/ciscodevnet/aci",
        "change": {
          "actions": [
            "no-op"
          ],
          "before": {
            "annotation": "orchestrator:terraform",
            "description": "",
            "id": "uni/tn-calico_dev_v4/out-CalicoL3OUT/prof-default-import",
            "name": "default-import",
            "name_alias": "",
            "parent_dn": "uni/tn-calico_dev_v4/out-CalicoL3OUT",
            "route_control_profile_type": "combinable"
          },
          "after": {
            "annotation": "orchestrator:terraform",
            "description": "",
            "id": "uni/tn-calico_dev_v4/out-CalicoL3OUT/prof-default-import",
            "name": "default-import",
            "name_alias": "",
            "parent_dn": "uni/tn-calico_dev_v4/out-CalicoL3OUT",
            "route_control_profile_type": "combinable"
          },
          "after_unknown": {},
          "before_sensitive": {},
          "after_sensitive": {}
        }
      },
      {
        "address": "aci_route_control_profile.export_pod_subnet",
        "mode": "managed",
        "type": "aci_route_control_profile",
        "name": "export_pod_subnet",
        "provider_name": "registry.terraform.io/ciscodevnet/aci",
        "change": {
          "actions": [
            "no-op"
          ],
          "before": {
            "annotation": "orchestrator:terraform",
            "description": "",
            "id": "uni/tn-calico_dev_v4/out-CalicoL3OUT/prof-default-export",
            "name": "default-export",
            "name_alias": "",
            "parent_dn": "uni/tn-calico_dev_v4/out-CalicoL3OUT",
            "route_control_profile_type": "combinable"
          },
          "after": {
            "annotation": "orchestrator:terraform",
            "description": "",
            "id": "uni/tn-calico_dev_v4/out-CalicoL3OUT/prof-default-export",
            "name": "default-export",
            "name_alias": "",
            "parent_dn": "uni/tn-calico_dev_v4/out-CalicoL3OUT",
            "route_control_profile_type": "combinable"
          },
          "after_unknown": {},
          "before_sensitive": {},
          "after_sensitive": {}
        }
      },
      {
        "address": "module.k8s_node.local_file.AnsibleConfig",
        "module_address": "module.k8s_node",
        "mode": "managed",
        "type": "local_file",
        "name": "AnsibleConfig",
        "provider_name": "registry.terraform.io/hashicorp/local",
        "change": {
          "actions": [
            "no-op"
          ],
          "before": {
            "content": "### TO DO: This should be fixed with SSH KEY Autnentication\nansible_user: cisco\nansible_ssh_private_key_file: /home/cisco/Coding/akb/ansible/roles/sandbox/files/id_rsa\n\nfabric_type: aci\n\n#K8S an Crio Version\nkube_version: 1.23.4-00            # This is the versioning number as per Ubuntu Packages. (apt-cache show <package> | grep Version)\nOS_Version: \"xUbuntu_20.04\"\ncrio_version: \"1.23\"\n\n#HA-Proxy and Keepalied Config \nhaproxy_image: haproxy:latest\ncontrol_plane_vip: 192.168.39.252\nvip_port: 8443\nkeepalived_image: osixia/keepalived:latest\nkeepalived_router_id: 51\n\n#Cluster Networking\npod_subnet: 192.168.40.0/24\ncluster_svc_subnet: 192.168.41.0/24\nexternal_svc_subnet: 192.168.42.0/24\npod_subnet_v6: \ncluster_svc_subnet_v6: \nexternal_svc_subnet_v6: \ningress_ip: 192.168.42.1\nvisibility_ip: 192.168.42.2\nneo4j_ip: 192.168.42.3\nntp_server: 72.163.32.44\ntime_zone: \"Australia/Sydney\"\n\nkubeadm_token: fqv728.htdmfzf6rt9blhej\n\naci_as: 65001\ncalico_as:  65002\napic_username : nkt_user_npgqka\napic_cert_name : nkt_user_npgqka\napic_private_key: ../ansible/roles/aci/files/nkt_user_npgqka-user.key\napic_oob_ips :  10.67.185.106\nvrf_tenant: calico_dev_v4\nvrf_name: vrf\n\nbgp_peers:\n  - id: 101\n    primary_ip: 192.168.39.101\n    primary_ipv6: \n    rack_id: \"1\"\n  - id: 102\n    primary_ip: 192.168.39.102\n    primary_ipv6: \n    rack_id: \"1\"\n\ndocker_mirror: 10.67.185.120:5000\nbgp_pass: 123Cisco123\nsandbox_status: true\nhttp_proxy_status: \n\nproxy_env: {}\nhttp_proxy: \"\"\nhttps_proxy: \"\"\n\ndns_domain: cam.ciscolabs.com\nubuntu_apt_mirror: https://ubuntu.mirror.digitalpacific.com.au/archive/\neBPF_status: false\n",
            "content_base64": null,
            "directory_permission": "0777",
            "file_permission": "0777",
            "filename": "../ansible/inventory/group_vars/all.yml",
            "id": "85211faab809344877a6412e1e342440b693e8cc",
            "sensitive_content": null,
            "source": null
          },
          "after": {
            "content": "### TO DO: This should be fixed with SSH KEY Autnentication\nansible_user: cisco\nansible_ssh_private_key_file: /home/cisco/Coding/akb/ansible/roles/sandbox/files/id_rsa\n\nfabric_type: aci\n\n#K8S an Crio Version\nkube_version: 1.23.4-00            # This is the versioning number as per Ubuntu Packages. (apt-cache show <package> | grep Version)\nOS_Version: \"xUbuntu_20.04\"\ncrio_version: \"1.23\"\n\n#HA-Proxy and Keepalied Config \nhaproxy_image: haproxy:latest\ncontrol_plane_vip: 192.168.39.252\nvip_port: 8443\nkeepalived_image: osixia/keepalived:latest\nkeepalived_router_id: 51\n\n#Cluster Networking\npod_subnet: 192.168.40.0/24\ncluster_svc_subnet: 192.168.41.0/24\nexternal_svc_subnet: 192.168.42.0/24\npod_subnet_v6: \ncluster_svc_subnet_v6: \nexternal_svc_subnet_v6: \ningress_ip: 192.168.42.1\nvisibility_ip: 192.168.42.2\nneo4j_ip: 192.168.42.3\nntp_server: 72.163.32.44\ntime_zone: \"Australia/Sydney\"\n\nkubeadm_token: fqv728.htdmfzf6rt9blhej\n\naci_as: 65001\ncalico_as:  65002\napic_username : nkt_user_npgqka\napic_cert_name : nkt_user_npgqka\napic_private_key: ../ansible/roles/aci/files/nkt_user_npgqka-user.key\napic_oob_ips :  10.67.185.106\nvrf_tenant: calico_dev_v4\nvrf_name: vrf\n\nbgp_peers:\n  - id: 101\n    primary_ip: 192.168.39.101\n    primary_ipv6: \n    rack_id: \"1\"\n  - id: 102\n    primary_ip: 192.168.39.102\n    primary_ipv6: \n    rack_id: \"1\"\n\ndocker_mirror: 10.67.185.120:5000\nbgp_pass: 123Cisco123\nsandbox_status: true\nhttp_proxy_status: \n\nproxy_env: {}\nhttp_proxy: \"\"\nhttps_proxy: \"\"\n\ndns_domain: cam.ciscolabs.com\nubuntu_apt_mirror: https://ubuntu.mirror.digitalpacific.com.au/archive/\neBPF_status: false\n",
            "content_base64": null,
            "directory_permission": "0777",
            "file_permission": "0777",
            "filename": "../ansible/inventory/group_vars/all.yml",
            "id": "85211faab809344877a6412e1e342440b693e8cc",
            "sensitive_content": null,
            "source": null
          },
          "after_unknown": {},
          "before_sensitive": {
            "sensitive_content": true
          },
          "after_sensitive": {
            "sensitive_content": true
          }
        }
      },
      {
        "address": "module.k8s_node.local_file.AnsibleInventory",
        "module_address": "module.k8s_node",
        "mode": "managed",
        "type": "local_file",
        "name": "AnsibleInventory",
        "provider_name": "registry.terraform.io/hashicorp/local",
        "change": {
          "actions": [
            "delete",
            "create"
          ],
          "before": {
            "content": "[k8s_primary_master]\nnkt-master-08334-1 ansible_host=192.168.39.1 rack_id=1 real_ip=192.168.39.1 ipv6=\n\n[k8s_master_replicas]\nnkt-master-08334-2 ansible_host=192.168.39.2 rack_id=1 real_ip=192.168.39.2 ipv6=\nnkt-master-08334-3 ansible_host=192.168.39.3 rack_id=1 real_ip=192.168.39.3 ipv6=\n\n[k8s_workers]\nnkt-worker-08334-2 ansible_host=192.168.39.5 rack_id=1 real_ip=192.168.39.5 ipv6=\nnkt-worker-08334-1 ansible_host=192.168.39.4 rack_id=1 real_ip=192.168.39.4 ipv6=\nnkt-worker-08334-3 ansible_host=192.168.39.6 rack_id=1 real_ip=192.168.39.6 ipv6=\n\n[k8s_masters:children]\nk8s_primary_master\nk8s_master_replicas\n\n[k8s_nodes:children]\nk8s_masters\nk8s_workers",
            "content_base64": null,
            "directory_permission": "0777",
            "file_permission": "0777",
            "filename": "../ansible/inventory/nodes.ini",
            "id": "5fc0e1cb59dda53b6e444148939f2a6f795e2a01",
            "sensitive_content": null,
            "source": null
          },
          "after": {
            "content": "[k8s_primary_master]\nnkt-master-08334-1 ansible_host=192.168.39.1 rack_id=1 real_ip=192.168.39.1 ipv6=\n\n[k8s_master_replicas]\nnkt-master-08334-2 ansible_host=192.168.39.2 rack_id=1 real_ip=192.168.39.2 ipv6=\nnkt-master-08334-3 ansible_host=192.168.39.3 rack_id=1 real_ip=192.168.39.3 ipv6=\n\n[k8s_workers]\nnkt-worker-08334-2 ansible_host=192.168.39.5 rack_id=1 real_ip=192.168.39.5 ipv6=\nnkt-worker-08334-1 ansible_host=192.168.39.4 rack_id=1 real_ip=192.168.39.4 ipv6=\nnkt-worker-08334-3 ansible_host=192.168.39.6 rack_id=1 real_ip=192.168.39.6 ipv6=\nnkt-worker-08334-4 ansible_host=192.168.39.7 rack_id=1 real_ip=192.168.39.7 ipv6=\n\n[k8s_masters:children]\nk8s_primary_master\nk8s_master_replicas\n\n[k8s_nodes:children]\nk8s_masters\nk8s_workers",
            "content_base64": null,
            "directory_permission": "0777",
            "file_permission": "0777",
            "filename": "../ansible/inventory/nodes.ini",
            "sensitive_content": null,
            "source": null
          },
          "after_unknown": {
            "id": true
          },
          "before_sensitive": {
            "sensitive_content": true
          },
          "after_sensitive": {
            "sensitive_content": true
          },
          "replace_paths": [
            [
              "content"
            ]
          ]
        },
        "action_reason": "replace_because_cannot_update"
      },
      {
        "address": "module.k8s_node.null_resource.sandbox_cluster[0]",
        "module_address": "module.k8s_node",
        "mode": "managed",
        "type": "null_resource",
        "name": "sandbox_cluster",
        "index": 0,
        "provider_name": "registry.terraform.io/hashicorp/null",
        "change": {
          "actions": [
            "no-op"
          ],
          "before": {
            "id": "1752126362925896400",
            "triggers": null
          },
          "after": {
            "id": "1752126362925896400",
            "triggers": null
          },
          "after_unknown": {},
          "before_sensitive": {},
          "after_sensitive": {}
        }
      },
      {
        "address": "module.k8s_node.vsphere_virtual_machine.vm[\"nkt-master-08334-1\"]",
        "module_address": "module.k8s_node",
        "mode": "managed",
        "type": "vsphere_virtual_machine",
        "name": "vm",
        "index": "nkt-master-08334-1",
        "provider_name": "registry.terraform.io/hashicorp/vsphere",
        "change": {
          "actions": [
            "no-op"
          ],
          "before": {
            "alternate_guest_name": "",
            "annotation": "",
            "boot_delay": 0,
            "boot_retry_delay": 10000,
            "boot_retry_enabled": false,
            "cdrom": [
              {
                "client_device": true,
                "datastore_id": "",
                "device_address": "sata:0:0",
                "key": 16000,
                "path": ""
              }
            ],
            "change_version": "2022-04-13T00:59:52.712377Z",
            "clone": [
              {
                "customize": [
                  {
                    "dns_server_list": [
                      "10.67.185.100"
                    ],
                    "dns_suffix_list": [],
                    "ipv4_gateway": "192.168.39.253",
                    "ipv6_gateway": "",
                    "linux_options": [
                      {
                        "domain": "cam.ciscolabs.com",
                        "host_name": "nkt-master-08334-1",
                        "hw_clock_utc": true,
                        "time_zone": ""
                      }
                    ],
                    "network_interface": [
                      {
                        "dns_domain": "",
                        "dns_server_list": [],
                        "ipv4_address": "192.168.39.1",
                        "ipv4_netmask": 24,
                        "ipv6_address": "",
                        "ipv6_netmask": 0
                      }
                    ],
                    "timeout": 10,
                    "windows_options": [],
                    "windows_sysprep_text": ""
                  }
                ],
                "linked_clone": true,
                "ovf_network_map": {},
                "ovf_storage_map": {},
                "template_uuid": "4236cd8a-4ff9-ae65-af2e-f9c58dee15db",
                "timeout": 30
              }
            ],
            "cpu_hot_add_enabled": false,
            "cpu_hot_remove_enabled": false,
            "cpu_limit": -1,
            "cpu_performance_counters_enabled": false,
            "cpu_reservation": 0,
            "cpu_share_count": 2000,
            "cpu_share_level": "normal",
            "custom_attributes": {},
            "datacenter_id": null,
            "datastore_cluster_id": null,
            "datastore_id": "datastore-7922",
            "default_ip_address": "192.168.39.1",
            "disk": [
              {
                "attach": false,
                "controller_type": "scsi",
                "datastore_id": "datastore-7922",
                "device_address": "scsi:0:0",
                "disk_mode": "persistent",
                "disk_sharing": "sharingNone",
                "eagerly_scrub": false,
                "io_limit": -1,
                "io_reservation": 0,
                "io_share_count": 1000,
                "io_share_level": "normal",
                "keep_on_remove": false,
                "key": 2000,
                "label": "disk0",
                "path": "nkt-master-08334-1/nkt-master-08334-1.vmdk",
                "size": 50,
                "storage_policy_id": "",
                "thin_provisioned": true,
                "unit_number": 0,
                "uuid": "6000C292-9322-c1f3-326e-280d6a7a927e",
                "write_through": false
              }
            ],
            "efi_secure_boot_enabled": false,
            "enable_disk_uuid": false,
            "enable_logging": false,
            "ept_rvi_mode": "automatic",
            "extra_config": {},
            "firmware": "bios",
            "folder": "CalicoDev_v4",
            "force_power_off": true,
            "guest_id": "ubuntu64Guest",
            "guest_ip_addresses": [
              "fe80::ecee:eeff:feee:eeee",
              "fe80::ecee:eeff:feee:eeee",
              "192.168.39.1",
              "192.168.39.252",
              "fe80::250:56ff:feb6:e425"
            ],
            "hardware_version": 14,
            "host_system_id": "host-2242",
            "hv_mode": "hvAuto",
            "id": "4236d85e-c197-5155-6f30-2bf6d37f9a0b",
            "ide_controller_count": 2,
            "ignored_guest_ips": null,
            "imported": null,
            "latency_sensitivity": "normal",
            "memory": 8192,
            "memory_hot_add_enabled": false,
            "memory_limit": -1,
            "memory_reservation": 0,
            "memory_share_count": 81920,
            "memory_share_level": "normal",
            "migrate_wait_timeout": 30,
            "moid": "vm-10676",
            "name": "nkt-master-08334-1",
            "nested_hv_enabled": false,
            "network_interface": [
              {
                "adapter_type": "vmxnet3",
                "bandwidth_limit": -1,
                "bandwidth_reservation": 0,
                "bandwidth_share_count": 50,
                "bandwidth_share_level": "normal",
                "device_address": "pci:0:7",
                "key": 4000,
                "mac_address": "00:50:56:b6:e4:25",
                "network_id": "dvportgroup-7996",
                "ovf_mapping": "",
                "use_static_mac": false
              }
            ],
            "num_cores_per_socket": 1,
            "num_cpus": 2,
            "ovf_deploy": [],
            "pci_device_id": [],
            "poweron_timeout": 300,
            "reboot_required": false,
            "replace_trigger": null,
            "resource_pool_id": "resgroup-1836",
            "run_tools_scripts_after_power_on": true,
            "run_tools_scripts_after_resume": true,
            "run_tools_scripts_before_guest_reboot": false,
            "run_tools_scripts_before_guest_shutdown": true,
            "run_tools_scripts_before_guest_standby": true,
            "sata_controller_count": 0,
            "scsi_bus_sharing": "noSharing",
            "scsi_controller_count": 1,
            "scsi_type": "lsilogic",
            "shutdown_wait_timeout": 3,
            "storage_policy_id": "",
            "swap_placement_policy": "inherit",
            "sync_time_with_host": false,
            "sync_time_with_host_periodically": null,
            "tags": [],
            "uuid": "4236d85e-c197-5155-6f30-2bf6d37f9a0b",
            "vapp": [],
            "vapp_transport": [],
            "vbs_enabled": false,
            "vmware_tools_status": "guestToolsRunning",
            "vmx_path": "nkt-master-08334-1/nkt-master-08334-1.vmx",
            "vvtd_enabled": false,
            "wait_for_guest_ip_timeout": 0,
            "wait_for_guest_net_routable": true,
            "wait_for_guest_net_timeout": 10
          },
          "after": {
            "alternate_guest_name": "",
            "annotation": "",
            "boot_delay": 0,
            "boot_retry_delay": 10000,
            "boot_retry_enabled": false,
            "cdrom": [
              {
                "client_device": true,
                "datastore_id": "",
                "device_address": "sata:0:0",
                "key": 16000,
                "path": ""
              }
            ],
            "change_version": "2022-04-13T00:59:52.712377Z",
            "clone": [
              {
                "customize": [
                  {
                    "dns_server_list": [
                      "10.67.185.100"
                    ],
                    "dns_suffix_list": [],
                    "ipv4_gateway": "192.168.39.253",
                    "ipv6_gateway": "",
                    "linux_options": [
                      {
                        "domain": "cam.ciscolabs.com",
                        "host_name": "nkt-master-08334-1",
                        "hw_clock_utc": true,
                        "time_zone": ""
                      }
                    ],
                    "network_interface": [
                      {
                        "dns_domain": "",
                        "dns_server_list": [],
                        "ipv4_address": "192.168.39.1",
                        "ipv4_netmask": 24,
                        "ipv6_address": "",
                        "ipv6_netmask": 0
                      }
                    ],
                    "timeout": 10,
                    "windows_options": [],
                    "windows_sysprep_text": ""
                  }
                ],
                "linked_clone": true,
                "ovf_network_map": {},
                "ovf_storage_map": {},
                "template_uuid": "4236cd8a-4ff9-ae65-af2e-f9c58dee15db",
                "timeout": 30
              }
            ],
            "cpu_hot_add_enabled": false,
            "cpu_hot_remove_enabled": false,
            "cpu_limit": -1,
            "cpu_performance_counters_enabled": false,
            "cpu_reservation": 0,
            "cpu_share_count": 2000,
            "cpu_share_level": "normal",
            "custom_attributes": {},
            "datacenter_id": null,
            "datastore_cluster_id": null,
            "datastore_id": "datastore-7922",
            "default_ip_address": "192.168.39.1",
            "disk": [
              {
                "attach": false,
                "controller_type": "scsi",
                "datastore_id": "datastore-7922",
                "device_address": "scsi:0:0",
                "disk_mode": "persistent",
                "disk_sharing": "sharingNone",
                "eagerly_scrub": false,
                "io_limit": -1,
                "io_reservation": 0,
                "io_share_count": 1000,
                "io_share_level": "normal",
                "keep_on_remove": false,
                "key": 2000,
                "label": "disk0",
                "path": "nkt-master-08334-1/nkt-master-08334-1.vmdk",
                "size": 50,
                "storage_policy_id": "",
                "thin_provisioned": true,
                "unit_number": 0,
                "uuid": "6000C292-9322-c1f3-326e-280d6a7a927e",
                "write_through": false
              }
            ],
            "efi_secure_boot_enabled": false,
            "enable_disk_uuid": false,
            "enable_logging": false,
            "ept_rvi_mode": "automatic",
            "extra_config": {},
            "firmware": "bios",
            "folder": "CalicoDev_v4",
            "force_power_off": true,
            "guest_id": "ubuntu64Guest",
            "guest_ip_addresses": [
              "fe80::ecee:eeff:feee:eeee",
              "fe80::ecee:eeff:feee:eeee",
              "192.168.39.1",
              "192.168.39.252",
              "fe80::250:56ff:feb6:e425"
            ],
            "hardware_version": 14,
            "host_system_id": "host-2242",
            "hv_mode": "hvAuto",
            "id": "4236d85e-c197-5155-6f30-2bf6d37f9a0b",
            "ide_controller_count": 2,
            "ignored_guest_ips": null,
            "imported": null,
            "latency_sensitivity": "normal",
            "memory": 8192,
            "memory_hot_add_enabled": false,
            "memory_limit": -1,
            "memory_reservation": 0,
            "memory_share_count": 81920,
            "memory_share_level": "normal",
            "migrate_wait_timeout": 30,
            "moid": "vm-10676",
            "name": "nkt-master-08334-1",
            "nested_hv_enabled": false,
            "network_interface": [
              {
                "adapter_type": "vmxnet3",
                "bandwidth_limit": -1,
                "bandwidth_reservation": 0,
                "bandwidth_share_count": 50,
                "bandwidth_share_level": "normal",
                "device_address": "pci:0:7",
                "key": 4000,
                "mac_address": "00:50:56:b6:e4:25",
                "network_id": "dvportgroup-7996",
                "ovf_mapping": "",
                "use_static_mac": false
              }
            ],
            "num_cores_per_socket": 1,
            "num_cpus": 2,
            "ovf_deploy": [],
            "pci_device_id": [],
            "poweron_timeout": 300,
            "reboot_required": false,
            "replace_trigger": null,
            "resource_pool_id": "resgroup-1836",
            "run_tools_scripts_after_power_on": true,
            "run_tools_scripts_after_resume": true,
            "run_tools_scripts_before_guest_reboot": false,
            "run_tools_scripts_before_guest_shutdown": true,
            "run_tools_scripts_before_guest_standby": true,
            "sata_controller_count": 0,
            "scsi_bus_sharing": "noSharing",
            "scsi_controller_count": 1,
            "scsi_type": "lsilogic",
            "shutdown_wait_timeout": 3,
            "storage_policy_id": "",
            "swap_placement_policy": "inherit",
            "sync_time_with_host": false,
            "sync_time_with_host_periodically": null,
            "tags": [],
            "uuid": "4236d85e-c197-5155-6f30-2bf6d37f9a0b",
            "vapp": [],
            "vapp_transport": [],
            "vbs_enabled": false,
            "vmware_tools_status": "guestToolsRunning",
            "vmx_path": "nkt-master-08334-1/nkt-master-08334-1.vmx",
            "vvtd_enabled": false,
            "wait_for_guest_ip_timeout": 0,
            "wait_for_guest_net_routable": true,
            "wait_for_guest_net_timeout": 10
          },
          "after_unknown": {},
          "before_sensitive": {
            "cdrom": [
              {}
            ],
            "clone": [
              {
                "customize": [
                  {
                    "dns_server_list": [
                      false
                    ],
                    "dns_suffix_list": [],
                    "linux_options": [
                      {}
                    ],
                    "network_interface": [
                      {
                        "dns_server_list": []
                      }
                    ],
                    "windows_options": [],
                    "windows_sysprep_text": true
                  }
                ],
                "ovf_network_map": {},
                "ovf_storage_map": {}
              }
            ],
            "custom_attributes": {},
            "disk": [
              {}
            ],
            "extra_config": {},
            "guest_ip_addresses": [
              false,
              false,
              false,
              false,
              false
            ],
            "network_interface": [
              {}
            ],
            "ovf_deploy": [],
            "pci_device_id": [],
            "tags": [],
            "vapp": [],
            "vapp_transport": []
          },
          "after_sensitive": {
            "cdrom": [
              {}
            ],
            "clone": [
              {
                "customize": [
                  {
                    "dns_server_list": [
                      false
                    ],
                    "dns_suffix_list": [],
                    "linux_options": [
                      {}
                    ],
                    "network_interface": [
                      {
                        "dns_server_list": []
                      }
                    ],
                    "windows_options": [],
                    "windows_sysprep_text": true
                  }
                ],
                "ovf_network_map": {},
                "ovf_storage_map": {}
              }
            ],
            "custom_attributes": {},
            "disk": [
              {}
            ],
            "extra_config": {},
            "guest_ip_addresses": [
              false,
              false,
              false,
              false,
              false
            ],
            "network_interface": [
              {}
            ],
            "ovf_deploy": [],
            "pci_device_id": [],
            "tags": [],
            "vapp": [],
            "vapp_transport": []
          }
        }
      },
      {
        "address": "module.k8s_node.vsphere_virtual_machine.vm[\"nkt-master-08334-2\"]",
        "module_address": "module.k8s_node",
        "mode": "managed",
        "type": "vsphere_virtual_machine",
        "name": "vm",
        "index": "nkt-master-08334-2",
        "provider_name": "registry.terraform.io/hashicorp/vsphere",
        "change": {
          "actions": [
            "no-op"
          ],
          "before": {
            "alternate_guest_name": "",
            "annotation": "",
            "boot_delay": 0,
            "boot_retry_delay": 10000,
            "boot_retry_enabled": false,
            "cdrom": [
              {
                "client_device": true,
                "datastore_id": "",
                "device_address": "sata:0:0",
                "key": 16000,
                "path": ""
              }
            ],
            "change_version": "2022-04-13T00:59:52.810389Z",
            "clone": [
              {
                "customize": [
                  {
                    "dns_server_list": [
                      "10.67.185.100"
                    ],
                    "dns_suffix_list": [],
                    "ipv4_gateway": "192.168.39.253",
                    "ipv6_gateway": "",
                    "linux_options": [
                      {
                        "domain": "cam.ciscolabs.com",
                        "host_name": "nkt-master-08334-2",
                        "hw_clock_utc": true,
                        "time_zone": ""
                      }
                    ],
                    "network_interface": [
                      {
                        "dns_domain": "",
                        "dns_server_list": [],
                        "ipv4_address": "192.168.39.2",
                        "ipv4_netmask": 24,
                        "ipv6_address": "",
                        "ipv6_netmask": 0
                      }
                    ],
                    "timeout": 10,
                    "windows_options": [],
                    "windows_sysprep_text": ""
                  }
                ],
                "linked_clone": true,
                "ovf_network_map": {},
                "ovf_storage_map": {},
                "template_uuid": "4236cd8a-4ff9-ae65-af2e-f9c58dee15db",
                "timeout": 30
              }
            ],
            "cpu_hot_add_enabled": false,
            "cpu_hot_remove_enabled": false,
            "cpu_limit": -1,
            "cpu_performance_counters_enabled": false,
            "cpu_reservation": 0,
            "cpu_share_count": 2000,
            "cpu_share_level": "normal",
            "custom_attributes": {},
            "datacenter_id": null,
            "datastore_cluster_id": null,
            "datastore_id": "datastore-7922",
            "default_ip_address": "192.168.39.2",
            "disk": [
              {
                "attach": false,
                "controller_type": "scsi",
                "datastore_id": "datastore-7922",
                "device_address": "scsi:0:0",
                "disk_mode": "persistent",
                "disk_sharing": "sharingNone",
                "eagerly_scrub": false,
                "io_limit": -1,
                "io_reservation": 0,
                "io_share_count": 1000,
                "io_share_level": "normal",
                "keep_on_remove": false,
                "key": 2000,
                "label": "disk0",
                "path": "nkt-master-08334-2/nkt-master-08334-2.vmdk",
                "size": 50,
                "storage_policy_id": "",
                "thin_provisioned": true,
                "unit_number": 0,
                "uuid": "6000C292-9322-c1f3-326e-280d6a7a927e",
                "write_through": false
              }
            ],
            "efi_secure_boot_enabled": false,
            "enable_disk_uuid": false,
            "enable_logging": false,
            "ept_rvi_mode": "automatic",
            "extra_config": {},
            "firmware": "bios",
            "folder": "CalicoDev_v4",
            "force_power_off": true,
            "guest_id": "ubuntu64Guest",
            "guest_ip_addresses": [
              "fe80::ecee:eeff:feee:eeee",
              "192.168.39.2",
              "fe80::250:56ff:feb6:88e5"
            ],
            "hardware_version": 14,
            "host_system_id": "host-2242",
            "hv_mode": "hvAuto",
            "id": "423666dc-310c-0d38-06e4-bd2873c12539",
            "ide_controller_count": 2,
            "ignored_guest_ips": null,
            "imported": null,
            "latency_sensitivity": "normal",
            "memory": 8192,
            "memory_hot_add_enabled": false,
            "memory_limit": -1,
            "memory_reservation": 0,
            "memory_share_count": 81920,
            "memory_share_level": "normal",
            "migrate_wait_timeout": 30,
            "moid": "vm-10677",
            "name": "nkt-master-08334-2",
            "nested_hv_enabled": false,
            "network_interface": [
              {
                "adapter_type": "vmxnet3",
                "bandwidth_limit": -1,
                "bandwidth_reservation": 0,
                "bandwidth_share_count": 50,
                "bandwidth_share_level": "normal",
                "device_address": "pci:0:7",
                "key": 4000,
                "mac_address": "00:50:56:b6:88:e5",
                "network_id": "dvportgroup-7996",
                "ovf_mapping": "",
                "use_static_mac": false
              }
            ],
            "num_cores_per_socket": 1,
            "num_cpus": 2,
            "ovf_deploy": [],
            "pci_device_id": [],
            "poweron_timeout": 300,
            "reboot_required": false,
            "replace_trigger": null,
            "resource_pool_id": "resgroup-1836",
            "run_tools_scripts_after_power_on": true,
            "run_tools_scripts_after_resume": true,
            "run_tools_scripts_before_guest_reboot": false,
            "run_tools_scripts_before_guest_shutdown": true,
            "run_tools_scripts_before_guest_standby": true,
            "sata_controller_count": 0,
            "scsi_bus_sharing": "noSharing",
            "scsi_controller_count": 1,
            "scsi_type": "lsilogic",
            "shutdown_wait_timeout": 3,
            "storage_policy_id": "",
            "swap_placement_policy": "inherit",
            "sync_time_with_host": false,
            "sync_time_with_host_periodically": null,
            "tags": [],
            "uuid": "423666dc-310c-0d38-06e4-bd2873c12539",
            "vapp": [],
            "vapp_transport": [],
            "vbs_enabled": false,
            "vmware_tools_status": "guestToolsRunning",
            "vmx_path": "nkt-master-08334-2/nkt-master-08334-2.vmx",
            "vvtd_enabled": false,
            "wait_for_guest_ip_timeout": 0,
            "wait_for_guest_net_routable": true,
            "wait_for_guest_net_timeout": 10
          },
          "after": {
            "alternate_guest_name": "",
            "annotation": "",
            "boot_delay": 0,
            "boot_retry_delay": 10000,
            "boot_retry_enabled": false,
            "cdrom": [
              {
                "client_device": true,
                "datastore_id": "",
                "device_address": "sata:0:0",
                "key": 16000,
                "path": ""
              }
            ],
            "change_version": "2022-04-13T00:59:52.810389Z",
            "clone": [
              {
                "customize": [
                  {
                    "dns_server_list": [
                      "10.67.185.100"
                    ],
                    "dns_suffix_list": [],
                    "ipv4_gateway": "192.168.39.253",
                    "ipv6_gateway": "",
                    "linux_options": [
                      {
                        "domain": "cam.ciscolabs.com",
                        "host_name": "nkt-master-08334-2",
                        "hw_clock_utc": true,
                        "time_zone": ""
                      }
                    ],
                    "network_interface": [
                      {
                        "dns_domain": "",
                        "dns_server_list": [],
                        "ipv4_address": "192.168.39.2",
                        "ipv4_netmask": 24,
                        "ipv6_address": "",
                        "ipv6_netmask": 0
                      }
                    ],
                    "timeout": 10,
                    "windows_options": [],
                    "windows_sysprep_text": ""
                  }
                ],
                "linked_clone": true,
                "ovf_network_map": {},
                "ovf_storage_map": {},
                "template_uuid": "4236cd8a-4ff9-ae65-af2e-f9c58dee15db",
                "timeout": 30
              }
            ],
            "cpu_hot_add_enabled": false,
            "cpu_hot_remove_enabled": false,
            "cpu_limit": -1,
            "cpu_performance_counters_enabled": false,
            "cpu_reservation": 0,
            "cpu_share_count": 2000,
            "cpu_share_level": "normal",
            "custom_attributes": {},
            "datacenter_id": null,
            "datastore_cluster_id": null,
            "datastore_id": "datastore-7922",
            "default_ip_address": "192.168.39.2",
            "disk": [
              {
                "attach": false,
                "controller_type": "scsi",
                "datastore_id": "datastore-7922",
                "device_address": "scsi:0:0",
                "disk_mode": "persistent",
                "disk_sharing": "sharingNone",
                "eagerly_scrub": false,
                "io_limit": -1,
                "io_reservation": 0,
                "io_share_count": 1000,
                "io_share_level": "normal",
                "keep_on_remove": false,
                "key": 2000,
                "label": "disk0",
                "path": "nkt-master-08334-2/nkt-master-08334-2.vmdk",
                "size": 50,
                "storage_policy_id": "",
                "thin_provisioned": true,
                "unit_number": 0,
                "uuid": "6000C292-9322-c1f3-326e-280d6a7a927e",
                "write_through": false
              }
            ],
            "efi_secure_boot_enabled": false,
            "enable_disk_uuid": false,
            "enable_logging": false,
            "ept_rvi_mode": "automatic",
            "extra_config": {},
            "firmware": "bios",
            "folder": "CalicoDev_v4",
            "force_power_off": true,
            "guest_id": "ubuntu64Guest",
            "guest_ip_addresses": [
              "fe80::ecee:eeff:feee:eeee",
              "192.168.39.2",
              "fe80::250:56ff:feb6:88e5"
            ],
            "hardware_version": 14,
            "host_system_id": "host-2242",
            "hv_mode": "hvAuto",
            "id": "423666dc-310c-0d38-06e4-bd2873c12539",
            "ide_controller_count": 2,
            "ignored_guest_ips": null,
            "imported": null,
            "latency_sensitivity": "normal",
            "memory": 8192,
            "memory_hot_add_enabled": false,
            "memory_limit": -1,
            "memory_reservation": 0,
            "memory_share_count": 81920,
            "memory_share_level": "normal",
            "migrate_wait_timeout": 30,
            "moid": "vm-10677",
            "name": "nkt-master-08334-2",
            "nested_hv_enabled": false,
            "network_interface": [
              {
                "adapter_type": "vmxnet3",
                "bandwidth_limit": -1,
                "bandwidth_reservation": 0,
                "bandwidth_share_count": 50,
                "bandwidth_share_level": "normal",
                "device_address": "pci:0:7",
                "key": 4000,
                "mac_address": "00:50:56:b6:88:e5",
                "network_id": "dvportgroup-7996",
                "ovf_mapping": "",
                "use_static_mac": false
              }
            ],
            "num_cores_per_socket": 1,
            "num_cpus": 2,
            "ovf_deploy": [],
            "pci_device_id": [],
            "poweron_timeout": 300,
            "reboot_required": false,
            "replace_trigger": null,
            "resource_pool_id": "resgroup-1836",
            "run_tools_scripts_after_power_on": true,
            "run_tools_scripts_after_resume": true,
            "run_tools_scripts_before_guest_reboot": false,
            "run_tools_scripts_before_guest_shutdown": true,
            "run_tools_scripts_before_guest_standby": true,
            "sata_controller_count": 0,
            "scsi_bus_sharing": "noSharing",
            "scsi_controller_count": 1,
            "scsi_type": "lsilogic",
            "shutdown_wait_timeout": 3,
            "storage_policy_id": "",
            "swap_placement_policy": "inherit",
            "sync_time_with_host": false,
            "sync_time_with_host_periodically": null,
            "tags": [],
            "uuid": "423666dc-310c-0d38-06e4-bd2873c12539",
            "vapp": [],
            "vapp_transport": [],
            "vbs_enabled": false,
            "vmware_tools_status": "guestToolsRunning",
            "vmx_path": "nkt-master-08334-2/nkt-master-08334-2.vmx",
            "vvtd_enabled": false,
            "wait_for_guest_ip_timeout": 0,
            "wait_for_guest_net_routable": true,
            "wait_for_guest_net_timeout": 10
          },
          "after_unknown": {},
          "before_sensitive": {
            "cdrom": [
              {}
            ],
            "clone": [
              {
                "customize": [
                  {
                    "dns_server_list": [
                      false
                    ],
                    "dns_suffix_list": [],
                    "linux_options": [
                      {}
                    ],
                    "network_interface": [
                      {
                        "dns_server_list": []
                      }
                    ],
                    "windows_options": [],
                    "windows_sysprep_text": true
                  }
                ],
                "ovf_network_map": {},
                "ovf_storage_map": {}
              }
            ],
            "custom_attributes": {},
            "disk": [
              {}
            ],
            "extra_config": {},
            "guest_ip_addresses": [
              false,
              false,
              false
            ],
            "network_interface": [
              {}
            ],
            "ovf_deploy": [],
            "pci_device_id": [],
            "tags": [],
            "vapp": [],
            "vapp_transport": []
          },
          "after_sensitive": {
            "cdrom": [
              {}
            ],
            "clone": [
              {
                "customize": [
                  {
                    "dns_server_list": [
                      false
                    ],
                    "dns_suffix_list": [],
                    "linux_options": [
                      {}
                    ],
                    "network_interface": [
                      {
                        "dns_server_list": []
                      }
                    ],
                    "windows_options": [],
                    "windows_sysprep_text": true
                  }
                ],
                "ovf_network_map": {},
                "ovf_storage_map": {}
              }
            ],
            "custom_attributes": {},
            "disk": [
              {}
            ],
            "extra_config": {},
            "guest_ip_addresses": [
              false,
              false,
              false
            ],
            "network_interface": [
              {}
            ],
            "ovf_deploy": [],
            "pci_device_id": [],
            "tags": [],
            "vapp": [],
            "vapp_transport": []
          }
        }
      },
      {
        "address": "module.k8s_node.vsphere_virtual_machine.vm[\"nkt-master-08334-3\"]",
        "module_address": "module.k8s_node",
        "mode": "managed",
        "type": "vsphere_virtual_machine",
        "name": "vm",
        "index": "nkt-master-08334-3",
        "provider_name": "registry.terraform.io/hashicorp/vsphere",
        "change": {
          "actions": [
            "no-op"
          ],
          "before": {
            "alternate_guest_name": "",
            "annotation": "",
            "boot_delay": 0,
            "boot_retry_delay": 10000,
            "boot_retry_enabled": false,
            "cdrom": [
              {
                "client_device": true,
                "datastore_id": "",
                "device_address": "sata:0:0",
                "key": 16000,
                "path": ""
              }
            ],
            "change_version": "2022-04-13T00:59:52.816536Z",
            "clone": [
              {
                "customize": [
                  {
                    "dns_server_list": [
                      "10.67.185.100"
                    ],
                    "dns_suffix_list": [],
                    "ipv4_gateway": "192.168.39.253",
                    "ipv6_gateway": "",
                    "linux_options": [
                      {
                        "domain": "cam.ciscolabs.com",
                        "host_name": "nkt-master-08334-3",
                        "hw_clock_utc": true,
                        "time_zone": ""
                      }
                    ],
                    "network_interface": [
                      {
                        "dns_domain": "",
                        "dns_server_list": [],
                        "ipv4_address": "192.168.39.3",
                        "ipv4_netmask": 24,
                        "ipv6_address": "",
                        "ipv6_netmask": 0
                      }
                    ],
                    "timeout": 10,
                    "windows_options": [],
                    "windows_sysprep_text": ""
                  }
                ],
                "linked_clone": true,
                "ovf_network_map": {},
                "ovf_storage_map": {},
                "template_uuid": "4236cd8a-4ff9-ae65-af2e-f9c58dee15db",
                "timeout": 30
              }
            ],
            "cpu_hot_add_enabled": false,
            "cpu_hot_remove_enabled": false,
            "cpu_limit": -1,
            "cpu_performance_counters_enabled": false,
            "cpu_reservation": 0,
            "cpu_share_count": 2000,
            "cpu_share_level": "normal",
            "custom_attributes": {},
            "datacenter_id": null,
            "datastore_cluster_id": null,
            "datastore_id": "datastore-7922",
            "default_ip_address": "192.168.39.3",
            "disk": [
              {
                "attach": false,
                "controller_type": "scsi",
                "datastore_id": "datastore-7922",
                "device_address": "scsi:0:0",
                "disk_mode": "persistent",
                "disk_sharing": "sharingNone",
                "eagerly_scrub": false,
                "io_limit": -1,
                "io_reservation": 0,
                "io_share_count": 1000,
                "io_share_level": "normal",
                "keep_on_remove": false,
                "key": 2000,
                "label": "disk0",
                "path": "nkt-master-08334-3/nkt-master-08334-3.vmdk",
                "size": 50,
                "storage_policy_id": "",
                "thin_provisioned": true,
                "unit_number": 0,
                "uuid": "6000C292-9322-c1f3-326e-280d6a7a927e",
                "write_through": false
              }
            ],
            "efi_secure_boot_enabled": false,
            "enable_disk_uuid": false,
            "enable_logging": false,
            "ept_rvi_mode": "automatic",
            "extra_config": {},
            "firmware": "bios",
            "folder": "CalicoDev_v4",
            "force_power_off": true,
            "guest_id": "ubuntu64Guest",
            "guest_ip_addresses": [
              "fe80::ecee:eeff:feee:eeee",
              "192.168.39.3",
              "fe80::250:56ff:feb6:7753"
            ],
            "hardware_version": 14,
            "host_system_id": "host-2242",
            "hv_mode": "hvAuto",
            "id": "423636ee-8959-f1af-e55a-7eb738b9102a",
            "ide_controller_count": 2,
            "ignored_guest_ips": null,
            "imported": null,
            "latency_sensitivity": "normal",
            "memory": 8192,
            "memory_hot_add_enabled": false,
            "memory_limit": -1,
            "memory_reservation": 0,
            "memory_share_count": 81920,
            "memory_share_level": "normal",
            "migrate_wait_timeout": 30,
            "moid": "vm-10679",
            "name": "nkt-master-08334-3",
            "nested_hv_enabled": false,
            "network_interface": [
              {
                "adapter_type": "vmxnet3",
                "bandwidth_limit": -1,
                "bandwidth_reservation": 0,
                "bandwidth_share_count": 50,
                "bandwidth_share_level": "normal",
                "device_address": "pci:0:7",
                "key": 4000,
                "mac_address": "00:50:56:b6:77:53",
                "network_id": "dvportgroup-7996",
                "ovf_mapping": "",
                "use_static_mac": false
              }
            ],
            "num_cores_per_socket": 1,
            "num_cpus": 2,
            "ovf_deploy": [],
            "pci_device_id": [],
            "poweron_timeout": 300,
            "reboot_required": false,
            "replace_trigger": null,
            "resource_pool_id": "resgroup-1836",
            "run_tools_scripts_after_power_on": true,
            "run_tools_scripts_after_resume": true,
            "run_tools_scripts_before_guest_reboot": false,
            "run_tools_scripts_before_guest_shutdown": true,
            "run_tools_scripts_before_guest_standby": true,
            "sata_controller_count": 0,
            "scsi_bus_sharing": "noSharing",
            "scsi_controller_count": 1,
            "scsi_type": "lsilogic",
            "shutdown_wait_timeout": 3,
            "storage_policy_id": "",
            "swap_placement_policy": "inherit",
            "sync_time_with_host": false,
            "sync_time_with_host_periodically": null,
            "tags": [],
            "uuid": "423636ee-8959-f1af-e55a-7eb738b9102a",
            "vapp": [],
            "vapp_transport": [],
            "vbs_enabled": false,
            "vmware_tools_status": "guestToolsRunning",
            "vmx_path": "nkt-master-08334-3/nkt-master-08334-3.vmx",
            "vvtd_enabled": false,
            "wait_for_guest_ip_timeout": 0,
            "wait_for_guest_net_routable": true,
            "wait_for_guest_net_timeout": 10
          },
          "after": {
            "alternate_guest_name": "",
            "annotation": "",
            "boot_delay": 0,
            "boot_retry_delay": 10000,
            "boot_retry_enabled": false,
            "cdrom": [
              {
                "client_device": true,
                "datastore_id": "",
                "device_address": "sata:0:0",
                "key": 16000,
                "path": ""
              }
            ],
            "change_version": "2022-04-13T00:59:52.816536Z",
            "clone": [
              {
                "customize": [
                  {
                    "dns_server_list": [
                      "10.67.185.100"
                    ],
                    "dns_suffix_list": [],
                    "ipv4_gateway": "192.168.39.253",
                    "ipv6_gateway": "",
                    "linux_options": [
                      {
                        "domain": "cam.ciscolabs.com",
                        "host_name": "nkt-master-08334-3",
                        "hw_clock_utc": true,
                        "time_zone": ""
                      }
                    ],
                    "network_interface": [
                      {
                        "dns_domain": "",
                        "dns_server_list": [],
                        "ipv4_address": "192.168.39.3",
                        "ipv4_netmask": 24,
                        "ipv6_address": "",
                        "ipv6_netmask": 0
                      }
                    ],
                    "timeout": 10,
                    "windows_options": [],
                    "windows_sysprep_text": ""
                  }
                ],
                "linked_clone": true,
                "ovf_network_map": {},
                "ovf_storage_map": {},
                "template_uuid": "4236cd8a-4ff9-ae65-af2e-f9c58dee15db",
                "timeout": 30
              }
            ],
            "cpu_hot_add_enabled": false,
            "cpu_hot_remove_enabled": false,
            "cpu_limit": -1,
            "cpu_performance_counters_enabled": false,
            "cpu_reservation": 0,
            "cpu_share_count": 2000,
            "cpu_share_level": "normal",
            "custom_attributes": {},
            "datacenter_id": null,
            "datastore_cluster_id": null,
            "datastore_id": "datastore-7922",
            "default_ip_address": "192.168.39.3",
            "disk": [
              {
                "attach": false,
                "controller_type": "scsi",
                "datastore_id": "datastore-7922",
                "device_address": "scsi:0:0",
                "disk_mode": "persistent",
                "disk_sharing": "sharingNone",
                "eagerly_scrub": false,
                "io_limit": -1,
                "io_reservation": 0,
                "io_share_count": 1000,
                "io_share_level": "normal",
                "keep_on_remove": false,
                "key": 2000,
                "label": "disk0",
                "path": "nkt-master-08334-3/nkt-master-08334-3.vmdk",
                "size": 50,
                "storage_policy_id": "",
                "thin_provisioned": true,
                "unit_number": 0,
                "uuid": "6000C292-9322-c1f3-326e-280d6a7a927e",
                "write_through": false
              }
            ],
            "efi_secure_boot_enabled": false,
            "enable_disk_uuid": false,
            "enable_logging": false,
            "ept_rvi_mode": "automatic",
            "extra_config": {},
            "firmware": "bios",
            "folder": "CalicoDev_v4",
            "force_power_off": true,
            "guest_id": "ubuntu64Guest",
            "guest_ip_addresses": [
              "fe80::ecee:eeff:feee:eeee",
              "192.168.39.3",
              "fe80::250:56ff:feb6:7753"
            ],
            "hardware_version": 14,
            "host_system_id": "host-2242",
            "hv_mode": "hvAuto",
            "id": "423636ee-8959-f1af-e55a-7eb738b9102a",
            "ide_controller_count": 2,
            "ignored_guest_ips": null,
            "imported": null,
            "latency_sensitivity": "normal",
            "memory": 8192,
            "memory_hot_add_enabled": false,
            "memory_limit": -1,
            "memory_reservation": 0,
            "memory_share_count": 81920,
            "memory_share_level": "normal",
            "migrate_wait_timeout": 30,
            "moid": "vm-10679",
            "name": "nkt-master-08334-3",
            "nested_hv_enabled": false,
            "network_interface": [
              {
                "adapter_type": "vmxnet3",
                "bandwidth_limit": -1,
                "bandwidth_reservation": 0,
                "bandwidth_share_count": 50,
                "bandwidth_share_level": "normal",
                "device_address": "pci:0:7",
                "key": 4000,
                "mac_address": "00:50:56:b6:77:53",
                "network_id": "dvportgroup-7996",
                "ovf_mapping": "",
                "use_static_mac": false
              }
            ],
            "num_cores_per_socket": 1,
            "num_cpus": 2,
            "ovf_deploy": [],
            "pci_device_id": [],
            "poweron_timeout": 300,
            "reboot_required": false,
            "replace_trigger": null,
            "resource_pool_id": "resgroup-1836",
            "run_tools_scripts_after_power_on": true,
            "run_tools_scripts_after_resume": true,
            "run_tools_scripts_before_guest_reboot": false,
            "run_tools_scripts_before_guest_shutdown": true,
            "run_tools_scripts_before_guest_standby": true,
            "sata_controller_count": 0,
            "scsi_bus_sharing": "noSharing",
            "scsi_controller_count": 1,
            "scsi_type": "lsilogic",
            "shutdown_wait_timeout": 3,
            "storage_policy_id": "",
            "swap_placement_policy": "inherit",
            "sync_time_with_host": false,
            "sync_time_with_host_periodically": null,
            "tags": [],
            "uuid": "423636ee-8959-f1af-e55a-7eb738b9102a",
            "vapp": [],
            "vapp_transport": [],
            "vbs_enabled": false,
            "vmware_tools_status": "guestToolsRunning",
            "vmx_path": "nkt-master-08334-3/nkt-master-08334-3.vmx",
            "vvtd_enabled": false,
            "wait_for_guest_ip_timeout": 0,
            "wait_for_guest_net_routable": true,
            "wait_for_guest_net_timeout": 10
          },
          "after_unknown": {},
          "before_sensitive": {
            "cdrom": [
              {}
            ],
            "clone": [
              {
                "customize": [
                  {
                    "dns_server_list": [
                      false
                    ],
                    "dns_suffix_list": [],
                    "linux_options": [
                      {}
                    ],
                    "network_interface": [
                      {
                        "dns_server_list": []
                      }
                    ],
                    "windows_options": [],
                    "windows_sysprep_text": true
                  }
                ],
                "ovf_network_map": {},
                "ovf_storage_map": {}
              }
            ],
            "custom_attributes": {},
            "disk": [
              {}
            ],
            "extra_config": {},
            "guest_ip_addresses": [
              false,
              false,
              false
            ],
            "network_interface": [
              {}
            ],
            "ovf_deploy": [],
            "pci_device_id": [],
            "tags": [],
            "vapp": [],
            "vapp_transport": []
          },
          "after_sensitive": {
            "cdrom": [
              {}
            ],
            "clone": [
              {
                "customize": [
                  {
                    "dns_server_list": [
                      false
                    ],
                    "dns_suffix_list": [],
                    "linux_options": [
                      {}
                    ],
                    "network_interface": [
                      {
                        "dns_server_list": []
                      }
                    ],
                    "windows_options": [],
                    "windows_sysprep_text": true
                  }
                ],
                "ovf_network_map": {},
                "ovf_storage_map": {}
              }
            ],
            "custom_attributes": {},
            "disk": [
              {}
            ],
            "extra_config": {},
            "guest_ip_addresses": [
              false,
              false,
              false
            ],
            "network_interface": [
              {}
            ],
            "ovf_deploy": [],
            "pci_device_id": [],
            "tags": [],
            "vapp": [],
            "vapp_transport": []
          }
        }
      },
      {
        "address": "module.k8s_node.vsphere_virtual_machine.vm[\"nkt-worker-08334-1\"]",
        "module_address": "module.k8s_node",
        "mode": "managed",
        "type": "vsphere_virtual_machine",
        "name": "vm",
        "index": "nkt-worker-08334-1",
        "provider_name": "registry.terraform.io/hashicorp/vsphere",
        "change": {
          "actions": [
            "no-op"
          ],
          "before": {
            "alternate_guest_name": "",
            "annotation": "",
            "boot_delay": 0,
            "boot_retry_delay": 10000,
            "boot_retry_enabled": false,
            "cdrom": [
              {
                "client_device": true,
                "datastore_id": "",
                "device_address": "sata:0:0",
                "key": 16000,
                "path": ""
              }
            ],
            "change_version": "2022-04-13T00:59:52.813214Z",
            "clone": [
              {
                "customize": [
                  {
                    "dns_server_list": [
                      "10.67.185.100"
                    ],
                    "dns_suffix_list": [],
                    "ipv4_gateway": "192.168.39.253",
                    "ipv6_gateway": "",
                    "linux_options": [
                      {
                        "domain": "cam.ciscolabs.com",
                        "host_name": "nkt-worker-08334-1",
                        "hw_clock_utc": true,
                        "time_zone": ""
                      }
                    ],
                    "network_interface": [
                      {
                        "dns_domain": "",
                        "dns_server_list": [],
                        "ipv4_address": "192.168.39.4",
                        "ipv4_netmask": 24,
                        "ipv6_address": "",
                        "ipv6_netmask": 0
                      }
                    ],
                    "timeout": 10,
                    "windows_options": [],
                    "windows_sysprep_text": ""
                  }
                ],
                "linked_clone": true,
                "ovf_network_map": {},
                "ovf_storage_map": {},
                "template_uuid": "4236cd8a-4ff9-ae65-af2e-f9c58dee15db",
                "timeout": 30
              }
            ],
            "cpu_hot_add_enabled": false,
            "cpu_hot_remove_enabled": false,
            "cpu_limit": -1,
            "cpu_performance_counters_enabled": false,
            "cpu_reservation": 0,
            "cpu_share_count": 2000,
            "cpu_share_level": "normal",
            "custom_attributes": {},
            "datacenter_id": null,
            "datastore_cluster_id": null,
            "datastore_id": "datastore-7922",
            "default_ip_address": "192.168.39.4",
            "disk": [
              {
                "attach": false,
                "controller_type": "scsi",
                "datastore_id": "datastore-7922",
                "device_address": "scsi:0:0",
                "disk_mode": "persistent",
                "disk_sharing": "sharingNone",
                "eagerly_scrub": false,
                "io_limit": -1,
                "io_reservation": 0,
                "io_share_count": 1000,
                "io_share_level": "normal",
                "keep_on_remove": false,
                "key": 2000,
                "label": "disk0",
                "path": "nkt-worker-08334-1/nkt-worker-08334-1.vmdk",
                "size": 50,
                "storage_policy_id": "",
                "thin_provisioned": true,
                "unit_number": 0,
                "uuid": "6000C292-9322-c1f3-326e-280d6a7a927e",
                "write_through": false
              }
            ],
            "efi_secure_boot_enabled": false,
            "enable_disk_uuid": false,
            "enable_logging": false,
            "ept_rvi_mode": "automatic",
            "extra_config": {},
            "firmware": "bios",
            "folder": "CalicoDev_v4",
            "force_power_off": true,
            "guest_id": "ubuntu64Guest",
            "guest_ip_addresses": [
              "fe80::ecee:eeff:feee:eeee",
              "fe80::ecee:eeff:feee:eeee",
              "fe80::ecee:eeff:feee:eeee",
              "fe80::ecee:eeff:feee:eeee",
              "fe80::ecee:eeff:feee:eeee",
              "fe80::ecee:eeff:feee:eeee",
              "192.168.39.4",
              "fe80::250:56ff:feb6:8921"
            ],
            "hardware_version": 14,
            "host_system_id": "host-2242",
            "hv_mode": "hvAuto",
            "id": "42367bce-02d4-897b-d52d-4c1cc64b4c7a",
            "ide_controller_count": 2,
            "ignored_guest_ips": null,
            "imported": null,
            "latency_sensitivity": "normal",
            "memory": 8192,
            "memory_hot_add_enabled": false,
            "memory_limit": -1,
            "memory_reservation": 0,
            "memory_share_count": 81920,
            "memory_share_level": "normal",
            "migrate_wait_timeout": 30,
            "moid": "vm-10680",
            "name": "nkt-worker-08334-1",
            "nested_hv_enabled": false,
            "network_interface": [
              {
                "adapter_type": "vmxnet3",
                "bandwidth_limit": -1,
                "bandwidth_reservation": 0,
                "bandwidth_share_count": 50,
                "bandwidth_share_level": "normal",
                "device_address": "pci:0:7",
                "key": 4000,
                "mac_address": "00:50:56:b6:89:21",
                "network_id": "dvportgroup-7996",
                "ovf_mapping": "",
                "use_static_mac": false
              }
            ],
            "num_cores_per_socket": 1,
            "num_cpus": 2,
            "ovf_deploy": [],
            "pci_device_id": [],
            "poweron_timeout": 300,
            "reboot_required": false,
            "replace_trigger": null,
            "resource_pool_id": "resgroup-1836",
            "run_tools_scripts_after_power_on": true,
            "run_tools_scripts_after_resume": true,
            "run_tools_scripts_before_guest_reboot": false,
            "run_tools_scripts_before_guest_shutdown": true,
            "run_tools_scripts_before_guest_standby": true,
            "sata_controller_count": 0,
            "scsi_bus_sharing": "noSharing",
            "scsi_controller_count": 1,
            "scsi_type": "lsilogic",
            "shutdown_wait_timeout": 3,
            "storage_policy_id": "",
            "swap_placement_policy": "inherit",
            "sync_time_with_host": false,
            "sync_time_with_host_periodically": null,
            "tags": [],
            "uuid": "42367bce-02d4-897b-d52d-4c1cc64b4c7a",
            "vapp": [],
            "vapp_transport": [],
            "vbs_enabled": false,
            "vmware_tools_status": "guestToolsRunning",
            "vmx_path": "nkt-worker-08334-1/nkt-worker-08334-1.vmx",
            "vvtd_enabled": false,
            "wait_for_guest_ip_timeout": 0,
            "wait_for_guest_net_routable": true,
            "wait_for_guest_net_timeout": 10
          },
          "after": {
            "alternate_guest_name": "",
            "annotation": "",
            "boot_delay": 0,
            "boot_retry_delay": 10000,
            "boot_retry_enabled": false,
            "cdrom": [
              {
                "client_device": true,
                "datastore_id": "",
                "device_address": "sata:0:0",
                "key": 16000,
                "path": ""
              }
            ],
            "change_version": "2022-04-13T00:59:52.813214Z",
            "clone": [
              {
                "customize": [
                  {
                    "dns_server_list": [
                      "10.67.185.100"
                    ],
                    "dns_suffix_list": [],
                    "ipv4_gateway": "192.168.39.253",
                    "ipv6_gateway": "",
                    "linux_options": [
                      {
                        "domain": "cam.ciscolabs.com",
                        "host_name": "nkt-worker-08334-1",
                        "hw_clock_utc": true,
                        "time_zone": ""
                      }
                    ],
                    "network_interface": [
                      {
                        "dns_domain": "",
                        "dns_server_list": [],
                        "ipv4_address": "192.168.39.4",
                        "ipv4_netmask": 24,
                        "ipv6_address": "",
                        "ipv6_netmask": 0
                      }
                    ],
                    "timeout": 10,
                    "windows_options": [],
                    "windows_sysprep_text": ""
                  }
                ],
                "linked_clone": true,
                "ovf_network_map": {},
                "ovf_storage_map": {},
                "template_uuid": "4236cd8a-4ff9-ae65-af2e-f9c58dee15db",
                "timeout": 30
              }
            ],
            "cpu_hot_add_enabled": false,
            "cpu_hot_remove_enabled": false,
            "cpu_limit": -1,
            "cpu_performance_counters_enabled": false,
            "cpu_reservation": 0,
            "cpu_share_count": 2000,
            "cpu_share_level": "normal",
            "custom_attributes": {},
            "datacenter_id": null,
            "datastore_cluster_id": null,
            "datastore_id": "datastore-7922",
            "default_ip_address": "192.168.39.4",
            "disk": [
              {
                "attach": false,
                "controller_type": "scsi",
                "datastore_id": "datastore-7922",
                "device_address": "scsi:0:0",
                "disk_mode": "persistent",
                "disk_sharing": "sharingNone",
                "eagerly_scrub": false,
                "io_limit": -1,
                "io_reservation": 0,
                "io_share_count": 1000,
                "io_share_level": "normal",
                "keep_on_remove": false,
                "key": 2000,
                "label": "disk0",
                "path": "nkt-worker-08334-1/nkt-worker-08334-1.vmdk",
                "size": 50,
                "storage_policy_id": "",
                "thin_provisioned": true,
                "unit_number": 0,
                "uuid": "6000C292-9322-c1f3-326e-280d6a7a927e",
                "write_through": false
              }
            ],
            "efi_secure_boot_enabled": false,
            "enable_disk_uuid": false,
            "enable_logging": false,
            "ept_rvi_mode": "automatic",
            "extra_config": {},
            "firmware": "bios",
            "folder": "CalicoDev_v4",
            "force_power_off": true,
            "guest_id": "ubuntu64Guest",
            "guest_ip_addresses": [
              "fe80::ecee:eeff:feee:eeee",
              "fe80::ecee:eeff:feee:eeee",
              "fe80::ecee:eeff:feee:eeee",
              "fe80::ecee:eeff:feee:eeee",
              "fe80::ecee:eeff:feee:eeee",
              "fe80::ecee:eeff:feee:eeee",
              "192.168.39.4",
              "fe80::250:56ff:feb6:8921"
            ],
            "hardware_version": 14,
            "host_system_id": "host-2242",
            "hv_mode": "hvAuto",
            "id": "42367bce-02d4-897b-d52d-4c1cc64b4c7a",
            "ide_controller_count": 2,
            "ignored_guest_ips": null,
            "imported": null,
            "latency_sensitivity": "normal",
            "memory": 8192,
            "memory_hot_add_enabled": false,
            "memory_limit": -1,
            "memory_reservation": 0,
            "memory_share_count": 81920,
            "memory_share_level": "normal",
            "migrate_wait_timeout": 30,
            "moid": "vm-10680",
            "name": "nkt-worker-08334-1",
            "nested_hv_enabled": false,
            "network_interface": [
              {
                "adapter_type": "vmxnet3",
                "bandwidth_limit": -1,
                "bandwidth_reservation": 0,
                "bandwidth_share_count": 50,
                "bandwidth_share_level": "normal",
                "device_address": "pci:0:7",
                "key": 4000,
                "mac_address": "00:50:56:b6:89:21",
                "network_id": "dvportgroup-7996",
                "ovf_mapping": "",
                "use_static_mac": false
              }
            ],
            "num_cores_per_socket": 1,
            "num_cpus": 2,
            "ovf_deploy": [],
            "pci_device_id": [],
            "poweron_timeout": 300,
            "reboot_required": false,
            "replace_trigger": null,
            "resource_pool_id": "resgroup-1836",
            "run_tools_scripts_after_power_on": true,
            "run_tools_scripts_after_resume": true,
            "run_tools_scripts_before_guest_reboot": false,
            "run_tools_scripts_before_guest_shutdown": true,
            "run_tools_scripts_before_guest_standby": true,
            "sata_controller_count": 0,
            "scsi_bus_sharing": "noSharing",
            "scsi_controller_count": 1,
            "scsi_type": "lsilogic",
            "shutdown_wait_timeout": 3,
            "storage_policy_id": "",
            "swap_placement_policy": "inherit",
            "sync_time_with_host": false,
            "sync_time_with_host_periodically": null,
            "tags": [],
            "uuid": "42367bce-02d4-897b-d52d-4c1cc64b4c7a",
            "vapp": [],
            "vapp_transport": [],
            "vbs_enabled": false,
            "vmware_tools_status": "guestToolsRunning",
            "vmx_path": "nkt-worker-08334-1/nkt-worker-08334-1.vmx",
            "vvtd_enabled": false,
            "wait_for_guest_ip_timeout": 0,
            "wait_for_guest_net_routable": true,
            "wait_for_guest_net_timeout": 10
          },
          "after_unknown": {},
          "before_sensitive": {
            "cdrom": [
              {}
            ],
            "clone": [
              {
                "customize": [
                  {
                    "dns_server_list": [
                      false
                    ],
                    "dns_suffix_list": [],
                    "linux_options": [
                      {}
                    ],
                    "network_interface": [
                      {
                        "dns_server_list": []
                      }
                    ],
                    "windows_options": [],
                    "windows_sysprep_text": true
                  }
                ],
                "ovf_network_map": {},
                "ovf_storage_map": {}
              }
            ],
            "custom_attributes": {},
            "disk": [
              {}
            ],
            "extra_config": {},
            "guest_ip_addresses": [
              false,
              false,
              false,
              false,
              false,
              false,
              false,
              false
            ],
            "network_interface": [
              {}
            ],
            "ovf_deploy": [],
            "pci_device_id": [],
            "tags": [],
            "vapp": [],
            "vapp_transport": []
          },
          "after_sensitive": {
            "cdrom": [
              {}
            ],
            "clone": [
              {
                "customize": [
                  {
                    "dns_server_list": [
                      false
                    ],
                    "dns_suffix_list": [],
                    "linux_options": [
                      {}
                    ],
                    "network_interface": [
                      {
                        "dns_server_list": []
                      }
                    ],
                    "windows_options": [],
                    "windows_sysprep_text": true
                  }
                ],
                "ovf_network_map": {},
                "ovf_storage_map": {}
              }
            ],
            "custom_attributes": {},
            "disk": [
              {}
            ],
            "extra_config": {},
            "guest_ip_addresses": [
              false,
              false,
              false,
              false,
              false,
              false,
              false,
              false
            ],
            "network_interface": [
              {}
            ],
            "ovf_deploy": [],
            "pci_device_id": [],
            "tags": [],
            "vapp": [],
            "vapp_transport": []
          }
        }
      },
      {
        "address": "module.k8s_node.vsphere_virtual_machine.vm[\"nkt-worker-08334-2\"]",
        "module_address": "module.k8s_node",
        "mode": "managed",
        "type": "vsphere_virtual_machine",
        "name": "vm",
        "index": "nkt-worker-08334-2",
        "provider_name": "registry.terraform.io/hashicorp/vsphere",
        "change": {
          "actions": [
            "no-op"
          ],
          "before": {
            "alternate_guest_name": "",
            "annotation": "",
            "boot_delay": 0,
            "boot_retry_delay": 10000,
            "boot_retry_enabled": false,
            "cdrom": [
              {
                "client_device": true,
                "datastore_id": "",
                "device_address": "sata:0:0",
                "key": 16000,
                "path": ""
              }
            ],
            "change_version": "2022-04-13T00:59:53.822878Z",
            "clone": [
              {
                "customize": [
                  {
                    "dns_server_list": [
                      "10.67.185.100"
                    ],
                    "dns_suffix_list": [],
                    "ipv4_gateway": "192.168.39.253",
                    "ipv6_gateway": "",
                    "linux_options": [
                      {
                        "domain": "cam.ciscolabs.com",
                        "host_name": "nkt-worker-08334-2",
                        "hw_clock_utc": true,
                        "time_zone": ""
                      }
                    ],
                    "network_interface": [
                      {
                        "dns_domain": "",
                        "dns_server_list": [],
                        "ipv4_address": "192.168.39.5",
                        "ipv4_netmask": 24,
                        "ipv6_address": "",
                        "ipv6_netmask": 0
                      }
                    ],
                    "timeout": 10,
                    "windows_options": [],
                    "windows_sysprep_text": ""
                  }
                ],
                "linked_clone": true,
                "ovf_network_map": {},
                "ovf_storage_map": {},
                "template_uuid": "4236cd8a-4ff9-ae65-af2e-f9c58dee15db",
                "timeout": 30
              }
            ],
            "cpu_hot_add_enabled": false,
            "cpu_hot_remove_enabled": false,
            "cpu_limit": -1,
            "cpu_performance_counters_enabled": false,
            "cpu_reservation": 0,
            "cpu_share_count": 2000,
            "cpu_share_level": "normal",
            "custom_attributes": {},
            "datacenter_id": null,
            "datastore_cluster_id": null,
            "datastore_id": "datastore-7922",
            "default_ip_address": "192.168.39.5",
            "disk": [
              {
                "attach": false,
                "controller_type": "scsi",
                "datastore_id": "datastore-7922",
                "device_address": "scsi:0:0",
                "disk_mode": "persistent",
                "disk_sharing": "sharingNone",
                "eagerly_scrub": false,
                "io_limit": -1,
                "io_reservation": 0,
                "io_share_count": 1000,
                "io_share_level": "normal",
                "keep_on_remove": false,
                "key": 2000,
                "label": "disk0",
                "path": "nkt-worker-08334-2/nkt-worker-08334-2.vmdk",
                "size": 50,
                "storage_policy_id": "",
                "thin_provisioned": true,
                "unit_number": 0,
                "uuid": "6000C292-9322-c1f3-326e-280d6a7a927e",
                "write_through": false
              }
            ],
            "efi_secure_boot_enabled": false,
            "enable_disk_uuid": false,
            "enable_logging": false,
            "ept_rvi_mode": "automatic",
            "extra_config": {},
            "firmware": "bios",
            "folder": "CalicoDev_v4",
            "force_power_off": true,
            "guest_id": "ubuntu64Guest",
            "guest_ip_addresses": [
              "fe80::ecee:eeff:feee:eeee",
              "fe80::ecee:eeff:feee:eeee",
              "fe80::ecee:eeff:feee:eeee",
              "fe80::ecee:eeff:feee:eeee",
              "fe80::ecee:eeff:feee:eeee",
              "fe80::ecee:eeff:feee:eeee",
              "192.168.39.5",
              "fe80::250:56ff:feb6:9027"
            ],
            "hardware_version": 14,
            "host_system_id": "host-2242",
            "hv_mode": "hvAuto",
            "id": "42360043-053a-b577-f5e2-d95624171c7f",
            "ide_controller_count": 2,
            "ignored_guest_ips": null,
            "imported": null,
            "latency_sensitivity": "normal",
            "memory": 8192,
            "memory_hot_add_enabled": false,
            "memory_limit": -1,
            "memory_reservation": 0,
            "memory_share_count": 81920,
            "memory_share_level": "normal",
            "migrate_wait_timeout": 30,
            "moid": "vm-10675",
            "name": "nkt-worker-08334-2",
            "nested_hv_enabled": false,
            "network_interface": [
              {
                "adapter_type": "vmxnet3",
                "bandwidth_limit": -1,
                "bandwidth_reservation": 0,
                "bandwidth_share_count": 50,
                "bandwidth_share_level": "normal",
                "device_address": "pci:0:7",
                "key": 4000,
                "mac_address": "00:50:56:b6:90:27",
                "network_id": "dvportgroup-7996",
                "ovf_mapping": "",
                "use_static_mac": false
              }
            ],
            "num_cores_per_socket": 1,
            "num_cpus": 2,
            "ovf_deploy": [],
            "pci_device_id": [],
            "poweron_timeout": 300,
            "reboot_required": false,
            "replace_trigger": null,
            "resource_pool_id": "resgroup-1836",
            "run_tools_scripts_after_power_on": true,
            "run_tools_scripts_after_resume": true,
            "run_tools_scripts_before_guest_reboot": false,
            "run_tools_scripts_before_guest_shutdown": true,
            "run_tools_scripts_before_guest_standby": true,
            "sata_controller_count": 0,
            "scsi_bus_sharing": "noSharing",
            "scsi_controller_count": 1,
            "scsi_type": "lsilogic",
            "shutdown_wait_timeout": 3,
            "storage_policy_id": "",
            "swap_placement_policy": "inherit",
            "sync_time_with_host": false,
            "sync_time_with_host_periodically": null,
            "tags": [],
            "uuid": "42360043-053a-b577-f5e2-d95624171c7f",
            "vapp": [],
            "vapp_transport": [],
            "vbs_enabled": false,
            "vmware_tools_status": "guestToolsRunning",
            "vmx_path": "nkt-worker-08334-2/nkt-worker-08334-2.vmx",
            "vvtd_enabled": false,
            "wait_for_guest_ip_timeout": 0,
            "wait_for_guest_net_routable": true,
            "wait_for_guest_net_timeout": 10
          },
          "after": {
            "alternate_guest_name": "",
            "annotation": "",
            "boot_delay": 0,
            "boot_retry_delay": 10000,
            "boot_retry_enabled": false,
            "cdrom": [
              {
                "client_device": true,
                "datastore_id": "",
                "device_address": "sata:0:0",
                "key": 16000,
                "path": ""
              }
            ],
            "change_version": "2022-04-13T00:59:53.822878Z",
            "clone": [
              {
                "customize": [
                  {
                    "dns_server_list": [
                      "10.67.185.100"
                    ],
                    "dns_suffix_list": [],
                    "ipv4_gateway": "192.168.39.253",
                    "ipv6_gateway": "",
                    "linux_options": [
                      {
                        "domain": "cam.ciscolabs.com",
                        "host_name": "nkt-worker-08334-2",
                        "hw_clock_utc": true,
                        "time_zone": ""
                      }
                    ],
                    "network_interface": [
                      {
                        "dns_domain": "",
                        "dns_server_list": [],
                        "ipv4_address": "192.168.39.5",
                        "ipv4_netmask": 24,
                        "ipv6_address": "",
                        "ipv6_netmask": 0
                      }
                    ],
                    "timeout": 10,
                    "windows_options": [],
                    "windows_sysprep_text": ""
                  }
                ],
                "linked_clone": true,
                "ovf_network_map": {},
                "ovf_storage_map": {},
                "template_uuid": "4236cd8a-4ff9-ae65-af2e-f9c58dee15db",
                "timeout": 30
              }
            ],
            "cpu_hot_add_enabled": false,
            "cpu_hot_remove_enabled": false,
            "cpu_limit": -1,
            "cpu_performance_counters_enabled": false,
            "cpu_reservation": 0,
            "cpu_share_count": 2000,
            "cpu_share_level": "normal",
            "custom_attributes": {},
            "datacenter_id": null,
            "datastore_cluster_id": null,
            "datastore_id": "datastore-7922",
            "default_ip_address": "192.168.39.5",
            "disk": [
              {
                "attach": false,
                "controller_type": "scsi",
                "datastore_id": "datastore-7922",
                "device_address": "scsi:0:0",
                "disk_mode": "persistent",
                "disk_sharing": "sharingNone",
                "eagerly_scrub": false,
                "io_limit": -1,
                "io_reservation": 0,
                "io_share_count": 1000,
                "io_share_level": "normal",
                "keep_on_remove": false,
                "key": 2000,
                "label": "disk0",
                "path": "nkt-worker-08334-2/nkt-worker-08334-2.vmdk",
                "size": 50,
                "storage_policy_id": "",
                "thin_provisioned": true,
                "unit_number": 0,
                "uuid": "6000C292-9322-c1f3-326e-280d6a7a927e",
                "write_through": false
              }
            ],
            "efi_secure_boot_enabled": false,
            "enable_disk_uuid": false,
            "enable_logging": false,
            "ept_rvi_mode": "automatic",
            "extra_config": {},
            "firmware": "bios",
            "folder": "CalicoDev_v4",
            "force_power_off": true,
            "guest_id": "ubuntu64Guest",
            "guest_ip_addresses": [
              "fe80::ecee:eeff:feee:eeee",
              "fe80::ecee:eeff:feee:eeee",
              "fe80::ecee:eeff:feee:eeee",
              "fe80::ecee:eeff:feee:eeee",
              "fe80::ecee:eeff:feee:eeee",
              "fe80::ecee:eeff:feee:eeee",
              "192.168.39.5",
              "fe80::250:56ff:feb6:9027"
            ],
            "hardware_version": 14,
            "host_system_id": "host-2242",
            "hv_mode": "hvAuto",
            "id": "42360043-053a-b577-f5e2-d95624171c7f",
            "ide_controller_count": 2,
            "ignored_guest_ips": null,
            "imported": null,
            "latency_sensitivity": "normal",
            "memory": 8192,
            "memory_hot_add_enabled": false,
            "memory_limit": -1,
            "memory_reservation": 0,
            "memory_share_count": 81920,
            "memory_share_level": "normal",
            "migrate_wait_timeout": 30,
            "moid": "vm-10675",
            "name": "nkt-worker-08334-2",
            "nested_hv_enabled": false,
            "network_interface": [
              {
                "adapter_type": "vmxnet3",
                "bandwidth_limit": -1,
                "bandwidth_reservation": 0,
                "bandwidth_share_count": 50,
                "bandwidth_share_level": "normal",
                "device_address": "pci:0:7",
                "key": 4000,
                "mac_address": "00:50:56:b6:90:27",
                "network_id": "dvportgroup-7996",
                "ovf_mapping": "",
                "use_static_mac": false
              }
            ],
            "num_cores_per_socket": 1,
            "num_cpus": 2,
            "ovf_deploy": [],
            "pci_device_id": [],
            "poweron_timeout": 300,
            "reboot_required": false,
            "replace_trigger": null,
            "resource_pool_id": "resgroup-1836",
            "run_tools_scripts_after_power_on": true,
            "run_tools_scripts_after_resume": true,
            "run_tools_scripts_before_guest_reboot": false,
            "run_tools_scripts_before_guest_shutdown": true,
            "run_tools_scripts_before_guest_standby": true,
            "sata_controller_count": 0,
            "scsi_bus_sharing": "noSharing",
            "scsi_controller_count": 1,
            "scsi_type": "lsilogic",
            "shutdown_wait_timeout": 3,
            "storage_policy_id": "",
            "swap_placement_policy": "inherit",
            "sync_time_with_host": false,
            "sync_time_with_host_periodically": null,
            "tags": [],
            "uuid": "42360043-053a-b577-f5e2-d95624171c7f",
            "vapp": [],
            "vapp_transport": [],
            "vbs_enabled": false,
            "vmware_tools_status": "guestToolsRunning",
            "vmx_path": "nkt-worker-08334-2/nkt-worker-08334-2.vmx",
            "vvtd_enabled": false,
            "wait_for_guest_ip_timeout": 0,
            "wait_for_guest_net_routable": true,
            "wait_for_guest_net_timeout": 10
          },
          "after_unknown": {},
          "before_sensitive": {
            "cdrom": [
              {}
            ],
            "clone": [
              {
                "customize": [
                  {
                    "dns_server_list": [
                      false
                    ],
                    "dns_suffix_list": [],
                    "linux_options": [
                      {}
                    ],
                    "network_interface": [
                      {
                        "dns_server_list": []
                      }
                    ],
                    "windows_options": [],
                    "windows_sysprep_text": true
                  }
                ],
                "ovf_network_map": {},
                "ovf_storage_map": {}
              }
            ],
            "custom_attributes": {},
            "disk": [
              {}
            ],
            "extra_config": {},
            "guest_ip_addresses": [
              false,
              false,
              false,
              false,
              false,
              false,
              false,
              false
            ],
            "network_interface": [
              {}
            ],
            "ovf_deploy": [],
            "pci_device_id": [],
            "tags": [],
            "vapp": [],
            "vapp_transport": []
          },
          "after_sensitive": {
            "cdrom": [
              {}
            ],
            "clone": [
              {
                "customize": [
                  {
                    "dns_server_list": [
                      false
                    ],
                    "dns_suffix_list": [],
                    "linux_options": [
                      {}
                    ],
                    "network_interface": [
                      {
                        "dns_server_list": []
                      }
                    ],
                    "windows_options": [],
                    "windows_sysprep_text": true
                  }
                ],
                "ovf_network_map": {},
                "ovf_storage_map": {}
              }
            ],
            "custom_attributes": {},
            "disk": [
              {}
            ],
            "extra_config": {},
            "guest_ip_addresses": [
              false,
              false,
              false,
              false,
              false,
              false,
              false,
              false
            ],
            "network_interface": [
              {}
            ],
            "ovf_deploy": [],
            "pci_device_id": [],
            "tags": [],
            "vapp": [],
            "vapp_transport": []
          }
        }
      },
      {
        "address": "module.k8s_node.vsphere_virtual_machine.vm[\"nkt-worker-08334-3\"]",
        "module_address": "module.k8s_node",
        "mode": "managed",
        "type": "vsphere_virtual_machine",
        "name": "vm",
        "index": "nkt-worker-08334-3",
        "provider_name": "registry.terraform.io/hashicorp/vsphere",
        "change": {
          "actions": [
            "no-op"
          ],
          "before": {
            "alternate_guest_name": "",
            "annotation": "",
            "boot_delay": 0,
            "boot_retry_delay": 10000,
            "boot_retry_enabled": false,
            "cdrom": [
              {
                "client_device": true,
                "datastore_id": "",
                "device_address": "sata:0:0",
                "key": 16000,
                "path": ""
              }
            ],
            "change_version": "2022-04-13T00:59:50.895689Z",
            "clone": [
              {
                "customize": [
                  {
                    "dns_server_list": [
                      "10.67.185.100"
                    ],
                    "dns_suffix_list": [],
                    "ipv4_gateway": "192.168.39.253",
                    "ipv6_gateway": "",
                    "linux_options": [
                      {
                        "domain": "cam.ciscolabs.com",
                        "host_name": "nkt-worker-08334-3",
                        "hw_clock_utc": true,
                        "time_zone": ""
                      }
                    ],
                    "network_interface": [
                      {
                        "dns_domain": "",
                        "dns_server_list": [],
                        "ipv4_address": "192.168.39.6",
                        "ipv4_netmask": 24,
                        "ipv6_address": "",
                        "ipv6_netmask": 0
                      }
                    ],
                    "timeout": 10,
                    "windows_options": [],
                    "windows_sysprep_text": ""
                  }
                ],
                "linked_clone": true,
                "ovf_network_map": {},
                "ovf_storage_map": {},
                "template_uuid": "4236cd8a-4ff9-ae65-af2e-f9c58dee15db",
                "timeout": 30
              }
            ],
            "cpu_hot_add_enabled": false,
            "cpu_hot_remove_enabled": false,
            "cpu_limit": -1,
            "cpu_performance_counters_enabled": false,
            "cpu_reservation": 0,
            "cpu_share_count": 2000,
            "cpu_share_level": "normal",
            "custom_attributes": {},
            "datacenter_id": null,
            "datastore_cluster_id": null,
            "datastore_id": "datastore-7922",
            "default_ip_address": "192.168.39.6",
            "disk": [
              {
                "attach": false,
                "controller_type": "scsi",
                "datastore_id": "datastore-7922",
                "device_address": "scsi:0:0",
                "disk_mode": "persistent",
                "disk_sharing": "sharingNone",
                "eagerly_scrub": false,
                "io_limit": -1,
                "io_reservation": 0,
                "io_share_count": 1000,
                "io_share_level": "normal",
                "keep_on_remove": false,
                "key": 2000,
                "label": "disk0",
                "path": "nkt-worker-08334-3/nkt-worker-08334-3.vmdk",
                "size": 50,
                "storage_policy_id": "",
                "thin_provisioned": true,
                "unit_number": 0,
                "uuid": "6000C292-9322-c1f3-326e-280d6a7a927e",
                "write_through": false
              }
            ],
            "efi_secure_boot_enabled": false,
            "enable_disk_uuid": false,
            "enable_logging": false,
            "ept_rvi_mode": "automatic",
            "extra_config": {},
            "firmware": "bios",
            "folder": "CalicoDev_v4",
            "force_power_off": true,
            "guest_id": "ubuntu64Guest",
            "guest_ip_addresses": [
              "fe80::ecee:eeff:feee:eeee",
              "fe80::ecee:eeff:feee:eeee",
              "fe80::ecee:eeff:feee:eeee",
              "fe80::ecee:eeff:feee:eeee",
              "fe80::ecee:eeff:feee:eeee",
              "fe80::ecee:eeff:feee:eeee",
              "fe80::ecee:eeff:feee:eeee",
              "192.168.39.6",
              "fe80::250:56ff:feb6:ddb4"
            ],
            "hardware_version": 14,
            "host_system_id": "host-2242",
            "hv_mode": "hvAuto",
            "id": "42364c97-bb24-0f71-1e6c-9cb44b9dc63d",
            "ide_controller_count": 2,
            "ignored_guest_ips": null,
            "imported": null,
            "latency_sensitivity": "normal",
            "memory": 8192,
            "memory_hot_add_enabled": false,
            "memory_limit": -1,
            "memory_reservation": 0,
            "memory_share_count": 81920,
            "memory_share_level": "normal",
            "migrate_wait_timeout": 30,
            "moid": "vm-10678",
            "name": "nkt-worker-08334-3",
            "nested_hv_enabled": false,
            "network_interface": [
              {
                "adapter_type": "vmxnet3",
                "bandwidth_limit": -1,
                "bandwidth_reservation": 0,
                "bandwidth_share_count": 50,
                "bandwidth_share_level": "normal",
                "device_address": "pci:0:7",
                "key": 4000,
                "mac_address": "00:50:56:b6:dd:b4",
                "network_id": "dvportgroup-7996",
                "ovf_mapping": "",
                "use_static_mac": false
              }
            ],
            "num_cores_per_socket": 1,
            "num_cpus": 2,
            "ovf_deploy": [],
            "pci_device_id": [],
            "poweron_timeout": 300,
            "reboot_required": false,
            "replace_trigger": null,
            "resource_pool_id": "resgroup-1836",
            "run_tools_scripts_after_power_on": true,
            "run_tools_scripts_after_resume": true,
            "run_tools_scripts_before_guest_reboot": false,
            "run_tools_scripts_before_guest_shutdown": true,
            "run_tools_scripts_before_guest_standby": true,
            "sata_controller_count": 0,
            "scsi_bus_sharing": "noSharing",
            "scsi_controller_count": 1,
            "scsi_type": "lsilogic",
            "shutdown_wait_timeout": 3,
            "storage_policy_id": "",
            "swap_placement_policy": "inherit",
            "sync_time_with_host": false,
            "sync_time_with_host_periodically": null,
            "tags": [],
            "uuid": "42364c97-bb24-0f71-1e6c-9cb44b9dc63d",
            "vapp": [],
            "vapp_transport": [],
            "vbs_enabled": false,
            "vmware_tools_status": "guestToolsRunning",
            "vmx_path": "nkt-worker-08334-3/nkt-worker-08334-3.vmx",
            "vvtd_enabled": false,
            "wait_for_guest_ip_timeout": 0,
            "wait_for_guest_net_routable": true,
            "wait_for_guest_net_timeout": 10
          },
          "after": {
            "alternate_guest_name": "",
            "annotation": "",
            "boot_delay": 0,
            "boot_retry_delay": 10000,
            "boot_retry_enabled": false,
            "cdrom": [
              {
                "client_device": true,
                "datastore_id": "",
                "device_address": "sata:0:0",
                "key": 16000,
                "path": ""
              }
            ],
            "change_version": "2022-04-13T00:59:50.895689Z",
            "clone": [
              {
                "customize": [
                  {
                    "dns_server_list": [
                      "10.67.185.100"
                    ],
                    "dns_suffix_list": [],
                    "ipv4_gateway": "192.168.39.253",
                    "ipv6_gateway": "",
                    "linux_options": [
                      {
                        "domain": "cam.ciscolabs.com",
                        "host_name": "nkt-worker-08334-3",
                        "hw_clock_utc": true,
                        "time_zone": ""
                      }
                    ],
                    "network_interface": [
                      {
                        "dns_domain": "",
                        "dns_server_list": [],
                        "ipv4_address": "192.168.39.6",
                        "ipv4_netmask": 24,
                        "ipv6_address": "",
                        "ipv6_netmask": 0
                      }
                    ],
                    "timeout": 10,
                    "windows_options": [],
                    "windows_sysprep_text": ""
                  }
                ],
                "linked_clone": true,
                "ovf_network_map": {},
                "ovf_storage_map": {},
                "template_uuid": "4236cd8a-4ff9-ae65-af2e-f9c58dee15db",
                "timeout": 30
              }
            ],
            "cpu_hot_add_enabled": false,
            "cpu_hot_remove_enabled": false,
            "cpu_limit": -1,
            "cpu_performance_counters_enabled": false,
            "cpu_reservation": 0,
            "cpu_share_count": 2000,
            "cpu_share_level": "normal",
            "custom_attributes": {},
            "datacenter_id": null,
            "datastore_cluster_id": null,
            "datastore_id": "datastore-7922",
            "default_ip_address": "192.168.39.6",
            "disk": [
              {
                "attach": false,
                "controller_type": "scsi",
                "datastore_id": "datastore-7922",
                "device_address": "scsi:0:0",
                "disk_mode": "persistent",
                "disk_sharing": "sharingNone",
                "eagerly_scrub": false,
                "io_limit": -1,
                "io_reservation": 0,
                "io_share_count": 1000,
                "io_share_level": "normal",
                "keep_on_remove": false,
                "key": 2000,
                "label": "disk0",
                "path": "nkt-worker-08334-3/nkt-worker-08334-3.vmdk",
                "size": 50,
                "storage_policy_id": "",
                "thin_provisioned": true,
                "unit_number": 0,
                "uuid": "6000C292-9322-c1f3-326e-280d6a7a927e",
                "write_through": false
              }
            ],
            "efi_secure_boot_enabled": false,
            "enable_disk_uuid": false,
            "enable_logging": false,
            "ept_rvi_mode": "automatic",
            "extra_config": {},
            "firmware": "bios",
            "folder": "CalicoDev_v4",
            "force_power_off": true,
            "guest_id": "ubuntu64Guest",
            "guest_ip_addresses": [
              "fe80::ecee:eeff:feee:eeee",
              "fe80::ecee:eeff:feee:eeee",
              "fe80::ecee:eeff:feee:eeee",
              "fe80::ecee:eeff:feee:eeee",
              "fe80::ecee:eeff:feee:eeee",
              "fe80::ecee:eeff:feee:eeee",
              "fe80::ecee:eeff:feee:eeee",
              "192.168.39.6",
              "fe80::250:56ff:feb6:ddb4"
            ],
            "hardware_version": 14,
            "host_system_id": "host-2242",
            "hv_mode": "hvAuto",
            "id": "42364c97-bb24-0f71-1e6c-9cb44b9dc63d",
            "ide_controller_count": 2,
            "ignored_guest_ips": null,
            "imported": null,
            "latency_sensitivity": "normal",
            "memory": 8192,
            "memory_hot_add_enabled": false,
            "memory_limit": -1,
            "memory_reservation": 0,
            "memory_share_count": 81920,
            "memory_share_level": "normal",
            "migrate_wait_timeout": 30,
            "moid": "vm-10678",
            "name": "nkt-worker-08334-3",
            "nested_hv_enabled": false,
            "network_interface": [
              {
                "adapter_type": "vmxnet3",
                "bandwidth_limit": -1,
                "bandwidth_reservation": 0,
                "bandwidth_share_count": 50,
                "bandwidth_share_level": "normal",
                "device_address": "pci:0:7",
                "key": 4000,
                "mac_address": "00:50:56:b6:dd:b4",
                "network_id": "dvportgroup-7996",
                "ovf_mapping": "",
                "use_static_mac": false
              }
            ],
            "num_cores_per_socket": 1,
            "num_cpus": 2,
            "ovf_deploy": [],
            "pci_device_id": [],
            "poweron_timeout": 300,
            "reboot_required": false,
            "replace_trigger": null,
            "resource_pool_id": "resgroup-1836",
            "run_tools_scripts_after_power_on": true,
            "run_tools_scripts_after_resume": true,
            "run_tools_scripts_before_guest_reboot": false,
            "run_tools_scripts_before_guest_shutdown": true,
            "run_tools_scripts_before_guest_standby": true,
            "sata_controller_count": 0,
            "scsi_bus_sharing": "noSharing",
            "scsi_controller_count": 1,
            "scsi_type": "lsilogic",
            "shutdown_wait_timeout": 3,
            "storage_policy_id": "",
            "swap_placement_policy": "inherit",
            "sync_time_with_host": false,
            "sync_time_with_host_periodically": null,
            "tags": [],
            "uuid": "42364c97-bb24-0f71-1e6c-9cb44b9dc63d",
            "vapp": [],
            "vapp_transport": [],
            "vbs_enabled": false,
            "vmware_tools_status": "guestToolsRunning",
            "vmx_path": "nkt-worker-08334-3/nkt-worker-08334-3.vmx",
            "vvtd_enabled": false,
            "wait_for_guest_ip_timeout": 0,
            "wait_for_guest_net_routable": true,
            "wait_for_guest_net_timeout": 10
          },
          "after_unknown": {},
          "before_sensitive": {
            "cdrom": [
              {}
            ],
            "clone": [
              {
                "customize": [
                  {
                    "dns_server_list": [
                      false
                    ],
                    "dns_suffix_list": [],
                    "linux_options": [
                      {}
                    ],
                    "network_interface": [
                      {
                        "dns_server_list": []
                      }
                    ],
                    "windows_options": [],
                    "windows_sysprep_text": true
                  }
                ],
                "ovf_network_map": {},
                "ovf_storage_map": {}
              }
            ],
            "custom_attributes": {},
            "disk": [
              {}
            ],
            "extra_config": {},
            "guest_ip_addresses": [
              false,
              false,
              false,
              false,
              false,
              false,
              false,
              false,
              false
            ],
            "network_interface": [
              {}
            ],
            "ovf_deploy": [],
            "pci_device_id": [],
            "tags": [],
            "vapp": [],
            "vapp_transport": []
          },
          "after_sensitive": {
            "cdrom": [
              {}
            ],
            "clone": [
              {
                "customize": [
                  {
                    "dns_server_list": [
                      false
                    ],
                    "dns_suffix_list": [],
                    "linux_options": [
                      {}
                    ],
                    "network_interface": [
                      {
                        "dns_server_list": []
                      }
                    ],
                    "windows_options": [],
                    "windows_sysprep_text": true
                  }
                ],
                "ovf_network_map": {},
                "ovf_storage_map": {}
              }
            ],
            "custom_attributes": {},
            "disk": [
              {}
            ],
            "extra_config": {},
            "guest_ip_addresses": [
              false,
              false,
              false,
              false,
              false,
              false,
              false,
              false,
              false
            ],
            "network_interface": [
              {}
            ],
            "ovf_deploy": [],
            "pci_device_id": [],
            "tags": [],
            "vapp": [],
            "vapp_transport": []
          }
        }
      },
      {
        "address": "module.k8s_node.vsphere_virtual_machine.vm[\"nkt-worker-08334-4\"]",
        "module_address": "module.k8s_node",
        "mode": "managed",
        "type": "vsphere_virtual_machine",
        "name": "vm",
        "index": "nkt-worker-08334-4",
        "provider_name": "registry.terraform.io/hashicorp/vsphere",
        "change": {
          "actions": [
            "create"
          ],
          "before": null,
          "after": {
            "alternate_guest_name": null,
            "annotation": null,
            "boot_delay": null,
            "boot_retry_delay": 10000,
            "boot_retry_enabled": null,
            "cdrom": [
              {
                "client_device": true,
                "datastore_id": null,
                "path": null
              }
            ],
            "clone": [
              {
                "customize": [
                  {
                    "dns_server_list": [
                      "10.67.185.100"
                    ],
                    "dns_suffix_list": null,
                    "ipv4_gateway": "192.168.39.253",
                    "ipv6_gateway": null,
                    "linux_options": [
                      {
                        "domain": "cam.ciscolabs.com",
                        "host_name": "nkt-worker-08334-4",
                        "hw_clock_utc": true,
                        "time_zone": null
                      }
                    ],
                    "network_interface": [
                      {
                        "dns_domain": null,
                        "dns_server_list": null,
                        "ipv4_address": "192.168.39.7",
                        "ipv4_netmask": 24,
                        "ipv6_address": null,
                        "ipv6_netmask": null
                      }
                    ],
                    "timeout": 10,
                    "windows_options": [],
                    "windows_sysprep_text": null
                  }
                ],
                "linked_clone": true,
                "ovf_network_map": null,
                "ovf_storage_map": null,
                "template_uuid": "4236cd8a-4ff9-ae65-af2e-f9c58dee15db",
                "timeout": 30
              }
            ],
            "cpu_hot_add_enabled": null,
            "cpu_hot_remove_enabled": null,
            "cpu_limit": -1,
            "cpu_performance_counters_enabled": null,
            "cpu_reservation": null,
            "cpu_share_level": "normal",
            "custom_attributes": null,
            "datacenter_id": null,
            "datastore_cluster_id": null,
            "datastore_id": "datastore-7922",
            "disk": [
              {
                "attach": false,
                "controller_type": "scsi",
                "datastore_id": "<computed>",
                "disk_mode": "persistent",
                "disk_sharing": "sharingNone",
                "eagerly_scrub": false,
                "io_limit": -1,
                "io_reservation": 0,
                "io_share_count": 0,
                "io_share_level": "normal",
                "keep_on_remove": false,
                "key": 0,
                "label": "disk0",
                "size": 50,
                "thin_provisioned": true,
                "unit_number": 0,
                "write_through": false
              }
            ],
            "efi_secure_boot_enabled": null,
            "enable_disk_uuid": null,
            "enable_logging": null,
            "ept_rvi_mode": "automatic",
            "extra_config": null,
            "firmware": "bios",
            "folder": "CalicoDev_v4",
            "force_power_off": true,
            "guest_id": "ubuntu64Guest",
            "hv_mode": "hvAuto",
            "ide_controller_count": 2,
            "ignored_guest_ips": null,
            "latency_sensitivity": "normal",
            "memory": 8192,
            "memory_hot_add_enabled": null,
            "memory_limit": -1,
            "memory_reservation": null,
            "memory_share_level": "normal",
            "migrate_wait_timeout": 30,
            "name": "nkt-worker-08334-4",
            "nested_hv_enabled": null,
            "network_interface": [
              {
                "adapter_type": "vmxnet3",
                "bandwidth_limit": -1,
                "bandwidth_reservation": 0,
                "bandwidth_share_level": "normal",
                "network_id": "dvportgroup-7996",
                "ovf_mapping": null,
                "use_static_mac": null
              }
            ],
            "num_cores_per_socket": 1,
            "num_cpus": 2,
            "ovf_deploy": [],
            "pci_device_id": null,
            "poweron_timeout": 300,
            "replace_trigger": null,
            "resource_pool_id": "resgroup-1836",
            "run_tools_scripts_after_power_on": true,
            "run_tools_scripts_after_resume": true,
            "run_tools_scripts_before_guest_reboot": null,
            "run_tools_scripts_before_guest_shutdown": true,
            "run_tools_scripts_before_guest_standby": true,
            "sata_controller_count": 0,
            "scsi_bus_sharing": "noSharing",
            "scsi_controller_count": 1,
            "scsi_type": "lsilogic",
            "shutdown_wait_timeout": 3,
            "swap_placement_policy": "inherit",
            "sync_time_with_host": null,
            "sync_time_with_host_periodically": null,
            "tags": null,
            "vapp": [],
            "vbs_enabled": null,
            "vvtd_enabled": null,
            "wait_for_guest_ip_timeout": 0,
            "wait_for_guest_net_routable": true,
            "wait_for_guest_net_timeout": 10
          },
          "after_unknown": {
            "cdrom": [
              {
                "device_address": true,
                "key": true
              }
            ],
            "change_version": true,
            "clone": [
              {
                "customize": [
                  {
                    "dns_server_list": [
                      false
                    ],
                    "linux_options": [
                      {}
                    ],
                    "network_interface": [
                      {}
                    ],
                    "windows_options": []
                  }
                ]
              }
            ],
            "cpu_share_count": true,
            "default_ip_address": true,
            "disk": [
              {
                "device_address": true,
                "path": true,
                "storage_policy_id": true,
                "uuid": true
              }
            ],
            "guest_ip_addresses": true,
            "hardware_version": true,
            "host_system_id": true,
            "id": true,
            "imported": true,
            "memory_share_count": true,
            "moid": true,
            "network_interface": [
              {
                "bandwidth_share_count": true,
                "device_address": true,
                "key": true,
                "mac_address": true
              }
            ],
            "ovf_deploy": [],
            "reboot_required": true,
            "storage_policy_id": true,
            "uuid": true,
            "vapp": [],
            "vapp_transport": true,
            "vmware_tools_status": true,
            "vmx_path": true
          },
          "before_sensitive": false,
          "after_sensitive": {
            "cdrom": [
              {}
            ],
            "clone": [
              {
                "customize": [
                  {
                    "dns_server_list": [
                      false
                    ],
                    "linux_options": [
                      {}
                    ],
                    "network_interface": [
                      {}
                    ],
                    "windows_options": [],
                    "windows_sysprep_text": true
                  }
                ]
              }
            ],
            "disk": [
              {}
            ],
            "guest_ip_addresses": [],
            "network_interface": [
              {}
            ],
            "ovf_deploy": [],
            "vapp": [],
            "vapp_transport": []
          }
        }
      }
    ],
    "prior_state": {
      "format_version": "1.0",
      "terraform_version": "1.1.6",
      "values": {
        "root_module": {
          "resources": [
            {
              "address": "aci_bgp_address_family_context.bgp_addr_family_context",
              "mode": "managed",
              "type": "aci_bgp_address_family_context",
              "name": "bgp_addr_family_context",
              "provider_name": "registry.terraform.io/ciscodevnet/aci",
              "schema_version": 1,
              "values": {
                "annotation": "orchestrator:terraform",
                "ctrl": "",
                "description": "",
                "e_dist": "20",
                "i_dist": "200",
                "id": "uni/tn-calico_dev_v4/bgpCtxAfP-CalicoL3OUT",
                "local_dist": "220",
                "max_ecmp": "64",
                "max_ecmp_ibgp": "64",
                "name": "CalicoL3OUT",
                "name_alias": "",
                "tenant_dn": "uni/tn-calico_dev_v4"
              },
              "sensitive_values": {},
              "depends_on": [
                "data.aci_tenant.tenant_l3out"
              ]
            },
            {
              "address": "aci_bgp_best_path_policy.relax_as_policy",
              "mode": "managed",
              "type": "aci_bgp_best_path_policy",
              "name": "relax_as_policy",
              "provider_name": "registry.terraform.io/ciscodevnet/aci",
              "schema_version": 1,
              "values": {
                "annotation": "orchestrator:terraform",
                "ctrl": "asPathMultipathRelax",
                "description": "",
                "id": "uni/tn-calico_dev_v4/bestpath-CalicoL3OUT-Relax-AS",
                "name": "CalicoL3OUT-Relax-AS",
                "name_alias": "",
                "tenant_dn": "uni/tn-calico_dev_v4"
              },
              "sensitive_values": {},
              "depends_on": [
                "data.aci_tenant.tenant_l3out"
              ]
            },
            {
              "address": "aci_bgp_peer_connectivity_profile.bgp_peer[\"101\"]",
              "mode": "managed",
              "type": "aci_bgp_peer_connectivity_profile",
              "name": "bgp_peer",
              "index": "101",
              "provider_name": "registry.terraform.io/ciscodevnet/aci",
              "schema_version": 1,
              "values": {
                "addr": "192.168.39.0/24",
                "addr_t_ctrl": [
                  "af-ucast"
                ],
                "admin_state": "enabled",
                "allowed_self_as_cnt": "3",
                "annotation": "orchestrator:terraform",
                "as_number": "65002",
                "ctrl": [
                  "as-override",
                  "dis-peer-as-check"
                ],
                "description": "",
                "id": "uni/tn-calico_dev_v4/out-CalicoL3OUT/lnodep-node_profile_FL3out/lifp-int_profile_FL3out/vlifp-[topology/pod-1/node-101]-[vlan-11]/peerP-[192.168.39.0/24]",
                "local_asn": null,
                "local_asn_propagate": null,
                "logical_node_profile_dn": null,
                "name_alias": "",
                "parent_dn": "uni/tn-calico_dev_v4/out-CalicoL3OUT/lnodep-node_profile_FL3out/lifp-int_profile_FL3out/vlifp-[topology/pod-1/node-101]-[vlan-11]",
                "password": "123Cisco123",
                "peer_ctrl": [],
                "private_a_sctrl": [],
                "relation_bgp_rs_peer_pfx_pol": "uni/tn-calico_dev_v4/bgpPfxP-CalicoL3OUT",
                "relation_bgp_rs_peer_to_profile": [],
                "ttl": "1",
                "weight": "0"
              },
              "sensitive_values": {
                "addr_t_ctrl": [
                  false
                ],
                "ctrl": [
                  false,
                  false
                ],
                "peer_ctrl": [],
                "private_a_sctrl": [],
                "relation_bgp_rs_peer_to_profile": []
              },
              "depends_on": [
                "aci_bgp_peer_prefix.bgp_peer_prefix",
                "aci_l3_outside.calico_l3out",
                "aci_l3out_floating_svi.floating_svi",
                "aci_logical_interface_profile.calico_interface_profile",
                "aci_logical_node_profile.calico_node_profile",
                "data.aci_physical_domain.dom",
                "data.aci_tenant.tenant_l3out",
                "data.aci_vrf.l3out_vrf"
              ]
            },
            {
              "address": "aci_bgp_peer_connectivity_profile.bgp_peer[\"102\"]",
              "mode": "managed",
              "type": "aci_bgp_peer_connectivity_profile",
              "name": "bgp_peer",
              "index": "102",
              "provider_name": "registry.terraform.io/ciscodevnet/aci",
              "schema_version": 1,
              "values": {
                "addr": "192.168.39.0/24",
                "addr_t_ctrl": [
                  "af-ucast"
                ],
                "admin_state": "enabled",
                "allowed_self_as_cnt": "3",
                "annotation": "orchestrator:terraform",
                "as_number": "65002",
                "ctrl": [
                  "as-override",
                  "dis-peer-as-check"
                ],
                "description": "",
                "id": "uni/tn-calico_dev_v4/out-CalicoL3OUT/lnodep-node_profile_FL3out/lifp-int_profile_FL3out/vlifp-[topology/pod-1/node-102]-[vlan-11]/peerP-[192.168.39.0/24]",
                "local_asn": null,
                "local_asn_propagate": null,
                "logical_node_profile_dn": null,
                "name_alias": "",
                "parent_dn": "uni/tn-calico_dev_v4/out-CalicoL3OUT/lnodep-node_profile_FL3out/lifp-int_profile_FL3out/vlifp-[topology/pod-1/node-102]-[vlan-11]",
                "password": "123Cisco123",
                "peer_ctrl": [],
                "private_a_sctrl": [],
                "relation_bgp_rs_peer_pfx_pol": "uni/tn-calico_dev_v4/bgpPfxP-CalicoL3OUT",
                "relation_bgp_rs_peer_to_profile": [],
                "ttl": "1",
                "weight": "0"
              },
              "sensitive_values": {
                "addr_t_ctrl": [
                  false
                ],
                "ctrl": [
                  false,
                  false
                ],
                "peer_ctrl": [],
                "private_a_sctrl": [],
                "relation_bgp_rs_peer_to_profile": []
              },
              "depends_on": [
                "aci_bgp_peer_prefix.bgp_peer_prefix",
                "aci_l3_outside.calico_l3out",
                "aci_l3out_floating_svi.floating_svi",
                "aci_logical_interface_profile.calico_interface_profile",
                "aci_logical_node_profile.calico_node_profile",
                "data.aci_physical_domain.dom",
                "data.aci_tenant.tenant_l3out",
                "data.aci_vrf.l3out_vrf"
              ]
            },
            {
              "address": "aci_bgp_peer_prefix.bgp_peer_prefix",
              "mode": "managed",
              "type": "aci_bgp_peer_prefix",
              "name": "bgp_peer_prefix",
              "provider_name": "registry.terraform.io/ciscodevnet/aci",
              "schema_version": 1,
              "values": {
                "action": "reject",
                "annotation": "orchestrator:terraform",
                "description": "",
                "id": "uni/tn-calico_dev_v4/bgpPfxP-CalicoL3OUT",
                "max_pfx": "500",
                "name": "CalicoL3OUT",
                "name_alias": "",
                "restart_time": "infinite",
                "tenant_dn": "uni/tn-calico_dev_v4",
                "thresh": "75"
              },
              "sensitive_values": {},
              "depends_on": [
                "data.aci_tenant.tenant_l3out"
              ]
            },
            {
              "address": "aci_bgp_timers.bgp_timers",
              "mode": "managed",
              "type": "aci_bgp_timers",
              "name": "bgp_timers",
              "provider_name": "registry.terraform.io/ciscodevnet/aci",
              "schema_version": 1,
              "values": {
                "annotation": "orchestrator:terraform",
                "description": "",
                "gr_ctrl": "helper",
                "hold_intvl": "3",
                "id": "uni/tn-calico_dev_v4/bgpCtxP-CalicoL3OUT-Timers",
                "ka_intvl": "1",
                "max_as_limit": "1",
                "name": "CalicoL3OUT-Timers",
                "name_alias": "",
                "stale_intvl": "6",
                "tenant_dn": "uni/tn-calico_dev_v4"
              },
              "sensitive_values": {},
              "depends_on": [
                "data.aci_tenant.tenant_l3out"
              ]
            },
            {
              "address": "aci_external_network_instance_profile.default",
              "mode": "managed",
              "type": "aci_external_network_instance_profile",
              "name": "default",
              "provider_name": "registry.terraform.io/ciscodevnet/aci",
              "schema_version": 1,
              "values": {
                "annotation": "orchestrator:terraform",
                "description": "",
                "exception_tag": "",
                "flood_on_encap": "disabled",
                "id": "uni/tn-calico_dev_v4/out-CalicoL3OUT/instP-catch_all",
                "l3_outside_dn": "uni/tn-calico_dev_v4/out-CalicoL3OUT",
                "match_t": "AtleastOne",
                "name": "catch_all",
                "name_alias": "",
                "pref_gr_memb": "exclude",
                "prio": "unspecified",
                "relation_fv_rs_cons": [
                  "uni/tn-common/brc-calico_dev"
                ],
                "relation_fv_rs_cons_if": null,
                "relation_fv_rs_cust_qos_pol": "",
                "relation_fv_rs_intra_epg": null,
                "relation_fv_rs_prot_by": null,
                "relation_fv_rs_prov": [
                  "uni/tn-common/brc-calico_dev"
                ],
                "relation_fv_rs_sec_inherited": null,
                "relation_l3ext_rs_inst_p_to_nat_mapping_epg": "",
                "relation_l3ext_rs_inst_p_to_profile": [],
                "relation_l3ext_rs_l3_inst_p_to_dom_p": "",
                "target_dscp": "unspecified"
              },
              "sensitive_values": {
                "relation_fv_rs_cons": [
                  false
                ],
                "relation_fv_rs_prov": [
                  false
                ],
                "relation_l3ext_rs_inst_p_to_profile": []
              },
              "depends_on": [
                "aci_l3_outside.calico_l3out",
                "data.aci_contract.default",
                "data.aci_tenant.tenant_contract",
                "data.aci_tenant.tenant_l3out",
                "data.aci_vrf.l3out_vrf"
              ]
            },
            {
              "address": "aci_l3_ext_subnet.cluster_svc",
              "mode": "managed",
              "type": "aci_l3_ext_subnet",
              "name": "cluster_svc",
              "provider_name": "registry.terraform.io/ciscodevnet/aci",
              "schema_version": 1,
              "values": {
                "aggregate": "shared-rtctrl",
                "annotation": "orchestrator:terraform",
                "description": "",
                "external_network_instance_profile_dn": "uni/tn-calico_dev_v4/out-CalicoL3OUT/instP-catch_all",
                "id": "uni/tn-calico_dev_v4/out-CalicoL3OUT/instP-catch_all/extsubnet-[192.168.41.0/24]",
                "ip": "192.168.41.0/24",
                "name_alias": "",
                "relation_l3ext_rs_subnet_to_profile": [],
                "relation_l3ext_rs_subnet_to_rt_summ": "",
                "scope": [
                  "import-security",
                  "shared-rtctrl",
                  "shared-security"
                ]
              },
              "sensitive_values": {
                "relation_l3ext_rs_subnet_to_profile": [],
                "scope": [
                  false,
                  false,
                  false
                ]
              },
              "depends_on": [
                "aci_external_network_instance_profile.default",
                "aci_l3_outside.calico_l3out",
                "data.aci_contract.default",
                "data.aci_tenant.tenant_contract",
                "data.aci_tenant.tenant_l3out",
                "data.aci_vrf.l3out_vrf"
              ]
            },
            {
              "address": "aci_l3_ext_subnet.external_svc_subnet",
              "mode": "managed",
              "type": "aci_l3_ext_subnet",
              "name": "external_svc_subnet",
              "provider_name": "registry.terraform.io/ciscodevnet/aci",
              "schema_version": 1,
              "values": {
                "aggregate": "shared-rtctrl",
                "annotation": "orchestrator:terraform",
                "description": "",
                "external_network_instance_profile_dn": "uni/tn-calico_dev_v4/out-CalicoL3OUT/instP-catch_all",
                "id": "uni/tn-calico_dev_v4/out-CalicoL3OUT/instP-catch_all/extsubnet-[192.168.42.0/24]",
                "ip": "192.168.42.0/24",
                "name_alias": "",
                "relation_l3ext_rs_subnet_to_profile": [],
                "relation_l3ext_rs_subnet_to_rt_summ": "",
                "scope": [
                  "import-security",
                  "shared-rtctrl",
                  "shared-security"
                ]
              },
              "sensitive_values": {
                "relation_l3ext_rs_subnet_to_profile": [],
                "scope": [
                  false,
                  false,
                  false
                ]
              },
              "depends_on": [
                "aci_external_network_instance_profile.default",
                "aci_l3_outside.calico_l3out",
                "data.aci_contract.default",
                "data.aci_tenant.tenant_contract",
                "data.aci_tenant.tenant_l3out",
                "data.aci_vrf.l3out_vrf"
              ]
            },
            {
              "address": "aci_l3_ext_subnet.node",
              "mode": "managed",
              "type": "aci_l3_ext_subnet",
              "name": "node",
              "provider_name": "registry.terraform.io/ciscodevnet/aci",
              "schema_version": 1,
              "values": {
                "aggregate": "none",
                "annotation": "orchestrator:terraform",
                "description": "",
                "external_network_instance_profile_dn": "uni/tn-calico_dev_v4/out-CalicoL3OUT/instP-catch_all",
                "id": "uni/tn-calico_dev_v4/out-CalicoL3OUT/instP-catch_all/extsubnet-[192.168.39.0/24]",
                "ip": "192.168.39.0/24",
                "name_alias": "",
                "relation_l3ext_rs_subnet_to_profile": [],
                "relation_l3ext_rs_subnet_to_rt_summ": "",
                "scope": [
                  "import-security",
                  "shared-rtctrl",
                  "shared-security"
                ]
              },
              "sensitive_values": {
                "relation_l3ext_rs_subnet_to_profile": [],
                "scope": [
                  false,
                  false,
                  false
                ]
              },
              "depends_on": [
                "aci_external_network_instance_profile.default",
                "aci_l3_outside.calico_l3out",
                "data.aci_contract.default",
                "data.aci_tenant.tenant_contract",
                "data.aci_tenant.tenant_l3out",
                "data.aci_vrf.l3out_vrf"
              ]
            },
            {
              "address": "aci_l3_ext_subnet.pod",
              "mode": "managed",
              "type": "aci_l3_ext_subnet",
              "name": "pod",
              "provider_name": "registry.terraform.io/ciscodevnet/aci",
              "schema_version": 1,
              "values": {
                "aggregate": "shared-rtctrl",
                "annotation": "orchestrator:terraform",
                "description": "",
                "external_network_instance_profile_dn": "uni/tn-calico_dev_v4/out-CalicoL3OUT/instP-catch_all",
                "id": "uni/tn-calico_dev_v4/out-CalicoL3OUT/instP-catch_all/extsubnet-[192.168.40.0/24]",
                "ip": "192.168.40.0/24",
                "name_alias": "",
                "relation_l3ext_rs_subnet_to_profile": [],
                "relation_l3ext_rs_subnet_to_rt_summ": "",
                "scope": [
                  "import-security",
                  "shared-rtctrl",
                  "shared-security"
                ]
              },
              "sensitive_values": {
                "relation_l3ext_rs_subnet_to_profile": [],
                "scope": [
                  false,
                  false,
                  false
                ]
              },
              "depends_on": [
                "aci_external_network_instance_profile.default",
                "aci_l3_outside.calico_l3out",
                "data.aci_contract.default",
                "data.aci_tenant.tenant_contract",
                "data.aci_tenant.tenant_l3out",
                "data.aci_vrf.l3out_vrf"
              ]
            },
            {
              "address": "aci_l3_outside.calico_l3out",
              "mode": "managed",
              "type": "aci_l3_outside",
              "name": "calico_l3out",
              "provider_name": "registry.terraform.io/ciscodevnet/aci",
              "schema_version": 1,
              "values": {
                "annotation": "orchestrator:terraform",
                "description": "",
                "enforce_rtctrl": [
                  "export",
                  "import"
                ],
                "id": "uni/tn-calico_dev_v4/out-CalicoL3OUT",
                "name": "CalicoL3OUT",
                "name_alias": "",
                "relation_l3ext_rs_dampening_pol": [],
                "relation_l3ext_rs_ectx": "uni/tn-calico_dev_v4/ctx-vrf",
                "relation_l3ext_rs_interleak_pol": "",
                "relation_l3ext_rs_l3_dom_att": "",
                "relation_l3ext_rs_out_to_bd_public_subnet_holder": null,
                "target_dscp": "unspecified",
                "tenant_dn": "uni/tn-calico_dev_v4"
              },
              "sensitive_values": {
                "enforce_rtctrl": [
                  false,
                  false
                ],
                "relation_l3ext_rs_dampening_pol": []
              },
              "depends_on": [
                "data.aci_tenant.tenant_l3out",
                "data.aci_vrf.l3out_vrf"
              ]
            },
            {
              "address": "aci_l3out_bgp_external_policy.bgp",
              "mode": "managed",
              "type": "aci_l3out_bgp_external_policy",
              "name": "bgp",
              "provider_name": "registry.terraform.io/ciscodevnet/aci",
              "schema_version": 1,
              "values": {
                "annotation": "orchestrator:terraform",
                "description": "",
                "id": "uni/tn-calico_dev_v4/out-CalicoL3OUT/bgpExtP",
                "l3_outside_dn": "uni/tn-calico_dev_v4/out-CalicoL3OUT",
                "name_alias": ""
              },
              "sensitive_values": {},
              "depends_on": [
                "aci_l3_outside.calico_l3out",
                "data.aci_tenant.tenant_l3out",
                "data.aci_vrf.l3out_vrf"
              ]
            },
            {
              "address": "aci_l3out_bgp_protocol_profile.bgp_pol_timers",
              "mode": "managed",
              "type": "aci_l3out_bgp_protocol_profile",
              "name": "bgp_pol_timers",
              "provider_name": "registry.terraform.io/ciscodevnet/aci",
              "schema_version": 1,
              "values": {
                "annotation": "orchestrator:terraform",
                "id": "uni/tn-calico_dev_v4/out-CalicoL3OUT/lnodep-node_profile_FL3out/protp",
                "logical_node_profile_dn": "uni/tn-calico_dev_v4/out-CalicoL3OUT/lnodep-node_profile_FL3out",
                "name_alias": "",
                "relation_bgp_rs_bgp_node_ctx_pol": "uni/tn-calico_dev_v4/bgpCtxP-CalicoL3OUT-Timers"
              },
              "sensitive_values": {},
              "depends_on": [
                "aci_bgp_timers.bgp_timers",
                "aci_l3_outside.calico_l3out",
                "aci_logical_node_profile.calico_node_profile",
                "data.aci_tenant.tenant_l3out",
                "data.aci_vrf.l3out_vrf"
              ]
            },
            {
              "address": "aci_l3out_bgp_protocol_profile.bgp_prot_pfl",
              "mode": "managed",
              "type": "aci_l3out_bgp_protocol_profile",
              "name": "bgp_prot_pfl",
              "provider_name": "registry.terraform.io/ciscodevnet/aci",
              "schema_version": 1,
              "values": {
                "annotation": "orchestrator:terraform",
                "id": "uni/tn-calico_dev_v4/out-CalicoL3OUT/lnodep-node_profile_FL3out/protp",
                "logical_node_profile_dn": "uni/tn-calico_dev_v4/out-CalicoL3OUT/lnodep-node_profile_FL3out",
                "name_alias": "",
                "relation_bgp_rs_bgp_node_ctx_pol": ""
              },
              "sensitive_values": {},
              "depends_on": [
                "aci_l3_outside.calico_l3out",
                "aci_logical_node_profile.calico_node_profile",
                "data.aci_tenant.tenant_l3out",
                "data.aci_vrf.l3out_vrf"
              ]
            },
            {
              "address": "aci_l3out_floating_svi.floating_svi[\"101\"]",
              "mode": "managed",
              "type": "aci_l3out_floating_svi",
              "name": "floating_svi",
              "index": "101",
              "provider_name": "registry.terraform.io/ciscodevnet/aci",
              "schema_version": 1,
              "values": {
                "addr": "192.168.39.101/24",
                "annotation": "orchestrator:terraform",
                "autostate": "enabled",
                "description": "",
                "encap": "vlan-11",
                "encap_scope": "local",
                "id": "uni/tn-calico_dev_v4/out-CalicoL3OUT/lnodep-node_profile_FL3out/lifp-int_profile_FL3out/vlifp-[topology/pod-1/node-101]-[vlan-11]",
                "if_inst_t": "ext-svi",
                "ipv6_dad": "enabled",
                "ll_addr": "::",
                "logical_interface_profile_dn": "uni/tn-calico_dev_v4/out-CalicoL3OUT/lnodep-node_profile_FL3out/lifp-int_profile_FL3out",
                "mac": "00:22:BD:F8:19:FF",
                "mode": "regular",
                "mtu": "9000",
                "node_dn": "topology/pod-1/node-101",
                "relation_l3ext_rs_dyn_path_att": [
                  {
                    "floating_address": "192.168.39.254/24",
                    "forged_transmit": "Disabled",
                    "mac_change": "Disabled",
                    "promiscuous_mode": "Disabled",
                    "tdn": "uni/phys-FAB1"
                  }
                ],
                "target_dscp": "unspecified"
              },
              "sensitive_values": {
                "relation_l3ext_rs_dyn_path_att": [
                  {}
                ]
              },
              "depends_on": [
                "aci_l3_outside.calico_l3out",
                "aci_logical_interface_profile.calico_interface_profile",
                "aci_logical_node_profile.calico_node_profile",
                "data.aci_physical_domain.dom",
                "data.aci_tenant.tenant_l3out",
                "data.aci_vrf.l3out_vrf"
              ]
            },
            {
              "address": "aci_l3out_floating_svi.floating_svi[\"102\"]",
              "mode": "managed",
              "type": "aci_l3out_floating_svi",
              "name": "floating_svi",
              "index": "102",
              "provider_name": "registry.terraform.io/ciscodevnet/aci",
              "schema_version": 1,
              "values": {
                "addr": "192.168.39.102/24",
                "annotation": "orchestrator:terraform",
                "autostate": "enabled",
                "description": "",
                "encap": "vlan-11",
                "encap_scope": "local",
                "id": "uni/tn-calico_dev_v4/out-CalicoL3OUT/lnodep-node_profile_FL3out/lifp-int_profile_FL3out/vlifp-[topology/pod-1/node-102]-[vlan-11]",
                "if_inst_t": "ext-svi",
                "ipv6_dad": "enabled",
                "ll_addr": "::",
                "logical_interface_profile_dn": "uni/tn-calico_dev_v4/out-CalicoL3OUT/lnodep-node_profile_FL3out/lifp-int_profile_FL3out",
                "mac": "00:22:BD:F8:19:FF",
                "mode": "regular",
                "mtu": "9000",
                "node_dn": "topology/pod-1/node-102",
                "relation_l3ext_rs_dyn_path_att": [
                  {
                    "floating_address": "192.168.39.254/24",
                    "forged_transmit": "Disabled",
                    "mac_change": "Disabled",
                    "promiscuous_mode": "Disabled",
                    "tdn": "uni/phys-FAB1"
                  }
                ],
                "target_dscp": "unspecified"
              },
              "sensitive_values": {
                "relation_l3ext_rs_dyn_path_att": [
                  {}
                ]
              },
              "depends_on": [
                "aci_l3_outside.calico_l3out",
                "aci_logical_interface_profile.calico_interface_profile",
                "aci_logical_node_profile.calico_node_profile",
                "data.aci_physical_domain.dom",
                "data.aci_tenant.tenant_l3out",
                "data.aci_vrf.l3out_vrf"
              ]
            },
            {
              "address": "aci_l3out_path_attachment_secondary_ip.floating_svi_sec_ip[\"101\"]",
              "mode": "managed",
              "type": "aci_l3out_path_attachment_secondary_ip",
              "name": "floating_svi_sec_ip",
              "index": "101",
              "provider_name": "registry.terraform.io/ciscodevnet/aci",
              "schema_version": 1,
              "values": {
                "addr": "192.168.39.253/24",
                "annotation": "orchestrator:terraform",
                "description": "",
                "id": "uni/tn-calico_dev_v4/out-CalicoL3OUT/lnodep-node_profile_FL3out/lifp-int_profile_FL3out/vlifp-[topology/pod-1/node-101]-[vlan-11]/addr-[192.168.39.253/24]",
                "ipv6_dad": "enabled",
                "l3out_path_attachment_dn": "uni/tn-calico_dev_v4/out-CalicoL3OUT/lnodep-node_profile_FL3out/lifp-int_profile_FL3out/vlifp-[topology/pod-1/node-101]-[vlan-11]",
                "name_alias": ""
              },
              "sensitive_values": {},
              "depends_on": [
                "aci_l3_outside.calico_l3out",
                "aci_l3out_floating_svi.floating_svi",
                "aci_logical_interface_profile.calico_interface_profile",
                "aci_logical_node_profile.calico_node_profile",
                "data.aci_physical_domain.dom",
                "data.aci_tenant.tenant_l3out",
                "data.aci_vrf.l3out_vrf"
              ]
            },
            {
              "address": "aci_l3out_path_attachment_secondary_ip.floating_svi_sec_ip[\"102\"]",
              "mode": "managed",
              "type": "aci_l3out_path_attachment_secondary_ip",
              "name": "floating_svi_sec_ip",
              "index": "102",
              "provider_name": "registry.terraform.io/ciscodevnet/aci",
              "schema_version": 1,
              "values": {
                "addr": "192.168.39.253/24",
                "annotation": "orchestrator:terraform",
                "description": "",
                "id": "uni/tn-calico_dev_v4/out-CalicoL3OUT/lnodep-node_profile_FL3out/lifp-int_profile_FL3out/vlifp-[topology/pod-1/node-102]-[vlan-11]/addr-[192.168.39.253/24]",
                "ipv6_dad": "enabled",
                "l3out_path_attachment_dn": "uni/tn-calico_dev_v4/out-CalicoL3OUT/lnodep-node_profile_FL3out/lifp-int_profile_FL3out/vlifp-[topology/pod-1/node-102]-[vlan-11]",
                "name_alias": ""
              },
              "sensitive_values": {},
              "depends_on": [
                "aci_l3_outside.calico_l3out",
                "aci_l3out_floating_svi.floating_svi",
                "aci_logical_interface_profile.calico_interface_profile",
                "aci_logical_node_profile.calico_node_profile",
                "data.aci_physical_domain.dom",
                "data.aci_tenant.tenant_l3out",
                "data.aci_vrf.l3out_vrf"
              ]
            },
            {
              "address": "aci_logical_interface_profile.calico_interface_profile",
              "mode": "managed",
              "type": "aci_logical_interface_profile",
              "name": "calico_interface_profile",
              "provider_name": "registry.terraform.io/ciscodevnet/aci",
              "schema_version": 1,
              "values": {
                "annotation": "orchestrator:terraform",
                "description": "",
                "id": "uni/tn-calico_dev_v4/out-CalicoL3OUT/lnodep-node_profile_FL3out/lifp-int_profile_FL3out",
                "logical_node_profile_dn": "uni/tn-calico_dev_v4/out-CalicoL3OUT/lnodep-node_profile_FL3out",
                "name": "int_profile_FL3out",
                "name_alias": "",
                "prio": "unspecified",
                "relation_l3ext_rs_arp_if_pol": "",
                "relation_l3ext_rs_egress_qos_dpp_pol": "",
                "relation_l3ext_rs_ingress_qos_dpp_pol": "",
                "relation_l3ext_rs_l_if_p_cust_qos_pol": "",
                "relation_l3ext_rs_l_if_p_to_netflow_monitor_pol": [],
                "relation_l3ext_rs_nd_if_pol": "",
                "tag": "yellow-green"
              },
              "sensitive_values": {
                "relation_l3ext_rs_l_if_p_to_netflow_monitor_pol": []
              },
              "depends_on": [
                "aci_l3_outside.calico_l3out",
                "aci_logical_node_profile.calico_node_profile",
                "data.aci_tenant.tenant_l3out",
                "data.aci_vrf.l3out_vrf"
              ]
            },
            {
              "address": "aci_logical_node_profile.calico_node_profile",
              "mode": "managed",
              "type": "aci_logical_node_profile",
              "name": "calico_node_profile",
              "provider_name": "registry.terraform.io/ciscodevnet/aci",
              "schema_version": 1,
              "values": {
                "annotation": "orchestrator:terraform",
                "config_issues": "none",
                "description": "",
                "id": "uni/tn-calico_dev_v4/out-CalicoL3OUT/lnodep-node_profile_FL3out",
                "l3_outside_dn": "uni/tn-calico_dev_v4/out-CalicoL3OUT",
                "name": "node_profile_FL3out",
                "name_alias": "",
                "tag": "yellow-green",
                "target_dscp": "unspecified"
              },
              "sensitive_values": {},
              "depends_on": [
                "aci_l3_outside.calico_l3out",
                "data.aci_tenant.tenant_l3out",
                "data.aci_vrf.l3out_vrf"
              ]
            },
            {
              "address": "aci_logical_node_to_fabric_node.nodes[\"0\"]",
              "mode": "managed",
              "type": "aci_logical_node_to_fabric_node",
              "name": "nodes",
              "index": "0",
              "provider_name": "registry.terraform.io/ciscodevnet/aci",
              "schema_version": 1,
              "values": {
                "annotation": "orchestrator:terraform",
                "config_issues": "none",
                "description": null,
                "id": "uni/tn-calico_dev_v4/out-CalicoL3OUT/lnodep-node_profile_FL3out/rsnodeL3OutAtt-[topology/pod-1/node-101]",
                "logical_node_profile_dn": "uni/tn-calico_dev_v4/out-CalicoL3OUT/lnodep-node_profile_FL3out",
                "rtr_id": "1.1.1.101",
                "rtr_id_loop_back": "no",
                "tdn": "topology/pod-1/node-101"
              },
              "sensitive_values": {},
              "depends_on": [
                "aci_l3_outside.calico_l3out",
                "aci_logical_node_profile.calico_node_profile",
                "data.aci_tenant.tenant_l3out",
                "data.aci_vrf.l3out_vrf"
              ]
            },
            {
              "address": "aci_logical_node_to_fabric_node.nodes[\"1\"]",
              "mode": "managed",
              "type": "aci_logical_node_to_fabric_node",
              "name": "nodes",
              "index": "1",
              "provider_name": "registry.terraform.io/ciscodevnet/aci",
              "schema_version": 1,
              "values": {
                "annotation": "orchestrator:terraform",
                "config_issues": "none",
                "description": null,
                "id": "uni/tn-calico_dev_v4/out-CalicoL3OUT/lnodep-node_profile_FL3out/rsnodeL3OutAtt-[topology/pod-1/node-102]",
                "logical_node_profile_dn": "uni/tn-calico_dev_v4/out-CalicoL3OUT/lnodep-node_profile_FL3out",
                "rtr_id": "1.1.1.102",
                "rtr_id_loop_back": "no",
                "tdn": "topology/pod-1/node-102"
              },
              "sensitive_values": {},
              "depends_on": [
                "aci_l3_outside.calico_l3out",
                "aci_logical_node_profile.calico_node_profile",
                "data.aci_tenant.tenant_l3out",
                "data.aci_vrf.l3out_vrf"
              ]
            },
            {
              "address": "aci_match_route_destination_rule.export_pod_match_rule_subnet",
              "mode": "managed",
              "type": "aci_match_route_destination_rule",
              "name": "export_pod_match_rule_subnet",
              "provider_name": "registry.terraform.io/ciscodevnet/aci",
              "schema_version": 1,
              "values": {
                "aggregate": "yes",
                "annotation": "orchestrator:terraform",
                "description": "",
                "greater_than_mask": "0",
                "id": "uni/tn-calico_dev_v4/subj-CalicoL3OUT-export-match/dest-[192.168.40.0/24]",
                "ip": "192.168.40.0/24",
                "less_than_mask": "0",
                "match_rule_dn": "uni/tn-calico_dev_v4/subj-CalicoL3OUT-export-match",
                "name": "",
                "name_alias": ""
              },
              "sensitive_values": {},
              "depends_on": [
                "aci_match_rule.export_match_rule",
                "data.aci_tenant.tenant_l3out"
              ]
            },
            {
              "address": "aci_match_route_destination_rule.import_ext_svc_match_rule_subnet",
              "mode": "managed",
              "type": "aci_match_route_destination_rule",
              "name": "import_ext_svc_match_rule_subnet",
              "provider_name": "registry.terraform.io/ciscodevnet/aci",
              "schema_version": 1,
              "values": {
                "aggregate": "yes",
                "annotation": "orchestrator:terraform",
                "description": "",
                "greater_than_mask": "0",
                "id": "uni/tn-calico_dev_v4/subj-CalicoL3OUT-import-match/dest-[192.168.42.0/24]",
                "ip": "192.168.42.0/24",
                "less_than_mask": "0",
                "match_rule_dn": "uni/tn-calico_dev_v4/subj-CalicoL3OUT-import-match",
                "name": "",
                "name_alias": ""
              },
              "sensitive_values": {},
              "depends_on": [
                "aci_match_rule.import_match_rule",
                "data.aci_tenant.tenant_l3out"
              ]
            },
            {
              "address": "aci_match_route_destination_rule.import_node_match_rule_subnet",
              "mode": "managed",
              "type": "aci_match_route_destination_rule",
              "name": "import_node_match_rule_subnet",
              "provider_name": "registry.terraform.io/ciscodevnet/aci",
              "schema_version": 1,
              "values": {
                "aggregate": "yes",
                "annotation": "orchestrator:terraform",
                "description": "",
                "greater_than_mask": "0",
                "id": "uni/tn-calico_dev_v4/subj-CalicoL3OUT-import-match/dest-[192.168.39.0/24]",
                "ip": "192.168.39.0/24",
                "less_than_mask": "0",
                "match_rule_dn": "uni/tn-calico_dev_v4/subj-CalicoL3OUT-import-match",
                "name": "",
                "name_alias": ""
              },
              "sensitive_values": {},
              "depends_on": [
                "aci_match_rule.import_match_rule",
                "data.aci_tenant.tenant_l3out"
              ]
            },
            {
              "address": "aci_match_route_destination_rule.import_pod_match_rule_subnet",
              "mode": "managed",
              "type": "aci_match_route_destination_rule",
              "name": "import_pod_match_rule_subnet",
              "provider_name": "registry.terraform.io/ciscodevnet/aci",
              "schema_version": 1,
              "values": {
                "aggregate": "yes",
                "annotation": "orchestrator:terraform",
                "description": "",
                "greater_than_mask": "0",
                "id": "uni/tn-calico_dev_v4/subj-CalicoL3OUT-import-match/dest-[192.168.40.0/24]",
                "ip": "192.168.40.0/24",
                "less_than_mask": "0",
                "match_rule_dn": "uni/tn-calico_dev_v4/subj-CalicoL3OUT-import-match",
                "name": "",
                "name_alias": ""
              },
              "sensitive_values": {},
              "depends_on": [
                "aci_match_rule.import_match_rule",
                "data.aci_tenant.tenant_l3out"
              ]
            },
            {
              "address": "aci_match_route_destination_rule.import_svc_match_rule_subnet",
              "mode": "managed",
              "type": "aci_match_route_destination_rule",
              "name": "import_svc_match_rule_subnet",
              "provider_name": "registry.terraform.io/ciscodevnet/aci",
              "schema_version": 1,
              "values": {
                "aggregate": "yes",
                "annotation": "orchestrator:terraform",
                "description": "",
                "greater_than_mask": "0",
                "id": "uni/tn-calico_dev_v4/subj-CalicoL3OUT-import-match/dest-[192.168.41.0/24]",
                "ip": "192.168.41.0/24",
                "less_than_mask": "0",
                "match_rule_dn": "uni/tn-calico_dev_v4/subj-CalicoL3OUT-import-match",
                "name": "",
                "name_alias": ""
              },
              "sensitive_values": {},
              "depends_on": [
                "aci_match_rule.import_match_rule",
                "data.aci_tenant.tenant_l3out"
              ]
            },
            {
              "address": "aci_match_rule.export_match_rule",
              "mode": "managed",
              "type": "aci_match_rule",
              "name": "export_match_rule",
              "provider_name": "registry.terraform.io/ciscodevnet/aci",
              "schema_version": 1,
              "values": {
                "annotation": "orchestrator:terraform",
                "description": "",
                "id": "uni/tn-calico_dev_v4/subj-CalicoL3OUT-export-match",
                "name": "CalicoL3OUT-export-match",
                "name_alias": "",
                "tenant_dn": "uni/tn-calico_dev_v4"
              },
              "sensitive_values": {},
              "depends_on": [
                "data.aci_tenant.tenant_l3out"
              ]
            },
            {
              "address": "aci_match_rule.import_match_rule",
              "mode": "managed",
              "type": "aci_match_rule",
              "name": "import_match_rule",
              "provider_name": "registry.terraform.io/ciscodevnet/aci",
              "schema_version": 1,
              "values": {
                "annotation": "orchestrator:terraform",
                "description": "",
                "id": "uni/tn-calico_dev_v4/subj-CalicoL3OUT-import-match",
                "name": "CalicoL3OUT-import-match",
                "name_alias": "",
                "tenant_dn": "uni/tn-calico_dev_v4"
              },
              "sensitive_values": {},
              "depends_on": [
                "data.aci_tenant.tenant_l3out"
              ]
            },
            {
              "address": "aci_rest.bgp_addr_family_context_to_vrf",
              "mode": "managed",
              "type": "aci_rest",
              "name": "bgp_addr_family_context_to_vrf",
              "provider_name": "registry.terraform.io/ciscodevnet/aci",
              "schema_version": 1,
              "values": {
                "class_name": "fvRsCtxToBgpCtxAfPol",
                "content": {
                  "af": "ipv4-ucast",
                  "tnBgpCtxAfPolName": "CalicoL3OUT"
                },
                "dn": null,
                "id": "uni/tn-calico_dev_v4/ctx-vrf/rsctxToBgpCtxAfPol-[CalicoL3OUT]-ipv4-ucast",
                "path": "/api/mo/uni/tn-calico_dev_v4/ctx-vrf/rsctxToBgpCtxAfPol-[CalicoL3OUT]-ipv4-ucast.json",
                "payload": null
              },
              "sensitive_values": {
                "content": {}
              },
              "depends_on": [
                "aci_bgp_address_family_context.bgp_addr_family_context",
                "data.aci_tenant.tenant_l3out"
              ]
            },
            {
              "address": "aci_rest.bgp_pol_relax_as_restriction",
              "mode": "managed",
              "type": "aci_rest",
              "name": "bgp_pol_relax_as_restriction",
              "provider_name": "registry.terraform.io/ciscodevnet/aci",
              "schema_version": 1,
              "values": {
                "class_name": "bgpRsBestPathCtrlPol",
                "content": {
                  "tnBgpBestPathCtrlPolName": "CalicoL3OUT-Relax-AS"
                },
                "dn": null,
                "id": "uni/tn-calico_dev_v4/out-CalicoL3OUT/lnodep-node_profile_FL3out/protp/rsBestPathCtrlPol",
                "path": "/api/mo/uni/tn-calico_dev_v4/out-CalicoL3OUT/lnodep-node_profile_FL3out/protp/rsBestPathCtrlPol.json",
                "payload": null
              },
              "sensitive_values": {
                "content": {}
              },
              "depends_on": [
                "aci_l3_outside.calico_l3out",
                "aci_l3out_bgp_protocol_profile.bgp_prot_pfl",
                "aci_logical_node_profile.calico_node_profile",
                "data.aci_tenant.tenant_l3out",
                "data.aci_vrf.l3out_vrf"
              ]
            },
            {
              "address": "aci_route_control_context.default_export",
              "mode": "managed",
              "type": "aci_route_control_context",
              "name": "default_export",
              "provider_name": "registry.terraform.io/ciscodevnet/aci",
              "schema_version": 1,
              "values": {
                "action": "permit",
                "annotation": "orchestrator:terraform",
                "description": "",
                "id": "uni/tn-calico_dev_v4/out-CalicoL3OUT/prof-default-export/ctx-export_pod_subnet",
                "name": "export_pod_subnet",
                "name_alias": "",
                "order": "0",
                "relation_rtctrl_rs_ctx_p_to_subj_p": [
                  "uni/tn-calico_dev_v4/subj-CalicoL3OUT-export-match"
                ],
                "route_control_profile_dn": "uni/tn-calico_dev_v4/out-CalicoL3OUT/prof-default-export",
                "set_rule": null
              },
              "sensitive_values": {
                "relation_rtctrl_rs_ctx_p_to_subj_p": [
                  false
                ]
              },
              "depends_on": [
                "aci_l3_outside.calico_l3out",
                "aci_match_rule.export_match_rule",
                "aci_route_control_profile.export_pod_subnet",
                "data.aci_tenant.tenant_l3out",
                "data.aci_vrf.l3out_vrf"
              ]
            },
            {
              "address": "aci_route_control_context.import_cluster_subnets",
              "mode": "managed",
              "type": "aci_route_control_context",
              "name": "import_cluster_subnets",
              "provider_name": "registry.terraform.io/ciscodevnet/aci",
              "schema_version": 1,
              "values": {
                "action": "permit",
                "annotation": "orchestrator:terraform",
                "description": "",
                "id": "uni/tn-calico_dev_v4/out-CalicoL3OUT/prof-default-import/ctx-import_cluster_subnets",
                "name": "import_cluster_subnets",
                "name_alias": "",
                "order": "0",
                "relation_rtctrl_rs_ctx_p_to_subj_p": [
                  "uni/tn-calico_dev_v4/subj-CalicoL3OUT-import-match"
                ],
                "route_control_profile_dn": "uni/tn-calico_dev_v4/out-CalicoL3OUT/prof-default-import",
                "set_rule": null
              },
              "sensitive_values": {
                "relation_rtctrl_rs_ctx_p_to_subj_p": [
                  false
                ]
              },
              "depends_on": [
                "aci_l3_outside.calico_l3out",
                "aci_match_rule.import_match_rule",
                "aci_route_control_profile.default_import",
                "data.aci_tenant.tenant_l3out",
                "data.aci_vrf.l3out_vrf"
              ]
            },
            {
              "address": "aci_route_control_profile.default_import",
              "mode": "managed",
              "type": "aci_route_control_profile",
              "name": "default_import",
              "provider_name": "registry.terraform.io/ciscodevnet/aci",
              "schema_version": 1,
              "values": {
                "annotation": "orchestrator:terraform",
                "description": "",
                "id": "uni/tn-calico_dev_v4/out-CalicoL3OUT/prof-default-import",
                "name": "default-import",
                "name_alias": "",
                "parent_dn": "uni/tn-calico_dev_v4/out-CalicoL3OUT",
                "route_control_profile_type": "combinable"
              },
              "sensitive_values": {},
              "depends_on": [
                "aci_l3_outside.calico_l3out",
                "data.aci_tenant.tenant_l3out",
                "data.aci_vrf.l3out_vrf"
              ]
            },
            {
              "address": "aci_route_control_profile.export_pod_subnet",
              "mode": "managed",
              "type": "aci_route_control_profile",
              "name": "export_pod_subnet",
              "provider_name": "registry.terraform.io/ciscodevnet/aci",
              "schema_version": 1,
              "values": {
                "annotation": "orchestrator:terraform",
                "description": "",
                "id": "uni/tn-calico_dev_v4/out-CalicoL3OUT/prof-default-export",
                "name": "default-export",
                "name_alias": "",
                "parent_dn": "uni/tn-calico_dev_v4/out-CalicoL3OUT",
                "route_control_profile_type": "combinable"
              },
              "sensitive_values": {},
              "depends_on": [
                "aci_l3_outside.calico_l3out",
                "data.aci_tenant.tenant_l3out",
                "data.aci_vrf.l3out_vrf"
              ]
            },
            {
              "address": "data.aci_contract.default",
              "mode": "data",
              "type": "aci_contract",
              "name": "default",
              "provider_name": "registry.terraform.io/ciscodevnet/aci",
              "schema_version": 0,
              "values": {
                "annotation": "",
                "description": "",
                "id": "uni/tn-common/brc-calico_dev",
                "name": "calico_dev",
                "name_alias": "",
                "prio": "unspecified",
                "scope": "global",
                "target_dscp": "unspecified",
                "tenant_dn": "uni/tn-common"
              },
              "sensitive_values": {}
            },
            {
              "address": "data.aci_physical_domain.dom",
              "mode": "data",
              "type": "aci_physical_domain",
              "name": "dom",
              "provider_name": "registry.terraform.io/ciscodevnet/aci",
              "schema_version": 0,
              "values": {
                "annotation": "",
                "description": null,
                "id": "uni/phys-FAB1",
                "name": "FAB1",
                "name_alias": ""
              },
              "sensitive_values": {}
            },
            {
              "address": "data.aci_tenant.tenant_contract",
              "mode": "data",
              "type": "aci_tenant",
              "name": "tenant_contract",
              "provider_name": "registry.terraform.io/ciscodevnet/aci",
              "schema_version": 0,
              "values": {
                "annotation": "",
                "description": "",
                "id": "uni/tn-common",
                "name": "common",
                "name_alias": ""
              },
              "sensitive_values": {}
            },
            {
              "address": "data.aci_tenant.tenant_l3out",
              "mode": "data",
              "type": "aci_tenant",
              "name": "tenant_l3out",
              "provider_name": "registry.terraform.io/ciscodevnet/aci",
              "schema_version": 0,
              "values": {
                "annotation": "",
                "description": "",
                "id": "uni/tn-calico_dev_v4",
                "name": "calico_dev_v4",
                "name_alias": ""
              },
              "sensitive_values": {}
            },
            {
              "address": "data.aci_vrf.l3out_vrf",
              "mode": "data",
              "type": "aci_vrf",
              "name": "l3out_vrf",
              "provider_name": "registry.terraform.io/ciscodevnet/aci",
              "schema_version": 0,
              "values": {
                "annotation": "",
                "bd_enforced_enable": "no",
                "description": "",
                "id": "uni/tn-calico_dev_v4/ctx-vrf",
                "ip_data_plane_learning": "enabled",
                "knw_mcast_act": "permit",
                "name": "vrf",
                "name_alias": "",
                "pc_enf_dir": "ingress",
                "pc_enf_pref": "enforced",
                "tenant_dn": "uni/tn-calico_dev_v4"
              },
              "sensitive_values": {}
            }
          ],
          "child_modules": [
            {
              "resources": [
                {
                  "address": "module.k8s_node.data.vsphere_compute_cluster.cluster",
                  "mode": "data",
                  "type": "vsphere_compute_cluster",
                  "name": "cluster",
                  "provider_name": "registry.terraform.io/hashicorp/vsphere",
                  "schema_version": 0,
                  "values": {
                    "datacenter_id": "datacenter-7",
                    "id": "domain-c1835",
                    "name": "Cluster1",
                    "resource_pool_id": "resgroup-1836"
                  },
                  "sensitive_values": {}
                },
                {
                  "address": "module.k8s_node.data.vsphere_datacenter.dc",
                  "mode": "data",
                  "type": "vsphere_datacenter",
                  "name": "dc",
                  "provider_name": "registry.terraform.io/hashicorp/vsphere",
                  "schema_version": 0,
                  "values": {
                    "id": "datacenter-7",
                    "name": "STLD"
                  },
                  "sensitive_values": {}
                },
                {
                  "address": "module.k8s_node.data.vsphere_datastore.datastore",
                  "mode": "data",
                  "type": "vsphere_datastore",
                  "name": "datastore",
                  "provider_name": "registry.terraform.io/hashicorp/vsphere",
                  "schema_version": 0,
                  "values": {
                    "datacenter_id": "datacenter-7",
                    "id": "datastore-7922",
                    "name": "ESXi3_SSD"
                  },
                  "sensitive_values": {}
                },
                {
                  "address": "module.k8s_node.data.vsphere_distributed_virtual_switch.dvs",
                  "mode": "data",
                  "type": "vsphere_distributed_virtual_switch",
                  "name": "dvs",
                  "provider_name": "registry.terraform.io/hashicorp/vsphere",
                  "schema_version": 0,
                  "values": {
                    "datacenter_id": "datacenter-7",
                    "id": "ed 4d 36 50 6e 46 0e 34-98 27 b2 66 a5 97 32 7e",
                    "name": "ACI",
                    "uplinks": [
                      "uplink1",
                      "uplink2",
                      "uplink3",
                      "uplink4",
                      "uplink5",
                      "uplink6",
                      "uplink7",
                      "uplink8"
                    ]
                  },
                  "sensitive_values": {
                    "uplinks": [
                      false,
                      false,
                      false,
                      false,
                      false,
                      false,
                      false,
                      false
                    ]
                  }
                },
                {
                  "address": "module.k8s_node.data.vsphere_network.network",
                  "mode": "data",
                  "type": "vsphere_network",
                  "name": "network",
                  "provider_name": "registry.terraform.io/hashicorp/vsphere",
                  "schema_version": 0,
                  "values": {
                    "datacenter_id": "datacenter-7",
                    "distributed_virtual_switch_uuid": "ed 4d 36 50 6e 46 0e 34-98 27 b2 66 a5 97 32 7e",
                    "id": "dvportgroup-7996",
                    "name": "calico_dev_v4",
                    "type": "DistributedVirtualPortgroup"
                  },
                  "sensitive_values": {}
                },
                {
                  "address": "module.k8s_node.data.vsphere_virtual_machine.template",
                  "mode": "data",
                  "type": "vsphere_virtual_machine",
                  "name": "template",
                  "provider_name": "registry.terraform.io/hashicorp/vsphere",
                  "schema_version": 0,
                  "values": {
                    "alternate_guest_name": "",
                    "annotation": "nkt_template",
                    "boot_delay": 0,
                    "boot_retry_delay": 10000,
                    "boot_retry_enabled": false,
                    "change_version": "2022-04-07T23:49:46.971699Z",
                    "cpu_hot_add_enabled": false,
                    "cpu_hot_remove_enabled": false,
                    "cpu_limit": -1,
                    "cpu_performance_counters_enabled": false,
                    "cpu_reservation": 0,
                    "cpu_share_count": 2000,
                    "cpu_share_level": "normal",
                    "datacenter_id": "datacenter-7",
                    "disks": [
                      {
                        "eagerly_scrub": false,
                        "label": "Hard disk 1",
                        "size": 50,
                        "thin_provisioned": true,
                        "unit_number": 0
                      }
                    ],
                    "efi_secure_boot_enabled": false,
                    "enable_disk_uuid": false,
                    "enable_logging": true,
                    "ept_rvi_mode": "automatic",
                    "extra_config": {},
                    "firmware": "bios",
                    "guest_id": "ubuntu64Guest",
                    "guest_ip_addresses": [],
                    "hardware_version": 14,
                    "hv_mode": "hvAuto",
                    "id": "4236cd8a-4ff9-ae65-af2e-f9c58dee15db",
                    "ide_controller_scan_count": 2,
                    "latency_sensitivity": "normal",
                    "memory": 8192,
                    "memory_hot_add_enabled": false,
                    "memory_limit": -1,
                    "memory_reservation": 0,
                    "memory_share_count": 81920,
                    "memory_share_level": "normal",
                    "name": "nkt_template",
                    "nested_hv_enabled": false,
                    "network_interface_types": [
                      "vmxnet3"
                    ],
                    "network_interfaces": [
                      {
                        "adapter_type": "vmxnet3",
                        "bandwidth_limit": -1,
                        "bandwidth_reservation": 0,
                        "bandwidth_share_count": 50,
                        "bandwidth_share_level": "normal",
                        "mac_address": "00:50:56:b6:eb:ff",
                        "network_id": "network-16"
                      }
                    ],
                    "num_cores_per_socket": 1,
                    "num_cpus": 2,
                    "replace_trigger": null,
                    "run_tools_scripts_after_power_on": true,
                    "run_tools_scripts_after_resume": true,
                    "run_tools_scripts_before_guest_reboot": false,
                    "run_tools_scripts_before_guest_shutdown": true,
                    "run_tools_scripts_before_guest_standby": true,
                    "sata_controller_scan_count": 0,
                    "scsi_bus_sharing": "noSharing",
                    "scsi_controller_scan_count": 1,
                    "scsi_type": "lsilogic",
                    "storage_policy_id": null,
                    "swap_placement_policy": "inherit",
                    "sync_time_with_host": false,
                    "sync_time_with_host_periodically": null,
                    "uuid": "4236cd8a-4ff9-ae65-af2e-f9c58dee15db",
                    "vapp": null,
                    "vapp_transport": [],
                    "vbs_enabled": false,
                    "vvtd_enabled": false
                  },
                  "sensitive_values": {
                    "disks": [
                      {}
                    ],
                    "extra_config": {},
                    "guest_ip_addresses": [],
                    "network_interface_types": [
                      false
                    ],
                    "network_interfaces": [
                      {}
                    ],
                    "vapp_transport": []
                  }
                },
                {
                  "address": "module.k8s_node.local_file.AnsibleConfig",
                  "mode": "managed",
                  "type": "local_file",
                  "name": "AnsibleConfig",
                  "provider_name": "registry.terraform.io/hashicorp/local",
                  "schema_version": 0,
                  "values": {
                    "content": "### TO DO: This should be fixed with SSH KEY Autnentication\nansible_user: cisco\nansible_ssh_private_key_file: /home/cisco/Coding/akb/ansible/roles/sandbox/files/id_rsa\n\nfabric_type: aci\n\n#K8S an Crio Version\nkube_version: 1.23.4-00            # This is the versioning number as per Ubuntu Packages. (apt-cache show <package> | grep Version)\nOS_Version: \"xUbuntu_20.04\"\ncrio_version: \"1.23\"\n\n#HA-Proxy and Keepalied Config \nhaproxy_image: haproxy:latest\ncontrol_plane_vip: 192.168.39.252\nvip_port: 8443\nkeepalived_image: osixia/keepalived:latest\nkeepalived_router_id: 51\n\n#Cluster Networking\npod_subnet: 192.168.40.0/24\ncluster_svc_subnet: 192.168.41.0/24\nexternal_svc_subnet: 192.168.42.0/24\npod_subnet_v6: \ncluster_svc_subnet_v6: \nexternal_svc_subnet_v6: \ningress_ip: 192.168.42.1\nvisibility_ip: 192.168.42.2\nneo4j_ip: 192.168.42.3\nntp_server: 72.163.32.44\ntime_zone: \"Australia/Sydney\"\n\nkubeadm_token: fqv728.htdmfzf6rt9blhej\n\naci_as: 65001\ncalico_as:  65002\napic_username : nkt_user_npgqka\napic_cert_name : nkt_user_npgqka\napic_private_key: ../ansible/roles/aci/files/nkt_user_npgqka-user.key\napic_oob_ips :  10.67.185.106\nvrf_tenant: calico_dev_v4\nvrf_name: vrf\n\nbgp_peers:\n  - id: 101\n    primary_ip: 192.168.39.101\n    primary_ipv6: \n    rack_id: \"1\"\n  - id: 102\n    primary_ip: 192.168.39.102\n    primary_ipv6: \n    rack_id: \"1\"\n\ndocker_mirror: 10.67.185.120:5000\nbgp_pass: 123Cisco123\nsandbox_status: true\nhttp_proxy_status: \n\nproxy_env: {}\nhttp_proxy: \"\"\nhttps_proxy: \"\"\n\ndns_domain: cam.ciscolabs.com\nubuntu_apt_mirror: https://ubuntu.mirror.digitalpacific.com.au/archive/\neBPF_status: false\n",
                    "content_base64": null,
                    "directory_permission": "0777",
                    "file_permission": "0777",
                    "filename": "../ansible/inventory/group_vars/all.yml",
                    "id": "85211faab809344877a6412e1e342440b693e8cc",
                    "sensitive_content": null,
                    "source": null
                  },
                  "sensitive_values": {}
                },
                {
                  "address": "module.k8s_node.local_file.AnsibleInventory",
                  "mode": "managed",
                  "type": "local_file",
                  "name": "AnsibleInventory",
                  "provider_name": "registry.terraform.io/hashicorp/local",
                  "schema_version": 0,
                  "values": {
                    "content": "[k8s_primary_master]\nnkt-master-08334-1 ansible_host=192.168.39.1 rack_id=1 real_ip=192.168.39.1 ipv6=\n\n[k8s_master_replicas]\nnkt-master-08334-2 ansible_host=192.168.39.2 rack_id=1 real_ip=192.168.39.2 ipv6=\nnkt-master-08334-3 ansible_host=192.168.39.3 rack_id=1 real_ip=192.168.39.3 ipv6=\n\n[k8s_workers]\nnkt-worker-08334-2 ansible_host=192.168.39.5 rack_id=1 real_ip=192.168.39.5 ipv6=\nnkt-worker-08334-1 ansible_host=192.168.39.4 rack_id=1 real_ip=192.168.39.4 ipv6=\nnkt-worker-08334-3 ansible_host=192.168.39.6 rack_id=1 real_ip=192.168.39.6 ipv6=\n\n[k8s_masters:children]\nk8s_primary_master\nk8s_master_replicas\n\n[k8s_nodes:children]\nk8s_masters\nk8s_workers",
                    "content_base64": null,
                    "directory_permission": "0777",
                    "file_permission": "0777",
                    "filename": "../ansible/inventory/nodes.ini",
                    "id": "5fc0e1cb59dda53b6e444148939f2a6f795e2a01",
                    "sensitive_content": null,
                    "source": null
                  },
                  "sensitive_values": {}
                },
                {
                  "address": "module.k8s_node.null_resource.sandbox_cluster[0]",
                  "mode": "managed",
                  "type": "null_resource",
                  "name": "sandbox_cluster",
                  "index": 0,
                  "provider_name": "registry.terraform.io/hashicorp/null",
                  "schema_version": 0,
                  "values": {
                    "id": "1752126362925896400",
                    "triggers": null
                  },
                  "sensitive_values": {},
                  "depends_on": [
                    "module.k8s_node.data.vsphere_compute_cluster.cluster",
                    "module.k8s_node.data.vsphere_datacenter.dc",
                    "module.k8s_node.data.vsphere_datastore.datastore",
                    "module.k8s_node.data.vsphere_distributed_virtual_switch.dvs",
                    "module.k8s_node.data.vsphere_network.network",
                    "module.k8s_node.data.vsphere_virtual_machine.template",
                    "module.k8s_node.local_file.AnsibleConfig",
                    "module.k8s_node.local_file.AnsibleInventory",
                    "module.k8s_node.vsphere_virtual_machine.vm"
                  ]
                },
                {
                  "address": "module.k8s_node.vsphere_virtual_machine.vm[\"nkt-master-08334-1\"]",
                  "mode": "managed",
                  "type": "vsphere_virtual_machine",
                  "name": "vm",
                  "index": "nkt-master-08334-1",
                  "provider_name": "registry.terraform.io/hashicorp/vsphere",
                  "schema_version": 3,
                  "values": {
                    "alternate_guest_name": "",
                    "annotation": "",
                    "boot_delay": 0,
                    "boot_retry_delay": 10000,
                    "boot_retry_enabled": false,
                    "cdrom": [
                      {
                        "client_device": true,
                        "datastore_id": "",
                        "device_address": "sata:0:0",
                        "key": 16000,
                        "path": ""
                      }
                    ],
                    "change_version": "2022-04-13T00:59:52.712377Z",
                    "clone": [
                      {
                        "customize": [
                          {
                            "dns_server_list": [
                              "10.67.185.100"
                            ],
                            "dns_suffix_list": [],
                            "ipv4_gateway": "192.168.39.253",
                            "ipv6_gateway": "",
                            "linux_options": [
                              {
                                "domain": "cam.ciscolabs.com",
                                "host_name": "nkt-master-08334-1",
                                "hw_clock_utc": true,
                                "time_zone": ""
                              }
                            ],
                            "network_interface": [
                              {
                                "dns_domain": "",
                                "dns_server_list": [],
                                "ipv4_address": "192.168.39.1",
                                "ipv4_netmask": 24,
                                "ipv6_address": "",
                                "ipv6_netmask": 0
                              }
                            ],
                            "timeout": 10,
                            "windows_options": [],
                            "windows_sysprep_text": ""
                          }
                        ],
                        "linked_clone": true,
                        "ovf_network_map": {},
                        "ovf_storage_map": {},
                        "template_uuid": "4236cd8a-4ff9-ae65-af2e-f9c58dee15db",
                        "timeout": 30
                      }
                    ],
                    "cpu_hot_add_enabled": false,
                    "cpu_hot_remove_enabled": false,
                    "cpu_limit": -1,
                    "cpu_performance_counters_enabled": false,
                    "cpu_reservation": 0,
                    "cpu_share_count": 2000,
                    "cpu_share_level": "normal",
                    "custom_attributes": {},
                    "datacenter_id": null,
                    "datastore_cluster_id": null,
                    "datastore_id": "datastore-7922",
                    "default_ip_address": "192.168.39.1",
                    "disk": [
                      {
                        "attach": false,
                        "controller_type": "scsi",
                        "datastore_id": "datastore-7922",
                        "device_address": "scsi:0:0",
                        "disk_mode": "persistent",
                        "disk_sharing": "sharingNone",
                        "eagerly_scrub": false,
                        "io_limit": -1,
                        "io_reservation": 0,
                        "io_share_count": 1000,
                        "io_share_level": "normal",
                        "keep_on_remove": false,
                        "key": 2000,
                        "label": "disk0",
                        "path": "nkt-master-08334-1/nkt-master-08334-1.vmdk",
                        "size": 50,
                        "storage_policy_id": "",
                        "thin_provisioned": true,
                        "unit_number": 0,
                        "uuid": "6000C292-9322-c1f3-326e-280d6a7a927e",
                        "write_through": false
                      }
                    ],
                    "efi_secure_boot_enabled": false,
                    "enable_disk_uuid": false,
                    "enable_logging": false,
                    "ept_rvi_mode": "automatic",
                    "extra_config": {},
                    "firmware": "bios",
                    "folder": "CalicoDev_v4",
                    "force_power_off": true,
                    "guest_id": "ubuntu64Guest",
                    "guest_ip_addresses": [
                      "fe80::ecee:eeff:feee:eeee",
                      "fe80::ecee:eeff:feee:eeee",
                      "192.168.39.1",
                      "192.168.39.252",
                      "fe80::250:56ff:feb6:e425"
                    ],
                    "hardware_version": 14,
                    "host_system_id": "host-2242",
                    "hv_mode": "hvAuto",
                    "id": "4236d85e-c197-5155-6f30-2bf6d37f9a0b",
                    "ide_controller_count": 2,
                    "ignored_guest_ips": null,
                    "imported": null,
                    "latency_sensitivity": "normal",
                    "memory": 8192,
                    "memory_hot_add_enabled": false,
                    "memory_limit": -1,
                    "memory_reservation": 0,
                    "memory_share_count": 81920,
                    "memory_share_level": "normal",
                    "migrate_wait_timeout": 30,
                    "moid": "vm-10676",
                    "name": "nkt-master-08334-1",
                    "nested_hv_enabled": false,
                    "network_interface": [
                      {
                        "adapter_type": "vmxnet3",
                        "bandwidth_limit": -1,
                        "bandwidth_reservation": 0,
                        "bandwidth_share_count": 50,
                        "bandwidth_share_level": "normal",
                        "device_address": "pci:0:7",
                        "key": 4000,
                        "mac_address": "00:50:56:b6:e4:25",
                        "network_id": "dvportgroup-7996",
                        "ovf_mapping": "",
                        "use_static_mac": false
                      }
                    ],
                    "num_cores_per_socket": 1,
                    "num_cpus": 2,
                    "ovf_deploy": [],
                    "pci_device_id": [],
                    "poweron_timeout": 300,
                    "reboot_required": false,
                    "replace_trigger": null,
                    "resource_pool_id": "resgroup-1836",
                    "run_tools_scripts_after_power_on": true,
                    "run_tools_scripts_after_resume": true,
                    "run_tools_scripts_before_guest_reboot": false,
                    "run_tools_scripts_before_guest_shutdown": true,
                    "run_tools_scripts_before_guest_standby": true,
                    "sata_controller_count": 0,
                    "scsi_bus_sharing": "noSharing",
                    "scsi_controller_count": 1,
                    "scsi_type": "lsilogic",
                    "shutdown_wait_timeout": 3,
                    "storage_policy_id": "",
                    "swap_placement_policy": "inherit",
                    "sync_time_with_host": false,
                    "sync_time_with_host_periodically": null,
                    "tags": [],
                    "uuid": "4236d85e-c197-5155-6f30-2bf6d37f9a0b",
                    "vapp": [],
                    "vapp_transport": [],
                    "vbs_enabled": false,
                    "vmware_tools_status": "guestToolsRunning",
                    "vmx_path": "nkt-master-08334-1/nkt-master-08334-1.vmx",
                    "vvtd_enabled": false,
                    "wait_for_guest_ip_timeout": 0,
                    "wait_for_guest_net_routable": true,
                    "wait_for_guest_net_timeout": 10
                  },
                  "sensitive_values": {
                    "cdrom": [
                      {}
                    ],
                    "clone": [
                      {
                        "customize": [
                          {
                            "dns_server_list": [
                              false
                            ],
                            "dns_suffix_list": [],
                            "linux_options": [
                              {}
                            ],
                            "network_interface": [
                              {
                                "dns_server_list": []
                              }
                            ],
                            "windows_options": []
                          }
                        ],
                        "ovf_network_map": {},
                        "ovf_storage_map": {}
                      }
                    ],
                    "custom_attributes": {},
                    "disk": [
                      {}
                    ],
                    "extra_config": {},
                    "guest_ip_addresses": [
                      false,
                      false,
                      false,
                      false,
                      false
                    ],
                    "network_interface": [
                      {}
                    ],
                    "ovf_deploy": [],
                    "pci_device_id": [],
                    "tags": [],
                    "vapp": [],
                    "vapp_transport": []
                  },
                  "depends_on": [
                    "module.k8s_node.data.vsphere_compute_cluster.cluster",
                    "module.k8s_node.data.vsphere_datacenter.dc",
                    "module.k8s_node.data.vsphere_datastore.datastore",
                    "module.k8s_node.data.vsphere_distributed_virtual_switch.dvs",
                    "module.k8s_node.data.vsphere_network.network",
                    "module.k8s_node.data.vsphere_virtual_machine.template"
                  ]
                },
                {
                  "address": "module.k8s_node.vsphere_virtual_machine.vm[\"nkt-master-08334-2\"]",
                  "mode": "managed",
                  "type": "vsphere_virtual_machine",
                  "name": "vm",
                  "index": "nkt-master-08334-2",
                  "provider_name": "registry.terraform.io/hashicorp/vsphere",
                  "schema_version": 3,
                  "values": {
                    "alternate_guest_name": "",
                    "annotation": "",
                    "boot_delay": 0,
                    "boot_retry_delay": 10000,
                    "boot_retry_enabled": false,
                    "cdrom": [
                      {
                        "client_device": true,
                        "datastore_id": "",
                        "device_address": "sata:0:0",
                        "key": 16000,
                        "path": ""
                      }
                    ],
                    "change_version": "2022-04-13T00:59:52.810389Z",
                    "clone": [
                      {
                        "customize": [
                          {
                            "dns_server_list": [
                              "10.67.185.100"
                            ],
                            "dns_suffix_list": [],
                            "ipv4_gateway": "192.168.39.253",
                            "ipv6_gateway": "",
                            "linux_options": [
                              {
                                "domain": "cam.ciscolabs.com",
                                "host_name": "nkt-master-08334-2",
                                "hw_clock_utc": true,
                                "time_zone": ""
                              }
                            ],
                            "network_interface": [
                              {
                                "dns_domain": "",
                                "dns_server_list": [],
                                "ipv4_address": "192.168.39.2",
                                "ipv4_netmask": 24,
                                "ipv6_address": "",
                                "ipv6_netmask": 0
                              }
                            ],
                            "timeout": 10,
                            "windows_options": [],
                            "windows_sysprep_text": ""
                          }
                        ],
                        "linked_clone": true,
                        "ovf_network_map": {},
                        "ovf_storage_map": {},
                        "template_uuid": "4236cd8a-4ff9-ae65-af2e-f9c58dee15db",
                        "timeout": 30
                      }
                    ],
                    "cpu_hot_add_enabled": false,
                    "cpu_hot_remove_enabled": false,
                    "cpu_limit": -1,
                    "cpu_performance_counters_enabled": false,
                    "cpu_reservation": 0,
                    "cpu_share_count": 2000,
                    "cpu_share_level": "normal",
                    "custom_attributes": {},
                    "datacenter_id": null,
                    "datastore_cluster_id": null,
                    "datastore_id": "datastore-7922",
                    "default_ip_address": "192.168.39.2",
                    "disk": [
                      {
                        "attach": false,
                        "controller_type": "scsi",
                        "datastore_id": "datastore-7922",
                        "device_address": "scsi:0:0",
                        "disk_mode": "persistent",
                        "disk_sharing": "sharingNone",
                        "eagerly_scrub": false,
                        "io_limit": -1,
                        "io_reservation": 0,
                        "io_share_count": 1000,
                        "io_share_level": "normal",
                        "keep_on_remove": false,
                        "key": 2000,
                        "label": "disk0",
                        "path": "nkt-master-08334-2/nkt-master-08334-2.vmdk",
                        "size": 50,
                        "storage_policy_id": "",
                        "thin_provisioned": true,
                        "unit_number": 0,
                        "uuid": "6000C292-9322-c1f3-326e-280d6a7a927e",
                        "write_through": false
                      }
                    ],
                    "efi_secure_boot_enabled": false,
                    "enable_disk_uuid": false,
                    "enable_logging": false,
                    "ept_rvi_mode": "automatic",
                    "extra_config": {},
                    "firmware": "bios",
                    "folder": "CalicoDev_v4",
                    "force_power_off": true,
                    "guest_id": "ubuntu64Guest",
                    "guest_ip_addresses": [
                      "fe80::ecee:eeff:feee:eeee",
                      "192.168.39.2",
                      "fe80::250:56ff:feb6:88e5"
                    ],
                    "hardware_version": 14,
                    "host_system_id": "host-2242",
                    "hv_mode": "hvAuto",
                    "id": "423666dc-310c-0d38-06e4-bd2873c12539",
                    "ide_controller_count": 2,
                    "ignored_guest_ips": null,
                    "imported": null,
                    "latency_sensitivity": "normal",
                    "memory": 8192,
                    "memory_hot_add_enabled": false,
                    "memory_limit": -1,
                    "memory_reservation": 0,
                    "memory_share_count": 81920,
                    "memory_share_level": "normal",
                    "migrate_wait_timeout": 30,
                    "moid": "vm-10677",
                    "name": "nkt-master-08334-2",
                    "nested_hv_enabled": false,
                    "network_interface": [
                      {
                        "adapter_type": "vmxnet3",
                        "bandwidth_limit": -1,
                        "bandwidth_reservation": 0,
                        "bandwidth_share_count": 50,
                        "bandwidth_share_level": "normal",
                        "device_address": "pci:0:7",
                        "key": 4000,
                        "mac_address": "00:50:56:b6:88:e5",
                        "network_id": "dvportgroup-7996",
                        "ovf_mapping": "",
                        "use_static_mac": false
                      }
                    ],
                    "num_cores_per_socket": 1,
                    "num_cpus": 2,
                    "ovf_deploy": [],
                    "pci_device_id": [],
                    "poweron_timeout": 300,
                    "reboot_required": false,
                    "replace_trigger": null,
                    "resource_pool_id": "resgroup-1836",
                    "run_tools_scripts_after_power_on": true,
                    "run_tools_scripts_after_resume": true,
                    "run_tools_scripts_before_guest_reboot": false,
                    "run_tools_scripts_before_guest_shutdown": true,
                    "run_tools_scripts_before_guest_standby": true,
                    "sata_controller_count": 0,
                    "scsi_bus_sharing": "noSharing",
                    "scsi_controller_count": 1,
                    "scsi_type": "lsilogic",
                    "shutdown_wait_timeout": 3,
                    "storage_policy_id": "",
                    "swap_placement_policy": "inherit",
                    "sync_time_with_host": false,
                    "sync_time_with_host_periodically": null,
                    "tags": [],
                    "uuid": "423666dc-310c-0d38-06e4-bd2873c12539",
                    "vapp": [],
                    "vapp_transport": [],
                    "vbs_enabled": false,
                    "vmware_tools_status": "guestToolsRunning",
                    "vmx_path": "nkt-master-08334-2/nkt-master-08334-2.vmx",
                    "vvtd_enabled": false,
                    "wait_for_guest_ip_timeout": 0,
                    "wait_for_guest_net_routable": true,
                    "wait_for_guest_net_timeout": 10
                  },
                  "sensitive_values": {
                    "cdrom": [
                      {}
                    ],
                    "clone": [
                      {
                        "customize": [
                          {
                            "dns_server_list": [
                              false
                            ],
                            "dns_suffix_list": [],
                            "linux_options": [
                              {}
                            ],
                            "network_interface": [
                              {
                                "dns_server_list": []
                              }
                            ],
                            "windows_options": []
                          }
                        ],
                        "ovf_network_map": {},
                        "ovf_storage_map": {}
                      }
                    ],
                    "custom_attributes": {},
                    "disk": [
                      {}
                    ],
                    "extra_config": {},
                    "guest_ip_addresses": [
                      false,
                      false,
                      false
                    ],
                    "network_interface": [
                      {}
                    ],
                    "ovf_deploy": [],
                    "pci_device_id": [],
                    "tags": [],
                    "vapp": [],
                    "vapp_transport": []
                  },
                  "depends_on": [
                    "module.k8s_node.data.vsphere_compute_cluster.cluster",
                    "module.k8s_node.data.vsphere_datacenter.dc",
                    "module.k8s_node.data.vsphere_datastore.datastore",
                    "module.k8s_node.data.vsphere_distributed_virtual_switch.dvs",
                    "module.k8s_node.data.vsphere_network.network",
                    "module.k8s_node.data.vsphere_virtual_machine.template"
                  ]
                },
                {
                  "address": "module.k8s_node.vsphere_virtual_machine.vm[\"nkt-master-08334-3\"]",
                  "mode": "managed",
                  "type": "vsphere_virtual_machine",
                  "name": "vm",
                  "index": "nkt-master-08334-3",
                  "provider_name": "registry.terraform.io/hashicorp/vsphere",
                  "schema_version": 3,
                  "values": {
                    "alternate_guest_name": "",
                    "annotation": "",
                    "boot_delay": 0,
                    "boot_retry_delay": 10000,
                    "boot_retry_enabled": false,
                    "cdrom": [
                      {
                        "client_device": true,
                        "datastore_id": "",
                        "device_address": "sata:0:0",
                        "key": 16000,
                        "path": ""
                      }
                    ],
                    "change_version": "2022-04-13T00:59:52.816536Z",
                    "clone": [
                      {
                        "customize": [
                          {
                            "dns_server_list": [
                              "10.67.185.100"
                            ],
                            "dns_suffix_list": [],
                            "ipv4_gateway": "192.168.39.253",
                            "ipv6_gateway": "",
                            "linux_options": [
                              {
                                "domain": "cam.ciscolabs.com",
                                "host_name": "nkt-master-08334-3",
                                "hw_clock_utc": true,
                                "time_zone": ""
                              }
                            ],
                            "network_interface": [
                              {
                                "dns_domain": "",
                                "dns_server_list": [],
                                "ipv4_address": "192.168.39.3",
                                "ipv4_netmask": 24,
                                "ipv6_address": "",
                                "ipv6_netmask": 0
                              }
                            ],
                            "timeout": 10,
                            "windows_options": [],
                            "windows_sysprep_text": ""
                          }
                        ],
                        "linked_clone": true,
                        "ovf_network_map": {},
                        "ovf_storage_map": {},
                        "template_uuid": "4236cd8a-4ff9-ae65-af2e-f9c58dee15db",
                        "timeout": 30
                      }
                    ],
                    "cpu_hot_add_enabled": false,
                    "cpu_hot_remove_enabled": false,
                    "cpu_limit": -1,
                    "cpu_performance_counters_enabled": false,
                    "cpu_reservation": 0,
                    "cpu_share_count": 2000,
                    "cpu_share_level": "normal",
                    "custom_attributes": {},
                    "datacenter_id": null,
                    "datastore_cluster_id": null,
                    "datastore_id": "datastore-7922",
                    "default_ip_address": "192.168.39.3",
                    "disk": [
                      {
                        "attach": false,
                        "controller_type": "scsi",
                        "datastore_id": "datastore-7922",
                        "device_address": "scsi:0:0",
                        "disk_mode": "persistent",
                        "disk_sharing": "sharingNone",
                        "eagerly_scrub": false,
                        "io_limit": -1,
                        "io_reservation": 0,
                        "io_share_count": 1000,
                        "io_share_level": "normal",
                        "keep_on_remove": false,
                        "key": 2000,
                        "label": "disk0",
                        "path": "nkt-master-08334-3/nkt-master-08334-3.vmdk",
                        "size": 50,
                        "storage_policy_id": "",
                        "thin_provisioned": true,
                        "unit_number": 0,
                        "uuid": "6000C292-9322-c1f3-326e-280d6a7a927e",
                        "write_through": false
                      }
                    ],
                    "efi_secure_boot_enabled": false,
                    "enable_disk_uuid": false,
                    "enable_logging": false,
                    "ept_rvi_mode": "automatic",
                    "extra_config": {},
                    "firmware": "bios",
                    "folder": "CalicoDev_v4",
                    "force_power_off": true,
                    "guest_id": "ubuntu64Guest",
                    "guest_ip_addresses": [
                      "fe80::ecee:eeff:feee:eeee",
                      "192.168.39.3",
                      "fe80::250:56ff:feb6:7753"
                    ],
                    "hardware_version": 14,
                    "host_system_id": "host-2242",
                    "hv_mode": "hvAuto",
                    "id": "423636ee-8959-f1af-e55a-7eb738b9102a",
                    "ide_controller_count": 2,
                    "ignored_guest_ips": null,
                    "imported": null,
                    "latency_sensitivity": "normal",
                    "memory": 8192,
                    "memory_hot_add_enabled": false,
                    "memory_limit": -1,
                    "memory_reservation": 0,
                    "memory_share_count": 81920,
                    "memory_share_level": "normal",
                    "migrate_wait_timeout": 30,
                    "moid": "vm-10679",
                    "name": "nkt-master-08334-3",
                    "nested_hv_enabled": false,
                    "network_interface": [
                      {
                        "adapter_type": "vmxnet3",
                        "bandwidth_limit": -1,
                        "bandwidth_reservation": 0,
                        "bandwidth_share_count": 50,
                        "bandwidth_share_level": "normal",
                        "device_address": "pci:0:7",
                        "key": 4000,
                        "mac_address": "00:50:56:b6:77:53",
                        "network_id": "dvportgroup-7996",
                        "ovf_mapping": "",
                        "use_static_mac": false
                      }
                    ],
                    "num_cores_per_socket": 1,
                    "num_cpus": 2,
                    "ovf_deploy": [],
                    "pci_device_id": [],
                    "poweron_timeout": 300,
                    "reboot_required": false,
                    "replace_trigger": null,
                    "resource_pool_id": "resgroup-1836",
                    "run_tools_scripts_after_power_on": true,
                    "run_tools_scripts_after_resume": true,
                    "run_tools_scripts_before_guest_reboot": false,
                    "run_tools_scripts_before_guest_shutdown": true,
                    "run_tools_scripts_before_guest_standby": true,
                    "sata_controller_count": 0,
                    "scsi_bus_sharing": "noSharing",
                    "scsi_controller_count": 1,
                    "scsi_type": "lsilogic",
                    "shutdown_wait_timeout": 3,
                    "storage_policy_id": "",
                    "swap_placement_policy": "inherit",
                    "sync_time_with_host": false,
                    "sync_time_with_host_periodically": null,
                    "tags": [],
                    "uuid": "423636ee-8959-f1af-e55a-7eb738b9102a",
                    "vapp": [],
                    "vapp_transport": [],
                    "vbs_enabled": false,
                    "vmware_tools_status": "guestToolsRunning",
                    "vmx_path": "nkt-master-08334-3/nkt-master-08334-3.vmx",
                    "vvtd_enabled": false,
                    "wait_for_guest_ip_timeout": 0,
                    "wait_for_guest_net_routable": true,
                    "wait_for_guest_net_timeout": 10
                  },
                  "sensitive_values": {
                    "cdrom": [
                      {}
                    ],
                    "clone": [
                      {
                        "customize": [
                          {
                            "dns_server_list": [
                              false
                            ],
                            "dns_suffix_list": [],
                            "linux_options": [
                              {}
                            ],
                            "network_interface": [
                              {
                                "dns_server_list": []
                              }
                            ],
                            "windows_options": []
                          }
                        ],
                        "ovf_network_map": {},
                        "ovf_storage_map": {}
                      }
                    ],
                    "custom_attributes": {},
                    "disk": [
                      {}
                    ],
                    "extra_config": {},
                    "guest_ip_addresses": [
                      false,
                      false,
                      false
                    ],
                    "network_interface": [
                      {}
                    ],
                    "ovf_deploy": [],
                    "pci_device_id": [],
                    "tags": [],
                    "vapp": [],
                    "vapp_transport": []
                  },
                  "depends_on": [
                    "module.k8s_node.data.vsphere_compute_cluster.cluster",
                    "module.k8s_node.data.vsphere_datacenter.dc",
                    "module.k8s_node.data.vsphere_datastore.datastore",
                    "module.k8s_node.data.vsphere_distributed_virtual_switch.dvs",
                    "module.k8s_node.data.vsphere_network.network",
                    "module.k8s_node.data.vsphere_virtual_machine.template"
                  ]
                },
                {
                  "address": "module.k8s_node.vsphere_virtual_machine.vm[\"nkt-worker-08334-1\"]",
                  "mode": "managed",
                  "type": "vsphere_virtual_machine",
                  "name": "vm",
                  "index": "nkt-worker-08334-1",
                  "provider_name": "registry.terraform.io/hashicorp/vsphere",
                  "schema_version": 3,
                  "values": {
                    "alternate_guest_name": "",
                    "annotation": "",
                    "boot_delay": 0,
                    "boot_retry_delay": 10000,
                    "boot_retry_enabled": false,
                    "cdrom": [
                      {
                        "client_device": true,
                        "datastore_id": "",
                        "device_address": "sata:0:0",
                        "key": 16000,
                        "path": ""
                      }
                    ],
                    "change_version": "2022-04-13T00:59:52.813214Z",
                    "clone": [
                      {
                        "customize": [
                          {
                            "dns_server_list": [
                              "10.67.185.100"
                            ],
                            "dns_suffix_list": [],
                            "ipv4_gateway": "192.168.39.253",
                            "ipv6_gateway": "",
                            "linux_options": [
                              {
                                "domain": "cam.ciscolabs.com",
                                "host_name": "nkt-worker-08334-1",
                                "hw_clock_utc": true,
                                "time_zone": ""
                              }
                            ],
                            "network_interface": [
                              {
                                "dns_domain": "",
                                "dns_server_list": [],
                                "ipv4_address": "192.168.39.4",
                                "ipv4_netmask": 24,
                                "ipv6_address": "",
                                "ipv6_netmask": 0
                              }
                            ],
                            "timeout": 10,
                            "windows_options": [],
                            "windows_sysprep_text": ""
                          }
                        ],
                        "linked_clone": true,
                        "ovf_network_map": {},
                        "ovf_storage_map": {},
                        "template_uuid": "4236cd8a-4ff9-ae65-af2e-f9c58dee15db",
                        "timeout": 30
                      }
                    ],
                    "cpu_hot_add_enabled": false,
                    "cpu_hot_remove_enabled": false,
                    "cpu_limit": -1,
                    "cpu_performance_counters_enabled": false,
                    "cpu_reservation": 0,
                    "cpu_share_count": 2000,
                    "cpu_share_level": "normal",
                    "custom_attributes": {},
                    "datacenter_id": null,
                    "datastore_cluster_id": null,
                    "datastore_id": "datastore-7922",
                    "default_ip_address": "192.168.39.4",
                    "disk": [
                      {
                        "attach": false,
                        "controller_type": "scsi",
                        "datastore_id": "datastore-7922",
                        "device_address": "scsi:0:0",
                        "disk_mode": "persistent",
                        "disk_sharing": "sharingNone",
                        "eagerly_scrub": false,
                        "io_limit": -1,
                        "io_reservation": 0,
                        "io_share_count": 1000,
                        "io_share_level": "normal",
                        "keep_on_remove": false,
                        "key": 2000,
                        "label": "disk0",
                        "path": "nkt-worker-08334-1/nkt-worker-08334-1.vmdk",
                        "size": 50,
                        "storage_policy_id": "",
                        "thin_provisioned": true,
                        "unit_number": 0,
                        "uuid": "6000C292-9322-c1f3-326e-280d6a7a927e",
                        "write_through": false
                      }
                    ],
                    "efi_secure_boot_enabled": false,
                    "enable_disk_uuid": false,
                    "enable_logging": false,
                    "ept_rvi_mode": "automatic",
                    "extra_config": {},
                    "firmware": "bios",
                    "folder": "CalicoDev_v4",
                    "force_power_off": true,
                    "guest_id": "ubuntu64Guest",
                    "guest_ip_addresses": [
                      "fe80::ecee:eeff:feee:eeee",
                      "fe80::ecee:eeff:feee:eeee",
                      "fe80::ecee:eeff:feee:eeee",
                      "fe80::ecee:eeff:feee:eeee",
                      "fe80::ecee:eeff:feee:eeee",
                      "fe80::ecee:eeff:feee:eeee",
                      "192.168.39.4",
                      "fe80::250:56ff:feb6:8921"
                    ],
                    "hardware_version": 14,
                    "host_system_id": "host-2242",
                    "hv_mode": "hvAuto",
                    "id": "42367bce-02d4-897b-d52d-4c1cc64b4c7a",
                    "ide_controller_count": 2,
                    "ignored_guest_ips": null,
                    "imported": null,
                    "latency_sensitivity": "normal",
                    "memory": 8192,
                    "memory_hot_add_enabled": false,
                    "memory_limit": -1,
                    "memory_reservation": 0,
                    "memory_share_count": 81920,
                    "memory_share_level": "normal",
                    "migrate_wait_timeout": 30,
                    "moid": "vm-10680",
                    "name": "nkt-worker-08334-1",
                    "nested_hv_enabled": false,
                    "network_interface": [
                      {
                        "adapter_type": "vmxnet3",
                        "bandwidth_limit": -1,
                        "bandwidth_reservation": 0,
                        "bandwidth_share_count": 50,
                        "bandwidth_share_level": "normal",
                        "device_address": "pci:0:7",
                        "key": 4000,
                        "mac_address": "00:50:56:b6:89:21",
                        "network_id": "dvportgroup-7996",
                        "ovf_mapping": "",
                        "use_static_mac": false
                      }
                    ],
                    "num_cores_per_socket": 1,
                    "num_cpus": 2,
                    "ovf_deploy": [],
                    "pci_device_id": [],
                    "poweron_timeout": 300,
                    "reboot_required": false,
                    "replace_trigger": null,
                    "resource_pool_id": "resgroup-1836",
                    "run_tools_scripts_after_power_on": true,
                    "run_tools_scripts_after_resume": true,
                    "run_tools_scripts_before_guest_reboot": false,
                    "run_tools_scripts_before_guest_shutdown": true,
                    "run_tools_scripts_before_guest_standby": true,
                    "sata_controller_count": 0,
                    "scsi_bus_sharing": "noSharing",
                    "scsi_controller_count": 1,
                    "scsi_type": "lsilogic",
                    "shutdown_wait_timeout": 3,
                    "storage_policy_id": "",
                    "swap_placement_policy": "inherit",
                    "sync_time_with_host": false,
                    "sync_time_with_host_periodically": null,
                    "tags": [],
                    "uuid": "42367bce-02d4-897b-d52d-4c1cc64b4c7a",
                    "vapp": [],
                    "vapp_transport": [],
                    "vbs_enabled": false,
                    "vmware_tools_status": "guestToolsRunning",
                    "vmx_path": "nkt-worker-08334-1/nkt-worker-08334-1.vmx",
                    "vvtd_enabled": false,
                    "wait_for_guest_ip_timeout": 0,
                    "wait_for_guest_net_routable": true,
                    "wait_for_guest_net_timeout": 10
                  },
                  "sensitive_values": {
                    "cdrom": [
                      {}
                    ],
                    "clone": [
                      {
                        "customize": [
                          {
                            "dns_server_list": [
                              false
                            ],
                            "dns_suffix_list": [],
                            "linux_options": [
                              {}
                            ],
                            "network_interface": [
                              {
                                "dns_server_list": []
                              }
                            ],
                            "windows_options": []
                          }
                        ],
                        "ovf_network_map": {},
                        "ovf_storage_map": {}
                      }
                    ],
                    "custom_attributes": {},
                    "disk": [
                      {}
                    ],
                    "extra_config": {},
                    "guest_ip_addresses": [
                      false,
                      false,
                      false,
                      false,
                      false,
                      false,
                      false,
                      false
                    ],
                    "network_interface": [
                      {}
                    ],
                    "ovf_deploy": [],
                    "pci_device_id": [],
                    "tags": [],
                    "vapp": [],
                    "vapp_transport": []
                  },
                  "depends_on": [
                    "module.k8s_node.data.vsphere_compute_cluster.cluster",
                    "module.k8s_node.data.vsphere_datacenter.dc",
                    "module.k8s_node.data.vsphere_datastore.datastore",
                    "module.k8s_node.data.vsphere_distributed_virtual_switch.dvs",
                    "module.k8s_node.data.vsphere_network.network",
                    "module.k8s_node.data.vsphere_virtual_machine.template"
                  ]
                },
                {
                  "address": "module.k8s_node.vsphere_virtual_machine.vm[\"nkt-worker-08334-2\"]",
                  "mode": "managed",
                  "type": "vsphere_virtual_machine",
                  "name": "vm",
                  "index": "nkt-worker-08334-2",
                  "provider_name": "registry.terraform.io/hashicorp/vsphere",
                  "schema_version": 3,
                  "values": {
                    "alternate_guest_name": "",
                    "annotation": "",
                    "boot_delay": 0,
                    "boot_retry_delay": 10000,
                    "boot_retry_enabled": false,
                    "cdrom": [
                      {
                        "client_device": true,
                        "datastore_id": "",
                        "device_address": "sata:0:0",
                        "key": 16000,
                        "path": ""
                      }
                    ],
                    "change_version": "2022-04-13T00:59:53.822878Z",
                    "clone": [
                      {
                        "customize": [
                          {
                            "dns_server_list": [
                              "10.67.185.100"
                            ],
                            "dns_suffix_list": [],
                            "ipv4_gateway": "192.168.39.253",
                            "ipv6_gateway": "",
                            "linux_options": [
                              {
                                "domain": "cam.ciscolabs.com",
                                "host_name": "nkt-worker-08334-2",
                                "hw_clock_utc": true,
                                "time_zone": ""
                              }
                            ],
                            "network_interface": [
                              {
                                "dns_domain": "",
                                "dns_server_list": [],
                                "ipv4_address": "192.168.39.5",
                                "ipv4_netmask": 24,
                                "ipv6_address": "",
                                "ipv6_netmask": 0
                              }
                            ],
                            "timeout": 10,
                            "windows_options": [],
                            "windows_sysprep_text": ""
                          }
                        ],
                        "linked_clone": true,
                        "ovf_network_map": {},
                        "ovf_storage_map": {},
                        "template_uuid": "4236cd8a-4ff9-ae65-af2e-f9c58dee15db",
                        "timeout": 30
                      }
                    ],
                    "cpu_hot_add_enabled": false,
                    "cpu_hot_remove_enabled": false,
                    "cpu_limit": -1,
                    "cpu_performance_counters_enabled": false,
                    "cpu_reservation": 0,
                    "cpu_share_count": 2000,
                    "cpu_share_level": "normal",
                    "custom_attributes": {},
                    "datacenter_id": null,
                    "datastore_cluster_id": null,
                    "datastore_id": "datastore-7922",
                    "default_ip_address": "192.168.39.5",
                    "disk": [
                      {
                        "attach": false,
                        "controller_type": "scsi",
                        "datastore_id": "datastore-7922",
                        "device_address": "scsi:0:0",
                        "disk_mode": "persistent",
                        "disk_sharing": "sharingNone",
                        "eagerly_scrub": false,
                        "io_limit": -1,
                        "io_reservation": 0,
                        "io_share_count": 1000,
                        "io_share_level": "normal",
                        "keep_on_remove": false,
                        "key": 2000,
                        "label": "disk0",
                        "path": "nkt-worker-08334-2/nkt-worker-08334-2.vmdk",
                        "size": 50,
                        "storage_policy_id": "",
                        "thin_provisioned": true,
                        "unit_number": 0,
                        "uuid": "6000C292-9322-c1f3-326e-280d6a7a927e",
                        "write_through": false
                      }
                    ],
                    "efi_secure_boot_enabled": false,
                    "enable_disk_uuid": false,
                    "enable_logging": false,
                    "ept_rvi_mode": "automatic",
                    "extra_config": {},
                    "firmware": "bios",
                    "folder": "CalicoDev_v4",
                    "force_power_off": true,
                    "guest_id": "ubuntu64Guest",
                    "guest_ip_addresses": [
                      "fe80::ecee:eeff:feee:eeee",
                      "fe80::ecee:eeff:feee:eeee",
                      "fe80::ecee:eeff:feee:eeee",
                      "fe80::ecee:eeff:feee:eeee",
                      "fe80::ecee:eeff:feee:eeee",
                      "fe80::ecee:eeff:feee:eeee",
                      "192.168.39.5",
                      "fe80::250:56ff:feb6:9027"
                    ],
                    "hardware_version": 14,
                    "host_system_id": "host-2242",
                    "hv_mode": "hvAuto",
                    "id": "42360043-053a-b577-f5e2-d95624171c7f",
                    "ide_controller_count": 2,
                    "ignored_guest_ips": null,
                    "imported": null,
                    "latency_sensitivity": "normal",
                    "memory": 8192,
                    "memory_hot_add_enabled": false,
                    "memory_limit": -1,
                    "memory_reservation": 0,
                    "memory_share_count": 81920,
                    "memory_share_level": "normal",
                    "migrate_wait_timeout": 30,
                    "moid": "vm-10675",
                    "name": "nkt-worker-08334-2",
                    "nested_hv_enabled": false,
                    "network_interface": [
                      {
                        "adapter_type": "vmxnet3",
                        "bandwidth_limit": -1,
                        "bandwidth_reservation": 0,
                        "bandwidth_share_count": 50,
                        "bandwidth_share_level": "normal",
                        "device_address": "pci:0:7",
                        "key": 4000,
                        "mac_address": "00:50:56:b6:90:27",
                        "network_id": "dvportgroup-7996",
                        "ovf_mapping": "",
                        "use_static_mac": false
                      }
                    ],
                    "num_cores_per_socket": 1,
                    "num_cpus": 2,
                    "ovf_deploy": [],
                    "pci_device_id": [],
                    "poweron_timeout": 300,
                    "reboot_required": false,
                    "replace_trigger": null,
                    "resource_pool_id": "resgroup-1836",
                    "run_tools_scripts_after_power_on": true,
                    "run_tools_scripts_after_resume": true,
                    "run_tools_scripts_before_guest_reboot": false,
                    "run_tools_scripts_before_guest_shutdown": true,
                    "run_tools_scripts_before_guest_standby": true,
                    "sata_controller_count": 0,
                    "scsi_bus_sharing": "noSharing",
                    "scsi_controller_count": 1,
                    "scsi_type": "lsilogic",
                    "shutdown_wait_timeout": 3,
                    "storage_policy_id": "",
                    "swap_placement_policy": "inherit",
                    "sync_time_with_host": false,
                    "sync_time_with_host_periodically": null,
                    "tags": [],
                    "uuid": "42360043-053a-b577-f5e2-d95624171c7f",
                    "vapp": [],
                    "vapp_transport": [],
                    "vbs_enabled": false,
                    "vmware_tools_status": "guestToolsRunning",
                    "vmx_path": "nkt-worker-08334-2/nkt-worker-08334-2.vmx",
                    "vvtd_enabled": false,
                    "wait_for_guest_ip_timeout": 0,
                    "wait_for_guest_net_routable": true,
                    "wait_for_guest_net_timeout": 10
                  },
                  "sensitive_values": {
                    "cdrom": [
                      {}
                    ],
                    "clone": [
                      {
                        "customize": [
                          {
                            "dns_server_list": [
                              false
                            ],
                            "dns_suffix_list": [],
                            "linux_options": [
                              {}
                            ],
                            "network_interface": [
                              {
                                "dns_server_list": []
                              }
                            ],
                            "windows_options": []
                          }
                        ],
                        "ovf_network_map": {},
                        "ovf_storage_map": {}
                      }
                    ],
                    "custom_attributes": {},
                    "disk": [
                      {}
                    ],
                    "extra_config": {},
                    "guest_ip_addresses": [
                      false,
                      false,
                      false,
                      false,
                      false,
                      false,
                      false,
                      false
                    ],
                    "network_interface": [
                      {}
                    ],
                    "ovf_deploy": [],
                    "pci_device_id": [],
                    "tags": [],
                    "vapp": [],
                    "vapp_transport": []
                  },
                  "depends_on": [
                    "module.k8s_node.data.vsphere_compute_cluster.cluster",
                    "module.k8s_node.data.vsphere_datacenter.dc",
                    "module.k8s_node.data.vsphere_datastore.datastore",
                    "module.k8s_node.data.vsphere_distributed_virtual_switch.dvs",
                    "module.k8s_node.data.vsphere_network.network",
                    "module.k8s_node.data.vsphere_virtual_machine.template"
                  ]
                },
                {
                  "address": "module.k8s_node.vsphere_virtual_machine.vm[\"nkt-worker-08334-3\"]",
                  "mode": "managed",
                  "type": "vsphere_virtual_machine",
                  "name": "vm",
                  "index": "nkt-worker-08334-3",
                  "provider_name": "registry.terraform.io/hashicorp/vsphere",
                  "schema_version": 3,
                  "values": {
                    "alternate_guest_name": "",
                    "annotation": "",
                    "boot_delay": 0,
                    "boot_retry_delay": 10000,
                    "boot_retry_enabled": false,
                    "cdrom": [
                      {
                        "client_device": true,
                        "datastore_id": "",
                        "device_address": "sata:0:0",
                        "key": 16000,
                        "path": ""
                      }
                    ],
                    "change_version": "2022-04-13T00:59:50.895689Z",
                    "clone": [
                      {
                        "customize": [
                          {
                            "dns_server_list": [
                              "10.67.185.100"
                            ],
                            "dns_suffix_list": [],
                            "ipv4_gateway": "192.168.39.253",
                            "ipv6_gateway": "",
                            "linux_options": [
                              {
                                "domain": "cam.ciscolabs.com",
                                "host_name": "nkt-worker-08334-3",
                                "hw_clock_utc": true,
                                "time_zone": ""
                              }
                            ],
                            "network_interface": [
                              {
                                "dns_domain": "",
                                "dns_server_list": [],
                                "ipv4_address": "192.168.39.6",
                                "ipv4_netmask": 24,
                                "ipv6_address": "",
                                "ipv6_netmask": 0
                              }
                            ],
                            "timeout": 10,
                            "windows_options": [],
                            "windows_sysprep_text": ""
                          }
                        ],
                        "linked_clone": true,
                        "ovf_network_map": {},
                        "ovf_storage_map": {},
                        "template_uuid": "4236cd8a-4ff9-ae65-af2e-f9c58dee15db",
                        "timeout": 30
                      }
                    ],
                    "cpu_hot_add_enabled": false,
                    "cpu_hot_remove_enabled": false,
                    "cpu_limit": -1,
                    "cpu_performance_counters_enabled": false,
                    "cpu_reservation": 0,
                    "cpu_share_count": 2000,
                    "cpu_share_level": "normal",
                    "custom_attributes": {},
                    "datacenter_id": null,
                    "datastore_cluster_id": null,
                    "datastore_id": "datastore-7922",
                    "default_ip_address": "192.168.39.6",
                    "disk": [
                      {
                        "attach": false,
                        "controller_type": "scsi",
                        "datastore_id": "datastore-7922",
                        "device_address": "scsi:0:0",
                        "disk_mode": "persistent",
                        "disk_sharing": "sharingNone",
                        "eagerly_scrub": false,
                        "io_limit": -1,
                        "io_reservation": 0,
                        "io_share_count": 1000,
                        "io_share_level": "normal",
                        "keep_on_remove": false,
                        "key": 2000,
                        "label": "disk0",
                        "path": "nkt-worker-08334-3/nkt-worker-08334-3.vmdk",
                        "size": 50,
                        "storage_policy_id": "",
                        "thin_provisioned": true,
                        "unit_number": 0,
                        "uuid": "6000C292-9322-c1f3-326e-280d6a7a927e",
                        "write_through": false
                      }
                    ],
                    "efi_secure_boot_enabled": false,
                    "enable_disk_uuid": false,
                    "enable_logging": false,
                    "ept_rvi_mode": "automatic",
                    "extra_config": {},
                    "firmware": "bios",
                    "folder": "CalicoDev_v4",
                    "force_power_off": true,
                    "guest_id": "ubuntu64Guest",
                    "guest_ip_addresses": [
                      "fe80::ecee:eeff:feee:eeee",
                      "fe80::ecee:eeff:feee:eeee",
                      "fe80::ecee:eeff:feee:eeee",
                      "fe80::ecee:eeff:feee:eeee",
                      "fe80::ecee:eeff:feee:eeee",
                      "fe80::ecee:eeff:feee:eeee",
                      "fe80::ecee:eeff:feee:eeee",
                      "192.168.39.6",
                      "fe80::250:56ff:feb6:ddb4"
                    ],
                    "hardware_version": 14,
                    "host_system_id": "host-2242",
                    "hv_mode": "hvAuto",
                    "id": "42364c97-bb24-0f71-1e6c-9cb44b9dc63d",
                    "ide_controller_count": 2,
                    "ignored_guest_ips": null,
                    "imported": null,
                    "latency_sensitivity": "normal",
                    "memory": 8192,
                    "memory_hot_add_enabled": false,
                    "memory_limit": -1,
                    "memory_reservation": 0,
                    "memory_share_count": 81920,
                    "memory_share_level": "normal",
                    "migrate_wait_timeout": 30,
                    "moid": "vm-10678",
                    "name": "nkt-worker-08334-3",
                    "nested_hv_enabled": false,
                    "network_interface": [
                      {
                        "adapter_type": "vmxnet3",
                        "bandwidth_limit": -1,
                        "bandwidth_reservation": 0,
                        "bandwidth_share_count": 50,
                        "bandwidth_share_level": "normal",
                        "device_address": "pci:0:7",
                        "key": 4000,
                        "mac_address": "00:50:56:b6:dd:b4",
                        "network_id": "dvportgroup-7996",
                        "ovf_mapping": "",
                        "use_static_mac": false
                      }
                    ],
                    "num_cores_per_socket": 1,
                    "num_cpus": 2,
                    "ovf_deploy": [],
                    "pci_device_id": [],
                    "poweron_timeout": 300,
                    "reboot_required": false,
                    "replace_trigger": null,
                    "resource_pool_id": "resgroup-1836",
                    "run_tools_scripts_after_power_on": true,
                    "run_tools_scripts_after_resume": true,
                    "run_tools_scripts_before_guest_reboot": false,
                    "run_tools_scripts_before_guest_shutdown": true,
                    "run_tools_scripts_before_guest_standby": true,
                    "sata_controller_count": 0,
                    "scsi_bus_sharing": "noSharing",
                    "scsi_controller_count": 1,
                    "scsi_type": "lsilogic",
                    "shutdown_wait_timeout": 3,
                    "storage_policy_id": "",
                    "swap_placement_policy": "inherit",
                    "sync_time_with_host": false,
                    "sync_time_with_host_periodically": null,
                    "tags": [],
                    "uuid": "42364c97-bb24-0f71-1e6c-9cb44b9dc63d",
                    "vapp": [],
                    "vapp_transport": [],
                    "vbs_enabled": false,
                    "vmware_tools_status": "guestToolsRunning",
                    "vmx_path": "nkt-worker-08334-3/nkt-worker-08334-3.vmx",
                    "vvtd_enabled": false,
                    "wait_for_guest_ip_timeout": 0,
                    "wait_for_guest_net_routable": true,
                    "wait_for_guest_net_timeout": 10
                  },
                  "sensitive_values": {
                    "cdrom": [
                      {}
                    ],
                    "clone": [
                      {
                        "customize": [
                          {
                            "dns_server_list": [
                              false
                            ],
                            "dns_suffix_list": [],
                            "linux_options": [
                              {}
                            ],
                            "network_interface": [
                              {
                                "dns_server_list": []
                              }
                            ],
                            "windows_options": []
                          }
                        ],
                        "ovf_network_map": {},
                        "ovf_storage_map": {}
                      }
                    ],
                    "custom_attributes": {},
                    "disk": [
                      {}
                    ],
                    "extra_config": {},
                    "guest_ip_addresses": [
                      false,
                      false,
                      false,
                      false,
                      false,
                      false,
                      false,
                      false,
                      false
                    ],
                    "network_interface": [
                      {}
                    ],
                    "ovf_deploy": [],
                    "pci_device_id": [],
                    "tags": [],
                    "vapp": [],
                    "vapp_transport": []
                  },
                  "depends_on": [
                    "module.k8s_node.data.vsphere_compute_cluster.cluster",
                    "module.k8s_node.data.vsphere_datacenter.dc",
                    "module.k8s_node.data.vsphere_datastore.datastore",
                    "module.k8s_node.data.vsphere_distributed_virtual_switch.dvs",
                    "module.k8s_node.data.vsphere_network.network",
                    "module.k8s_node.data.vsphere_virtual_machine.template"
                  ]
                }
              ],
              "address": "module.k8s_node"
            }
          ]
        }
      }
    },
    "configuration": {
      "provider_config": {
        "aci": {
          "name": "aci",
          "version_constraint": "2.0.0",
          "expressions": {
            "cert_name": {
              "references": [
                "var.apic.cert_name",
                "var.apic"
              ]
            },
            "insecure": {
              "constant_value": true
            },
            "private_key": {
              "references": [
                "var.apic.private_key",
                "var.apic"
              ]
            },
            "url": {
              "references": [
                "var.apic.url",
                "var.apic"
              ]
            },
            "username": {
              "references": [
                "var.apic.username",
                "var.apic"
              ]
            }
          }
        },
        "module.k8s_node:vsphere": {
          "name": "vsphere",
          "module_address": "module.k8s_node",
          "expressions": {
            "allow_unverified_ssl": {
              "constant_value": true
            },
            "password": {
              "references": [
                "var.vc.pass",
                "var.vc"
              ]
            },
            "user": {
              "references": [
                "var.vc.username",
                "var.vc"
              ]
            },
            "vsphere_server": {
              "references": [
                "var.vc.url",
                "var.vc"
              ]
            }
          }
        },
        "vsphere": {
          "name": "vsphere",
          "version_constraint": "2.0.2"
        }
      },
      "root_module": {
        "resources": [
          {
            "address": "aci_bgp_address_family_context.bgp_addr_family_context",
            "mode": "managed",
            "type": "aci_bgp_address_family_context",
            "name": "bgp_addr_family_context",
            "provider_config_key": "aci",
            "expressions": {
              "max_ecmp": {
                "constant_value": "64"
              },
              "max_ecmp_ibgp": {
                "constant_value": "64"
              },
              "name": {
                "references": [
                  "var.l3out.name",
                  "var.l3out"
                ]
              },
              "tenant_dn": {
                "references": [
                  "data.aci_tenant.tenant_l3out.id",
                  "data.aci_tenant.tenant_l3out"
                ]
              }
            },
            "schema_version": 1
          },
          {
            "address": "aci_bgp_best_path_policy.relax_as_policy",
            "mode": "managed",
            "type": "aci_bgp_best_path_policy",
            "name": "relax_as_policy",
            "provider_config_key": "aci",
            "expressions": {
              "ctrl": {
                "constant_value": "asPathMultipathRelax"
              },
              "name": {
                "references": [
                  "var.l3out.name",
                  "var.l3out"
                ]
              },
              "tenant_dn": {
                "references": [
                  "data.aci_tenant.tenant_l3out.id",
                  "data.aci_tenant.tenant_l3out"
                ]
              }
            },
            "schema_version": 1
          },
          {
            "address": "aci_bgp_peer_connectivity_profile.bgp_peer",
            "mode": "managed",
            "type": "aci_bgp_peer_connectivity_profile",
            "name": "bgp_peer",
            "provider_config_key": "aci",
            "expressions": {
              "addr": {
                "references": [
                  "var.l3out.ipv4_cluster_subnet",
                  "var.l3out"
                ]
              },
              "as_number": {
                "references": [
                  "var.k8s_cluster.local_as",
                  "var.k8s_cluster"
                ]
              },
              "ctrl": {
                "constant_value": [
                  "as-override",
                  "dis-peer-as-check"
                ]
              },
              "parent_dn": {
                "references": [
                  "each.value.id",
                  "each.value"
                ]
              },
              "password": {
                "references": [
                  "var.l3out.bgp_pass",
                  "var.l3out"
                ]
              },
              "relation_bgp_rs_peer_pfx_pol": {
                "references": [
                  "aci_bgp_peer_prefix.bgp_peer_prefix.id",
                  "aci_bgp_peer_prefix.bgp_peer_prefix"
                ]
              }
            },
            "schema_version": 1,
            "for_each_expression": {
              "references": [
                "aci_l3out_floating_svi.floating_svi"
              ]
            }
          },
          {
            "address": "aci_bgp_peer_connectivity_profile.bgp_peer_v6",
            "mode": "managed",
            "type": "aci_bgp_peer_connectivity_profile",
            "name": "bgp_peer_v6",
            "provider_config_key": "aci",
            "expressions": {
              "addr": {
                "references": [
                  "var.l3out.ipv6_cluster_subnet",
                  "var.l3out"
                ]
              },
              "as_number": {
                "references": [
                  "var.k8s_cluster.local_as",
                  "var.k8s_cluster"
                ]
              },
              "ctrl": {
                "constant_value": [
                  "as-override",
                  "dis-peer-as-check"
                ]
              },
              "parent_dn": {
                "references": [
                  "each.value.id",
                  "each.value"
                ]
              },
              "password": {
                "references": [
                  "var.l3out.bgp_pass",
                  "var.l3out"
                ]
              },
              "relation_bgp_rs_peer_pfx_pol": {
                "references": [
                  "aci_bgp_peer_prefix.bgp_peer_prefix.id",
                  "aci_bgp_peer_prefix.bgp_peer_prefix"
                ]
              }
            },
            "schema_version": 1,
            "for_each_expression": {
              "references": [
                "var.l3out.ipv6_enabled",
                "var.l3out",
                "aci_l3out_floating_svi.floating_svi_v6"
              ]
            }
          },
          {
            "address": "aci_bgp_peer_prefix.bgp_peer_prefix",
            "mode": "managed",
            "type": "aci_bgp_peer_prefix",
            "name": "bgp_peer_prefix",
            "provider_config_key": "aci",
            "expressions": {
              "action": {
                "constant_value": "reject"
              },
              "max_pfx": {
                "constant_value": "500"
              },
              "name": {
                "references": [
                  "var.l3out.name",
                  "var.l3out"
                ]
              },
              "tenant_dn": {
                "references": [
                  "data.aci_tenant.tenant_l3out.id",
                  "data.aci_tenant.tenant_l3out"
                ]
              }
            },
            "schema_version": 1
          },
          {
            "address": "aci_bgp_timers.bgp_timers",
            "mode": "managed",
            "type": "aci_bgp_timers",
            "name": "bgp_timers",
            "provider_config_key": "aci",
            "expressions": {
              "gr_ctrl": {
                "constant_value": "helper"
              },
              "hold_intvl": {
                "constant_value": "3"
              },
              "ka_intvl": {
                "constant_value": "1"
              },
              "max_as_limit": {
                "constant_value": "1"
              },
              "name": {
                "references": [
                  "var.l3out.name",
                  "var.l3out"
                ]
              },
              "stale_intvl": {
                "constant_value": "6"
              },
              "tenant_dn": {
                "references": [
                  "data.aci_tenant.tenant_l3out.id",
                  "data.aci_tenant.tenant_l3out"
                ]
              }
            },
            "schema_version": 1
          },
          {
            "address": "aci_external_network_instance_profile.default",
            "mode": "managed",
            "type": "aci_external_network_instance_profile",
            "name": "default",
            "provider_config_key": "aci",
            "expressions": {
              "l3_outside_dn": {
                "references": [
                  "aci_l3_outside.calico_l3out.id",
                  "aci_l3_outside.calico_l3out"
                ]
              },
              "name": {
                "references": [
                  "var.l3out.def_ext_epg",
                  "var.l3out"
                ]
              },
              "relation_fv_rs_cons": {
                "references": [
                  "data.aci_contract.default.id",
                  "data.aci_contract.default"
                ]
              },
              "relation_fv_rs_prov": {
                "references": [
                  "data.aci_contract.default.id",
                  "data.aci_contract.default"
                ]
              }
            },
            "schema_version": 1
          },
          {
            "address": "aci_l3_ext_subnet.cluster_svc",
            "mode": "managed",
            "type": "aci_l3_ext_subnet",
            "name": "cluster_svc",
            "provider_config_key": "aci",
            "expressions": {
              "aggregate": {
                "constant_value": "shared-rtctrl"
              },
              "external_network_instance_profile_dn": {
                "references": [
                  "aci_external_network_instance_profile.default.id",
                  "aci_external_network_instance_profile.default"
                ]
              },
              "ip": {
                "references": [
                  "var.k8s_cluster.cluster_svc_subnet",
                  "var.k8s_cluster"
                ]
              },
              "scope": {
                "references": [
                  "var.l3out.def_ext_epg_scope",
                  "var.l3out"
                ]
              }
            },
            "schema_version": 1
          },
          {
            "address": "aci_l3_ext_subnet.cluster_svc_v6",
            "mode": "managed",
            "type": "aci_l3_ext_subnet",
            "name": "cluster_svc_v6",
            "provider_config_key": "aci",
            "expressions": {
              "aggregate": {
                "constant_value": "shared-rtctrl"
              },
              "external_network_instance_profile_dn": {
                "references": [
                  "aci_external_network_instance_profile.default.id",
                  "aci_external_network_instance_profile.default"
                ]
              },
              "ip": {
                "references": [
                  "var.k8s_cluster.cluster_svc_subnet_v6",
                  "var.k8s_cluster"
                ]
              },
              "scope": {
                "references": [
                  "var.l3out.def_ext_epg_scope",
                  "var.l3out"
                ]
              }
            },
            "schema_version": 1,
            "count_expression": {
              "references": [
                "var.l3out.ipv6_enabled",
                "var.l3out"
              ]
            }
          },
          {
            "address": "aci_l3_ext_subnet.external_svc_subnet",
            "mode": "managed",
            "type": "aci_l3_ext_subnet",
            "name": "external_svc_subnet",
            "provider_config_key": "aci",
            "expressions": {
              "aggregate": {
                "constant_value": "shared-rtctrl"
              },
              "external_network_instance_profile_dn": {
                "references": [
                  "aci_external_network_instance_profile.default.id",
                  "aci_external_network_instance_profile.default"
                ]
              },
              "ip": {
                "references": [
                  "var.k8s_cluster.external_svc_subnet",
                  "var.k8s_cluster"
                ]
              },
              "scope": {
                "references": [
                  "var.l3out.def_ext_epg_scope",
                  "var.l3out"
                ]
              }
            },
            "schema_version": 1
          },
          {
            "address": "aci_l3_ext_subnet.external_svc_subnet_v6",
            "mode": "managed",
            "type": "aci_l3_ext_subnet",
            "name": "external_svc_subnet_v6",
            "provider_config_key": "aci",
            "expressions": {
              "aggregate": {
                "constant_value": "shared-rtctrl"
              },
              "external_network_instance_profile_dn": {
                "references": [
                  "aci_external_network_instance_profile.default.id",
                  "aci_external_network_instance_profile.default"
                ]
              },
              "ip": {
                "references": [
                  "var.k8s_cluster.external_svc_subnet_v6",
                  "var.k8s_cluster"
                ]
              },
              "scope": {
                "references": [
                  "var.l3out.def_ext_epg_scope",
                  "var.l3out"
                ]
              }
            },
            "schema_version": 1,
            "count_expression": {
              "references": [
                "var.l3out.ipv6_enabled",
                "var.l3out"
              ]
            }
          },
          {
            "address": "aci_l3_ext_subnet.node",
            "mode": "managed",
            "type": "aci_l3_ext_subnet",
            "name": "node",
            "provider_config_key": "aci",
            "expressions": {
              "external_network_instance_profile_dn": {
                "references": [
                  "aci_external_network_instance_profile.default.id",
                  "aci_external_network_instance_profile.default"
                ]
              },
              "ip": {
                "references": [
                  "var.l3out.ipv4_cluster_subnet",
                  "var.l3out"
                ]
              },
              "scope": {
                "references": [
                  "var.l3out.def_ext_epg_scope",
                  "var.l3out"
                ]
              }
            },
            "schema_version": 1
          },
          {
            "address": "aci_l3_ext_subnet.node_v6",
            "mode": "managed",
            "type": "aci_l3_ext_subnet",
            "name": "node_v6",
            "provider_config_key": "aci",
            "expressions": {
              "external_network_instance_profile_dn": {
                "references": [
                  "aci_external_network_instance_profile.default.id",
                  "aci_external_network_instance_profile.default"
                ]
              },
              "ip": {
                "references": [
                  "var.k8s_cluster.node_sub_v6",
                  "var.k8s_cluster"
                ]
              },
              "scope": {
                "references": [
                  "var.l3out.def_ext_epg_scope",
                  "var.l3out"
                ]
              }
            },
            "schema_version": 1,
            "count_expression": {
              "references": [
                "var.l3out.ipv6_enabled",
                "var.l3out"
              ]
            }
          },
          {
            "address": "aci_l3_ext_subnet.pod",
            "mode": "managed",
            "type": "aci_l3_ext_subnet",
            "name": "pod",
            "provider_config_key": "aci",
            "expressions": {
              "aggregate": {
                "constant_value": "shared-rtctrl"
              },
              "external_network_instance_profile_dn": {
                "references": [
                  "aci_external_network_instance_profile.default.id",
                  "aci_external_network_instance_profile.default"
                ]
              },
              "ip": {
                "references": [
                  "var.k8s_cluster.pod_subnet",
                  "var.k8s_cluster"
                ]
              },
              "scope": {
                "references": [
                  "var.l3out.def_ext_epg_scope",
                  "var.l3out"
                ]
              }
            },
            "schema_version": 1
          },
          {
            "address": "aci_l3_ext_subnet.pod_v6",
            "mode": "managed",
            "type": "aci_l3_ext_subnet",
            "name": "pod_v6",
            "provider_config_key": "aci",
            "expressions": {
              "aggregate": {
                "constant_value": "shared-rtctrl"
              },
              "external_network_instance_profile_dn": {
                "references": [
                  "aci_external_network_instance_profile.default.id",
                  "aci_external_network_instance_profile.default"
                ]
              },
              "ip": {
                "references": [
                  "var.k8s_cluster.pod_subnet_v6",
                  "var.k8s_cluster"
                ]
              },
              "scope": {
                "references": [
                  "var.l3out.def_ext_epg_scope",
                  "var.l3out"
                ]
              }
            },
            "schema_version": 1,
            "count_expression": {
              "references": [
                "var.l3out.ipv6_enabled",
                "var.l3out"
              ]
            }
          },
          {
            "address": "aci_l3_outside.calico_l3out",
            "mode": "managed",
            "type": "aci_l3_outside",
            "name": "calico_l3out",
            "provider_config_key": "aci",
            "expressions": {
              "enforce_rtctrl": {
                "constant_value": [
                  "export",
                  "import"
                ]
              },
              "name": {
                "references": [
                  "var.l3out.name",
                  "var.l3out"
                ]
              },
              "relation_l3ext_rs_ectx": {
                "references": [
                  "data.aci_vrf.l3out_vrf.id",
                  "data.aci_vrf.l3out_vrf"
                ]
              },
              "tenant_dn": {
                "references": [
                  "data.aci_tenant.tenant_l3out.id",
                  "data.aci_tenant.tenant_l3out"
                ]
              }
            },
            "schema_version": 1
          },
          {
            "address": "aci_l3out_bgp_external_policy.bgp",
            "mode": "managed",
            "type": "aci_l3out_bgp_external_policy",
            "name": "bgp",
            "provider_config_key": "aci",
            "expressions": {
              "l3_outside_dn": {
                "references": [
                  "aci_l3_outside.calico_l3out.id",
                  "aci_l3_outside.calico_l3out"
                ]
              }
            },
            "schema_version": 1
          },
          {
            "address": "aci_l3out_bgp_protocol_profile.bgp_pol_timers",
            "mode": "managed",
            "type": "aci_l3out_bgp_protocol_profile",
            "name": "bgp_pol_timers",
            "provider_config_key": "aci",
            "expressions": {
              "logical_node_profile_dn": {
                "references": [
                  "aci_logical_node_profile.calico_node_profile.id",
                  "aci_logical_node_profile.calico_node_profile"
                ]
              },
              "relation_bgp_rs_bgp_node_ctx_pol": {
                "references": [
                  "aci_bgp_timers.bgp_timers.id",
                  "aci_bgp_timers.bgp_timers"
                ]
              }
            },
            "schema_version": 1
          },
          {
            "address": "aci_l3out_bgp_protocol_profile.bgp_prot_pfl",
            "mode": "managed",
            "type": "aci_l3out_bgp_protocol_profile",
            "name": "bgp_prot_pfl",
            "provider_config_key": "aci",
            "expressions": {
              "logical_node_profile_dn": {
                "references": [
                  "aci_logical_node_profile.calico_node_profile.id",
                  "aci_logical_node_profile.calico_node_profile"
                ]
              }
            },
            "schema_version": 1
          },
          {
            "address": "aci_l3out_floating_svi.floating_svi",
            "mode": "managed",
            "type": "aci_l3out_floating_svi",
            "name": "floating_svi",
            "provider_config_key": "aci",
            "expressions": {
              "addr": {
                "references": [
                  "each.value.ip",
                  "each.value"
                ]
              },
              "autostate": {
                "constant_value": "enabled"
              },
              "encap": {
                "references": [
                  "var.l3out.vlan_id",
                  "var.l3out"
                ]
              },
              "encap_scope": {
                "constant_value": "local"
              },
              "if_inst_t": {
                "constant_value": "ext-svi"
              },
              "logical_interface_profile_dn": {
                "references": [
                  "aci_logical_interface_profile.calico_interface_profile.id",
                  "aci_logical_interface_profile.calico_interface_profile"
                ]
              },
              "mtu": {
                "references": [
                  "var.l3out.mtu",
                  "var.l3out"
                ]
              },
              "node_dn": {
                "references": [
                  "each.value.pod_id",
                  "each.value",
                  "each.value.node_id",
                  "each.value"
                ]
              },
              "relation_l3ext_rs_dyn_path_att": [
                {
                  "floating_address": {
                    "references": [
                      "var.l3out.floating_ip",
                      "var.l3out"
                    ]
                  },
                  "forged_transmit": {
                    "constant_value": "Disabled"
                  },
                  "mac_change": {
                    "constant_value": "Disabled"
                  },
                  "promiscuous_mode": {
                    "constant_value": "Disabled"
                  },
                  "tdn": {
                    "references": [
                      "data.aci_physical_domain.dom.id",
                      "data.aci_physical_domain.dom"
                    ]
                  }
                }
              ]
            },
            "schema_version": 1,
            "for_each_expression": {
              "references": [
                "var.l3out.anchor_nodes",
                "var.l3out"
              ]
            }
          },
          {
            "address": "aci_l3out_floating_svi.floating_svi_v6",
            "mode": "managed",
            "type": "aci_l3out_floating_svi",
            "name": "floating_svi_v6",
            "provider_config_key": "aci",
            "expressions": {
              "addr": {
                "references": [
                  "each.value.ipv6",
                  "each.value"
                ]
              },
              "autostate": {
                "constant_value": "enabled"
              },
              "encap": {
                "references": [
                  "var.l3out.vlan_id",
                  "var.l3out"
                ]
              },
              "encap_scope": {
                "constant_value": "local"
              },
              "if_inst_t": {
                "constant_value": "ext-svi"
              },
              "logical_interface_profile_dn": {
                "references": [
                  "aci_logical_interface_profile.calico_interface_profile_v6[0].id",
                  "aci_logical_interface_profile.calico_interface_profile_v6[0]",
                  "aci_logical_interface_profile.calico_interface_profile_v6"
                ]
              },
              "mtu": {
                "references": [
                  "var.l3out.mtu",
                  "var.l3out"
                ]
              },
              "node_dn": {
                "references": [
                  "each.value.pod_id",
                  "each.value",
                  "each.value.node_id",
                  "each.value"
                ]
              },
              "relation_l3ext_rs_dyn_path_att": [
                {
                  "floating_address": {
                    "references": [
                      "var.l3out.floating_ipv6",
                      "var.l3out"
                    ]
                  },
                  "forged_transmit": {
                    "constant_value": "Disabled"
                  },
                  "mac_change": {
                    "constant_value": "Disabled"
                  },
                  "promiscuous_mode": {
                    "constant_value": "Disabled"
                  },
                  "tdn": {
                    "references": [
                      "data.aci_physical_domain.dom.id",
                      "data.aci_physical_domain.dom"
                    ]
                  }
                }
              ]
            },
            "schema_version": 1,
            "for_each_expression": {
              "references": [
                "var.l3out.ipv6_enabled",
                "var.l3out",
                "var.l3out.anchor_nodes",
                "var.l3out"
              ]
            }
          },
          {
            "address": "aci_l3out_path_attachment_secondary_ip.floating_svi_sec_ip",
            "mode": "managed",
            "type": "aci_l3out_path_attachment_secondary_ip",
            "name": "floating_svi_sec_ip",
            "provider_config_key": "aci",
            "expressions": {
              "addr": {
                "references": [
                  "var.l3out.secondary_ip",
                  "var.l3out"
                ]
              },
              "l3out_path_attachment_dn": {
                "references": [
                  "var.l3out.l3out_tenant",
                  "var.l3out",
                  "var.l3out.name",
                  "var.l3out",
                  "var.l3out.node_profile_name",
                  "var.l3out",
                  "var.l3out.int_prof_name",
                  "var.l3out",
                  "each.value.pod_id",
                  "each.value",
                  "each.value.node_id",
                  "each.value",
                  "var.l3out.vlan_id",
                  "var.l3out"
                ]
              }
            },
            "schema_version": 1,
            "for_each_expression": {
              "references": [
                "var.l3out.anchor_nodes",
                "var.l3out"
              ]
            },
            "depends_on": [
              "aci_l3out_floating_svi.floating_svi"
            ]
          },
          {
            "address": "aci_l3out_path_attachment_secondary_ip.floating_svi_sec_ip_v6",
            "mode": "managed",
            "type": "aci_l3out_path_attachment_secondary_ip",
            "name": "floating_svi_sec_ip_v6",
            "provider_config_key": "aci",
            "expressions": {
              "addr": {
                "references": [
                  "var.l3out.secondary_ipv6",
                  "var.l3out"
                ]
              },
              "l3out_path_attachment_dn": {
                "references": [
                  "var.l3out.l3out_tenant",
                  "var.l3out",
                  "var.l3out.name",
                  "var.l3out",
                  "var.l3out.node_profile_name",
                  "var.l3out",
                  "var.l3out.int_prof_name_v6",
                  "var.l3out",
                  "each.value.pod_id",
                  "each.value",
                  "each.value.node_id",
                  "each.value",
                  "var.l3out.vlan_id",
                  "var.l3out"
                ]
              }
            },
            "schema_version": 1,
            "for_each_expression": {
              "references": [
                "var.l3out.ipv6_enabled",
                "var.l3out",
                "var.l3out.anchor_nodes",
                "var.l3out"
              ]
            },
            "depends_on": [
              "aci_l3out_floating_svi.floating_svi_v6"
            ]
          },
          {
            "address": "aci_logical_interface_profile.calico_interface_profile",
            "mode": "managed",
            "type": "aci_logical_interface_profile",
            "name": "calico_interface_profile",
            "provider_config_key": "aci",
            "expressions": {
              "logical_node_profile_dn": {
                "references": [
                  "aci_logical_node_profile.calico_node_profile.id",
                  "aci_logical_node_profile.calico_node_profile"
                ]
              },
              "name": {
                "references": [
                  "var.l3out.int_prof_name",
                  "var.l3out"
                ]
              }
            },
            "schema_version": 1
          },
          {
            "address": "aci_logical_interface_profile.calico_interface_profile_v6",
            "mode": "managed",
            "type": "aci_logical_interface_profile",
            "name": "calico_interface_profile_v6",
            "provider_config_key": "aci",
            "expressions": {
              "logical_node_profile_dn": {
                "references": [
                  "aci_logical_node_profile.calico_node_profile.id",
                  "aci_logical_node_profile.calico_node_profile"
                ]
              },
              "name": {
                "references": [
                  "var.l3out.int_prof_name_v6",
                  "var.l3out"
                ]
              }
            },
            "schema_version": 1,
            "count_expression": {
              "references": [
                "var.l3out.ipv6_enabled",
                "var.l3out"
              ]
            }
          },
          {
            "address": "aci_logical_node_profile.calico_node_profile",
            "mode": "managed",
            "type": "aci_logical_node_profile",
            "name": "calico_node_profile",
            "provider_config_key": "aci",
            "expressions": {
              "l3_outside_dn": {
                "references": [
                  "aci_l3_outside.calico_l3out.id",
                  "aci_l3_outside.calico_l3out"
                ]
              },
              "name": {
                "references": [
                  "var.l3out.node_profile_name",
                  "var.l3out"
                ]
              }
            },
            "schema_version": 1
          },
          {
            "address": "aci_logical_node_to_fabric_node.nodes",
            "mode": "managed",
            "type": "aci_logical_node_to_fabric_node",
            "name": "nodes",
            "provider_config_key": "aci",
            "expressions": {
              "logical_node_profile_dn": {
                "references": [
                  "aci_logical_node_profile.calico_node_profile.id",
                  "aci_logical_node_profile.calico_node_profile"
                ]
              },
              "rtr_id": {
                "references": [
                  "each.value.rtr_id",
                  "each.value"
                ]
              },
              "rtr_id_loop_back": {
                "constant_value": "no"
              },
              "tdn": {
                "references": [
                  "each.value.pod_id",
                  "each.value",
                  "each.value.node_id",
                  "each.value"
                ]
              }
            },
            "schema_version": 1,
            "for_each_expression": {
              "references": [
                "var.l3out.anchor_nodes",
                "var.l3out"
              ]
            }
          },
          {
            "address": "aci_match_route_destination_rule.export_pod_match_rule_subnet",
            "mode": "managed",
            "type": "aci_match_route_destination_rule",
            "name": "export_pod_match_rule_subnet",
            "provider_config_key": "aci",
            "expressions": {
              "aggregate": {
                "constant_value": "yes"
              },
              "ip": {
                "references": [
                  "var.k8s_cluster.pod_subnet",
                  "var.k8s_cluster"
                ]
              },
              "match_rule_dn": {
                "references": [
                  "aci_match_rule.export_match_rule.id",
                  "aci_match_rule.export_match_rule"
                ]
              }
            },
            "schema_version": 1
          },
          {
            "address": "aci_match_route_destination_rule.export_pod_match_rule_subnet_v6",
            "mode": "managed",
            "type": "aci_match_route_destination_rule",
            "name": "export_pod_match_rule_subnet_v6",
            "provider_config_key": "aci",
            "expressions": {
              "aggregate": {
                "constant_value": "yes"
              },
              "ip": {
                "references": [
                  "var.k8s_cluster.pod_subnet_v6",
                  "var.k8s_cluster"
                ]
              },
              "match_rule_dn": {
                "references": [
                  "aci_match_rule.export_match_rule.id",
                  "aci_match_rule.export_match_rule"
                ]
              }
            },
            "schema_version": 1,
            "count_expression": {
              "references": [
                "var.l3out.ipv6_enabled",
                "var.l3out"
              ]
            }
          },
          {
            "address": "aci_match_route_destination_rule.import_ext_svc_match_rule_subnet",
            "mode": "managed",
            "type": "aci_match_route_destination_rule",
            "name": "import_ext_svc_match_rule_subnet",
            "provider_config_key": "aci",
            "expressions": {
              "aggregate": {
                "constant_value": "yes"
              },
              "ip": {
                "references": [
                  "var.k8s_cluster.external_svc_subnet",
                  "var.k8s_cluster"
                ]
              },
              "match_rule_dn": {
                "references": [
                  "aci_match_rule.import_match_rule.id",
                  "aci_match_rule.import_match_rule"
                ]
              }
            },
            "schema_version": 1
          },
          {
            "address": "aci_match_route_destination_rule.import_ext_svc_match_rule_subnet_v6",
            "mode": "managed",
            "type": "aci_match_route_destination_rule",
            "name": "import_ext_svc_match_rule_subnet_v6",
            "provider_config_key": "aci",
            "expressions": {
              "aggregate": {
                "constant_value": "yes"
              },
              "ip": {
                "references": [
                  "var.k8s_cluster.external_svc_subnet_v6",
                  "var.k8s_cluster"
                ]
              },
              "match_rule_dn": {
                "references": [
                  "aci_match_rule.import_match_rule.id",
                  "aci_match_rule.import_match_rule"
                ]
              }
            },
            "schema_version": 1,
            "count_expression": {
              "references": [
                "var.l3out.ipv6_enabled",
                "var.l3out"
              ]
            }
          },
          {
            "address": "aci_match_route_destination_rule.import_node_match_rule_subnet",
            "mode": "managed",
            "type": "aci_match_route_destination_rule",
            "name": "import_node_match_rule_subnet",
            "provider_config_key": "aci",
            "expressions": {
              "aggregate": {
                "constant_value": "yes"
              },
              "ip": {
                "references": [
                  "var.l3out.ipv4_cluster_subnet",
                  "var.l3out"
                ]
              },
              "match_rule_dn": {
                "references": [
                  "aci_match_rule.import_match_rule.id",
                  "aci_match_rule.import_match_rule"
                ]
              }
            },
            "schema_version": 1
          },
          {
            "address": "aci_match_route_destination_rule.import_node_match_rule_subnet_v6",
            "mode": "managed",
            "type": "aci_match_route_destination_rule",
            "name": "import_node_match_rule_subnet_v6",
            "provider_config_key": "aci",
            "expressions": {
              "aggregate": {
                "constant_value": "yes"
              },
              "ip": {
                "references": [
                  "var.k8s_cluster.node_sub_v6",
                  "var.k8s_cluster"
                ]
              },
              "match_rule_dn": {
                "references": [
                  "aci_match_rule.import_match_rule.id",
                  "aci_match_rule.import_match_rule"
                ]
              }
            },
            "schema_version": 1,
            "count_expression": {
              "references": [
                "var.l3out.ipv6_enabled",
                "var.l3out"
              ]
            }
          },
          {
            "address": "aci_match_route_destination_rule.import_pod_match_rule_subnet",
            "mode": "managed",
            "type": "aci_match_route_destination_rule",
            "name": "import_pod_match_rule_subnet",
            "provider_config_key": "aci",
            "expressions": {
              "aggregate": {
                "constant_value": "yes"
              },
              "ip": {
                "references": [
                  "var.k8s_cluster.pod_subnet",
                  "var.k8s_cluster"
                ]
              },
              "match_rule_dn": {
                "references": [
                  "aci_match_rule.import_match_rule.id",
                  "aci_match_rule.import_match_rule"
                ]
              }
            },
            "schema_version": 1
          },
          {
            "address": "aci_match_route_destination_rule.import_pod_match_rule_subnet_v6",
            "mode": "managed",
            "type": "aci_match_route_destination_rule",
            "name": "import_pod_match_rule_subnet_v6",
            "provider_config_key": "aci",
            "expressions": {
              "aggregate": {
                "constant_value": "yes"
              },
              "ip": {
                "references": [
                  "var.k8s_cluster.pod_subnet_v6",
                  "var.k8s_cluster"
                ]
              },
              "match_rule_dn": {
                "references": [
                  "aci_match_rule.import_match_rule.id",
                  "aci_match_rule.import_match_rule"
                ]
              }
            },
            "schema_version": 1,
            "count_expression": {
              "references": [
                "var.l3out.ipv6_enabled",
                "var.l3out"
              ]
            }
          },
          {
            "address": "aci_match_route_destination_rule.import_svc_match_rule_subnet",
            "mode": "managed",
            "type": "aci_match_route_destination_rule",
            "name": "import_svc_match_rule_subnet",
            "provider_config_key": "aci",
            "expressions": {
              "aggregate": {
                "constant_value": "yes"
              },
              "ip": {
                "references": [
                  "var.k8s_cluster.cluster_svc_subnet",
                  "var.k8s_cluster"
                ]
              },
              "match_rule_dn": {
                "references": [
                  "aci_match_rule.import_match_rule.id",
                  "aci_match_rule.import_match_rule"
                ]
              }
            },
            "schema_version": 1
          },
          {
            "address": "aci_match_route_destination_rule.import_svc_match_rule_subnet_v6",
            "mode": "managed",
            "type": "aci_match_route_destination_rule",
            "name": "import_svc_match_rule_subnet_v6",
            "provider_config_key": "aci",
            "expressions": {
              "aggregate": {
                "constant_value": "yes"
              },
              "ip": {
                "references": [
                  "var.k8s_cluster.cluster_svc_subnet_v6",
                  "var.k8s_cluster"
                ]
              },
              "match_rule_dn": {
                "references": [
                  "aci_match_rule.import_match_rule.id",
                  "aci_match_rule.import_match_rule"
                ]
              }
            },
            "schema_version": 1,
            "count_expression": {
              "references": [
                "var.l3out.ipv6_enabled",
                "var.l3out"
              ]
            }
          },
          {
            "address": "aci_match_rule.export_match_rule",
            "mode": "managed",
            "type": "aci_match_rule",
            "name": "export_match_rule",
            "provider_config_key": "aci",
            "expressions": {
              "name": {
                "references": [
                  "var.l3out.name",
                  "var.l3out"
                ]
              },
              "tenant_dn": {
                "references": [
                  "data.aci_tenant.tenant_l3out.id",
                  "data.aci_tenant.tenant_l3out"
                ]
              }
            },
            "schema_version": 1
          },
          {
            "address": "aci_match_rule.import_match_rule",
            "mode": "managed",
            "type": "aci_match_rule",
            "name": "import_match_rule",
            "provider_config_key": "aci",
            "expressions": {
              "name": {
                "references": [
                  "var.l3out.name",
                  "var.l3out"
                ]
              },
              "tenant_dn": {
                "references": [
                  "data.aci_tenant.tenant_l3out.id",
                  "data.aci_tenant.tenant_l3out"
                ]
              }
            },
            "schema_version": 1
          },
          {
            "address": "aci_rest.bgp_addr_family_context_to_vrf",
            "mode": "managed",
            "type": "aci_rest",
            "name": "bgp_addr_family_context_to_vrf",
            "provider_config_key": "aci",
            "expressions": {
              "class_name": {
                "constant_value": "fvRsCtxToBgpCtxAfPol"
              },
              "content": {
                "references": [
                  "var.l3out.name",
                  "var.l3out"
                ]
              },
              "path": {
                "references": [
                  "var.l3out.l3out_tenant",
                  "var.l3out",
                  "var.l3out.vrf_name",
                  "var.l3out",
                  "var.l3out.name",
                  "var.l3out"
                ]
              }
            },
            "schema_version": 1,
            "depends_on": [
              "aci_bgp_address_family_context.bgp_addr_family_context"
            ]
          },
          {
            "address": "aci_rest.bgp_addr_family_context_to_vrf_v6",
            "mode": "managed",
            "type": "aci_rest",
            "name": "bgp_addr_family_context_to_vrf_v6",
            "provider_config_key": "aci",
            "expressions": {
              "class_name": {
                "constant_value": "fvRsCtxToBgpCtxAfPol"
              },
              "content": {
                "references": [
                  "var.l3out.name",
                  "var.l3out"
                ]
              },
              "path": {
                "references": [
                  "var.l3out.l3out_tenant",
                  "var.l3out",
                  "var.l3out.vrf_name",
                  "var.l3out",
                  "var.l3out.name",
                  "var.l3out"
                ]
              }
            },
            "schema_version": 1,
            "count_expression": {
              "references": [
                "var.l3out.ipv6_enabled",
                "var.l3out"
              ]
            },
            "depends_on": [
              "aci_bgp_address_family_context.bgp_addr_family_context"
            ]
          },
          {
            "address": "aci_rest.bgp_pol_relax_as_restriction",
            "mode": "managed",
            "type": "aci_rest",
            "name": "bgp_pol_relax_as_restriction",
            "provider_config_key": "aci",
            "expressions": {
              "class_name": {
                "constant_value": "bgpRsBestPathCtrlPol"
              },
              "content": {
                "references": [
                  "var.l3out.name",
                  "var.l3out"
                ]
              },
              "path": {
                "references": [
                  "var.l3out.l3out_tenant",
                  "var.l3out",
                  "var.l3out.name",
                  "var.l3out",
                  "var.l3out.node_profile_name",
                  "var.l3out"
                ]
              }
            },
            "schema_version": 1,
            "depends_on": [
              "aci_l3out_bgp_protocol_profile.bgp_prot_pfl"
            ]
          },
          {
            "address": "aci_route_control_context.default_export",
            "mode": "managed",
            "type": "aci_route_control_context",
            "name": "default_export",
            "provider_config_key": "aci",
            "expressions": {
              "action": {
                "constant_value": "permit"
              },
              "name": {
                "constant_value": "export_pod_subnet"
              },
              "relation_rtctrl_rs_ctx_p_to_subj_p": {
                "references": [
                  "aci_match_rule.export_match_rule.id",
                  "aci_match_rule.export_match_rule"
                ]
              },
              "route_control_profile_dn": {
                "references": [
                  "aci_route_control_profile.export_pod_subnet.id",
                  "aci_route_control_profile.export_pod_subnet"
                ]
              }
            },
            "schema_version": 1
          },
          {
            "address": "aci_route_control_context.import_cluster_subnets",
            "mode": "managed",
            "type": "aci_route_control_context",
            "name": "import_cluster_subnets",
            "provider_config_key": "aci",
            "expressions": {
              "action": {
                "constant_value": "permit"
              },
              "name": {
                "constant_value": "import_cluster_subnets"
              },
              "relation_rtctrl_rs_ctx_p_to_subj_p": {
                "references": [
                  "aci_match_rule.import_match_rule.id",
                  "aci_match_rule.import_match_rule"
                ]
              },
              "route_control_profile_dn": {
                "references": [
                  "aci_route_control_profile.default_import.id",
                  "aci_route_control_profile.default_import"
                ]
              }
            },
            "schema_version": 1
          },
          {
            "address": "aci_route_control_profile.default_import",
            "mode": "managed",
            "type": "aci_route_control_profile",
            "name": "default_import",
            "provider_config_key": "aci",
            "expressions": {
              "name": {
                "constant_value": "default-import"
              },
              "parent_dn": {
                "references": [
                  "aci_l3_outside.calico_l3out.id",
                  "aci_l3_outside.calico_l3out"
                ]
              }
            },
            "schema_version": 1
          },
          {
            "address": "aci_route_control_profile.export_pod_subnet",
            "mode": "managed",
            "type": "aci_route_control_profile",
            "name": "export_pod_subnet",
            "provider_config_key": "aci",
            "expressions": {
              "name": {
                "constant_value": "default-export"
              },
              "parent_dn": {
                "references": [
                  "aci_l3_outside.calico_l3out.id",
                  "aci_l3_outside.calico_l3out"
                ]
              }
            },
            "schema_version": 1
          },
          {
            "address": "data.aci_contract.default",
            "mode": "data",
            "type": "aci_contract",
            "name": "default",
            "provider_config_key": "aci",
            "expressions": {
              "name": {
                "references": [
                  "var.l3out.contract",
                  "var.l3out"
                ]
              },
              "tenant_dn": {
                "references": [
                  "data.aci_tenant.tenant_contract.id",
                  "data.aci_tenant.tenant_contract"
                ]
              }
            },
            "schema_version": 0
          },
          {
            "address": "data.aci_physical_domain.dom",
            "mode": "data",
            "type": "aci_physical_domain",
            "name": "dom",
            "provider_config_key": "aci",
            "expressions": {
              "name": {
                "references": [
                  "var.l3out.physical_dom",
                  "var.l3out"
                ]
              }
            },
            "schema_version": 0
          },
          {
            "address": "data.aci_tenant.tenant_contract",
            "mode": "data",
            "type": "aci_tenant",
            "name": "tenant_contract",
            "provider_config_key": "aci",
            "expressions": {
              "name": {
                "references": [
                  "var.l3out.contract_tenant",
                  "var.l3out"
                ]
              }
            },
            "schema_version": 0
          },
          {
            "address": "data.aci_tenant.tenant_l3out",
            "mode": "data",
            "type": "aci_tenant",
            "name": "tenant_l3out",
            "provider_config_key": "aci",
            "expressions": {
              "name": {
                "references": [
                  "var.l3out.l3out_tenant",
                  "var.l3out"
                ]
              }
            },
            "schema_version": 0
          },
          {
            "address": "data.aci_vrf.l3out_vrf",
            "mode": "data",
            "type": "aci_vrf",
            "name": "l3out_vrf",
            "provider_config_key": "aci",
            "expressions": {
              "name": {
                "references": [
                  "var.l3out.vrf_name",
                  "var.l3out"
                ]
              },
              "tenant_dn": {
                "references": [
                  "data.aci_tenant.tenant_l3out.id",
                  "data.aci_tenant.tenant_l3out"
                ]
              }
            },
            "schema_version": 0
          }
        ],
        "module_calls": {
          "k8s_node": {
            "source": "./modules/k8s_node",
            "expressions": {
              "ansible_dir": {
                "constant_value": "../ansible"
              },
              "bgp_peers": {
                "references": [
                  "var.l3out.anchor_nodes",
                  "var.l3out"
                ]
              },
              "calico_nodes": {
                "references": [
                  "var.calico_nodes"
                ]
              },
              "controller": {
                "references": [
                  "var.apic.username",
                  "var.apic",
                  "var.apic.url",
                  "var.apic",
                  "var.apic.cert_name",
                  "var.apic",
                  "var.apic.private_key",
                  "var.apic",
                  "var.apic.oob_ips",
                  "var.apic"
                ]
              },
              "fabric": {
                "references": [
                  "var.l3out.secondary_ip",
                  "var.l3out",
                  "var.l3out.secondary_ipv6",
                  "var.l3out",
                  "var.l3out.ipv6_enabled",
                  "var.l3out",
                  "var.l3out.local_as",
                  "var.l3out",
                  "var.l3out.bgp_pass",
                  "var.l3out",
                  "var.l3out.vrf_tenant",
                  "var.l3out",
                  "var.l3out.vrf_name",
                  "var.l3out"
                ]
              },
              "k8s_cluster": {
                "references": [
                  "var.k8s_cluster"
                ]
              },
              "vc": {
                "references": [
                  "var.vc"
                ]
              }
            },
            "module": {
              "resources": [
                {
                  "address": "local_file.AnsibleConfig",
                  "mode": "managed",
                  "type": "local_file",
                  "name": "AnsibleConfig",
                  "provider_config_key": "k8s_node:local",
                  "expressions": {
                    "content": {
                      "references": [
                        "path.module",
                        "var.k8s_cluster",
                        "var.calico_nodes",
                        "var.fabric.as",
                        "var.fabric",
                        "var.fabric.bgp_pass",
                        "var.fabric",
                        "var.bgp_peers",
                        "var.k8s_cluster.dns_domain",
                        "var.k8s_cluster",
                        "var.fabric.vrf_tenant",
                        "var.fabric",
                        "var.fabric.vrf_name",
                        "var.fabric",
                        "var.controller",
                        "var.fabric.type",
                        "var.fabric",
                        "var.ansible_dir"
                      ]
                    },
                    "filename": {
                      "references": [
                        "var.ansible_dir"
                      ]
                    }
                  },
                  "schema_version": 0
                },
                {
                  "address": "local_file.AnsibleInventory",
                  "mode": "managed",
                  "type": "local_file",
                  "name": "AnsibleInventory",
                  "provider_config_key": "k8s_node:local",
                  "expressions": {
                    "content": {
                      "references": [
                        "path.module",
                        "var.calico_nodes[0]",
                        "var.calico_nodes",
                        "var.calico_nodes",
                        "var.calico_nodes",
                        "var.calico_nodes",
                        "var.k8s_cluster.http_proxy_status",
                        "var.k8s_cluster"
                      ]
                    },
                    "filename": {
                      "references": [
                        "var.ansible_dir"
                      ]
                    }
                  },
                  "schema_version": 0
                },
                {
                  "address": "null_resource.cluster",
                  "mode": "managed",
                  "type": "null_resource",
                  "name": "cluster",
                  "provider_config_key": "k8s_node:null",
                  "provisioners": [
                    {
                      "type": "local-exec",
                      "expressions": {
                        "command": {
                          "references": [
                            "var.ansible_dir",
                            "var.ansible_dir"
                          ]
                        }
                      }
                    }
                  ],
                  "schema_version": 0,
                  "count_expression": {
                    "references": [
                      "var.k8s_cluster.sandbox_status",
                      "var.k8s_cluster"
                    ]
                  },
                  "depends_on": [
                    "local_file.AnsibleInventory",
                    "local_file.AnsibleConfig",
                    "vsphere_virtual_machine.vm"
                  ]
                },
                {
                  "address": "null_resource.sandbox_cluster",
                  "mode": "managed",
                  "type": "null_resource",
                  "name": "sandbox_cluster",
                  "provider_config_key": "k8s_node:null",
                  "provisioners": [
                    {
                      "type": "local-exec",
                      "expressions": {
                        "command": {
                          "references": [
                            "var.ansible_dir",
                            "var.ansible_dir"
                          ]
                        }
                      }
                    }
                  ],
                  "schema_version": 0,
                  "count_expression": {
                    "references": [
                      "var.k8s_cluster.sandbox_status",
                      "var.k8s_cluster"
                    ]
                  },
                  "depends_on": [
                    "local_file.AnsibleInventory",
                    "local_file.AnsibleConfig",
                    "vsphere_virtual_machine.vm"
                  ]
                },
                {
                  "address": "vsphere_virtual_machine.vm",
                  "mode": "managed",
                  "type": "vsphere_virtual_machine",
                  "name": "vm",
                  "provider_config_key": "k8s_node:vsphere",
                  "expressions": {
                    "cdrom": [
                      {
                        "client_device": {
                          "constant_value": true
                        }
                      }
                    ],
                    "clone": [
                      {
                        "customize": [
                          {
                            "dns_server_list": {
                              "references": [
                                "var.k8s_cluster.dns_servers",
                                "var.k8s_cluster"
                              ]
                            },
                            "ipv4_gateway": {
                              "references": [
                                "var.fabric.ip",
                                "var.fabric"
                              ]
                            },
                            "ipv6_gateway": {
                              "references": [
                                "var.fabric.ipv6_enabled",
                                "var.fabric",
                                "var.fabric.ipv6",
                                "var.fabric"
                              ]
                            },
                            "linux_options": [
                              {
                                "domain": {
                                  "references": [
                                    "var.k8s_cluster.dns_domain",
                                    "var.k8s_cluster"
                                  ]
                                },
                                "host_name": {
                                  "references": [
                                    "each.value.hostname",
                                    "each.value"
                                  ]
                                }
                              }
                            ],
                            "network_interface": [
                              {
                                "ipv4_address": {
                                  "references": [
                                    "each.value.ip",
                                    "each.value"
                                  ]
                                },
                                "ipv4_netmask": {
                                  "references": [
                                    "each.value.ip",
                                    "each.value"
                                  ]
                                },
                                "ipv6_address": {
                                  "references": [
                                    "var.fabric.ipv6_enabled",
                                    "var.fabric",
                                    "each.value.ipv6",
                                    "each.value"
                                  ]
                                },
                                "ipv6_netmask": {
                                  "references": [
                                    "var.fabric.ipv6_enabled",
                                    "var.fabric",
                                    "each.value.ipv6",
                                    "each.value"
                                  ]
                                }
                              }
                            ]
                          }
                        ],
                        "linked_clone": {
                          "constant_value": "true"
                        },
                        "template_uuid": {
                          "references": [
                            "data.vsphere_virtual_machine.template.id",
                            "data.vsphere_virtual_machine.template"
                          ]
                        }
                      }
                    ],
                    "datastore_id": {
                      "references": [
                        "data.vsphere_datastore.datastore.id",
                        "data.vsphere_datastore.datastore"
                      ]
                    },
                    "disk": [
                      {
                        "eagerly_scrub": {
                          "references": [
                            "data.vsphere_virtual_machine.template.disks[0].eagerly_scrub",
                            "data.vsphere_virtual_machine.template.disks[0]",
                            "data.vsphere_virtual_machine.template.disks",
                            "data.vsphere_virtual_machine.template"
                          ]
                        },
                        "label": {
                          "constant_value": "disk0"
                        },
                        "size": {
                          "references": [
                            "data.vsphere_virtual_machine.template.disks[0].size",
                            "data.vsphere_virtual_machine.template.disks[0]",
                            "data.vsphere_virtual_machine.template.disks",
                            "data.vsphere_virtual_machine.template"
                          ]
                        },
                        "thin_provisioned": {
                          "references": [
                            "data.vsphere_virtual_machine.template.disks[0].thin_provisioned",
                            "data.vsphere_virtual_machine.template.disks[0]",
                            "data.vsphere_virtual_machine.template.disks",
                            "data.vsphere_virtual_machine.template"
                          ]
                        }
                      }
                    ],
                    "folder": {
                      "references": [
                        "var.vc.vm_folder",
                        "var.vc"
                      ]
                    },
                    "guest_id": {
                      "references": [
                        "data.vsphere_virtual_machine.template.guest_id",
                        "data.vsphere_virtual_machine.template"
                      ]
                    },
                    "memory": {
                      "constant_value": 8192
                    },
                    "name": {
                      "references": [
                        "each.value.hostname",
                        "each.value"
                      ]
                    },
                    "network_interface": [
                      {
                        "adapter_type": {
                          "references": [
                            "data.vsphere_virtual_machine.template.network_interface_types[0]",
                            "data.vsphere_virtual_machine.template.network_interface_types",
                            "data.vsphere_virtual_machine.template"
                          ]
                        },
                        "network_id": {
                          "references": [
                            "data.vsphere_network.network.id",
                            "data.vsphere_network.network"
                          ]
                        }
                      }
                    ],
                    "num_cpus": {
                      "constant_value": 2
                    },
                    "resource_pool_id": {
                      "references": [
                        "data.vsphere_compute_cluster.cluster.resource_pool_id",
                        "data.vsphere_compute_cluster.cluster"
                      ]
                    },
                    "scsi_type": {
                      "references": [
                        "data.vsphere_virtual_machine.template.scsi_type",
                        "data.vsphere_virtual_machine.template"
                      ]
                    },
                    "wait_for_guest_net_routable": {
                      "constant_value": true
                    },
                    "wait_for_guest_net_timeout": {
                      "constant_value": 10
                    }
                  },
                  "schema_version": 3,
                  "for_each_expression": {
                    "references": [
                      "var.calico_nodes"
                    ]
                  }
                },
                {
                  "address": "data.vsphere_compute_cluster.cluster",
                  "mode": "data",
                  "type": "vsphere_compute_cluster",
                  "name": "cluster",
                  "provider_config_key": "k8s_node:vsphere",
                  "expressions": {
                    "datacenter_id": {
                      "references": [
                        "data.vsphere_datacenter.dc.id",
                        "data.vsphere_datacenter.dc"
                      ]
                    },
                    "name": {
                      "references": [
                        "var.vc.cluster",
                        "var.vc"
                      ]
                    }
                  },
                  "schema_version": 0
                },
                {
                  "address": "data.vsphere_datacenter.dc",
                  "mode": "data",
                  "type": "vsphere_datacenter",
                  "name": "dc",
                  "provider_config_key": "k8s_node:vsphere",
                  "expressions": {
                    "name": {
                      "references": [
                        "var.vc.dc",
                        "var.vc"
                      ]
                    }
                  },
                  "schema_version": 0
                },
                {
                  "address": "data.vsphere_datastore.datastore",
                  "mode": "data",
                  "type": "vsphere_datastore",
                  "name": "datastore",
                  "provider_config_key": "k8s_node:vsphere",
                  "expressions": {
                    "datacenter_id": {
                      "references": [
                        "data.vsphere_datacenter.dc.id",
                        "data.vsphere_datacenter.dc"
                      ]
                    },
                    "name": {
                      "references": [
                        "var.vc.datastore",
                        "var.vc"
                      ]
                    }
                  },
                  "schema_version": 0
                },
                {
                  "address": "data.vsphere_distributed_virtual_switch.dvs",
                  "mode": "data",
                  "type": "vsphere_distributed_virtual_switch",
                  "name": "dvs",
                  "provider_config_key": "k8s_node:vsphere",
                  "expressions": {
                    "datacenter_id": {
                      "references": [
                        "data.vsphere_datacenter.dc.id",
                        "data.vsphere_datacenter.dc"
                      ]
                    },
                    "name": {
                      "references": [
                        "var.vc.dvs",
                        "var.vc"
                      ]
                    }
                  },
                  "schema_version": 0
                },
                {
                  "address": "data.vsphere_network.network",
                  "mode": "data",
                  "type": "vsphere_network",
                  "name": "network",
                  "provider_config_key": "k8s_node:vsphere",
                  "expressions": {
                    "datacenter_id": {
                      "references": [
                        "data.vsphere_datacenter.dc.id",
                        "data.vsphere_datacenter.dc"
                      ]
                    },
                    "distributed_virtual_switch_uuid": {
                      "references": [
                        "data.vsphere_distributed_virtual_switch.dvs.id",
                        "data.vsphere_distributed_virtual_switch.dvs"
                      ]
                    },
                    "name": {
                      "references": [
                        "var.vc.port_group",
                        "var.vc"
                      ]
                    }
                  },
                  "schema_version": 0
                },
                {
                  "address": "data.vsphere_virtual_machine.template",
                  "mode": "data",
                  "type": "vsphere_virtual_machine",
                  "name": "template",
                  "provider_config_key": "k8s_node:vsphere",
                  "expressions": {
                    "datacenter_id": {
                      "references": [
                        "data.vsphere_datacenter.dc.id",
                        "data.vsphere_datacenter.dc"
                      ]
                    },
                    "name": {
                      "references": [
                        "var.vc.vm_template",
                        "var.vc"
                      ]
                    }
                  },
                  "schema_version": 0
                }
              ],
              "variables": {
                "ansible_dir": {},
                "bgp_peers": {},
                "calico_nodes": {},
                "controller": {
                  "default": {
                    "cert_name": "",
                    "oob_ips": "",
                    "password": "",
                    "private_key": "",
                    "url": "",
                    "username": ""
                  }
                },
                "fabric": {},
                "k8s_cluster": {},
                "vc": {}
              }
            }
          }
        },
        "variables": {
          "apic": {},
          "calico_nodes": {},
          "fabric_type": {
            "default": "aci"
          },
          "k8s_cluster": {},
          "l3out": {},
          "vc": {}
        }
      }
    }
  }
  
  