{
  "name": "js",
  "lockfileVersion": 2,
  "requires": true,
  "packages": {
    "": {
      "dependencies": {
        "ip-addr": "^2.0.3",
        "ip-cidr": "^3.0.4"
      }
    },
    "node_modules/colors": {
      "version": "1.4.0",
      "resolved": "https://registry.npmjs.org/colors/-/colors-1.4.0.tgz",
      "integrity": "sha512-a+UqTh4kgZg/SlGvfbzDHpgRu7AAQOmmqRHJnxhRZICKFUT91brVhNNt58CMWU9PsBbv3PDCZUHbVxuDiH2mtA==",
      "engines": {
        "node": ">=0.1.90"
      }
    },
    "node_modules/ip-addr": {
      "version": "2.0.3",
      "resolved": "https://registry.npmjs.org/ip-addr/-/ip-addr-2.0.3.tgz",
      "integrity": "sha1-JYIOMX4TsSQ9GVzMZi6T2LtiuZw=",
      "dependencies": {
        "colors": "^1.1.2"
      },
      "bin": {
        "ip-addr": "bin/ip-addr.js"
      }
    },
    "node_modules/ip-address": {
      "version": "7.1.0",
      "resolved": "https://registry.npmjs.org/ip-address/-/ip-address-7.1.0.tgz",
      "integrity": "sha512-V9pWC/VJf2lsXqP7IWJ+pe3P1/HCYGBMZrrnT62niLGjAfCbeiwXMUxaeHvnVlz19O27pvXP4azs+Pj/A0x+SQ==",
      "dependencies": {
        "jsbn": "1.1.0",
        "sprintf-js": "1.1.2"
      },
      "engines": {
        "node": ">= 10"
      }
    },
    "node_modules/ip-cidr": {
      "version": "3.0.4",
      "resolved": "https://registry.npmjs.org/ip-cidr/-/ip-cidr-3.0.4.tgz",
      "integrity": "sha512-pKNiqmBlTvEkhaLAa3+FOmYSY0/jjADVxxjA3NbujZZTT8mjLI90Q+6mwg6kd0fNm0RuAOkWJ1u1a/ETmlrPNQ==",
      "dependencies": {
        "ip-address": "^7.1.0",
        "jsbn": "^1.1.0"
      },
      "engines": {
        "node": ">=10.0.0"
      }
    },
    "node_modules/jsbn": {
      "version": "1.1.0",
      "resolved": "https://registry.npmjs.org/jsbn/-/jsbn-1.1.0.tgz",
      "integrity": "sha1-sBMHyym2GKHtJux56RH4A8TaAEA="
    },
    "node_modules/sprintf-js": {
      "version": "1.1.2",
      "resolved": "https://registry.npmjs.org/sprintf-js/-/sprintf-js-1.1.2.tgz",
      "integrity": "sha512-VE0SOVEHCk7Qc8ulkWw3ntAzXuqf7S2lvwQaDLRnUeIEaKNQJzV6BwmLKhOqT61aGhfUMrXeaBk+oDGCzvhcug=="
    }
  },
  "dependencies": {
    "colors": {
      "version": "1.4.0",
      "resolved": "https://registry.npmjs.org/colors/-/colors-1.4.0.tgz",
      "integrity": "sha512-a+UqTh4kgZg/SlGvfbzDHpgRu7AAQOmmqRHJnxhRZICKFUT91brVhNNt58CMWU9PsBbv3PDCZUHbVxuDiH2mtA=="
    },
    "ip-addr": {
      "version": "2.0.3",
      "resolved": "https://registry.npmjs.org/ip-addr/-/ip-addr-2.0.3.tgz",
      "integrity": "sha1-JYIOMX4TsSQ9GVzMZi6T2LtiuZw=",
      "requires": {
        "colors": "^1.1.2"
      }
    },
    "ip-address": {
      "version": "7.1.0",
      "resolved": "https://registry.npmjs.org/ip-address/-/ip-address-7.1.0.tgz",
      "integrity": "sha512-V9pWC/VJf2lsXqP7IWJ+pe3P1/HCYGBMZrrnT62niLGjAfCbeiwXMUxaeHvnVlz19O27pvXP4azs+Pj/A0x+SQ==",
      "requires": {
        "jsbn": "1.1.0",
        "sprintf-js": "1.1.2"
      }
    },
    "ip-cidr": {
      "version": "3.0.4",
      "resolved": "https://registry.npmjs.org/ip-cidr/-/ip-cidr-3.0.4.tgz",
      "integrity": "sha512-pKNiqmBlTvEkhaLAa3+FOmYSY0/jjADVxxjA3NbujZZTT8mjLI90Q+6mwg6kd0fNm0RuAOkWJ1u1a/ETmlrPNQ==",
      "requires": {
        "ip-address": "^7.1.0",
        "jsbn": "^1.1.0"
      }
    },
    "jsbn": {
      "version": "1.1.0",
      "resolved": "https://registry.npmjs.org/jsbn/-/jsbn-1.1.0.tgz",
      "integrity": "sha1-sBMHyym2GKHtJux56RH4A8TaAEA="
    },
    "sprintf-js": {
      "version": "1.1.2",
      "resolved": "https://registry.npmjs.org/sprintf-js/-/sprintf-js-1.1.2.tgz",
      "integrity": "sha512-VE0SOVEHCk7Qc8ulkWw3ntAzXuqf7S2lvwQaDLRnUeIEaKNQJzV6BwmLKhOqT61aGhfUMrXeaBk+oDGCzvhcug=="
    }
  }
}
